{"format_version":"1.0","provider_schemas":{"registry.terraform.io/scaleway/scaleway":{"provider":{"version":0,"block":{"attributes":{"access_key":{"type":"string","description":"The Scaleway access key.","description_kind":"plain","optional":true},"api_url":{"type":"string","description":"The Scaleway API URL to use.","description_kind":"plain","optional":true},"organization_id":{"type":"string","description":"The Scaleway organization ID.","description_kind":"plain","optional":true},"profile":{"type":"string","description":"The Scaleway profile to use.","description_kind":"plain","optional":true},"project_id":{"type":"string","description":"The Scaleway project ID.","description_kind":"plain","optional":true},"region":{"type":"string","description":"The region you want to attach the resource to","description_kind":"plain","optional":true},"secret_key":{"type":"string","description":"The Scaleway secret Key.","description_kind":"plain","optional":true},"zone":{"type":"string","description":"The zone you want to attach the resource to","description_kind":"plain","optional":true}},"description_kind":"plain"}},"resource_schemas":{"scaleway_account_project":{"version":0,"block":{"attributes":{"created_at":{"type":"string","description":"The date and time of the creation of the Project (Format ISO 8601)","description_kind":"plain","computed":true},"description":{"type":"string","description":"Description of the project","description_kind":"plain","optional":true},"id":{"type":"string","description_kind":"plain","optional":true,"computed":true},"name":{"type":"string","description":"The name of the project","description_kind":"plain","optional":true,"computed":true},"organization_id":{"type":"string","description":"The organization_id you want to attach the resource to","description_kind":"plain","optional":true,"computed":true},"updated_at":{"type":"string","description":"The date and time of the last update of the Project (Format ISO 8601)","description_kind":"plain","computed":true}},"description":"The [`scaleway_account_project`](https://registry.terraform.io/providers/scaleway/scaleway/latest/docs/resources/account_project) resource allows you to create and manage the Projects of a Scaleway Organization.\n\nRefer to the Organizations and Projects [documentation](https://www.scaleway.com/en/docs/organizations-and-projects/) and [API documentation](https://www.scaleway.com/en/developers/api/account/project-api/) for more information.\n","description_kind":"plain"}},"scaleway_account_ssh_key":{"version":0,"block":{"attributes":{"created_at":{"type":"string","description":"The date and time of the creation of the iam SSH Key","description_kind":"plain","computed":true},"disabled":{"type":"bool","description":"The SSH key status","description_kind":"plain","optional":true},"fingerprint":{"type":"string","description":"The fingerprint of the iam SSH key","description_kind":"plain","computed":true},"id":{"type":"string","description_kind":"plain","optional":true,"computed":true},"name":{"type":"string","description":"The name of the iam SSH key","description_kind":"plain","optional":true,"computed":true},"organization_id":{"type":"string","description":"The organization_id you want to attach the resource to","description_kind":"plain","computed":true},"project_id":{"type":"string","description":"The project_id you want to attach the resource to","description_kind":"plain","optional":true,"computed":true},"public_key":{"type":"string","description":"The public SSH key","description_kind":"plain","required":true},"updated_at":{"type":"string","description":"The date and time of the last update of the iam SSH Key","description_kind":"plain","computed":true}},"description_kind":"plain"}},"scaleway_annotations_binding":{"version":0,"block":{"attributes":{"id":{"type":"string","description":"The ID of the annotation binding resource.","description_kind":"markdown","computed":true},"key_id":{"type":"string","description":"ID of the key associated to the binding.","description_kind":"markdown","computed":true},"srn":{"type":"string","description":"Scaleway Resource Number to associate.","description_kind":"markdown","required":true},"value_id":{"type":"string","description":"ID of the value to associate.","description_kind":"markdown","required":true}},"description":"Creates and manages Scaleway Annotations Bindings.\n","description_kind":"markdown"}},"scaleway_annotations_key":{"version":0,"block":{"attributes":{"description":{"type":"string","description":"Description of the annotation key.","description_kind":"markdown","optional":true},"id":{"type":"string","description":"The ID of the annotation key resource.","description_kind":"markdown","computed":true},"name":{"type":"string","description":"Name of the annotation key.","description_kind":"markdown","required":true},"organization_id":{"type":"string","description":"ID of the organization. If not set, the organization ID is derived from the provider configuration.","description_kind":"markdown","optional":true,"computed":true}},"description":"Create an annotation key to define custom metadata labels that can be attached to Scaleway resources. Annotation keys allow you to organize and categorize resources using custom tags with meaningful names and descriptions.\n","description_kind":"markdown"}},"scaleway_annotations_value":{"version":0,"block":{"attributes":{"description":{"type":"string","description":"Description of the annotation value.","description_kind":"markdown","optional":true},"id":{"type":"string","description":"The ID of the annotation value resource.","description_kind":"markdown","computed":true},"key_id":{"type":"string","description":"ID of the key the value is associated to.","description_kind":"markdown","required":true},"name":{"type":"string","description":"Name of the annotation value.","description_kind":"markdown","required":true},"value_id":{"type":"string","description":"The ID of the annotation value.","description_kind":"markdown","computed":true}},"description":"Create an annotation value to define a specific label instance that can be attached to Scaleway resources. Annotation values are associated with annotation keys and represent concrete tag values (e.g., \"production\" as a value for an \"environment\" key).\n","description_kind":"markdown"}},"scaleway_apple_silicon_runner":{"version":0,"block":{"attributes":{"ci_provider":{"type":"string","description":"The CI/CD provider for the runner. Must be either 'github' or 'gitlab'","description_kind":"plain","required":true},"error_message":{"type":"string","description":"The error message of the runner","description_kind":"plain","computed":true},"id":{"type":"string","description_kind":"plain","optional":true,"computed":true},"labels":{"type":["list","string"],"description":"A list of labels that should be applied to the runner.","description_kind":"plain","computed":true},"name":{"type":"string","description":"The name of the runner","description_kind":"plain","optional":true,"computed":true},"project_id":{"type":"string","description":"The project_id you want to attach the resource to","description_kind":"plain","optional":true,"computed":true},"status":{"type":"string","description":"The status of the runner","description_kind":"plain","computed":true},"token":{"type":"string","description":"The token used to authenticate the runner to run","description_kind":"plain","required":true,"sensitive":true},"url":{"type":"string","description":"The URL of the runner to run","description_kind":"plain","required":true},"zone":{"type":"string","description":"The zone you want to attach the resource to","description_kind":"plain","optional":true}},"block_types":{"timeouts":{"nesting_mode":"single","block":{"attributes":{"create":{"type":"string","description_kind":"plain","optional":true},"default":{"type":"string","description_kind":"plain","optional":true}},"description_kind":"plain"}}},"description":"The [`scaleway_apple_silicon_runner`](https://registry.terraform.io/providers/scaleway/scaleway/latest/docs/resources/apple_silicon_runner) resource creates and manages Scaleway Apple silicon runner.\n\nFor more information, see the [API documentation](https://www.scaleway.com/en/developers/api/apple-silicon/).\n","description_kind":"plain"}},"scaleway_apple_silicon_server":{"version":0,"block":{"attributes":{"commitment":{"type":"string","description":"The commitment period of the server","description_kind":"plain","optional":true},"created_at":{"type":"string","description":"The date and time of the creation of the server","description_kind":"plain","computed":true},"deletable_at":{"type":"string","description":"The minimal date and time on which you can delete this server due to Apple licence","description_kind":"plain","computed":true},"enable_vpc":{"type":"bool","description":"Whether or not to enable VPC access","description_kind":"plain","optional":true},"id":{"type":"string","description_kind":"plain","optional":true,"computed":true},"ip":{"type":"string","description":"IPv4 address of the server","description_kind":"plain","computed":true},"name":{"type":"string","description":"Name of the server","description_kind":"plain","optional":true,"computed":true},"organization_id":{"type":"string","description":"The organization_id you want to attach the resource to","description_kind":"plain","computed":true},"os_id":{"type":"string","description":"The OS ID of the server","description_kind":"plain","optional":true},"password":{"type":"string","description":"The password of the server","description_kind":"plain","computed":true,"sensitive":true},"project_id":{"type":"string","description":"The project_id you want to attach the resource to","description_kind":"plain","optional":true,"computed":true},"public_bandwidth":{"type":"number","description":"The public bandwidth of the server in bits per second","description_kind":"plain","optional":true,"computed":true},"runner_ids":{"type":["list","string"],"description":"List of runner ids attach to the server","description_kind":"plain","optional":true,"computed":true},"state":{"type":"string","description":"The state of the server","description_kind":"plain","computed":true},"type":{"type":"string","description":"Type of the server","description_kind":"plain","required":true},"updated_at":{"type":"string","description":"The date and time of the last update of the server","description_kind":"plain","computed":true},"username":{"type":"string","description":"The username of the server","description_kind":"plain","computed":true},"vnc_url":{"type":"string","description":"VNC url use to connect remotely to the desktop GUI","description_kind":"plain","computed":true},"vpc_status":{"type":"string","description":"The VPC status of the server","description_kind":"plain","computed":true},"zone":{"type":"string","description":"The zone you want to attach the resource to","description_kind":"plain","optional":true}},"block_types":{"private_ips":{"nesting_mode":"list","block":{"attributes":{"address":{"type":"string","description":"The private IP address","description_kind":"plain","computed":true},"id":{"type":"string","description":"The ID of the IP address resource","description_kind":"plain","computed":true}},"description":"List of private IPv4 and IPv6 addresses associated with the server","description_kind":"plain"}},"private_network":{"nesting_mode":"set","block":{"attributes":{"created_at":{"type":"string","description":"The date and time of the creation of the private network","description_kind":"plain","computed":true},"id":{"type":"string","description":"The private network ID","description_kind":"plain","required":true},"ipam_ip_ids":{"type":["list","string"],"description":"List of IPAM IP IDs to attach to the server","description_kind":"plain","optional":true,"computed":true},"status":{"type":"string","description":"The private network status","description_kind":"plain","computed":true},"updated_at":{"type":"string","description":"The date and time of the last update of the private network","description_kind":"plain","computed":true},"vlan":{"type":"number","description":"The VLAN ID associated to the private network","description_kind":"plain","computed":true}},"description":"The private networks to attach to the server","description_kind":"plain"}},"timeouts":{"nesting_mode":"single","block":{"attributes":{"create":{"type":"string","description_kind":"plain","optional":true},"default":{"type":"string","description_kind":"plain","optional":true}},"description_kind":"plain"}}},"description":"The [`scaleway_apple_silicon_server`](https://registry.terraform.io/providers/scaleway/scaleway/latest/docs/resources/apple_silicon_server) resource creates and manages Scaleway Apple silicon servers.\n\nFor more information, see the [API documentation](https://www.scaleway.com/en/developers/api/apple-silicon/).\n","description_kind":"plain"}},"scaleway_autoscaling_instance_group":{"version":0,"block":{"attributes":{"created_at":{"type":"string","description":"The date and time of the creation of the Instance group","description_kind":"plain","computed":true},"delete_servers_on_destroy":{"type":"bool","description":"Whether to delete all instances in this group when the group is destroyed. Set to `true` to tear them down, `false` (the default) leaves them running","description_kind":"plain","optional":true},"id":{"type":"string","description_kind":"plain","optional":true,"computed":true},"name":{"type":"string","description":"The Instance group name","description_kind":"plain","optional":true,"computed":true},"project_id":{"type":"string","description":"The project_id you want to attach the resource to","description_kind":"plain","optional":true,"computed":true},"tags":{"type":["list","string"],"description":"The tags associated with the Instance group","description_kind":"plain","optional":true},"template_id":{"type":"string","description":"ID of the Instance template to attach to the Instance group","description_kind":"plain","required":true},"updated_at":{"type":"string","description":"The date and time of the last update of the Instance group","description_kind":"plain","computed":true},"zone":{"type":"string","description":"The zone you want to attach the resource to","description_kind":"plain","optional":true}},"block_types":{"capacity":{"nesting_mode":"list","block":{"attributes":{"cooldown_delay":{"type":"number","description":"Time (in seconds) after a scaling action during which requests to carry out a new scaling action will be denied","description_kind":"plain","optional":true},"max_replicas":{"type":"number","description":"The maximum count of Instances for the Instance group","description_kind":"plain","optional":true},"min_replicas":{"type":"number","description":"The minimum count of Instances for the Instance group","description_kind":"plain","optional":true}},"description":"The specification of the minimum and maximum replicas for the Instance group, and the cooldown interval between two scaling events","description_kind":"plain"}},"load_balancer":{"nesting_mode":"list","block":{"attributes":{"backend_ids":{"type":["list","string"],"description":"The Load Balancer backend IDs","description_kind":"plain","optional":true},"id":{"type":"string","description":"The ID of the load balancer","description_kind":"plain","optional":true},"private_network_id":{"type":"string","description":"The ID of the Private Network attached to the Load Balancer","description_kind":"plain","optional":true}},"description":"The specification of the Load Balancer to link to the Instance group","description_kind":"plain"}}},"description_kind":"plain"}},"scaleway_autoscaling_instance_policy":{"version":0,"block":{"attributes":{"action":{"type":"string","description":"Action to execute when the metric-based condition is met","description_kind":"plain","required":true},"id":{"type":"string","description_kind":"plain","optional":true,"computed":true},"instance_group_id":{"type":"string","description":"ID of the instance group related to this policy","description_kind":"plain","required":true},"name":{"type":"string","description":"The policy name","description_kind":"plain","optional":true,"computed":true},"priority":{"type":"number","description":"Priority of this policy compared to all other scaling policies. This determines the processing order. The lower the number, the higher the priority","description_kind":"plain","required":true},"project_id":{"type":"string","description":"The project_id you want to attach the resource to","description_kind":"plain","optional":true,"computed":true},"type":{"type":"string","description":"How to use the number defined in `value` when determining by how many Instances to scale up/down","description_kind":"plain","required":true},"value":{"type":"number","description":"Value representing the magnitude of the scaling action to take for the Instance group. Depending on the `type` parameter, this number could represent a total number of Instances in the group, a number of Instances to add, or a percentage to scale the group by","description_kind":"plain","required":true},"zone":{"type":"string","description":"The zone you want to attach the resource to","description_kind":"plain","optional":true}},"block_types":{"metric":{"nesting_mode":"list","block":{"attributes":{"aggregate":{"type":"string","description":"How the values sampled for the `metric` should be aggregated","description_kind":"plain","required":true},"cockpit_metric_name":{"type":"string","description":"Custom metric to use for this policy. This must be stored in Scaleway Cockpit. The metric forms the basis of the condition that will be checked to determine whether a scaling action should be triggered","description_kind":"plain","optional":true},"managed_metric":{"type":"string","description":"Managed metric to use for this policy. These are available by default in Cockpit without any configuration or `node_exporter`. The chosen metric forms the basis of the condition that will be checked to determine whether a scaling action should be triggered","description_kind":"plain","optional":true},"name":{"type":"string","description":"Name or description of the metric policy","description_kind":"plain","required":true},"operator":{"type":"string","description":"Operator used when comparing the threshold value of the chosen `metric` to the actual sampled and aggregated value","description_kind":"plain","required":true},"sampling_range_min":{"type":"number","description":"Interval of time, in minutes, during which metric is sampled","description_kind":"plain","optional":true},"threshold":{"type":"number","description":"Threshold value to measure the aggregated sampled `metric` value against. Combined with the `operator` field, determines whether a scaling action should be triggered","description_kind":"plain","optional":true}},"description":"Cockpit metric to use when determining whether to trigger a scale up/down action","description_kind":"plain"}}},"description_kind":"plain"}},"scaleway_autoscaling_instance_template":{"version":0,"block":{"attributes":{"cloud_init":{"type":"string","description":"Cloud-config to apply to each instance (will be passed in Base64 format)","description_kind":"plain","optional":true},"commercial_type":{"type":"string","description":"Name of Instance commercial type","description_kind":"plain","required":true},"created_at":{"type":"string","description":"The date and time of the creation of the Instance template","description_kind":"plain","computed":true},"id":{"type":"string","description_kind":"plain","optional":true,"computed":true},"image_id":{"type":"string","description":"Instance image ID. Can be an ID of a marketplace or personal image. This image must be compatible with `volume` and `commercial_type` template","description_kind":"plain","optional":true},"name":{"type":"string","description":"The Instance template name","description_kind":"plain","optional":true,"computed":true},"placement_group_id":{"type":"string","description":"Instance placement group ID. This is optional, but it is highly recommended to set a preference for Instance location within Availability Zone","description_kind":"plain","optional":true},"private_network_ids":{"type":["list","string"],"description":"Private Network IDs to attach to the new Instance","description_kind":"plain","optional":true},"project_id":{"type":"string","description":"The project_id you want to attach the resource to","description_kind":"plain","optional":true,"computed":true},"public_ips_v4_count":{"type":"number","description":"Number of flexible IPv4 addresses to attach to the new Instance","description_kind":"plain","optional":true},"public_ips_v6_count":{"type":"number","description":"Number of flexible IPv6 addresses to attach to the new Instance","description_kind":"plain","optional":true},"security_group_id":{"type":"string","description":"Instance security group ID","description_kind":"plain","optional":true},"status":{"type":"string","description":"The Instance template status","description_kind":"plain","computed":true},"tags":{"type":["list","string"],"description":"The tags associated with the Instance template","description_kind":"plain","optional":true},"updated_at":{"type":"string","description":"The date and time of the last update of the Instance template","description_kind":"plain","computed":true},"zone":{"type":"string","description":"The zone you want to attach the resource to","description_kind":"plain","optional":true}},"block_types":{"volumes":{"nesting_mode":"list","block":{"attributes":{"boot":{"type":"bool","description":"Force the Instance to boot on this volume","description_kind":"plain","optional":true},"name":{"type":"string","description":"The name of the volume","description_kind":"plain","required":true},"perf_iops":{"type":"number","description":"The maximum IO/s expected, according to the different options available in stock (`5000 | 15000`)","description_kind":"plain","optional":true},"tags":{"type":["list","string"],"description":"List of tags assigned to the volume","description_kind":"plain","optional":true},"volume_type":{"type":"string","description":"Type of the volume","description_kind":"plain","required":true}},"block_types":{"from_empty":{"nesting_mode":"list","block":{"attributes":{"size":{"type":"number","description":"Size in GB of the new empty volume","description_kind":"plain","required":true}},"description":"Volume instance template from empty","description_kind":"plain"},"max_items":1},"from_snapshot":{"nesting_mode":"list","block":{"attributes":{"size":{"type":"number","description":"Override size (in GB) of the cloned volume","description_kind":"plain","optional":true},"snapshot_id":{"type":"string","description":"ID of the snapshot to clone","description_kind":"plain","required":true}},"description":"Volume instance template from snapshot","description_kind":"plain"},"max_items":1}},"description":"The IPv4 subnet associated with the private network","description_kind":"plain"}}},"description_kind":"plain"}},"scaleway_baremetal_server":{"version":0,"block":{"attributes":{"cloud_init":{"type":"string","description":"Configuration data to pass to cloud-init such as a YAML cloud config data or a user-data script","description_kind":"plain","optional":true,"computed":true},"description":{"type":"string","description":"Some description to associate to the server, max 255 characters","description_kind":"plain","optional":true},"domain":{"type":"string","description":"Domain associated with the server","description_kind":"plain","computed":true},"hostname":{"type":"string","description":"Hostname of the server","description_kind":"plain","optional":true},"id":{"type":"string","description_kind":"plain","optional":true,"computed":true},"install_config_afterward":{"type":"bool","description":"If True, this boolean allows to create a server without the install config if you want to provide it later","description_kind":"plain","optional":true},"ips":{"type":["list",["object",{"address":"string","id":"string","reverse":"string","version":"string"}]],"description":"IP addresses attached to the server.","description_kind":"plain","computed":true},"ipv4":{"type":["list",["object",{"address":"string","id":"string","reverse":"string","version":"string"}]],"description":"IPv4 addresses attached to the server","description_kind":"plain","computed":true},"ipv6":{"type":["list",["object",{"address":"string","id":"string","reverse":"string","version":"string"}]],"description":"IPv6 addresses attached to the server","description_kind":"plain","computed":true},"name":{"type":"string","description":"Name of the server","description_kind":"plain","optional":true,"computed":true},"offer":{"type":"string","description":"ID or name of the server offer","description_kind":"plain","required":true},"offer_id":{"type":"string","description":"ID of the server offer","description_kind":"plain","computed":true},"offer_name":{"type":"string","description":"Name of the server offer","description_kind":"plain","computed":true},"organization_id":{"type":"string","description":"The organization_id you want to attach the resource to","description_kind":"plain","computed":true},"os":{"type":"string","description":"The base image of the server","description_kind":"plain","optional":true},"os_name":{"type":"string","description":"The base image name of the server","description_kind":"plain","computed":true},"partitioning":{"type":"string","description":"The partitioning schema in json format","description_kind":"plain","optional":true},"password":{"type":"string","description":"Password used for the installation. Only one of `password` or `password_wo` should be specified.","description_kind":"plain","optional":true,"sensitive":true},"password_wo":{"type":"string","description":"Password used for the installation in [write-only](https://registry.terraform.io/providers/scaleway/scaleway/latest/docs/guides/using-write-only-arguments) mode. Only one of `password` or `password_wo` should be specified. `password_wo` will not be set in the Terraform state. To update the `password_wo`, you must also update the `password_wo_version`.","description_kind":"plain","optional":true,"write_only":true},"password_wo_version":{"type":"number","description":"The version of the [write-only](https://registry.terraform.io/providers/scaleway/scaleway/latest/docs/guides/using-write-only-arguments) password. To update the `password_wo`, you must also update the `password_wo_version`.","description_kind":"plain","optional":true},"project_id":{"type":"string","description":"The project_id you want to attach the resource to","description_kind":"plain","optional":true,"computed":true},"protected":{"type":"bool","description":"If true, the baremetal server is protected against accidental deletion via the Scaleway API.","description_kind":"plain","optional":true},"reinstall_on_config_changes":{"type":"bool","description":"If True, this boolean allows to reinstall the server on SSH key IDs, user or password changes","description_kind":"plain","optional":true},"service_password":{"type":"string","description":"Password used for the service to install. Only one of `service_password` or `service_password_wo` should be specified.","description_kind":"plain","optional":true,"sensitive":true},"service_password_wo":{"type":"string","description":"Password used for the service to install in [write-only](https://registry.terraform.io/providers/scaleway/scaleway/latest/docs/guides/using-write-only-arguments) mode. Only one of `service_password` or `service_password_wo` should be specified. `service_password_wo` will not be set in the Terraform state. To update the `service_password_wo`, you must also update the `service_password_wo_version`.","description_kind":"plain","optional":true,"write_only":true},"service_password_wo_version":{"type":"number","description":"The version of the [write-only](https://registry.terraform.io/providers/scaleway/scaleway/latest/docs/guides/using-write-only-arguments) service password. To update the `service_password_wo`, you must also update the `service_password_wo_version`.","description_kind":"plain","optional":true},"service_user":{"type":"string","description":"User used for the service to install.","description_kind":"plain","optional":true,"computed":true},"ssh_key_ids":{"type":["list","string"],"description":"Array of SSH key IDs allowed to SSH to the server\n\n**NOTE** : If you are attempting to update your SSH key IDs, it will induce the reinstall of your server. \nIf this behaviour is wanted, please set 'reinstall_on_ssh_key_changes' argument to true.","description_kind":"plain","optional":true},"tags":{"type":["list","string"],"description":"Array of tags to associate with the server","description_kind":"plain","optional":true,"computed":true},"user":{"type":"string","description":"User used for the installation.","description_kind":"plain","optional":true,"computed":true},"zone":{"type":"string","description":"The zone you want to attach the resource to","description_kind":"plain","optional":true}},"block_types":{"options":{"nesting_mode":"set","block":{"attributes":{"expires_at":{"type":"string","description":"Auto expire the option after this date","description_kind":"plain","optional":true,"computed":true},"id":{"type":"string","description":"IDs of the options","description_kind":"plain","required":true},"name":{"type":"string","description":"name of the option","description_kind":"plain","computed":true}},"description":"The options to enable on server","description_kind":"plain"}},"private_ips":{"nesting_mode":"list","block":{"attributes":{"address":{"type":"string","description":"The private IP address","description_kind":"plain","computed":true},"id":{"type":"string","description":"The ID of the IP address resource","description_kind":"plain","computed":true}},"description":"List of private IPv4 and IPv6 addresses associated with the resource","description_kind":"plain"}},"private_network":{"nesting_mode":"set","block":{"attributes":{"created_at":{"type":"string","description":"The date and time of the creation of the private network","description_kind":"plain","computed":true},"id":{"type":"string","description":"The ID of the private network to associate with the server","description_kind":"plain","required":true},"ipam_ip_ids":{"type":["list","string"],"description":"List of IPAM IP IDs to attach to the server","description_kind":"plain","optional":true,"computed":true},"mapping_id":{"type":"string","description":"The ID of the Server-to-Private Network mapping","description_kind":"plain","computed":true},"status":{"type":"string","description":"The private network status","description_kind":"plain","computed":true},"updated_at":{"type":"string","description":"The date and time of the last update of the private network","description_kind":"plain","computed":true},"vlan":{"type":"number","description":"The VLAN ID associated to the private network","description_kind":"plain","computed":true}},"description":"The private networks to attach to the server","description_kind":"plain"}},"timeouts":{"nesting_mode":"single","block":{"attributes":{"create":{"type":"string","description_kind":"plain","optional":true},"default":{"type":"string","description_kind":"plain","optional":true},"delete":{"type":"string","description_kind":"plain","optional":true},"update":{"type":"string","description_kind":"plain","optional":true}},"description_kind":"plain"}}},"description_kind":"plain"}},"scaleway_billing_budget":{"version":0,"block":{"attributes":{"consumption_limit":{"type":"number","description":"Cost limit for the budget in cents.","description_kind":"markdown","required":true},"created_at":{"type":"string","description":"The date and time of budget creation","description_kind":"markdown","computed":true},"enabled":{"type":"bool","description":"Whether the budget is enabled or not.","description_kind":"markdown","optional":true,"computed":true},"id":{"type":"string","description":"The ID of the budget","description_kind":"markdown","computed":true},"organization_id":{"type":"string","description":"The organization ID. If not provided, the default organization configured in the provider is used.","description_kind":"markdown","optional":true,"computed":true},"updated_at":{"type":"string","description":"The date and time when the budget was last updated","description_kind":"markdown","computed":true}},"description":"Creates and manages Scaleway Budgets.\n\nA Budget allows you to track and control spending across your Scaleway resources.\n","description_kind":"markdown"}},"scaleway_billing_budget_alert":{"version":0,"block":{"attributes":{"budget_id":{"type":"string","description":"The ID of the budget to create alert for.","description_kind":"markdown","required":true},"created_at":{"type":"string","description":"The date and time of budget alert creation","description_kind":"markdown","computed":true},"id":{"type":"string","description":"The ID of the budget alert","description_kind":"markdown","computed":true},"threshold":{"type":"number","description":"Threshold percentage above which the alert is sent (0-100).","description_kind":"markdown","required":true},"updated_at":{"type":"string","description":"The date and time when the budget alert was last updated","description_kind":"markdown","computed":true}},"description":"Creates and manages Scaleway Budget Alerts.\n\nA Budget Alert triggers notifications when the spending threshold is reached.\n","description_kind":"markdown"}},"scaleway_billing_budget_alert_notification":{"version":0,"block":{"attributes":{"budget_alert_id":{"type":"string","description":"The ID of the budget alert to create notification for.","description_kind":"markdown","required":true},"created_at":{"type":"string","description":"The date and time of budget alert notification creation","description_kind":"markdown","computed":true},"email_addresses":{"type":["set","string"],"description":"List of email addresses to receive email notifications. Precisely one of sms_phone_numbers, email_addresses, or webhook_urls must be set.","description_kind":"markdown","optional":true},"id":{"type":"string","description":"The ID of the budget alert notification","description_kind":"markdown","computed":true},"sms_phone_numbers":{"type":["set","string"],"description":"List of phone numbers to receive SMS notifications. Precisely one of sms_phone_numbers, email_addresses, or webhook_urls must be set.","description_kind":"markdown","optional":true},"type":{"type":"string","description":"The type of notification (sms, email, or webhook)","description_kind":"markdown","computed":true},"updated_at":{"type":"string","description":"The date and time when the budget alert notification was last updated","description_kind":"markdown","computed":true},"webhook_urls":{"type":["set","string"],"description":"List of webhook URLs to receive webhook notifications. Precisely one of sms_phone_numbers, email_addresses, or webhook_urls must be set.","description_kind":"markdown","optional":true}},"description":"Creates and manages Scaleway Budget Alert Notifications.\n\nA Budget Alert Notification defines how to notify recipients when a budget alert is triggered.\n","description_kind":"markdown"}},"scaleway_block_snapshot":{"version":0,"block":{"attributes":{"id":{"type":"string","description_kind":"plain","optional":true,"computed":true},"name":{"type":"string","description":"The snapshot name","description_kind":"plain","optional":true,"computed":true},"project_id":{"type":"string","description":"The project_id you want to attach the resource to","description_kind":"plain","optional":true,"computed":true},"srn":{"type":"string","description":"The Scaleway Resource Name (SRN) of the snapshot","description_kind":"plain","computed":true},"tags":{"type":["list","string"],"description":"The tags associated with the snapshot","description_kind":"plain","optional":true},"volume_id":{"type":"string","description":"ID of the volume from which creates a snapshot","description_kind":"plain","optional":true},"zone":{"type":"string","description":"The zone you want to attach the resource to","description_kind":"plain","optional":true}},"block_types":{"export":{"nesting_mode":"list","block":{"attributes":{"bucket":{"type":"string","description":"Bucket containing qcow","description_kind":"plain","required":true},"key":{"type":"string","description":"Key of the qcow file in the specified bucket","description_kind":"plain","required":true}},"description":"Export snapshot to a qcow","description_kind":"plain"},"max_items":1},"import":{"nesting_mode":"list","block":{"attributes":{"bucket":{"type":"string","description":"Bucket containing qcow","description_kind":"plain","required":true},"key":{"type":"string","description":"Key of the qcow file in the specified bucket","description_kind":"plain","required":true}},"description":"Import snapshot from a qcow","description_kind":"plain"},"max_items":1},"timeouts":{"nesting_mode":"single","block":{"attributes":{"create":{"type":"string","description_kind":"plain","optional":true},"default":{"type":"string","description_kind":"plain","optional":true},"delete":{"type":"string","description_kind":"plain","optional":true},"read":{"type":"string","description_kind":"plain","optional":true}},"description_kind":"plain"}}},"description_kind":"plain"}},"scaleway_block_volume":{"version":0,"block":{"attributes":{"id":{"type":"string","description_kind":"plain","optional":true,"computed":true},"instance_volume_id":{"type":"string","description":"The instance volume to create the block volume from","description_kind":"plain","optional":true,"computed":true},"iops":{"type":"number","description":"The maximum IO/s expected, must match available options","description_kind":"plain","required":true},"name":{"type":"string","description":"The volume name","description_kind":"plain","optional":true,"computed":true},"project_id":{"type":"string","description":"The project_id you want to attach the resource to","description_kind":"plain","optional":true,"computed":true},"size_in_gb":{"type":"number","description":"The volume size in GB","description_kind":"plain","optional":true,"computed":true},"snapshot_id":{"type":"string","description":"The snapshot to create the volume from","description_kind":"plain","optional":true},"srn":{"type":"string","description":"The Scaleway Resource Name (SRN) of the volume","description_kind":"plain","computed":true},"tags":{"type":["list","string"],"description":"The tags associated with the volume","description_kind":"plain","optional":true},"zone":{"type":"string","description":"The zone you want to attach the resource to","description_kind":"plain","optional":true}},"block_types":{"timeouts":{"nesting_mode":"single","block":{"attributes":{"create":{"type":"string","description_kind":"plain","optional":true},"default":{"type":"string","description_kind":"plain","optional":true},"delete":{"type":"string","description_kind":"plain","optional":true},"read":{"type":"string","description_kind":"plain","optional":true}},"description_kind":"plain"}}},"description_kind":"plain"}},"scaleway_cockpit":{"version":0,"block":{"attributes":{"endpoints":{"type":["list",["object",{"alertmanager_url":"string","grafana_url":"string","logs_url":"string","metrics_url":"string","traces_url":"string"}]],"description":"[DEPRECATED] Endpoints list. Please use 'scaleway_cockpit_source' instead.","description_kind":"plain","deprecated":true,"computed":true},"id":{"type":"string","description_kind":"plain","optional":true,"computed":true},"plan":{"type":"string","description":"[DEPRECATED] The plan field is deprecated. Any modification or selection will have no effect.","description_kind":"plain","deprecated":true,"optional":true},"plan_id":{"type":"string","description":"[DEPRECATED] The plan ID of the cockpit. This field is no longer relevant.","description_kind":"plain","deprecated":true,"computed":true},"project_id":{"type":"string","description":"The project_id you want to attach the resource to","description_kind":"plain","optional":true,"computed":true},"push_url":{"type":["list",["object",{"push_logs_url":"string","push_metrics_url":"string"}]],"description":"[DEPRECATED] Push_url","description_kind":"plain","deprecated":true,"computed":true}},"description_kind":"plain","deprecated":true}},"scaleway_cockpit_alert_manager":{"version":0,"block":{"attributes":{"alert_manager_url":{"type":"string","description":"Alert manager URL","description_kind":"plain","computed":true},"enable_managed_alerts":{"type":"bool","description":"Enable or disable the alert manager (deprecated)","description_kind":"plain","deprecated":true,"optional":true,"computed":true},"id":{"type":"string","description_kind":"plain","optional":true,"computed":true},"preconfigured_alert_ids":{"type":["set","string"],"description":"List of preconfigured alert rule IDs to enable explicitly. Use the scaleway_cockpit_preconfigured_alert data source to list available alerts.","description_kind":"plain","optional":true},"project_id":{"type":"string","description":"The project_id you want to attach the resource to","description_kind":"plain","optional":true,"computed":true},"region":{"type":"string","description":"The region you want to attach the resource to","description_kind":"plain","optional":true}},"block_types":{"contact_points":{"nesting_mode":"list","block":{"attributes":{"email":{"type":"string","description":"Email addresses for the alert receivers","description_kind":"plain","optional":true}},"description":"A list of contact points","description_kind":"plain"}}},"description_kind":"plain"}},"scaleway_cockpit_exporter":{"version":0,"block":{"attributes":{"created_at":{"type":"string","description":"Date and time of the creation of the data export (RFC 3339 format)","description_kind":"plain","computed":true},"datasource_id":{"type":"string","description":"ID of the data source linked to the data export","description_kind":"plain","required":true},"description":{"type":"string","description":"Description of the data export","description_kind":"plain","optional":true},"exported_products":{"type":["list","string"],"description":"List of Scaleway products to export. Use [\"all\"] to export all products. Use scaleway_cockpit_products data source for valid product names.","description_kind":"plain","optional":true},"id":{"type":"string","description_kind":"plain","optional":true,"computed":true},"name":{"type":"string","description":"Name of the data export","description_kind":"plain","required":true},"project_id":{"type":"string","description":"The project_id you want to attach the resource to","description_kind":"plain","optional":true,"computed":true},"region":{"type":"string","description":"The region you want to attach the resource to","description_kind":"plain","optional":true},"status":{"type":"string","description":"Status of the data export","description_kind":"plain","computed":true},"updated_at":{"type":"string","description":"Date and time of the last update of the data export (RFC 3339 format)","description_kind":"plain","computed":true}},"block_types":{"datadog_destination":{"nesting_mode":"list","block":{"attributes":{"api_key":{"type":"string","description":"Datadog API key","description_kind":"plain","required":true,"sensitive":true},"endpoint":{"type":"string","description":"Datadog endpoint URL","description_kind":"plain","optional":true}},"description":"Datadog destination configuration","description_kind":"plain"},"max_items":1},"otlp_destination":{"nesting_mode":"list","block":{"attributes":{"endpoint":{"type":"string","description":"OTLP endpoint URL","description_kind":"plain","required":true},"headers":{"type":["map","string"],"description":"Headers to include in requests","description_kind":"plain","optional":true}},"description":"OTLP destination configuration","description_kind":"plain"},"max_items":1},"timeouts":{"nesting_mode":"single","block":{"attributes":{"create":{"type":"string","description_kind":"plain","optional":true},"default":{"type":"string","description_kind":"plain","optional":true},"delete":{"type":"string","description_kind":"plain","optional":true},"read":{"type":"string","description_kind":"plain","optional":true},"update":{"type":"string","description_kind":"plain","optional":true}},"description_kind":"plain"}}},"description_kind":"plain"}},"scaleway_cockpit_grafana_user":{"version":0,"block":{"attributes":{"grafana_url":{"type":"string","description":"The grafana URL","description_kind":"plain","computed":true},"id":{"type":"string","description_kind":"plain","optional":true,"computed":true},"login":{"type":"string","description":"The login of the Grafana user","description_kind":"plain","required":true},"password":{"type":"string","description":"The password of the Grafana user","description_kind":"plain","computed":true,"sensitive":true},"project_id":{"type":"string","description":"The project_id you want to attach the resource to","description_kind":"plain","optional":true,"computed":true},"role":{"type":"string","description":"The role of the Grafana user","description_kind":"plain","required":true}},"block_types":{"timeouts":{"nesting_mode":"single","block":{"attributes":{"create":{"type":"string","description_kind":"plain","optional":true},"default":{"type":"string","description_kind":"plain","optional":true},"delete":{"type":"string","description_kind":"plain","optional":true},"read":{"type":"string","description_kind":"plain","optional":true}},"description_kind":"plain"}}},"description_kind":"plain","deprecated":true}},"scaleway_cockpit_source":{"version":0,"block":{"attributes":{"created_at":{"type":"string","description":"The date and time of the creation of the cockpit datasource","description_kind":"plain","computed":true},"id":{"type":"string","description_kind":"plain","optional":true,"computed":true},"name":{"type":"string","description":"Name of the datasource","description_kind":"plain","optional":true},"origin":{"type":"string","description":"The origin of the datasource","description_kind":"plain","computed":true},"project_id":{"type":"string","description":"The project_id you want to attach the resource to","description_kind":"plain","optional":true,"computed":true},"push_url":{"type":"string","description":"The URL endpoint used for pushing data to the cockpit data source.","description_kind":"plain","computed":true},"region":{"type":"string","description":"The region you want to attach the resource to","description_kind":"plain","optional":true},"retention_days":{"type":"number","description":"The number of days to retain data. Use scaleway_cockpit_config data source to read allowed min, max, and default values for each data source type.","description_kind":"plain","required":true},"synchronized_with_grafana":{"type":"bool","description":"Indicates whether the data source is synchronized with Grafana","description_kind":"plain","computed":true},"type":{"type":"string","description":"The type of the datasource","description_kind":"plain","optional":true},"updated_at":{"type":"string","description":"The date and time of the last update of the cockpit datasource","description_kind":"plain","computed":true},"url":{"type":"string","description":"The URL of the datasource","description_kind":"plain","computed":true}},"block_types":{"timeouts":{"nesting_mode":"single","block":{"attributes":{"create":{"type":"string","description_kind":"plain","optional":true},"default":{"type":"string","description_kind":"plain","optional":true},"delete":{"type":"string","description_kind":"plain","optional":true},"read":{"type":"string","description_kind":"plain","optional":true}},"description_kind":"plain"}}},"description_kind":"plain"}},"scaleway_cockpit_token":{"version":1,"block":{"attributes":{"created_at":{"type":"string","description":"The date and time of the creation of the Cockpit Token (Format ISO 8601)","description_kind":"plain","computed":true},"id":{"type":"string","description_kind":"plain","optional":true,"computed":true},"name":{"type":"string","description":"The name of the token","description_kind":"plain","required":true},"project_id":{"type":"string","description":"The project_id you want to attach the resource to","description_kind":"plain","optional":true,"computed":true},"region":{"type":"string","description":"The region you want to attach the resource to","description_kind":"plain","optional":true},"secret_key":{"type":"string","description":"The secret key of the token","description_kind":"plain","computed":true,"sensitive":true},"updated_at":{"type":"string","description":"The date and time of the last update of the Cockpit Token (Format ISO 8601)","description_kind":"plain","computed":true}},"block_types":{"scopes":{"nesting_mode":"list","block":{"attributes":{"query_logs":{"type":"bool","description":"Query logs","description_kind":"plain","optional":true},"query_metrics":{"type":"bool","description":"Query metrics","description_kind":"plain","optional":true},"query_traces":{"type":"bool","description":"Query traces","description_kind":"plain","optional":true},"setup_alerts":{"type":"bool","description":"Setup alerts","description_kind":"plain","optional":true},"setup_logs_rules":{"type":"bool","description":"Setup logs rules","description_kind":"plain","optional":true},"setup_metrics_rules":{"type":"bool","description":"Setup metrics rules","description_kind":"plain","optional":true},"write_logs":{"type":"bool","description":"Write logs","description_kind":"plain","optional":true},"write_metrics":{"type":"bool","description":"Write metrics","description_kind":"plain","optional":true},"write_traces":{"type":"bool","description":"Write traces","description_kind":"plain","optional":true}},"description":"Endpoints","description_kind":"plain"},"max_items":1},"timeouts":{"nesting_mode":"single","block":{"attributes":{"create":{"type":"string","description_kind":"plain","optional":true},"default":{"type":"string","description_kind":"plain","optional":true},"delete":{"type":"string","description_kind":"plain","optional":true},"read":{"type":"string","description_kind":"plain","optional":true}},"description_kind":"plain"}}},"description_kind":"plain"}},"scaleway_container":{"version":0,"block":{"attributes":{"args":{"type":["list","string"],"description":"Arguments passed to the command from the command \"field\". Overrides the arguments from the container image.","description_kind":"plain","optional":true},"command":{"type":["list","string"],"description":"Command executed when the container starts. Overrides the command from the container image.","description_kind":"plain","optional":true},"cpu_limit":{"type":"number","description":"The amount of vCPU computing resources to allocate to each container. Defaults to 70.","description_kind":"plain","optional":true,"computed":true},"cron_status":{"type":"string","description":"The cron status","description_kind":"plain","deprecated":true,"computed":true},"deploy":{"type":"bool","description":"This allows you to control your production environment","description_kind":"plain","deprecated":true,"optional":true},"description":{"type":"string","description":"The container description","description_kind":"plain","optional":true},"domain_name":{"type":"string","description":"The native container domain name.","description_kind":"plain","deprecated":true,"computed":true},"environment_variables":{"type":["map","string"],"description":"The environment variables to be injected into your container at runtime.","description_kind":"plain","optional":true,"computed":true},"error_message":{"type":"string","description":"The error description","description_kind":"plain","computed":true},"http_option":{"type":"string","description":"HTTP traffic configuration","description_kind":"plain","deprecated":true,"optional":true,"computed":true},"https_connections_only":{"type":"bool","description":"If true, it will allow only HTTPS connections to access your container to prevent it from being triggered by insecure connections (HTTP).","description_kind":"plain","optional":true,"computed":true},"id":{"type":"string","description_kind":"plain","optional":true,"computed":true},"image":{"type":"string","description":"The image reference (e.g. \"rg.fr-par.scw.cloud/my-registry-namespace/image:tag\" or \"nginx:latest\").","description_kind":"plain","optional":true,"computed":true},"local_storage_limit":{"type":"number","description":"Local storage limit of the container (in MB)","description_kind":"plain","deprecated":true,"optional":true,"computed":true},"local_storage_limit_bytes":{"type":"number","description":"Local storage limit of the container (in bytes)","description_kind":"plain","optional":true,"computed":true},"max_scale":{"type":"number","description":"The maximum of number of instances this container can scale to.","description_kind":"plain","optional":true,"computed":true},"memory_limit":{"type":"number","description":"The memory computing resources in MB to allocate to each container.","description_kind":"plain","deprecated":true,"optional":true,"computed":true},"memory_limit_bytes":{"type":"number","description":"The memory computing resources in bytes to allocate to each container.","description_kind":"plain","optional":true,"computed":true},"min_scale":{"type":"number","description":"The minimum of number of instances this container can scale to.","description_kind":"plain","optional":true,"computed":true},"name":{"type":"string","description":"The container name","description_kind":"plain","optional":true,"computed":true},"namespace_id":{"type":"string","description":"The container namespace associated","description_kind":"plain","required":true},"port":{"type":"number","description":"The port to expose the container.","description_kind":"plain","optional":true,"computed":true},"privacy":{"type":"string","description":"The privacy type defines the way to authenticate to your container","description_kind":"plain","optional":true},"private_network_id":{"type":"string","description":"ID of the Private Network the container is connected to","description_kind":"plain","optional":true},"protocol":{"type":"string","description":"The communication protocol http1 or h2c. Defaults to http1.","description_kind":"plain","optional":true},"public_endpoint":{"type":"string","description":"Public URL of the container. This is the default endpoint generated by Scaleway to access the container from the Internet.","description_kind":"plain","computed":true},"region":{"type":"string","description":"The region you want to attach the resource to","description_kind":"plain","optional":true},"registry_image":{"type":"string","description":"The scaleway registry image address","description_kind":"plain","deprecated":true,"optional":true,"computed":true},"registry_sha256":{"type":"string","description":"The sha256 of your source registry image, changing it will re-apply the deployment. Can be any string","description_kind":"plain","optional":true},"sandbox":{"type":"string","description":"Execution environment of the container.","description_kind":"plain","optional":true,"computed":true},"secret_environment_variables":{"type":["map","string"],"description":"The secret environment variables to be injected into your container at runtime.","description_kind":"plain","optional":true,"sensitive":true},"status":{"type":"string","description":"The container status","description_kind":"plain","computed":true},"tags":{"type":["list","string"],"description":"List of tags [\"tag1\", \"tag2\", ...] attached to the container.","description_kind":"plain","optional":true},"timeout":{"type":"number","description":"The maximum amount of time in seconds during which your container can process a request before we stop it. Defaults to 300s.","description_kind":"plain","optional":true,"computed":true}},"block_types":{"health_check":{"nesting_mode":"list","block":{"attributes":{"failure_threshold":{"type":"number","description":"Number of consecutive health check failures before considering the container unhealthy.","description_kind":"plain","optional":true,"computed":true},"interval":{"type":"string","description":"Period between health checks.","description_kind":"plain","optional":true,"computed":true},"tcp":{"type":"bool","description":"Perform TCP check on the container","description_kind":"plain","optional":true,"computed":true}},"block_types":{"http":{"nesting_mode":"list","block":{"attributes":{"path":{"type":"string","description":"Path to use for the HTTP health check.","description_kind":"plain","optional":true,"computed":true}},"description":"HTTP health check configuration.","description_kind":"plain"},"max_items":1}},"description":"Health check configuration of the container.","description_kind":"plain","deprecated":true},"max_items":1},"liveness_probe":{"nesting_mode":"list","block":{"attributes":{"failure_threshold":{"type":"number","description":"Number of consecutive failures before considering the container has to be restarted.","description_kind":"plain","required":true},"interval":{"type":"string","description":"Time interval between checks (in duration notation).","description_kind":"plain","required":true},"tcp":{"type":"bool","description":"Perform TCP check on the container","description_kind":"plain","optional":true},"timeout":{"type":"string","description":"Duration before the check times out (in duration notation).","description_kind":"plain","required":true}},"block_types":{"http":{"nesting_mode":"list","block":{"attributes":{"path":{"type":"string","description":"Path to use for the HTTP health check.","description_kind":"plain","required":true}},"description":"Perform HTTP check on the container with the specified path.","description_kind":"plain"},"max_items":1}},"description":"Defines how to check if the container is running.","description_kind":"plain"},"max_items":1},"scaling_option":{"nesting_mode":"set","block":{"attributes":{"concurrent_requests_threshold":{"type":"number","description":"Scale depending on the number of concurrent requests being processed per container instance.","description_kind":"plain","optional":true},"cpu_usage_threshold":{"type":"number","description":"Scale depending on the CPU usage of a container instance.","description_kind":"plain","optional":true},"memory_usage_threshold":{"type":"number","description":"Scale depending on the memory usage of a container instance.","description_kind":"plain","optional":true}},"description":"Configuration used to decide when to scale up or down.","description_kind":"plain"}},"startup_probe":{"nesting_mode":"list","block":{"attributes":{"failure_threshold":{"type":"number","description":"Number of consecutive failures before considering the container has to be restarted.","description_kind":"plain","required":true},"interval":{"type":"string","description":"Time interval between checks (in duration notation).","description_kind":"plain","required":true},"tcp":{"type":"bool","description":"Perform TCP check on the container","description_kind":"plain","optional":true},"timeout":{"type":"string","description":"Duration before the check times out (in duration notation).","description_kind":"plain","required":true}},"block_types":{"http":{"nesting_mode":"list","block":{"attributes":{"path":{"type":"string","description":"Path to use for the HTTP health check.","description_kind":"plain","required":true}},"description":"Perform HTTP check on the container with the specified path.","description_kind":"plain"},"max_items":1}},"description":"Defines how to check if the container has started successfully.","description_kind":"plain"},"max_items":1},"timeouts":{"nesting_mode":"single","block":{"attributes":{"create":{"type":"string","description_kind":"plain","optional":true},"default":{"type":"string","description_kind":"plain","optional":true},"delete":{"type":"string","description_kind":"plain","optional":true},"read":{"type":"string","description_kind":"plain","optional":true},"update":{"type":"string","description_kind":"plain","optional":true}},"description_kind":"plain"}}},"description_kind":"plain"}},"scaleway_container_cron":{"version":0,"block":{"attributes":{"args":{"type":"string","description":"Cron arguments as json object to pass through during execution.","description_kind":"plain","required":true},"container_id":{"type":"string","description":"The Container ID to link with your trigger.","description_kind":"plain","required":true},"id":{"type":"string","description_kind":"plain","optional":true,"computed":true},"name":{"type":"string","description":"Cron job name","description_kind":"plain","optional":true,"computed":true},"region":{"type":"string","description":"The region you want to attach the resource to","description_kind":"plain","optional":true},"schedule":{"type":"string","description":"Cron format string, e.g. 0 * * * * or @hourly, as schedule time of its jobs to be created and executed.","description_kind":"plain","required":true},"status":{"type":"string","description":"Cron job status.","description_kind":"plain","computed":true}},"block_types":{"timeouts":{"nesting_mode":"single","block":{"attributes":{"create":{"type":"string","description_kind":"plain","optional":true},"default":{"type":"string","description_kind":"plain","optional":true},"delete":{"type":"string","description_kind":"plain","optional":true},"read":{"type":"string","description_kind":"plain","optional":true},"update":{"type":"string","description_kind":"plain","optional":true}},"description_kind":"plain"}}},"description_kind":"plain","deprecated":true}},"scaleway_container_domain":{"version":0,"block":{"attributes":{"container_id":{"type":"string","description":"Container the domain will be bound to","description_kind":"plain","required":true},"hostname":{"type":"string","description":"Domain's hostname","description_kind":"plain","required":true},"id":{"type":"string","description_kind":"plain","optional":true,"computed":true},"region":{"type":"string","description":"The region you want to attach the resource to","description_kind":"plain","optional":true},"url":{"type":"string","description":"URL used to query the container","description_kind":"plain","deprecated":true,"computed":true}},"block_types":{"timeouts":{"nesting_mode":"single","block":{"attributes":{"create":{"type":"string","description_kind":"plain","optional":true},"default":{"type":"string","description_kind":"plain","optional":true},"delete":{"type":"string","description_kind":"plain","optional":true},"read":{"type":"string","description_kind":"plain","optional":true}},"description_kind":"plain"}}},"description_kind":"plain"}},"scaleway_container_namespace":{"version":0,"block":{"attributes":{"description":{"type":"string","description":"The description of the container namespace","description_kind":"plain","optional":true},"destroy_registry":{"type":"bool","description":"Destroy registry on deletion","description_kind":"plain","deprecated":true,"optional":true},"environment_variables":{"type":["map","string"],"description":"The environment variables of the container namespace","description_kind":"plain","optional":true},"id":{"type":"string","description_kind":"plain","optional":true,"computed":true},"name":{"type":"string","description":"The name of the container namespace","description_kind":"plain","optional":true,"computed":true},"organization_id":{"type":"string","description":"The organization_id you want to attach the resource to","description_kind":"plain","computed":true},"project_id":{"type":"string","description":"The project_id you want to attach the resource to","description_kind":"plain","optional":true,"computed":true},"region":{"type":"string","description":"The region you want to attach the resource to","description_kind":"plain","optional":true},"registry_endpoint":{"type":"string","description":"The endpoint reachable by docker","description_kind":"plain","deprecated":true,"computed":true},"registry_namespace_id":{"type":"string","description":"The ID of the registry namespace","description_kind":"plain","deprecated":true,"computed":true},"secret_environment_variables":{"type":["map","string"],"description":"The secret environment variables of the container namespace","description_kind":"plain","optional":true,"sensitive":true},"tags":{"type":["list","string"],"description":"List of tags [\"tag1\", \"tag2\", ...] attached to the container namespace","description_kind":"plain","optional":true}},"block_types":{"timeouts":{"nesting_mode":"single","block":{"attributes":{"create":{"type":"string","description_kind":"plain","optional":true},"default":{"type":"string","description_kind":"plain","optional":true},"delete":{"type":"string","description_kind":"plain","optional":true},"read":{"type":"string","description_kind":"plain","optional":true},"update":{"type":"string","description_kind":"plain","optional":true}},"description_kind":"plain"}}},"description_kind":"plain"}},"scaleway_container_token":{"version":0,"block":{"attributes":{"container_id":{"type":"string","description":"Container ID","description_kind":"plain","optional":true},"description":{"type":"string","description":"Description of the token.","description_kind":"plain","optional":true},"expires_at":{"type":"string","description":"Expiration date of the token (TimeRFC3339)","description_kind":"plain","optional":true},"id":{"type":"string","description_kind":"plain","optional":true,"computed":true},"namespace_id":{"type":"string","description":"Namespace ID","description_kind":"plain","optional":true},"region":{"type":"string","description":"The region you want to attach the resource to","description_kind":"plain","optional":true},"token":{"type":"string","description":"Token","description_kind":"plain","computed":true,"sensitive":true}},"description_kind":"plain","deprecated":true}},"scaleway_container_trigger":{"version":0,"block":{"attributes":{"container_id":{"type":"string","description":"The ID of the container to create a trigger for","description_kind":"plain","required":true},"description":{"type":"string","description":"The trigger description","description_kind":"plain","optional":true},"id":{"type":"string","description_kind":"plain","optional":true,"computed":true},"name":{"type":"string","description":"The trigger name","description_kind":"plain","optional":true,"computed":true},"region":{"type":"string","description":"The region you want to attach the resource to","description_kind":"plain","optional":true},"tags":{"type":["list","string"],"description":"List of tags [\"tag1\", \"tag2\", ...] attached to the container trigger","description_kind":"plain","optional":true}},"block_types":{"cron":{"nesting_mode":"list","block":{"attributes":{"body":{"type":"string","description":"Body to send to the container when the trigger is invoked.","description_kind":"plain","optional":true},"headers":{"type":["map","string"],"description":"Additional headers to send to the container when the trigger is invoked.","description_kind":"plain","optional":true},"schedule":{"type":"string","description":"UNIX cron schedule to run job (e.g., \"* * * * *\").","description_kind":"plain","required":true},"timezone":{"type":"string","description":"Timezone for the cron schedule, in tz database format (e.g., \"Europe/Paris\").","description_kind":"plain","required":true}},"description":"Config for cron based trigger","description_kind":"plain"},"max_items":1},"destination_config":{"nesting_mode":"list","block":{"attributes":{"http_method":{"type":"string","description":"The HTTP method to use when sending the request (e.g., get, post, put, patch, delete).","description_kind":"plain","required":true},"http_path":{"type":"string","description":"The HTTP path to send the request to (e.g., \"/my-webhook-endpoint\").","description_kind":"plain","required":true}},"description":"Configuration of the destination to trigger.","description_kind":"plain"},"min_items":1,"max_items":1},"nats":{"nesting_mode":"list","block":{"attributes":{"account_id":{"type":"string","description":"ID of the mnq nats account","description_kind":"plain","optional":true},"credentials_file_content":{"type":"string","description":"The content of the NATS credentials file that will be used to authenticate with the NATS server and subscribe to the specified subject.","description_kind":"plain","required":true},"project_id":{"type":"string","description":"Project ID of the project where the mnq nats exists, defaults to provider project_id","description_kind":"plain","optional":true,"computed":true},"region":{"type":"string","description":"Region where the mnq nats exists, defaults to function's region","description_kind":"plain","optional":true,"computed":true},"server_urls":{"type":["list","string"],"description":"The URLs of the NATS server (e.g., \"nats://nats.mnq.fr-par.scaleway.com:4222\").","description_kind":"plain","required":true},"subject":{"type":"string","description":"NATS subject to subscribe to (e.g., \"my-subject\").","description_kind":"plain","required":true}},"description":"Config for nats based trigger using scaleway mnq","description_kind":"plain"},"max_items":1},"sqs":{"nesting_mode":"list","block":{"attributes":{"access_key":{"type":"string","description":"The access key for accessing the SQS queue.","description_kind":"plain","required":true,"sensitive":true},"endpoint":{"type":"string","description":"Endpoint URL to use to access SQS (e.g., \"https://sqs.mnq.fr-par.scaleway.com\").","description_kind":"plain","required":true},"project_id":{"type":"string","description":"Project ID of the project where the mnq sqs exists, defaults to provider project_id","description_kind":"plain","optional":true,"computed":true},"queue":{"type":"string","description":"Name of the queue","description_kind":"plain","deprecated":true,"optional":true},"queue_url":{"type":"string","description":"The URL of the SQS queue to monitor for messages.","description_kind":"plain","required":true},"region":{"type":"string","description":"The region where the SQS queue is hosted, defaults to function's region","description_kind":"plain","optional":true,"computed":true},"secret_key":{"type":"string","description":"The secret key for accessing the SQS queue.","description_kind":"plain","required":true,"sensitive":true}},"description":"Config for sqs based trigger using scaleway mnq","description_kind":"plain"},"max_items":1},"timeouts":{"nesting_mode":"single","block":{"attributes":{"create":{"type":"string","description_kind":"plain","optional":true},"default":{"type":"string","description_kind":"plain","optional":true},"delete":{"type":"string","description_kind":"plain","optional":true},"read":{"type":"string","description_kind":"plain","optional":true},"update":{"type":"string","description_kind":"plain","optional":true}},"description_kind":"plain"}}},"description_kind":"plain"}},"scaleway_datalab":{"version":0,"block":{"attributes":{"created_at":{"type":"string","description":"The creation timestamp of the Datalab instance.","description_kind":"markdown","computed":true},"description":{"type":"string","description":"A description for the Datalab instance.","description_kind":"markdown","optional":true,"computed":true},"has_notebook":{"type":"bool","description":"Whether a JupyterLab notebook is associated with the Datalab.","description_kind":"markdown","optional":true,"computed":true},"id":{"type":"string","description":"The ID of the Datalab instance, in the `{region}/{id}` format.","description_kind":"markdown","computed":true},"main":{"nested_type":{"attributes":{"node_type":{"type":"string","description":"The node type for the main node.","description_kind":"markdown","required":true},"root_volume":{"nested_type":{"attributes":{"size":{"type":"number","description":"The volume size in bytes.","description_kind":"markdown","computed":true},"type":{"type":"string","description":"The volume type.","description_kind":"markdown","computed":true}},"nesting_mode":"single"},"description":"Volume details for the main node.","description_kind":"markdown","computed":true},"spark_master_url":{"type":"string","description":"The Spark master URL within the VPC.","description_kind":"markdown","computed":true},"spark_ui_url":{"type":"string","description":"The Spark UI URL.","description_kind":"markdown","computed":true}},"nesting_mode":"single"},"description":"The Spark main node configuration.","description_kind":"markdown","optional":true,"computed":true},"name":{"type":"string","description":"The name of the Datalab instance. If not provided, a random name is generated.","description_kind":"markdown","optional":true,"computed":true},"notebook_master_url":{"type":"string","description":"The URL used to reach the cluster from the notebook.","description_kind":"markdown","computed":true},"notebook_url":{"type":"string","description":"The URL of the JupyterLab notebook, if available.","description_kind":"markdown","computed":true},"private_network_id":{"type":"string","description":"The ID of the private network to attach the Datalab to.","description_kind":"markdown","required":true},"project_id":{"type":"string","description":"The project ID the Datalab belongs to. Defaults to the provider's project ID.","description_kind":"markdown","optional":true,"computed":true},"region":{"type":"string","description":"The region the Datalab is in. Only `fr-par` is currently supported.","description_kind":"markdown","optional":true,"computed":true},"spark_version":{"type":"string","description":"The Spark version to use for the Datalab instance. Available versions can be retrieved from `ListClusterVersions`.","description_kind":"markdown","required":true},"status":{"type":"string","description":"The current status of the Datalab instance.","description_kind":"markdown","computed":true},"tags":{"type":["list","string"],"description":"Tags associated with the Datalab instance.","description_kind":"markdown","optional":true},"total_storage":{"nested_type":{"attributes":{"size":{"type":"number","description":"The volume size in bytes.","description_kind":"markdown","optional":true,"computed":true},"type":{"type":"string","description":"The volume type. Defaults to `sbs_5k`.","description_kind":"markdown","optional":true,"computed":true}},"nesting_mode":"single"},"description":"Persistent volume storage configuration.","description_kind":"markdown","optional":true,"computed":true},"updated_at":{"type":"string","description":"The last update timestamp of the Datalab instance.","description_kind":"markdown","computed":true},"worker":{"nested_type":{"attributes":{"node_count":{"type":"number","description":"The number of worker nodes.","description_kind":"markdown","required":true},"node_type":{"type":"string","description":"The node type for worker nodes.","description_kind":"markdown","required":true},"root_volume":{"nested_type":{"attributes":{"size":{"type":"number","description":"The volume size in bytes.","description_kind":"markdown","computed":true},"type":{"type":"string","description":"The volume type.","description_kind":"markdown","computed":true}},"nesting_mode":"single"},"description":"Volume details for worker nodes.","description_kind":"markdown","computed":true}},"nesting_mode":"single"},"description":"The Spark worker nodes configuration.","description_kind":"markdown","optional":true,"computed":true}},"description":"Manages a Scaleway Datalab instance.","description_kind":"markdown"}},"scaleway_datawarehouse_database":{"version":0,"block":{"attributes":{"deployment_id":{"type":"string","description":"ID of the Datawarehouse deployment to which this database belongs.","description_kind":"plain","required":true},"id":{"type":"string","description_kind":"plain","optional":true,"computed":true},"name":{"type":"string","description":"Name of the database.","description_kind":"plain","required":true},"region":{"type":"string","description":"The region you want to attach the resource to","description_kind":"plain","optional":true},"size":{"type":"number","description":"Size of the database (in GB).","description_kind":"plain","computed":true}},"description_kind":"plain"}},"scaleway_datawarehouse_deployment":{"version":0,"block":{"attributes":{"cpu_max":{"type":"number","description":"Maximum CPU count","description_kind":"plain","required":true},"cpu_min":{"type":"number","description":"Minimum CPU count","description_kind":"plain","required":true},"created_at":{"type":"string","description":"Date and time of deployment creation (RFC 3339 format)","description_kind":"plain","computed":true},"id":{"type":"string","description_kind":"plain","optional":true,"computed":true},"name":{"type":"string","description":"Name of the Datawarehouse deployment","description_kind":"plain","required":true},"password":{"type":"string","description":"Password for the first user of the deployment. Only one of `password` or `password_wo` should be specified.","description_kind":"plain","optional":true,"sensitive":true},"password_wo":{"type":"string","description":"Password for the first user of the deployment in [write-only](https://registry.terraform.io/providers/scaleway/scaleway/latest/docs/guides/using-write-only-arguments) mode. Only one of `password` or `password_wo` should be specified. `password_wo` will not be set in the Terraform state. To update the `password_wo`, you must also update the `password_wo_version`. When updating, the password is rotated via the Data Warehouse Users API (the initial user is selected as an admin user when present, otherwise the first user by name).","description_kind":"plain","optional":true,"write_only":true},"password_wo_version":{"type":"number","description":"The version of the [write-only](https://registry.terraform.io/providers/scaleway/scaleway/latest/docs/guides/using-write-only-arguments) password. To update the `password_wo`, you must also update the `password_wo_version`.","description_kind":"plain","optional":true},"project_id":{"type":"string","description":"The project_id you want to attach the resource to","description_kind":"plain","optional":true,"computed":true},"public_network":{"type":["list",["object",{"dns_record":"string","id":"string","services":["list",["object",{"port":"number","protocol":"string"}]]}]],"description":"Public endpoint configuration. A public endpoint is created by default.","description_kind":"plain","computed":true},"ram_per_cpu":{"type":"number","description":"RAM per CPU (GB)","description_kind":"plain","required":true},"region":{"type":"string","description":"The region you want to attach the resource to","description_kind":"plain","optional":true},"replica_count":{"type":"number","description":"Number of replicas","description_kind":"plain","required":true},"shard_count":{"type":"number","description":"Number of shards for the deployment. This value is immutable and cannot be changed after creation.","description_kind":"plain","optional":true,"computed":true},"started":{"type":"bool","description":"Whether the deployment should be running (`true`) or stopped (`false`). Maps to the Start deployment and Stop deployment API actions.","description_kind":"plain","optional":true},"status":{"type":"string","description":"The status of the deployment","description_kind":"plain","computed":true},"tags":{"type":["list","string"],"description":"List of tags to apply","description_kind":"plain","optional":true},"updated_at":{"type":"string","description":"Date and time of deployment last update (RFC 3339 format)","description_kind":"plain","computed":true},"version":{"type":"string","description":"ClickHouse version to use","description_kind":"plain","required":true}},"block_types":{"private_network":{"nesting_mode":"list","block":{"attributes":{"dns_record":{"type":"string","description":"DNS record for the private endpoint","description_kind":"plain","computed":true},"id":{"type":"string","description":"The endpoint ID","description_kind":"plain","computed":true},"pn_id":{"type":"string","description":"The private network ID","description_kind":"plain","required":true},"services":{"type":["list",["object",{"port":"number","protocol":"string"}]],"description":"List of services exposed on the private endpoint","description_kind":"plain","computed":true}},"description":"Private network to expose your datawarehouse deployment","description_kind":"plain"},"max_items":1},"timeouts":{"nesting_mode":"single","block":{"attributes":{"create":{"type":"string","description_kind":"plain","optional":true},"delete":{"type":"string","description_kind":"plain","optional":true},"read":{"type":"string","description_kind":"plain","optional":true},"update":{"type":"string","description_kind":"plain","optional":true}},"description_kind":"plain"}}},"description_kind":"plain"}},"scaleway_datawarehouse_user":{"version":0,"block":{"attributes":{"deployment_id":{"type":"string","description":"ID of the Datawarehouse deployment to which this user belongs.","description_kind":"plain","required":true},"id":{"type":"string","description_kind":"plain","optional":true,"computed":true},"is_admin":{"type":"bool","description":"Whether the user has administrator privileges.","description_kind":"plain","optional":true},"name":{"type":"string","description":"Name of the ClickHouse user.","description_kind":"plain","required":true},"password":{"type":"string","description":"Password for the ClickHouse user.","description_kind":"plain","required":true,"sensitive":true},"region":{"type":"string","description":"The region you want to attach the resource to","description_kind":"plain","optional":true}},"description_kind":"plain"}},"scaleway_domain_record":{"version":0,"block":{"attributes":{"data":{"type":"string","description":"The data of the record","description_kind":"plain","required":true},"dns_zone":{"type":"string","description":"The zone you want to add the record in","description_kind":"plain","required":true},"fqdn":{"type":"string","description":"The FQDN of the record","description_kind":"plain","computed":true},"id":{"type":"string","description_kind":"plain","optional":true,"computed":true},"name":{"type":"string","description":"The name of the record","description_kind":"plain","optional":true},"priority":{"type":"number","description":"The priority of the record","description_kind":"plain","optional":true,"computed":true},"project_id":{"type":"string","description":"The project_id you want to attach the resource to","description_kind":"plain","optional":true,"computed":true},"root_zone":{"type":"bool","description":"Does the DNS zone is the root zone or not","description_kind":"plain","computed":true},"ttl":{"type":"number","description":"The ttl of the record","description_kind":"plain","optional":true},"type":{"type":"string","description":"The type of the record","description_kind":"plain","required":true}},"block_types":{"geo_ip":{"nesting_mode":"list","block":{"block_types":{"matches":{"nesting_mode":"list","block":{"attributes":{"continents":{"type":["list","string"],"description":"List of continents (eg: EU for Europe, NA for North America, AS for Asia...). List of all continents code: https://api.scaleway.com/domain-private/v2beta1/continents","description_kind":"plain","optional":true},"countries":{"type":["list","string"],"description":"List of countries (eg: FR for France, US for the United States, GB for Great Britain...). List of all countries code: https://api.scaleway.com/domain-private/v2beta1/countries","description_kind":"plain","optional":true},"data":{"type":"string","description":"The data of the match result","description_kind":"plain","required":true}},"description":"The list of matches","description_kind":"plain"},"min_items":1}},"description":"Return record based on client localisation","description_kind":"plain"},"max_items":1},"http_service":{"nesting_mode":"list","block":{"attributes":{"ips":{"type":["list","string"],"description":"IPs to check","description_kind":"plain","required":true},"must_contain":{"type":"string","description":"Text to search","description_kind":"plain","required":true},"strategy":{"type":"string","description":"Strategy to return an IP from the IPs list","description_kind":"plain","required":true},"url":{"type":"string","description":"URL to match the must_contain text to validate an IP","description_kind":"plain","required":true},"user_agent":{"type":"string","description":"User-agent used when checking the URL","description_kind":"plain","optional":true}},"description":"Return record based on client localisation","description_kind":"plain"},"max_items":1},"timeouts":{"nesting_mode":"single","block":{"attributes":{"create":{"type":"string","description_kind":"plain","optional":true},"default":{"type":"string","description_kind":"plain","optional":true},"delete":{"type":"string","description_kind":"plain","optional":true},"read":{"type":"string","description_kind":"plain","optional":true},"update":{"type":"string","description_kind":"plain","optional":true}},"description_kind":"plain"}},"view":{"nesting_mode":"list","block":{"attributes":{"data":{"type":"string","description":"The data of the view record","description_kind":"plain","required":true},"subnet":{"type":"string","description":"The subnet of the view","description_kind":"plain","required":true}},"description":"Return record based on client subnet","description_kind":"plain"}},"weighted":{"nesting_mode":"list","block":{"attributes":{"ip":{"type":"string","description":"The weighted IP","description_kind":"plain","required":true},"weight":{"type":"number","description":"The weight of the IP","description_kind":"plain","required":true}},"description":"Return record based on weight","description_kind":"plain"}}},"description_kind":"plain"}},"scaleway_domain_registration":{"version":0,"block":{"attributes":{"administrative_contact":{"type":["list",["object",{"address_line_1":"string","address_line_2":"string","city":"string","company_identification_code":"string","company_name":"string","country":"string","email":"string","email_alt":"string","extension_eu":["list",["object",{"european_citizenship":"string"}]],"extension_fr":["list",["object",{"association_info":["list",["object",{"publication_jo":"string","publication_jo_page":"number"}]],"code_auth_afnic_info":["list",["object",{"code_auth_afnic":"string"}]],"duns_info":["list",["object",{"duns_id":"string","local_id":"string"}]],"individual_info":["list",["object",{"whois_opt_in":"bool"}]],"mode":"string","trademark_info":["list",["object",{"trademark_inpi":"string"}]]}]],"extension_nl":["list","string"],"fax_number":"string","firstname":"string","lang":"string","lastname":"string","legal_form":"string","phone_number":"string","resale":"bool","state":"string","vat_identification_code":"string","whois_opt_in":"bool","zip":"string"}]],"description":"Details of the administrative contact (read-only, set by the API).","description_kind":"plain","computed":true},"auto_renew":{"type":"bool","description":"Enable or disable auto-renewal of the domain.","description_kind":"plain","optional":true},"dnssec":{"type":"bool","description":"Enable or disable dnssec for the domain.","description_kind":"plain","optional":true},"domain_names":{"type":["list","string"],"description":"List of domain names to be managed.","description_kind":"plain","required":true},"ds_record":{"type":["list",["object",{"algorithm":"string","digest":["list",["object",{"digest":"string","public_key":["list",["object",{"key":"string"}]],"type":"string"}]],"key_id":"number","public_key":["list",["object",{"key":"string"}]]}]],"description":"dnssec DS record configuration.","description_kind":"plain","computed":true},"duration_in_years":{"type":"number","description":"Duration of the registration period in years.","description_kind":"plain","optional":true},"id":{"type":"string","description_kind":"plain","optional":true,"computed":true},"owner_contact_id":{"type":"string","description":"ID of the owner contact. Either `owner_contact_id` or `owner_contact` must be provided.","description_kind":"plain","optional":true,"computed":true},"project_id":{"type":"string","description":"The project_id you want to attach the resource to","description_kind":"plain","optional":true,"computed":true},"task_id":{"type":"string","description":"ID of the task that created the domain.","description_kind":"plain","computed":true},"technical_contact":{"type":["list",["object",{"address_line_1":"string","address_line_2":"string","city":"string","company_identification_code":"string","company_name":"string","country":"string","email":"string","email_alt":"string","extension_eu":["list",["object",{"european_citizenship":"string"}]],"extension_fr":["list",["object",{"association_info":["list",["object",{"publication_jo":"string","publication_jo_page":"number"}]],"code_auth_afnic_info":["list",["object",{"code_auth_afnic":"string"}]],"duns_info":["list",["object",{"duns_id":"string","local_id":"string"}]],"individual_info":["list",["object",{"whois_opt_in":"bool"}]],"mode":"string","trademark_info":["list",["object",{"trademark_inpi":"string"}]]}]],"extension_nl":["list","string"],"fax_number":"string","firstname":"string","lang":"string","lastname":"string","legal_form":"string","phone_number":"string","resale":"bool","state":"string","vat_identification_code":"string","whois_opt_in":"bool","zip":"string"}]],"description":"Details of the technical contact (read-only, set by the API).","description_kind":"plain","computed":true}},"block_types":{"owner_contact":{"nesting_mode":"list","block":{"attributes":{"address_line_1":{"type":"string","description":"Primary address line for the contact.","description_kind":"plain","required":true},"address_line_2":{"type":"string","description":"Secondary address line for the contact (optional).","description_kind":"plain","optional":true},"city":{"type":"string","description":"City of the contact's address.","description_kind":"plain","required":true},"company_identification_code":{"type":"string","description":"Company identification code (e.g., SIREN/SIRET in France) for the contact.","description_kind":"plain","optional":true,"computed":true},"company_name":{"type":"string","description":"Name of the company associated with the contact (if applicable).","description_kind":"plain","optional":true},"country":{"type":"string","description":"Country code of the contact's address (ISO format).","description_kind":"plain","required":true},"email":{"type":"string","description":"Primary email address of the contact.","description_kind":"plain","required":true},"email_alt":{"type":"string","description":"Alternative email address for the contact.","description_kind":"plain","optional":true},"extension_nl":{"type":["list","string"],"description":"Extension details specific to Dutch domain registrations.","description_kind":"plain","optional":true,"computed":true},"fax_number":{"type":"string","description":"Fax number for the contact (if available).","description_kind":"plain","optional":true},"firstname":{"type":"string","description":"First name of the contact.","description_kind":"plain","required":true},"lang":{"type":"string","description":"Preferred language of the contact (e.g., 'en_US', 'fr_FR').","description_kind":"plain","optional":true,"computed":true},"lastname":{"type":"string","description":"Last name of the contact.","description_kind":"plain","required":true},"legal_form":{"type":"string","description":"Legal form of the contact (e.g., 'individual' or 'organization').","description_kind":"plain","required":true},"phone_number":{"type":"string","description":"Primary phone number of the contact.","description_kind":"plain","required":true},"resale":{"type":"bool","description":"Indicates if the contact is used for resale purposes.","description_kind":"plain","optional":true},"state":{"type":"string","description":"State or region of the contact.","description_kind":"plain","optional":true},"vat_identification_code":{"type":"string","description":"VAT identification code of the contact, if applicable.","description_kind":"plain","optional":true,"computed":true},"whois_opt_in":{"type":"bool","description":"Indicates whether the contact has opted into WHOIS publishing.","description_kind":"plain","optional":true},"zip":{"type":"string","description":"Postal code of the contact's address.","description_kind":"plain","required":true}},"block_types":{"extension_eu":{"nesting_mode":"list","block":{"attributes":{"european_citizenship":{"type":"string","description":"Indicates the European citizenship of the contact.","description_kind":"plain","optional":true}},"description":"Details specific to European domain extensions.","description_kind":"plain"},"max_items":1},"extension_fr":{"nesting_mode":"list","block":{"attributes":{"mode":{"type":"string","description":"Mode of the French extension (e.g., 'individual', 'duns', 'association', etc.).","description_kind":"plain","optional":true}},"block_types":{"association_info":{"nesting_mode":"list","block":{"attributes":{"publication_jo":{"type":"string","description":"Publication date in the Official Journal (RFC3339 format) for association information.","description_kind":"plain","optional":true},"publication_jo_page":{"type":"number","description":"Page number of the publication in the Official Journal for association information.","description_kind":"plain","optional":true}},"description":"Association-specific information for the domain (French extension).","description_kind":"plain"},"max_items":1},"code_auth_afnic_info":{"nesting_mode":"list","block":{"attributes":{"code_auth_afnic":{"type":"string","description":"AFNIC authorization code for the contact (specific to French domains).","description_kind":"plain","optional":true}},"description":"AFNIC authorization information for the contact (French extension).","description_kind":"plain"},"max_items":1},"duns_info":{"nesting_mode":"list","block":{"attributes":{"duns_id":{"type":"string","description":"DUNS ID associated with the domain owner (for French domains).","description_kind":"plain","optional":true},"local_id":{"type":"string","description":"Local identifier of the domain owner (for French domains).","description_kind":"plain","optional":true}},"description":"DUNS information for the domain owner (specific to French domains).","description_kind":"plain"},"max_items":1},"individual_info":{"nesting_mode":"list","block":{"attributes":{"whois_opt_in":{"type":"bool","description":"Whether the individual contact has opted into WHOIS publishing.","description_kind":"plain","optional":true}},"description":"Information about the individual registration for French domains.","description_kind":"plain"},"max_items":1},"trademark_info":{"nesting_mode":"list","block":{"attributes":{"trademark_inpi":{"type":"string","description":"Trademark information from INPI (French extension).","description_kind":"plain","optional":true}},"description":"Trademark-related information for the domain (French extension).","description_kind":"plain"},"max_items":1}},"description":"Details specific to French domain extensions.","description_kind":"plain"},"max_items":1}},"description":"Details of the owner contact. Either `owner_contact_id` or `owner_contact` must be provided.","description_kind":"plain"},"max_items":1},"timeouts":{"nesting_mode":"single","block":{"attributes":{"create":{"type":"string","description_kind":"plain","optional":true},"default":{"type":"string","description_kind":"plain","optional":true},"delete":{"type":"string","description_kind":"plain","optional":true},"read":{"type":"string","description_kind":"plain","optional":true},"update":{"type":"string","description_kind":"plain","optional":true}},"description_kind":"plain"}}},"description_kind":"plain"}},"scaleway_domain_zone":{"version":0,"block":{"attributes":{"domain":{"type":"string","description":"The domain where the DNS zone will be created.","description_kind":"plain","required":true},"id":{"type":"string","description_kind":"plain","optional":true,"computed":true},"message":{"type":"string","description":"Message","description_kind":"plain","computed":true},"ns":{"type":["list","string"],"description":"NameServer list for zone.","description_kind":"plain","computed":true},"ns_default":{"type":["list","string"],"description":"NameServer default list for zone.","description_kind":"plain","computed":true},"ns_master":{"type":["list","string"],"description":"NameServer master list for zone.","description_kind":"plain","computed":true},"project_id":{"type":"string","description":"The project_id you want to attach the resource to","description_kind":"plain","optional":true,"computed":true},"status":{"type":"string","description":"The domain zone status.","description_kind":"plain","computed":true},"subdomain":{"type":"string","description":"The subdomain of the DNS zone to create.","description_kind":"plain","required":true},"updated_at":{"type":"string","description":"The date and time of the last update of the DNS zone.","description_kind":"plain","computed":true}},"block_types":{"timeouts":{"nesting_mode":"single","block":{"attributes":{"default":{"type":"string","description_kind":"plain","optional":true}},"description_kind":"plain"}}},"description_kind":"plain"}},"scaleway_edge_services_backend_stage":{"version":0,"block":{"attributes":{"created_at":{"type":"string","description":"The date and time of the creation of the backend stage","description_kind":"plain","computed":true},"id":{"type":"string","description_kind":"plain","optional":true,"computed":true},"pipeline_id":{"type":"string","description":"The ID of the pipeline","description_kind":"plain","required":true},"project_id":{"type":"string","description":"The project_id you want to attach the resource to","description_kind":"plain","optional":true,"computed":true},"updated_at":{"type":"string","description":"The date and time of the last update of the backend stage","description_kind":"plain","computed":true}},"block_types":{"container_backend_config":{"nesting_mode":"list","block":{"attributes":{"container_id":{"type":"string","description":"ID of the Serverless Container","description_kind":"plain","required":true},"region":{"type":"string","description":"The region you want to attach the resource to","description_kind":"plain","optional":true}},"description":"The Scaleway Serverless Container backend linked to the backend stage","description_kind":"plain"},"max_items":1},"function_backend_config":{"nesting_mode":"list","block":{"attributes":{"function_id":{"type":"string","description":"ID of the Serverless Function","description_kind":"plain","required":true},"region":{"type":"string","description":"The region you want to attach the resource to","description_kind":"plain","optional":true}},"description":"The Scaleway Serverless Function backend linked to the backend stage","description_kind":"plain"},"max_items":1},"lb_backend_config":{"nesting_mode":"list","block":{"block_types":{"lb_config":{"nesting_mode":"list","block":{"attributes":{"domain_name":{"type":"string","description":"Fully Qualified Domain Name (in the format subdomain.example.com) to use in HTTP requests sent towards your Load Balancer","description_kind":"plain","optional":true},"frontend_id":{"type":"string","description":"ID of the frontend linked to the Load Balancer","description_kind":"plain","optional":true},"has_websocket":{"type":"bool","description":"Defines whether to forward websocket requests to the load balancer","description_kind":"plain","optional":true},"id":{"type":"string","description":"ID of the Load Balancer","description_kind":"plain","optional":true},"is_ssl":{"type":"bool","description":"Defines whether the Load Balancer's frontend handles SSL connections","description_kind":"plain","optional":true},"zone":{"type":"string","description":"The zone you want to attach the resource to","description_kind":"plain","optional":true}},"description":"The Load Balancer configuration","description_kind":"plain"},"max_items":1}},"description":"The Scaleway Load Balancer origin linked to the backend stage","description_kind":"plain"}},"s3_backend_config":{"nesting_mode":"list","block":{"attributes":{"bucket_name":{"type":"string","description":"The name of the Bucket","description_kind":"plain","optional":true},"bucket_region":{"type":"string","description":"The region of the Bucket","description_kind":"plain","optional":true},"is_website":{"type":"bool","description":"Defines whether the bucket website feature is enabled.","description_kind":"plain","optional":true}},"description":"The Scaleway Object Storage origin bucket (S3) linked to the backend stage","description_kind":"plain"},"max_items":1}},"description_kind":"plain"}},"scaleway_edge_services_cache_stage":{"version":0,"block":{"attributes":{"backend_stage_id":{"type":"string","description":"The backend stage ID the cache stage will be linked to","description_kind":"plain","optional":true,"computed":true},"created_at":{"type":"string","description":"The date and time of the creation of the cache stage","description_kind":"plain","computed":true},"fallback_ttl":{"type":"number","description":"The Time To Live (TTL) in seconds. Defines how long content is cached","description_kind":"plain","optional":true},"id":{"type":"string","description_kind":"plain","optional":true,"computed":true},"include_cookies":{"type":"bool","description":"Defines whether responses to requests with cookies must be stored in the cache","description_kind":"plain","optional":true},"pipeline_id":{"type":"string","description":"The ID of the pipeline","description_kind":"plain","required":true},"project_id":{"type":"string","description":"The project_id you want to attach the resource to","description_kind":"plain","optional":true,"computed":true},"refresh_cache":{"type":"string","description":"Trigger a refresh of the cache by changing this field's value","description_kind":"plain","optional":true},"route_stage_id":{"type":"string","description":"The route stage ID the cache stage will be linked to","description_kind":"plain","optional":true,"computed":true},"updated_at":{"type":"string","description":"The date and time of the last update of the cache stage","description_kind":"plain","computed":true},"waf_stage_id":{"type":"string","description":"The WAF stage ID the cache stage will be linked to","description_kind":"plain","optional":true,"computed":true}},"block_types":{"purge_requests":{"nesting_mode":"set","block":{"attributes":{"all":{"type":"bool","description":"Defines whether to purge all content","description_kind":"plain","optional":true},"assets":{"type":["list","string"],"description":"The list of asserts to purge","description_kind":"plain","optional":true},"pipeline_id":{"type":"string","description":"The pipeline ID in which the purge request will be created","description_kind":"plain","optional":true}},"description":"Set of purge requests","description_kind":"plain"}}},"description_kind":"plain"}},"scaleway_edge_services_dns_stage":{"version":0,"block":{"attributes":{"backend_stage_id":{"type":"string","description":"The backend stage ID the DNS stage will be linked to","description_kind":"plain","optional":true,"computed":true},"cache_stage_id":{"type":"string","description":"The cache stage ID the DNS stage will be linked to","description_kind":"plain","optional":true,"computed":true},"created_at":{"type":"string","description":"The date and time of the creation of the DNS stage","description_kind":"plain","computed":true},"default_fqdn":{"type":"string","description":"Default Fully Qualified Domain Name attached to the stage","description_kind":"plain","computed":true},"fqdns":{"type":["list","string"],"description":"Fully Qualified Domain Name (in the format subdomain.example.com) to attach to the stage","description_kind":"plain","optional":true,"computed":true},"id":{"type":"string","description_kind":"plain","optional":true,"computed":true},"pipeline_id":{"type":"string","description":"The ID of the pipeline","description_kind":"plain","required":true},"project_id":{"type":"string","description":"The project_id you want to attach the resource to","description_kind":"plain","optional":true,"computed":true},"tls_stage_id":{"type":"string","description":"The TLS stage ID the DNS stage will be linked to","description_kind":"plain","optional":true,"computed":true},"type":{"type":"string","description":"The type of the stage","description_kind":"plain","computed":true},"updated_at":{"type":"string","description":"The date and time of the last update of the DNS stage","description_kind":"plain","computed":true},"wildcard_domain":{"type":"bool","description":"Defines whether wildcard (subdomains) is supported for the given domain. A wildcard certificate is required to make it work","description_kind":"plain","optional":true,"computed":true}},"description_kind":"plain"}},"scaleway_edge_services_head_stage":{"version":0,"block":{"attributes":{"head_stage_id":{"type":"string","description":"The ID of the head stage of the pipeline","description_kind":"plain","optional":true,"computed":true},"id":{"type":"string","description_kind":"plain","optional":true,"computed":true},"pipeline_id":{"type":"string","description":"The ID of the pipeline ID","description_kind":"plain","required":true}},"description_kind":"plain"}},"scaleway_edge_services_pipeline":{"version":0,"block":{"attributes":{"created_at":{"type":"string","description":"The pipeline description","description_kind":"plain","computed":true},"description":{"type":"string","description":"The pipeline description","description_kind":"plain","optional":true},"id":{"type":"string","description_kind":"plain","optional":true,"computed":true},"name":{"type":"string","description":"The pipeline name","description_kind":"plain","optional":true},"project_id":{"type":"string","description":"The project_id you want to attach the resource to","description_kind":"plain","optional":true,"computed":true},"status":{"type":"string","description":"The pipeline description","description_kind":"plain","computed":true},"updated_at":{"type":"string","description":"The pipeline description","description_kind":"plain","computed":true}},"block_types":{"timeouts":{"nesting_mode":"single","block":{"attributes":{"create":{"type":"string","description_kind":"plain","optional":true},"default":{"type":"string","description_kind":"plain","optional":true},"delete":{"type":"string","description_kind":"plain","optional":true},"read":{"type":"string","description_kind":"plain","optional":true},"update":{"type":"string","description_kind":"plain","optional":true}},"description_kind":"plain"}}},"description_kind":"plain"}},"scaleway_edge_services_plan":{"version":0,"block":{"attributes":{"id":{"type":"string","description_kind":"plain","optional":true,"computed":true},"name":{"type":"string","description":"Name of the plan","description_kind":"plain","optional":true,"computed":true},"project_id":{"type":"string","description":"The project_id you want to attach the resource to","description_kind":"plain","optional":true,"computed":true}},"description_kind":"plain"}},"scaleway_edge_services_route_stage":{"version":0,"block":{"attributes":{"backend_stage_id":{"type":"string","description":"The ID of the backend stage HTTP requests should be forwarded to when no rules are matched","description_kind":"plain","optional":true},"created_at":{"type":"string","description":"The date and time of the creation of the route stage","description_kind":"plain","computed":true},"id":{"type":"string","description_kind":"plain","optional":true,"computed":true},"pipeline_id":{"type":"string","description":"The ID of the pipeline","description_kind":"plain","required":true},"project_id":{"type":"string","description":"The project_id you want to attach the resource to","description_kind":"plain","optional":true,"computed":true},"updated_at":{"type":"string","description":"The date and time of the last update of the route stage","description_kind":"plain","computed":true},"waf_stage_id":{"type":"string","description":"The ID of the WAF stage HTTP requests should be forwarded to when no rules are matched","description_kind":"plain","optional":true}},"block_types":{"rule":{"nesting_mode":"list","block":{"attributes":{"backend_stage_id":{"type":"string","description":"ID of the backend stage that requests matching the rule should be forwarded to","description_kind":"plain","optional":true},"waf_stage_id":{"type":"string","description":"ID of the WAF stage that requests matching the rule should be forwarded to","description_kind":"plain","optional":true}},"block_types":{"rule_http_match":{"nesting_mode":"list","block":{"attributes":{"method_filters":{"type":["list","string"],"description":"HTTP methods to filter for. A request using any of these methods will be considered to match the rule. Possible values are `get`, `post`, `put`, `patch`, `delete`, `head`, `options`. All methods will match if none is provided","description_kind":"plain","optional":true,"computed":true}},"block_types":{"host_filter":{"nesting_mode":"list","block":{"attributes":{"host_filter_type":{"type":"string","description":"The type of filter to match for the host path","description_kind":"plain","required":true},"value":{"type":"string","description":"The value to be matched for the host path","description_kind":"plain","required":true}},"description":"Host to filter for. A request whose host matches the given filter will be considered to match the rule. All hosts will match if none is provided","description_kind":"plain"},"max_items":1},"path_filter":{"nesting_mode":"list","block":{"attributes":{"path_filter_type":{"type":"string","description":"The type of filter to match for the HTTP URL path. For now, all path filters must be written in regex and use the `regex` type","description_kind":"plain","required":true},"value":{"type":"string","description":"The value to be matched for the HTTP URL path","description_kind":"plain","required":true}},"description":"HTTP URL path to filter for. A request whose path matches the given filter will be considered to match the rule. All paths will match if none is provided","description_kind":"plain"},"max_items":1}},"description":"Rule condition to be matched. Requests matching the condition defined here will be directly forwarded to the backend specified by the `backend_stage_id` field. Requests that do not match will be checked by the next rule's condition","description_kind":"plain"},"max_items":1}},"description":"List of rules to be checked against every HTTP request. The first matching rule will forward the request to its specified backend stage. If no rules are matched, the request is forwarded to the WAF stage defined by `waf_stage_id`","description_kind":"plain"}}},"description_kind":"plain"}},"scaleway_edge_services_tls_stage":{"version":0,"block":{"attributes":{"backend_stage_id":{"type":"string","description":"The backend stage ID the TLS stage will be linked to","description_kind":"plain","optional":true,"computed":true},"cache_stage_id":{"type":"string","description":"The cache stage ID the TLS stage will be linked to","description_kind":"plain","optional":true,"computed":true},"certificate_expires_at":{"type":"string","description":"TThe expiration date of the certificate","description_kind":"plain","computed":true},"created_at":{"type":"string","description":"The date and time of the creation of the TLS stage","description_kind":"plain","computed":true},"id":{"type":"string","description_kind":"plain","optional":true,"computed":true},"managed_certificate":{"type":"bool","description":"Set to true when Scaleway generates and manages a Let's Encrypt certificate for the TLS stage/custom endpoint","description_kind":"plain","optional":true,"computed":true},"pipeline_id":{"type":"string","description":"The ID of the pipeline","description_kind":"plain","required":true},"project_id":{"type":"string","description":"The project_id you want to attach the resource to","description_kind":"plain","optional":true,"computed":true},"route_stage_id":{"type":"string","description":"The route stage ID the TLS stage will be linked to","description_kind":"plain","optional":true,"computed":true},"updated_at":{"type":"string","description":"The date and time of the last update of the TLS stage","description_kind":"plain","computed":true},"waf_stage_id":{"type":"string","description":"The WAF stage ID the TLS stage will be linked to","description_kind":"plain","optional":true,"computed":true}},"block_types":{"secrets":{"nesting_mode":"list","block":{"attributes":{"region":{"type":"string","description":"The region you want to attach the resource to","description_kind":"plain","optional":true},"secret_id":{"type":"string","description":"The ID of the Secret","description_kind":"plain","optional":true,"computed":true}},"description":"The TLS secrets","description_kind":"plain"}}},"description_kind":"plain"}},"scaleway_edge_services_waf_stage":{"version":0,"block":{"attributes":{"backend_stage_id":{"type":"string","description":"The ID of the backend stage to forward requests to after the WAF stage","description_kind":"plain","optional":true,"computed":true},"created_at":{"type":"string","description":"The date and time of the creation of the WAF stage","description_kind":"plain","computed":true},"id":{"type":"string","description_kind":"plain","optional":true,"computed":true},"mode":{"type":"string","description":"Mode defining WAF behavior (`disable`/`log_only`/`enable`)","description_kind":"plain","optional":true,"computed":true},"paranoia_level":{"type":"number","description":"The sensitivity level (`1`,`2`,`3`,`4`) to use when classifying requests as malicious. With a high level, requests are more likely to be classed as malicious, and false positives are expected. With a lower level, requests are more likely to be classed as benign","description_kind":"plain","required":true},"pipeline_id":{"type":"string","description":"The ID of the pipeline","description_kind":"plain","required":true},"project_id":{"type":"string","description":"The project_id you want to attach the resource to","description_kind":"plain","optional":true,"computed":true},"updated_at":{"type":"string","description":"The date and time of the last update of the WAF stage","description_kind":"plain","computed":true}},"description_kind":"plain"}},"scaleway_file_filesystem":{"version":0,"block":{"attributes":{"created_at":{"type":"string","description":"The creation date of the filesystem","description_kind":"plain","computed":true},"id":{"type":"string","description_kind":"plain","optional":true,"computed":true},"name":{"type":"string","description":"The name of the filesystem","description_kind":"plain","optional":true,"computed":true},"number_of_attachments":{"type":"number","description":"The current number of attachments (mounts) that the filesystem has","description_kind":"plain","computed":true},"organization_id":{"type":"string","description":"The organization_id you want to attach the resource to","description_kind":"plain","computed":true},"project_id":{"type":"string","description":"The project_id you want to attach the resource to","description_kind":"plain","optional":true,"computed":true},"region":{"type":"string","description":"The region you want to attach the resource to","description_kind":"plain","optional":true},"size_in_gb":{"type":"number","description":"The filesystem size in GB. Minimum 25GB, maximum 50TB","description_kind":"plain","required":true},"srn":{"type":"string","description":"The Scaleway Resource Name (SRN) of the filesystem","description_kind":"plain","computed":true},"status":{"type":"string","description":"The Current status of the filesystem (e.g. creating, available, ...)","description_kind":"plain","computed":true},"tags":{"type":["list","string"],"description":"The list of tags assigned to the filesystem","description_kind":"plain","optional":true},"updated_at":{"type":"string","description":"The last update date of the properties of the filesystem","description_kind":"plain","computed":true}},"block_types":{"timeouts":{"nesting_mode":"single","block":{"attributes":{"create":{"type":"string","description_kind":"plain","optional":true},"default":{"type":"string","description_kind":"plain","optional":true},"delete":{"type":"string","description_kind":"plain","optional":true},"read":{"type":"string","description_kind":"plain","optional":true}},"description_kind":"plain"}}},"description_kind":"plain"}},"scaleway_flexible_ip":{"version":0,"block":{"attributes":{"created_at":{"type":"string","description":"The date and time of the creation of the Flexible IP (Format ISO 8601)","description_kind":"plain","computed":true},"description":{"type":"string","description":"Description of the flexible IP","description_kind":"plain","optional":true},"id":{"type":"string","description_kind":"plain","optional":true,"computed":true},"ip_address":{"type":"string","description":"The IP address of the flexible IP","description_kind":"plain","computed":true},"is_ipv6":{"type":"bool","description":"Defines whether the flexible IP has an IPv6 address","description_kind":"plain","optional":true},"organization_id":{"type":"string","description":"The organization_id you want to attach the resource to","description_kind":"plain","computed":true},"project_id":{"type":"string","description":"The project_id you want to attach the resource to","description_kind":"plain","optional":true,"computed":true},"reverse":{"type":"string","description":"The reverse DNS for this flexible IP","description_kind":"plain","optional":true,"computed":true},"server_id":{"type":"string","description":"The baremetal server associated with this flexible IP","description_kind":"plain","optional":true},"status":{"type":"string","description":"The status of the flexible IP","description_kind":"plain","computed":true},"tags":{"type":["list","string"],"description":"The tags associated with the flexible IP","description_kind":"plain","optional":true},"updated_at":{"type":"string","description":"The date and time of the last update of the Flexible IP (Format ISO 8601)","description_kind":"plain","computed":true},"zone":{"type":"string","description":"The zone you want to attach the resource to","description_kind":"plain","optional":true}},"block_types":{"timeouts":{"nesting_mode":"single","block":{"attributes":{"create":{"type":"string","description_kind":"plain","optional":true},"default":{"type":"string","description_kind":"plain","optional":true},"delete":{"type":"string","description_kind":"plain","optional":true},"read":{"type":"string","description_kind":"plain","optional":true},"update":{"type":"string","description_kind":"plain","optional":true}},"description_kind":"plain"}}},"description_kind":"plain"}},"scaleway_flexible_ip_mac_address":{"version":0,"block":{"attributes":{"address":{"type":"string","description":"Virtual MAC address","description_kind":"plain","computed":true},"created_at":{"type":"string","description":"The date and time of the creation of the virtual MAC (Format ISO 8601)","description_kind":"plain","computed":true},"flexible_ip_id":{"type":"string","description":"The ID of the flexible IP for which to generate a virtual MAC","description_kind":"plain","required":true},"flexible_ip_ids_to_duplicate":{"type":["set","string"],"description":"The IDs of the flexible IPs on which to duplicate the virtual MAC\n\n**NOTE** : The flexible IPs need to be attached to the same server for the operation to work.","description_kind":"plain","optional":true},"id":{"type":"string","description_kind":"plain","optional":true,"computed":true},"status":{"type":"string","description":"Virtual MAC status","description_kind":"plain","computed":true},"type":{"type":"string","description":"The type of the virtual MAC","description_kind":"plain","required":true},"updated_at":{"type":"string","description":"The date and time of the last update of the virtual MAC (Format ISO 8601)","description_kind":"plain","computed":true},"zone":{"type":"string","description":"The zone you want to attach the resource to","description_kind":"plain","optional":true}},"block_types":{"timeouts":{"nesting_mode":"single","block":{"attributes":{"create":{"type":"string","description_kind":"plain","optional":true},"default":{"type":"string","description_kind":"plain","optional":true},"delete":{"type":"string","description_kind":"plain","optional":true},"read":{"type":"string","description_kind":"plain","optional":true},"update":{"type":"string","description_kind":"plain","optional":true}},"description_kind":"plain"}}},"description_kind":"plain"}},"scaleway_function":{"version":0,"block":{"attributes":{"cpu_limit":{"type":"number","description":"CPU limit in mCPU for your function","description_kind":"plain","computed":true},"deploy":{"type":"bool","description":"Define if the function should be deployed, terraform will wait for function to be deployed","description_kind":"plain","optional":true},"description":{"type":"string","description":"The description of the function","description_kind":"plain","optional":true},"domain_name":{"type":"string","description":"The native function domain name.","description_kind":"plain","computed":true},"environment_variables":{"type":["map","string"],"description":"The environment variables of the function","description_kind":"plain","optional":true},"handler":{"type":"string","description":"Handler of the function. Depends on the runtime https://developers.scaleway.com/en/products/functions/api/#create-a-function","description_kind":"plain","required":true},"http_option":{"type":"string","description":"HTTP traffic configuration","description_kind":"plain","optional":true},"id":{"type":"string","description_kind":"plain","optional":true,"computed":true},"max_scale":{"type":"number","description":"Maximum replicas for your function (defaults to 20), our system will scale your functions automatically based on incoming workload, but will never scale the number of replicas above the configured max_scale.","description_kind":"plain","optional":true},"memory_limit":{"type":"number","description":"Memory limit in MB for your function, defaults to 256MB","description_kind":"plain","optional":true},"min_scale":{"type":"number","description":"Minimum replicas for your function, defaults to 0, Note that a function is billed when it gets executed, and using a min_scale greater than 0 will cause your function to run all the time.","description_kind":"plain","optional":true},"name":{"type":"string","description":"The name of the function","description_kind":"plain","optional":true,"computed":true},"namespace_id":{"type":"string","description":"The namespace ID associated with this function","description_kind":"plain","required":true},"organization_id":{"type":"string","description":"The organization_id you want to attach the resource to","description_kind":"plain","computed":true},"privacy":{"type":"string","description":"Privacy of the function. Can be either `private` or `public`","description_kind":"plain","required":true},"private_network_id":{"type":"string","description":"ID of the Private Network the container is connected to","description_kind":"plain","optional":true},"project_id":{"type":"string","description":"The project_id you want to attach the resource to","description_kind":"plain","optional":true,"computed":true},"region":{"type":"string","description":"The region you want to attach the resource to","description_kind":"plain","optional":true},"runtime":{"type":"string","description":"Runtime of the function","description_kind":"plain","required":true},"sandbox":{"type":"string","description":"Execution environment of the function.","description_kind":"plain","optional":true,"computed":true},"secret_environment_variables":{"type":["map","string"],"description":"The secret environment variables to be injected into your function at runtime.","description_kind":"plain","optional":true,"sensitive":true},"tags":{"type":["list","string"],"description":"List of tags [\"tag1\", \"tag2\", ...] attached to the function.","description_kind":"plain","optional":true},"timeout":{"type":"number","description":"Holds the max duration (in seconds) the function is allowed for responding to a request","description_kind":"plain","optional":true,"computed":true},"zip_file":{"type":"string","description":"Location of the zip file to upload containing your function sources","description_kind":"plain","optional":true},"zip_hash":{"type":"string","description":"The hash of your source zip file, changing it will re-apply function. Can be any string","description_kind":"plain","optional":true}},"block_types":{"timeouts":{"nesting_mode":"single","block":{"attributes":{"create":{"type":"string","description_kind":"plain","optional":true},"default":{"type":"string","description_kind":"plain","optional":true},"delete":{"type":"string","description_kind":"plain","optional":true},"read":{"type":"string","description_kind":"plain","optional":true},"update":{"type":"string","description_kind":"plain","optional":true}},"description_kind":"plain"}}},"description_kind":"plain"}},"scaleway_function_cron":{"version":0,"block":{"attributes":{"args":{"type":"string","description":"Functions arguments as json object to pass through during execution.","description_kind":"plain","required":true},"function_id":{"type":"string","description":"The ID of the function to create a cron for.","description_kind":"plain","required":true},"id":{"type":"string","description_kind":"plain","optional":true,"computed":true},"name":{"type":"string","description":"The name of the cron job.","description_kind":"plain","optional":true,"computed":true},"region":{"type":"string","description":"The region you want to attach the resource to","description_kind":"plain","optional":true},"schedule":{"type":"string","description":"Cron format string, e.g. 0 * * * * or @hourly, as schedule time of its jobs to be created and executed.","description_kind":"plain","required":true},"status":{"type":"string","description":"Cron job status.","description_kind":"plain","computed":true}},"block_types":{"timeouts":{"nesting_mode":"single","block":{"attributes":{"create":{"type":"string","description_kind":"plain","optional":true},"default":{"type":"string","description_kind":"plain","optional":true},"delete":{"type":"string","description_kind":"plain","optional":true},"read":{"type":"string","description_kind":"plain","optional":true},"update":{"type":"string","description_kind":"plain","optional":true}},"description_kind":"plain"}}},"description_kind":"plain"}},"scaleway_function_domain":{"version":0,"block":{"attributes":{"function_id":{"type":"string","description":"The ID of the function","description_kind":"plain","required":true},"hostname":{"type":"string","description":"The hostname that should be redirected to the function","description_kind":"plain","required":true},"id":{"type":"string","description_kind":"plain","optional":true,"computed":true},"region":{"type":"string","description":"The region you want to attach the resource to","description_kind":"plain","optional":true},"url":{"type":"string","description":"URL to use to trigger the function","description_kind":"plain","computed":true}},"block_types":{"timeouts":{"nesting_mode":"single","block":{"attributes":{"create":{"type":"string","description_kind":"plain","optional":true},"default":{"type":"string","description_kind":"plain","optional":true},"delete":{"type":"string","description_kind":"plain","optional":true},"read":{"type":"string","description_kind":"plain","optional":true}},"description_kind":"plain"}}},"description_kind":"plain"}},"scaleway_function_namespace":{"version":0,"block":{"attributes":{"description":{"type":"string","description":"The description of the function namespace","description_kind":"plain","optional":true},"environment_variables":{"type":["map","string"],"description":"The environment variables of the function namespace","description_kind":"plain","optional":true},"id":{"type":"string","description_kind":"plain","optional":true,"computed":true},"name":{"type":"string","description":"The name of the function namespace","description_kind":"plain","optional":true,"computed":true},"organization_id":{"type":"string","description":"The organization_id you want to attach the resource to","description_kind":"plain","computed":true},"project_id":{"type":"string","description":"The project_id you want to attach the resource to","description_kind":"plain","optional":true,"computed":true},"region":{"type":"string","description":"The region you want to attach the resource to","description_kind":"plain","optional":true},"registry_endpoint":{"type":"string","description":"The endpoint reachable by docker","description_kind":"plain","computed":true},"registry_namespace_id":{"type":"string","description":"The ID of the registry namespace","description_kind":"plain","computed":true},"secret_environment_variables":{"type":["map","string"],"description":"The environment variables of the function namespace","description_kind":"plain","optional":true,"sensitive":true},"tags":{"type":["list","string"],"description":"List of tags [\"tag1\", \"tag2\", ...] attached to the function namespace","description_kind":"plain","optional":true}},"block_types":{"timeouts":{"nesting_mode":"single","block":{"attributes":{"create":{"type":"string","description_kind":"plain","optional":true},"default":{"type":"string","description_kind":"plain","optional":true},"delete":{"type":"string","description_kind":"plain","optional":true},"read":{"type":"string","description_kind":"plain","optional":true},"update":{"type":"string","description_kind":"plain","optional":true}},"description_kind":"plain"}}},"description_kind":"plain"}},"scaleway_function_token":{"version":0,"block":{"attributes":{"description":{"type":"string","description":"The description of the function","description_kind":"plain","optional":true},"expires_at":{"type":"string","description":"The date after which the token expires RFC3339","description_kind":"plain","optional":true},"function_id":{"type":"string","description":"The ID of the function","description_kind":"plain","optional":true},"id":{"type":"string","description_kind":"plain","optional":true,"computed":true},"namespace_id":{"type":"string","description":"The ID of the namespace","description_kind":"plain","optional":true},"region":{"type":"string","description":"The region you want to attach the resource to","description_kind":"plain","optional":true},"token":{"type":"string","description":"Token generated","description_kind":"plain","computed":true,"sensitive":true}},"description_kind":"plain","deprecated":true}},"scaleway_function_trigger":{"version":0,"block":{"attributes":{"description":{"type":"string","description":"The trigger description","description_kind":"plain","optional":true},"function_id":{"type":"string","description":"The ID of the function to create a trigger for","description_kind":"plain","required":true},"id":{"type":"string","description_kind":"plain","optional":true,"computed":true},"name":{"type":"string","description":"The trigger name","description_kind":"plain","optional":true,"computed":true},"region":{"type":"string","description":"The region you want to attach the resource to","description_kind":"plain","optional":true}},"block_types":{"nats":{"nesting_mode":"list","block":{"attributes":{"account_id":{"type":"string","description":"ID of the mnq nats account","description_kind":"plain","optional":true},"project_id":{"type":"string","description":"Project ID of the project where the mnq sqs exists, defaults to provider project_id","description_kind":"plain","optional":true,"computed":true},"region":{"type":"string","description":"Region where the mnq sqs exists, defaults to function's region","description_kind":"plain","optional":true,"computed":true},"subject":{"type":"string","description":"Subject to listen to","description_kind":"plain","required":true}},"description":"Config for nats based trigger using scaleway mnq","description_kind":"plain"},"max_items":1},"sqs":{"nesting_mode":"list","block":{"attributes":{"namespace_id":{"type":"string","description":"ID of the mnq namespace","description_kind":"plain","deprecated":true,"optional":true},"project_id":{"type":"string","description":"Project ID of the project where the mnq sqs exists, defaults to provider project_id","description_kind":"plain","optional":true,"computed":true},"queue":{"type":"string","description":"Name of the queue","description_kind":"plain","required":true},"region":{"type":"string","description":"Region where the mnq sqs exists, defaults to function's region","description_kind":"plain","optional":true,"computed":true}},"description":"Config for sqs based trigger using scaleway mnq","description_kind":"plain"},"max_items":1},"timeouts":{"nesting_mode":"single","block":{"attributes":{"create":{"type":"string","description_kind":"plain","optional":true},"default":{"type":"string","description_kind":"plain","optional":true},"delete":{"type":"string","description_kind":"plain","optional":true},"read":{"type":"string","description_kind":"plain","optional":true},"update":{"type":"string","description_kind":"plain","optional":true}},"description_kind":"plain"}}},"description_kind":"plain"}},"scaleway_iam_api_key":{"version":0,"block":{"attributes":{"access_key":{"type":"string","description":"The access key of the iam api key","description_kind":"plain","computed":true},"application_id":{"type":"string","description":"ID of the application attached to the api key","description_kind":"plain","optional":true},"created_at":{"type":"string","description":"The date and time of the creation of the iam api key","description_kind":"plain","computed":true},"creation_ip":{"type":"string","description":"The IPv4 Address of the device which created the API key","description_kind":"plain","computed":true},"default_project_id":{"type":"string","description":"The project_id you want to attach the resource to","description_kind":"plain","optional":true,"computed":true},"description":{"type":"string","description":"The description of the iam api key","description_kind":"plain","optional":true},"editable":{"type":"bool","description":"Whether or not the iam api key is editable","description_kind":"plain","computed":true},"expires_at":{"type":"string","description":"The date and time of the expiration of the iam api key. Cannot be changed afterwards","description_kind":"plain","optional":true},"id":{"type":"string","description_kind":"plain","optional":true,"computed":true},"secret_key":{"type":"string","description":"The secret Key of the iam api key","description_kind":"plain","computed":true,"sensitive":true},"updated_at":{"type":"string","description":"The date and time of the last update of the iam api key","description_kind":"plain","computed":true},"user_id":{"type":"string","description":"ID of the user attached to the api key","description_kind":"plain","optional":true}},"description_kind":"plain"}},"scaleway_iam_application":{"version":0,"block":{"attributes":{"created_at":{"type":"string","description":"The date and time of the creation of the application","description_kind":"plain","computed":true},"description":{"type":"string","description":"The description of the iam application","description_kind":"plain","optional":true},"editable":{"type":"bool","description":"Whether or not the application is editable.","description_kind":"plain","computed":true},"id":{"type":"string","description_kind":"plain","optional":true,"computed":true},"name":{"type":"string","description":"The name of the iam application","description_kind":"plain","optional":true,"computed":true},"organization_id":{"type":"string","description":"ID of organization the resource is associated to.","description_kind":"plain","optional":true,"computed":true},"tags":{"type":["list","string"],"description":"The tags associated with the application","description_kind":"plain","optional":true},"updated_at":{"type":"string","description":"The date and time of the last update of the application","description_kind":"plain","computed":true}},"description_kind":"plain"}},"scaleway_iam_group":{"version":0,"block":{"attributes":{"application_ids":{"type":["set","string"],"description":"List of IDs of the applications attached to the group","description_kind":"plain","optional":true},"created_at":{"type":"string","description":"The date and time of the creation of the group","description_kind":"plain","computed":true},"description":{"type":"string","description":"The description of the iam group","description_kind":"plain","optional":true},"external_membership":{"type":"bool","description":"Handle user and application memberships externally","description_kind":"plain","optional":true},"id":{"type":"string","description_kind":"plain","optional":true,"computed":true},"name":{"type":"string","description":"The name of the iam group","description_kind":"plain","optional":true,"computed":true},"organization_id":{"type":"string","description":"ID of organization the resource is associated to.","description_kind":"plain","optional":true,"computed":true},"tags":{"type":["list","string"],"description":"The tags associated with the application","description_kind":"plain","optional":true},"updated_at":{"type":"string","description":"The date and time of the last update of the group","description_kind":"plain","computed":true},"user_ids":{"type":["set","string"],"description":"List of IDs of the users attached to the group","description_kind":"plain","optional":true}},"description_kind":"plain"}},"scaleway_iam_group_membership":{"version":0,"block":{"attributes":{"application_id":{"type":"string","description":"The ID of the user","description_kind":"plain","optional":true},"group_id":{"type":"string","description":"The ID of the group to add the user to","description_kind":"plain","required":true},"id":{"type":"string","description_kind":"plain","optional":true,"computed":true},"user_id":{"type":"string","description":"The ID of the user","description_kind":"plain","optional":true}},"description_kind":"plain"}},"scaleway_iam_policy":{"version":0,"block":{"attributes":{"application_id":{"type":"string","description":"Application id","description_kind":"plain","optional":true},"created_at":{"type":"string","description":"The date and time of the creation of the policy","description_kind":"plain","computed":true},"description":{"type":"string","description":"The description of the iam policy","description_kind":"plain","optional":true},"editable":{"type":"bool","description":"Whether or not the policy is editable.","description_kind":"plain","computed":true},"group_id":{"type":"string","description":"Group id","description_kind":"plain","optional":true},"id":{"type":"string","description_kind":"plain","optional":true,"computed":true},"name":{"type":"string","description":"The name of the iam policy","description_kind":"plain","optional":true,"computed":true},"no_principal":{"type":"bool","description":"Deactivate policy to a principal","description_kind":"plain","optional":true},"organization_id":{"type":"string","description":"ID of organization the resource is associated to.","description_kind":"plain","optional":true,"computed":true},"tags":{"type":["list","string"],"description":"The tags associated with the policy","description_kind":"plain","optional":true},"updated_at":{"type":"string","description":"The date and time of the last update of the policy","description_kind":"plain","computed":true},"user_id":{"type":"string","description":"User id","description_kind":"plain","optional":true}},"block_types":{"rule":{"nesting_mode":"list","block":{"attributes":{"condition":{"type":"string","description":"Conditions of the policy","description_kind":"plain","optional":true},"organization_id":{"type":"string","description":"ID of organization scoped to the rule. Only one of project_ids and organization_id may be set.","description_kind":"plain","optional":true},"permission_set_names":{"type":["set","string"],"description":"Names of permission sets bound to the rule.","description_kind":"plain","required":true},"project_ids":{"type":["list","string"],"description":"List of project IDs scoped to the rule. Only one of project_ids and organization_id may be set.","description_kind":"plain","optional":true}},"description":"Rules of the policy to create","description_kind":"plain"},"min_items":1}},"description_kind":"plain"}},"scaleway_iam_saml":{"version":0,"block":{"attributes":{"entity_id":{"type":"string","description":"The entity ID of the SAML Identity Provider","description_kind":"markdown","computed":true},"id":{"type":"string","description":"The ID of the SAML configuration","description_kind":"markdown","computed":true},"organization_id":{"type":"string","description":"The organization ID. If not provided, the default organization configured in the provider is used.","description_kind":"markdown","optional":true,"computed":true},"service_provider":{"type":["object",{"assertion_consumer_service_url":"string","entity_id":"string"}],"description":"The Service Provider information","description_kind":"markdown","computed":true},"single_sign_on_url":{"type":"string","description":"The single sign-on URL of the SAML Identity Provider","description_kind":"markdown","computed":true},"status":{"type":"string","description":"The status of the SAML configuration","description_kind":"markdown","computed":true}},"description":"Manages SAML activation for an organization. SAML (Security Assertion Markup Language) is an open standard for exchanging authentication and authorization data between parties, specifically between an identity provider and a service provider. This resource allows you to enable and disable SAML-based single sign-on for your Scaleway organization.\n\nFor configuring SAML parameters (`entity_id` and `single_sign_on_url`), use the [`scaleway_iam_update_saml_configuration`](https://registry.terraform.io/providers/scaleway/scaleway/latest/docs/actions/iam_update_saml_configuration) action.\n","description_kind":"markdown"}},"scaleway_iam_saml_certificate":{"version":0,"block":{"attributes":{"content":{"type":"string","description":"The content of the SAML certificate","description_kind":"markdown","required":true},"expires_at":{"type":"string","description":"The expiration date and time of the SAML certificate","description_kind":"markdown","computed":true},"id":{"type":"string","description":"The ID of the SAML certificate","description_kind":"markdown","computed":true},"organization_id":{"type":"string","description":"The organization ID","description_kind":"markdown","optional":true,"computed":true},"origin":{"type":"string","description":"The origin of the SAML certificate","description_kind":"markdown","computed":true},"saml_id":{"type":"string","description":"The ID of the SAML configuration","description_kind":"markdown","optional":true,"computed":true},"type":{"type":"string","description":"The type of the SAML certificate","description_kind":"markdown","required":true}},"description":"Manages SAML certificates for an organization. SAML certificates are used to establish trust between your organization and identity providers. SAML (Security Assertion Markup Language) is an open standard for exchanging authentication and authorization data between parties, specifically between an identity provider and a service provider. This resource allows you to manage SAML certificates in your Scaleway organization.\n","description_kind":"markdown"}},"scaleway_iam_scim":{"version":0,"block":{"attributes":{"created_at":{"type":"string","description":"The date and time of SCIM configuration creation","description_kind":"markdown","computed":true},"id":{"type":"string","description":"The ID of the SCIM configuration","description_kind":"markdown","computed":true},"organization_id":{"type":"string","description":"The organization ID. If not provided, the default organization configured in the provider is used.","description_kind":"markdown","optional":true,"computed":true}},"description":"SCIM (System for Cross-domain Identity Management) resource allows you to enable or disable SCIM for an organization.\n\nSCIM is a standard for automating the exchange of user identity information between identity domains, or IT systems. When enabled, it allows for automated provisioning and deprovisioning of user accounts.\n","description_kind":"markdown"}},"scaleway_iam_scim_token":{"version":0,"block":{"attributes":{"bearer_token":{"type":"string","description":"The Bearer Token to use to authenticate to SCIM endpoints.","description_kind":"markdown","computed":true,"sensitive":true},"created_at":{"type":"string","description":"The date and time of SCIM token creation","description_kind":"markdown","computed":true},"expires_at":{"type":"string","description":"The date and time when the SCIM token expires","description_kind":"markdown","computed":true},"id":{"type":"string","description":"The ID of the SCIM token","description_kind":"markdown","computed":true},"organization_id":{"type":"string","description":"The organization ID. If not provided, the default organization configured in the provider is used.","description_kind":"markdown","optional":true,"computed":true},"scim_id":{"type":"string","description":"The SCIM configuration ID for which to create the token.","description_kind":"markdown","required":true}},"description":"SCIM Token resource allows you to create and manage SCIM tokens for SCIM configurations.\n\nSCIM tokens are used to authenticate to SCIM endpoints for automated user provisioning and management. Each token is associated with a specific SCIM configuration and has an expiration time.\n\n\u003e **Note:** The bearer token is only available at creation time and is marked as sensitive. It cannot be retrieved after creation. If you lose the token, you will need to create a new one.\n","description_kind":"markdown"}},"scaleway_iam_ssh_key":{"version":0,"block":{"attributes":{"created_at":{"type":"string","description":"The date and time of the creation of the iam SSH Key","description_kind":"plain","computed":true},"disabled":{"type":"bool","description":"The SSH key status","description_kind":"plain","optional":true},"fingerprint":{"type":"string","description":"The fingerprint of the iam SSH key","description_kind":"plain","computed":true},"id":{"type":"string","description_kind":"plain","optional":true,"computed":true},"name":{"type":"string","description":"The name of the iam SSH key","description_kind":"plain","optional":true,"computed":true},"organization_id":{"type":"string","description":"The organization_id you want to attach the resource to","description_kind":"plain","computed":true},"project_id":{"type":"string","description":"The project_id you want to attach the resource to","description_kind":"plain","optional":true,"computed":true},"public_key":{"type":"string","description":"The public SSH key","description_kind":"plain","required":true},"updated_at":{"type":"string","description":"The date and time of the last update of the iam SSH Key","description_kind":"plain","computed":true}},"description_kind":"plain"}},"scaleway_iam_user":{"version":0,"block":{"attributes":{"account_root_user_id":{"type":"string","description":"The ID of the account root user associated with the iam user","description_kind":"plain","computed":true},"created_at":{"type":"string","description":"The date and time of the creation of the iam user","description_kind":"plain","computed":true},"deletable":{"type":"bool","description":"Whether or not the iam user is editable","description_kind":"plain","computed":true},"email":{"type":"string","description":"The email of the user","description_kind":"plain","required":true},"first_name":{"type":"string","description":"The member's first name","description_kind":"plain","optional":true},"id":{"type":"string","description_kind":"plain","optional":true,"computed":true},"last_login_at":{"type":"string","description":"The date and time of last login of the iam user","description_kind":"plain","computed":true},"last_name":{"type":"string","description":"The member's last name","description_kind":"plain","optional":true},"locale":{"type":"string","description":"The member's locale","description_kind":"plain","optional":true,"computed":true},"locked":{"type":"bool","description":"Defines whether the user is locked","description_kind":"plain","computed":true},"mfa":{"type":"bool","description":"Whether or not the MFA is enabled","description_kind":"plain","computed":true},"organization_id":{"type":"string","description":"ID of organization the resource is associated to.","description_kind":"plain","optional":true,"computed":true},"password":{"type":"string","description":"The member's password for first access. Only one of `password` or `password_wo` should be specified.","description_kind":"plain","optional":true,"sensitive":true},"password_wo":{"type":"string","description":"The member's password for first access in [write-only](https://registry.terraform.io/providers/scaleway/scaleway/latest/docs/guides/using-write-only-arguments) mode. Only one of `password` or `password_wo` should be specified. `password_wo` will not be set in the Terraform state. To update the `password_wo`, you must also update the `password_wo_version`.","description_kind":"plain","optional":true,"write_only":true},"password_wo_version":{"type":"number","description":"The version of the [write-only](https://registry.terraform.io/providers/scaleway/scaleway/latest/docs/guides/using-write-only-arguments) password. To update the `password_wo`, you must also update the `password_wo_version`.","description_kind":"plain","optional":true},"phone_number":{"type":"string","description":"The member's phone number","description_kind":"plain","optional":true},"send_password_email":{"type":"bool","description":"Whether or not to send an email containing the member's password","description_kind":"plain","optional":true},"send_welcome_email":{"type":"bool","description":"Whether or not to send a welcome email that includes onboarding information","description_kind":"plain","optional":true},"status":{"type":"string","description":"The status of user invitation","description_kind":"plain","computed":true},"tags":{"type":["list","string"],"description":"The tags associated with the user","description_kind":"plain","optional":true},"type":{"type":"string","description":"The type of the iam user","description_kind":"plain","computed":true},"updated_at":{"type":"string","description":"The date and time of the last update of the iam user","description_kind":"plain","computed":true},"username":{"type":"string","description":"The member's username","description_kind":"plain","required":true}},"description":"Creates and manages Scaleway IAM [Users](https://www.scaleway.com/en/docs/iam/concepts/#member).\n\nFor more information, see the [API documentation](https://www.scaleway.com/en/developers/api/iam/#path-users-list-users-of-an-organization).\n\n-\u003e **Security Best Practice:**\nFor enhanced security, we recommend using the [`password_wo` write-only argument](https://registry.terraform.io/providers/scaleway/scaleway/latest/docs/guides/using-write-only-arguments) instead of the regular `password` argument. This ensures your sensitive credentials are never stored in Terraform state files, providing superior protection against accidental exposure. Write-Only arguments are supported in Terraform 1.11.0 and later.\n","description_kind":"plain"}},"scaleway_inference_deployment":{"version":0,"block":{"attributes":{"accept_eula":{"type":"bool","description":"Whether or not the deployment is accepting eula","description_kind":"plain","optional":true},"created_at":{"type":"string","description":"The date and time of the creation of the deployment","description_kind":"plain","computed":true},"id":{"type":"string","description_kind":"plain","optional":true,"computed":true},"max_size":{"type":"number","description":"The maximum size of the pool","description_kind":"plain","optional":true},"min_size":{"type":"number","description":"The minimum size of the pool","description_kind":"plain","optional":true},"model_id":{"type":"string","description":"The model id used for the deployment","description_kind":"plain","required":true},"model_name":{"type":"string","description":"The model name to use for the deployment","description_kind":"plain","computed":true},"name":{"type":"string","description":"The deployment name","description_kind":"plain","optional":true,"computed":true},"node_type":{"type":"string","description":"The node type to use for the deployment","description_kind":"plain","required":true},"project_id":{"type":"string","description":"The project_id you want to attach the resource to","description_kind":"plain","optional":true,"computed":true},"quantization":{"type":"number","description":"The number of bits each model parameter should be quantized to","description_kind":"plain","optional":true},"region":{"type":"string","description":"The region you want to attach the resource to","description_kind":"plain","optional":true},"size":{"type":"number","description":"The size of the pool","description_kind":"plain","computed":true},"status":{"type":"string","description":"The status of the deployment","description_kind":"plain","computed":true},"tags":{"type":["list","string"],"description":"The tags associated with the deployment","description_kind":"plain","optional":true},"updated_at":{"type":"string","description":"The date and time of the last update of the deployment","description_kind":"plain","computed":true}},"block_types":{"private_endpoint":{"nesting_mode":"list","block":{"attributes":{"disable_auth":{"type":"bool","description":"Disable the authentication on the endpoint.","description_kind":"plain","optional":true},"id":{"type":"string","description":"The id of the private endpoint","description_kind":"plain","computed":true},"private_network_id":{"type":"string","description":"The id of the private network","description_kind":"plain","optional":true},"url":{"type":"string","description":"The URL of the endpoint.","description_kind":"plain","computed":true}},"description":"List of endpoints","description_kind":"plain"},"max_items":1},"private_ip":{"nesting_mode":"list","block":{"attributes":{"address":{"type":"string","description":"The private IPv4 address","description_kind":"plain","computed":true},"id":{"type":"string","description":"The ID of the IPv4 address resource","description_kind":"plain","computed":true}},"description":"The private IPv4 address associated with the deployment","description_kind":"plain"}},"public_endpoint":{"nesting_mode":"list","block":{"attributes":{"disable_auth":{"type":"bool","description":"Disable the authentication on the endpoint.","description_kind":"plain","optional":true},"id":{"type":"string","description":"The id of the public endpoint","description_kind":"plain","computed":true},"is_enabled":{"type":"bool","description":"Enable or disable public endpoint","description_kind":"plain","optional":true},"url":{"type":"string","description":"The URL of the endpoint.","description_kind":"plain","computed":true}},"description":"Public endpoints","description_kind":"plain"},"max_items":1},"timeouts":{"nesting_mode":"single","block":{"attributes":{"create":{"type":"string","description_kind":"plain","optional":true},"default":{"type":"string","description_kind":"plain","optional":true},"delete":{"type":"string","description_kind":"plain","optional":true},"read":{"type":"string","description_kind":"plain","optional":true},"update":{"type":"string","description_kind":"plain","optional":true}},"description_kind":"plain"}}},"description_kind":"plain"}},"scaleway_inference_model":{"version":0,"block":{"attributes":{"created_at":{"type":"string","description":"The date and time of the creation of the model","description_kind":"plain","computed":true},"description":{"type":"string","description":"The description of the model","description_kind":"plain","computed":true},"has_eula":{"type":"bool","description":"Defines whether the model has an end user license agreement","description_kind":"plain","computed":true},"id":{"type":"string","description_kind":"plain","optional":true,"computed":true},"name":{"type":"string","description":"The name of the model","description_kind":"plain","required":true},"nodes_support":{"type":["list",["object",{"node_type_name":"string","quantization":["list",["object",{"allowed":"bool","max_context_size":"number","quantization_bits":"number"}]]}]],"description":"Supported node types with quantization options and context lengths.","description_kind":"plain","computed":true},"parameter_size_bits":{"type":"number","description":"Size, in bits, of the model parameters","description_kind":"plain","computed":true},"project_id":{"type":"string","description":"The project_id you want to attach the resource to","description_kind":"plain","optional":true,"computed":true},"region":{"type":"string","description":"The region you want to attach the resource to","description_kind":"plain","optional":true},"secret":{"type":"string","description":"A token or credential used to authenticate when pulling the model from a private or gated source. For example, a Hugging Face access token with read permissions.","description_kind":"plain","optional":true,"sensitive":true},"secret_wo":{"type":"string","description":"A token or credential used to authenticate when pulling the model from a private or gated source in [write-only](https://registry.terraform.io/providers/scaleway/scaleway/latest/docs/guides/using-write-only-arguments) mode. For example, a Hugging Face access token with read permissions. `secret_wo` will not be set in the Terraform state. Only one of `secret` or `secret_wo` should be specified.","description_kind":"plain","optional":true,"write_only":true},"secret_wo_version":{"type":"number","description":"The version of the [write-only](https://registry.terraform.io/providers/scaleway/scaleway/latest/docs/guides/using-write-only-arguments) secret. To update the `secret_wo`, you must also update the `secret_wo_version`.","description_kind":"plain","optional":true},"size_bytes":{"type":"number","description":"Total size, in bytes, of the model files","description_kind":"plain","computed":true},"status":{"type":"string","description":"The status of the model","description_kind":"plain","computed":true},"tags":{"type":["list","string"],"description":"The tags associated with the deployment","description_kind":"plain","computed":true},"updated_at":{"type":"string","description":"The date and time of the last update of the model","description_kind":"plain","computed":true},"url":{"type":"string","description":"The HTTPS URL to the model archive or repository. Typically, this is a Hugging Face repository URL (e.g., `https://huggingface.co/your-org/your-model`). The URL must be publicly accessible or require a valid secret for authentication.","description_kind":"plain","required":true}},"block_types":{"timeouts":{"nesting_mode":"single","block":{"attributes":{"create":{"type":"string","description_kind":"plain","optional":true},"default":{"type":"string","description_kind":"plain","optional":true},"delete":{"type":"string","description_kind":"plain","optional":true}},"description_kind":"plain"}}},"description":"The scaleway_inference_model resource allows you to upload and manage inference models in the Scaleway Inference ecosystem. Once registered, a model can be used in any scaleway_inference_deployment resource.\n\n-\u003e **Security Best Practice:**\nFor enhanced security, we recommend using the [`secret_wo` write-only argument](https://registry.terraform.io/providers/scaleway/scaleway/latest/docs/guides/using-write-only-arguments) instead of the regular `secret` argument. This ensures your sensitive credentials are never stored in Terraform state files, providing superior protection against accidental exposure. Write-Only arguments are supported in Terraform 1.11.0 and later.\n","description_kind":"plain"}},"scaleway_instance_image":{"version":0,"block":{"attributes":{"additional_volume_ids":{"type":["list","string"],"description":"The IDs of the additional volumes attached to the image","description_kind":"plain","optional":true},"additional_volumes":{"type":["list",["object",{"id":"string","name":"string","server":["map","string"],"size":"number","tags":["list","string"],"volume_type":"string"}]],"description":"Specs of the additional volumes attached to the image","description_kind":"plain","computed":true},"architecture":{"type":"string","description":"Architecture of the image (default = x86_64)","description_kind":"plain","optional":true},"creation_date":{"type":"string","description":"The date and time of the creation of the image","description_kind":"plain","computed":true},"from_server_id":{"type":"string","description":"The ID of the backed-up server from which the snapshot was taken","description_kind":"plain","computed":true},"id":{"type":"string","description_kind":"plain","optional":true,"computed":true},"modification_date":{"type":"string","description":"The date and time of the last modification of the Redis cluster","description_kind":"plain","computed":true},"name":{"type":"string","description":"The name of the image","description_kind":"plain","optional":true,"computed":true},"organization_id":{"type":"string","description":"The organization_id you want to attach the resource to","description_kind":"plain","computed":true},"project_id":{"type":"string","description":"The project_id you want to attach the resource to","description_kind":"plain","optional":true,"computed":true},"public":{"type":"bool","description":"If true, the image will be public","description_kind":"plain","optional":true},"root_volume":{"type":["list",["object",{"id":"string","name":"string","size":"number","volume_type":"string"}]],"description":"Specs of the additional volumes attached to the image","description_kind":"plain","computed":true},"root_volume_id":{"type":"string","description":"UUID of the snapshot from which the image is to be created","description_kind":"plain","required":true},"state":{"type":"string","description":"The state of the image [ available | creating | error ]","description_kind":"plain","computed":true},"tags":{"type":["list","string"],"description":"List of tags [\"tag1\", \"tag2\", ...] attached to the image","description_kind":"plain","optional":true},"zone":{"type":"string","description":"The zone you want to attach the resource to","description_kind":"plain","optional":true}},"block_types":{"timeouts":{"nesting_mode":"single","block":{"attributes":{"create":{"type":"string","description_kind":"plain","optional":true},"default":{"type":"string","description_kind":"plain","optional":true},"delete":{"type":"string","description_kind":"plain","optional":true},"read":{"type":"string","description_kind":"plain","optional":true},"update":{"type":"string","description_kind":"plain","optional":true}},"description_kind":"plain"}}},"description_kind":"plain"}},"scaleway_instance_ip":{"version":0,"block":{"attributes":{"address":{"type":"string","description":"The IP address","description_kind":"plain","computed":true},"id":{"type":"string","description_kind":"plain","optional":true,"computed":true},"organization_id":{"type":"string","description":"The organization_id you want to attach the resource to","description_kind":"plain","computed":true},"prefix":{"type":"string","description":"The IP prefix","description_kind":"plain","computed":true},"project_id":{"type":"string","description":"The project_id you want to attach the resource to","description_kind":"plain","optional":true,"computed":true},"reverse":{"type":"string","description":"The reverse DNS for this IP","description_kind":"plain","computed":true},"server_id":{"type":"string","description":"The server associated with this IP","description_kind":"plain","computed":true},"tags":{"type":["list","string"],"description":"The tags associated with the ip","description_kind":"plain","optional":true},"type":{"type":"string","description":"The type of instance IP","description_kind":"plain","optional":true,"computed":true},"zone":{"type":"string","description":"The zone you want to attach the resource to","description_kind":"plain","optional":true}},"block_types":{"timeouts":{"nesting_mode":"single","block":{"attributes":{"default":{"type":"string","description_kind":"plain","optional":true}},"description_kind":"plain"}}},"description_kind":"plain"}},"scaleway_instance_ip_reverse_dns":{"version":0,"block":{"attributes":{"id":{"type":"string","description_kind":"plain","optional":true,"computed":true},"ip_id":{"type":"string","description":"The IP ID or IP address","description_kind":"plain","required":true},"reverse":{"type":"string","description":"The reverse DNS for this IP","description_kind":"plain","required":true},"zone":{"type":"string","description":"The zone you want to attach the resource to","description_kind":"plain","optional":true}},"block_types":{"timeouts":{"nesting_mode":"single","block":{"attributes":{"create":{"type":"string","description_kind":"plain","optional":true},"default":{"type":"string","description_kind":"plain","optional":true},"update":{"type":"string","description_kind":"plain","optional":true}},"description_kind":"plain"}}},"description_kind":"plain"}},"scaleway_instance_placement_group":{"version":0,"block":{"attributes":{"id":{"type":"string","description_kind":"plain","optional":true,"computed":true},"name":{"type":"string","description":"The name of the placement group","description_kind":"plain","optional":true,"computed":true},"policy_mode":{"type":"string","description":"One of the two policy_mode may be selected: enforced or optional.","description_kind":"plain","deprecated":true,"optional":true},"policy_respected":{"type":"bool","description":"Is true when the policy is respected.","description_kind":"plain","deprecated":true,"computed":true},"policy_type":{"type":"string","description":"The operating mode is selected by a policy_type","description_kind":"plain","optional":true},"project_id":{"type":"string","description":"The project_id you want to attach the resource to","description_kind":"plain","optional":true,"computed":true},"tags":{"type":["list","string"],"description":"The tags associated with the placement group","description_kind":"plain","optional":true},"zone":{"type":"string","description":"The zone you want to attach the resource to","description_kind":"plain","optional":true}},"block_types":{"timeouts":{"nesting_mode":"single","block":{"attributes":{"default":{"type":"string","description_kind":"plain","optional":true}},"description_kind":"plain"}}},"description_kind":"plain"}},"scaleway_instance_private_nic":{"version":0,"block":{"attributes":{"id":{"type":"string","description_kind":"plain","optional":true,"computed":true},"ip_ids":{"type":["list","string"],"description":"IPAM ip list, should be for internal use only","description_kind":"plain","optional":true},"ipam_ip_ids":{"type":["list","string"],"description":"IPAM IDs of a pre-reserved IP addresses to assign to the Instance in the requested private network","description_kind":"plain","optional":true},"mac_address":{"type":"string","description":"MAC address of the NIC","description_kind":"plain","computed":true},"private_network_id":{"type":"string","description":"The private network ID","description_kind":"plain","required":true},"server_id":{"type":"string","description":"The server ID","description_kind":"plain","required":true},"tags":{"type":["list","string"],"description":"The tags associated with the private-nic","description_kind":"plain","optional":true},"zone":{"type":"string","description":"The zone you want to attach the resource to","description_kind":"plain","optional":true}},"block_types":{"private_ips":{"nesting_mode":"list","block":{"attributes":{"address":{"type":"string","description":"The private IP address","description_kind":"plain","computed":true},"id":{"type":"string","description":"The ID of the IP address resource","description_kind":"plain","computed":true}},"description":"List of private IPv4 and IPv6 addresses associated with the resource","description_kind":"plain"}},"timeouts":{"nesting_mode":"single","block":{"attributes":{"create":{"type":"string","description_kind":"plain","optional":true},"default":{"type":"string","description_kind":"plain","optional":true},"delete":{"type":"string","description_kind":"plain","optional":true},"read":{"type":"string","description_kind":"plain","optional":true},"update":{"type":"string","description_kind":"plain","optional":true}},"description_kind":"plain"}}},"description_kind":"plain"}},"scaleway_instance_security_group":{"version":0,"block":{"attributes":{"description":{"type":"string","description":"The description of the security group","description_kind":"plain","optional":true},"enable_default_security":{"type":"bool","description":"Enable blocking of SMTP on IPv4 and IPv6","description_kind":"plain","optional":true},"external_rules":{"type":"bool","description":"External rules for this security group","description_kind":"plain","optional":true},"id":{"type":"string","description_kind":"plain","optional":true,"computed":true},"inbound_default_policy":{"type":"string","description":"Default inbound traffic policy for this security group","description_kind":"plain","optional":true},"name":{"type":"string","description":"The name of the security group","description_kind":"plain","optional":true,"computed":true},"organization_id":{"type":"string","description":"The organization_id you want to attach the resource to","description_kind":"plain","computed":true},"outbound_default_policy":{"type":"string","description":"Default outbound traffic policy for this security group","description_kind":"plain","optional":true},"project_id":{"type":"string","description":"The project_id you want to attach the resource to","description_kind":"plain","optional":true,"computed":true},"stateful":{"type":"bool","description":"The stateful value of the security group","description_kind":"plain","optional":true},"tags":{"type":["list","string"],"description":"The tags associated with the security group","description_kind":"plain","optional":true},"zone":{"type":"string","description":"The zone you want to attach the resource to","description_kind":"plain","optional":true}},"block_types":{"inbound_rule":{"nesting_mode":"list","block":{"attributes":{"action":{"type":"string","description":"Action when rule match request (drop or accept)","description_kind":"plain","required":true},"ip":{"type":"string","description":"Ip address for this rule (e.g: 1.1.1.1). Only one of ip or ip_range should be provided","description_kind":"plain","deprecated":true,"optional":true},"ip_range":{"type":"string","description":"Ip range for this rule (e.g: 192.168.1.0/24). Only one of ip or ip_range should be provided","description_kind":"plain","optional":true},"port":{"type":"number","description":"Network port for this rule","description_kind":"plain","optional":true},"port_range":{"type":"string","description":"Computed port range for this rule (e.g: 1-1024, 22-22)","description_kind":"plain","optional":true},"protocol":{"type":"string","description":"Protocol for this rule (TCP, UDP, ICMP or ANY)","description_kind":"plain","optional":true}},"description":"Inbound rules for this security group","description_kind":"plain"}},"outbound_rule":{"nesting_mode":"list","block":{"attributes":{"action":{"type":"string","description":"Action when rule match request (drop or accept)","description_kind":"plain","required":true},"ip":{"type":"string","description":"Ip address for this rule (e.g: 1.1.1.1). Only one of ip or ip_range should be provided","description_kind":"plain","deprecated":true,"optional":true},"ip_range":{"type":"string","description":"Ip range for this rule (e.g: 192.168.1.0/24). Only one of ip or ip_range should be provided","description_kind":"plain","optional":true},"port":{"type":"number","description":"Network port for this rule","description_kind":"plain","optional":true},"port_range":{"type":"string","description":"Computed port range for this rule (e.g: 1-1024, 22-22)","description_kind":"plain","optional":true},"protocol":{"type":"string","description":"Protocol for this rule (TCP, UDP, ICMP or ANY)","description_kind":"plain","optional":true}},"description":"Outbound rules for this security group","description_kind":"plain"}},"timeouts":{"nesting_mode":"single","block":{"attributes":{"default":{"type":"string","description_kind":"plain","optional":true}},"description_kind":"plain"}}},"description_kind":"plain"}},"scaleway_instance_security_group_rules":{"version":0,"block":{"attributes":{"id":{"type":"string","description_kind":"plain","optional":true,"computed":true},"security_group_id":{"type":"string","description":"The security group associated with this volume","description_kind":"plain","required":true}},"block_types":{"inbound_rule":{"nesting_mode":"list","block":{"attributes":{"action":{"type":"string","description":"Action when rule match request (drop or accept)","description_kind":"plain","required":true},"ip":{"type":"string","description":"Ip address for this rule (e.g: 1.1.1.1). Only one of ip or ip_range should be provided","description_kind":"plain","deprecated":true,"optional":true},"ip_range":{"type":"string","description":"Ip range for this rule (e.g: 192.168.1.0/24). Only one of ip or ip_range should be provided","description_kind":"plain","optional":true},"port":{"type":"number","description":"Network port for this rule","description_kind":"plain","optional":true},"port_range":{"type":"string","description":"Computed port range for this rule (e.g: 1-1024, 22-22)","description_kind":"plain","optional":true},"protocol":{"type":"string","description":"Protocol for this rule (TCP, UDP, ICMP or ANY)","description_kind":"plain","optional":true}},"description":"Inbound rules for this set of security group rules","description_kind":"plain"}},"outbound_rule":{"nesting_mode":"list","block":{"attributes":{"action":{"type":"string","description":"Action when rule match request (drop or accept)","description_kind":"plain","required":true},"ip":{"type":"string","description":"Ip address for this rule (e.g: 1.1.1.1). Only one of ip or ip_range should be provided","description_kind":"plain","deprecated":true,"optional":true},"ip_range":{"type":"string","description":"Ip range for this rule (e.g: 192.168.1.0/24). Only one of ip or ip_range should be provided","description_kind":"plain","optional":true},"port":{"type":"number","description":"Network port for this rule","description_kind":"plain","optional":true},"port_range":{"type":"string","description":"Computed port range for this rule (e.g: 1-1024, 22-22)","description_kind":"plain","optional":true},"protocol":{"type":"string","description":"Protocol for this rule (TCP, UDP, ICMP or ANY)","description_kind":"plain","optional":true}},"description":"Outbound rules for this set of security group rules","description_kind":"plain"}},"timeouts":{"nesting_mode":"single","block":{"attributes":{"default":{"type":"string","description_kind":"plain","optional":true}},"description_kind":"plain"}}},"description_kind":"plain"}},"scaleway_instance_server":{"version":0,"block":{"attributes":{"additional_volume_ids":{"type":["list","string"],"description":"The additional volumes attached to the server","description_kind":"plain","optional":true},"admin_password_encryption_ssh_key_id":{"type":"string","description":"The ID of the IAM SSH key used to encrypt the initial admin password on a Windows server","description_kind":"plain","optional":true},"boot_type":{"type":"string","description":"The boot type of the server","description_kind":"plain","optional":true},"bootscript_id":{"type":"string","description":"ID of the target bootscript (set boot_type to bootscript)","description_kind":"plain","deprecated":true,"optional":true,"computed":true},"cloud_init":{"type":"string","description":"The cloud init script associated with this server","description_kind":"plain","optional":true,"computed":true},"enable_dynamic_ip":{"type":"bool","description":"Enable dynamic IP on the server","description_kind":"plain","optional":true},"id":{"type":"string","description_kind":"plain","optional":true,"computed":true},"image":{"type":"string","description":"The UUID or the label of the base image used by the server","description_kind":"plain","optional":true},"ip_id":{"type":"string","description":"The ID of the reserved IP for the server","description_kind":"plain","optional":true},"ip_ids":{"type":["list","string"],"description":"The IDs of the reserved IP for the server","description_kind":"plain","optional":true},"name":{"type":"string","description":"The name of the server","description_kind":"plain","optional":true,"computed":true},"organization_id":{"type":"string","description":"The organization_id you want to attach the resource to","description_kind":"plain","computed":true},"placement_group_id":{"type":"string","description":"The placement group the server is attached to","description_kind":"plain","optional":true},"placement_group_policy_respected":{"type":"bool","description":"True when the placement group policy is respected","description_kind":"plain","computed":true},"project_id":{"type":"string","description":"The project_id you want to attach the resource to","description_kind":"plain","optional":true,"computed":true},"protected":{"type":"bool","description":"If true, the instance is protected against accidental deletion via the Scaleway API.","description_kind":"plain","optional":true},"replace_on_type_change":{"type":"bool","description":"Delete and re-create server if type change","description_kind":"plain","optional":true},"security_group_id":{"type":"string","description":"The security group the server is attached to","description_kind":"plain","optional":true,"computed":true},"state":{"type":"string","description":"The state of the server should be: started, stopped, standby","description_kind":"plain","optional":true,"computed":true},"tags":{"type":["list","string"],"description":"The tags associated with the server","description_kind":"plain","optional":true},"type":{"type":"string","description":"The instance type of the server","description_kind":"plain","required":true},"user_data":{"type":["map","string"],"description":"The user data associated with the server","description_kind":"plain","optional":true,"computed":true},"zone":{"type":"string","description":"The zone you want to attach the resource to","description_kind":"plain","optional":true}},"block_types":{"filesystems":{"nesting_mode":"list","block":{"attributes":{"filesystem_id":{"type":"string","description":"The filesystem ID attached to the server","description_kind":"plain","optional":true},"status":{"type":"string","description":"The state of the filesystem","description_kind":"plain","computed":true}},"description":"Filesystems attach to the server","description_kind":"plain"}},"private_ips":{"nesting_mode":"list","block":{"attributes":{"address":{"type":"string","description":"The private IP address","description_kind":"plain","computed":true},"id":{"type":"string","description":"The ID of the IP address resource","description_kind":"plain","computed":true}},"description":"List of private IPv4 and IPv6 addresses associated with the resource","description_kind":"plain"}},"private_network":{"nesting_mode":"list","block":{"attributes":{"mac_address":{"type":"string","description":"MAC address of the NIC","description_kind":"plain","computed":true},"pn_id":{"type":"string","description":"The Private Network ID","description_kind":"plain","required":true},"pnic_id":{"type":"string","description":"The ID of the NIC","description_kind":"plain","computed":true},"status":{"type":"string","description":"The private NIC state","description_kind":"plain","computed":true},"zone":{"type":"string","description":"The zone you want to attach the resource to","description_kind":"plain","optional":true}},"description":"List of private network to connect with your instance","description_kind":"plain"},"max_items":8},"public_ips":{"nesting_mode":"list","block":{"attributes":{"address":{"type":"string","description":"IP Address","description_kind":"plain","computed":true},"dynamic":{"type":"bool","description":"Whether the IP is dynamic","description_kind":"plain","computed":true},"family":{"type":"string","description":"IP address family (inet or inet6)","description_kind":"plain","computed":true},"gateway":{"type":"string","description":"Gateway's IP address","description_kind":"plain","computed":true},"id":{"type":"string","description":"ID of the IP","description_kind":"plain","computed":true},"netmask":{"type":"string","description":"CIDR netmask","description_kind":"plain","computed":true},"provisioning_mode":{"type":"string","description":"Provisioning mode of the IP address","description_kind":"plain","computed":true}},"description":"List of private IPv4 and IPv6 addresses attached to your instance","description_kind":"plain"}},"root_volume":{"nesting_mode":"list","block":{"attributes":{"boot":{"type":"bool","description":"Set the volume where the boot the server","description_kind":"plain","optional":true},"delete_on_termination":{"type":"bool","description":"Force deletion of the root volume on instance termination","description_kind":"plain","optional":true},"name":{"type":"string","description":"Name of the root volume","description_kind":"plain","optional":true,"computed":true},"sbs_iops":{"type":"number","description":"SBS Volume IOPS, only with volume_type as sbs_volume","description_kind":"plain","optional":true,"computed":true},"size_in_gb":{"type":"number","description":"Size of the root volume in gigabytes","description_kind":"plain","optional":true,"computed":true},"volume_id":{"type":"string","description":"Volume ID of the root volume","description_kind":"plain","optional":true,"computed":true},"volume_type":{"type":"string","description":"Volume type of the root volume","description_kind":"plain","optional":true,"computed":true}},"description":"Root volume attached to the server on creation","description_kind":"plain"},"max_items":1},"timeouts":{"nesting_mode":"single","block":{"attributes":{"create":{"type":"string","description_kind":"plain","optional":true},"default":{"type":"string","description_kind":"plain","optional":true},"delete":{"type":"string","description_kind":"plain","optional":true},"read":{"type":"string","description_kind":"plain","optional":true},"update":{"type":"string","description_kind":"plain","optional":true}},"description_kind":"plain"}}},"description_kind":"plain"}},"scaleway_instance_snapshot":{"version":0,"block":{"attributes":{"created_at":{"type":"string","description":"The date and time of the creation of the snapshot","description_kind":"plain","computed":true},"id":{"type":"string","description_kind":"plain","optional":true,"computed":true},"name":{"type":"string","description":"The name of the snapshot","description_kind":"plain","optional":true,"computed":true},"organization_id":{"type":"string","description":"The organization_id you want to attach the resource to","description_kind":"plain","computed":true},"project_id":{"type":"string","description":"The project_id you want to attach the resource to","description_kind":"plain","optional":true,"computed":true},"size_in_gb":{"type":"number","description":"The size of the snapshot in gigabyte","description_kind":"plain","computed":true},"tags":{"type":["list","string"],"description":"The tags associated with the snapshot","description_kind":"plain","optional":true},"type":{"type":"string","description":"The snapshot's volume type","description_kind":"plain","optional":true,"computed":true},"volume_id":{"type":"string","description":"ID of the volume to take a snapshot from","description_kind":"plain","optional":true},"zone":{"type":"string","description":"The zone you want to attach the resource to","description_kind":"plain","optional":true}},"block_types":{"import":{"nesting_mode":"list","block":{"attributes":{"bucket":{"type":"string","description":"Bucket containing qcow","description_kind":"plain","required":true},"key":{"type":"string","description":"Key of the qcow file in the specified bucket","description_kind":"plain","required":true}},"description":"Import snapshot from a qcow","description_kind":"plain"},"max_items":1},"timeouts":{"nesting_mode":"single","block":{"attributes":{"create":{"type":"string","description_kind":"plain","optional":true},"default":{"type":"string","description_kind":"plain","optional":true},"delete":{"type":"string","description_kind":"plain","optional":true}},"description_kind":"plain"}}},"description_kind":"plain"}},"scaleway_instance_user_data":{"version":0,"block":{"attributes":{"id":{"type":"string","description_kind":"plain","optional":true,"computed":true},"key":{"type":"string","description":"The key of the user data to set.","description_kind":"plain","required":true},"server_id":{"type":"string","description":"The ID of the server","description_kind":"plain","required":true},"value":{"type":"string","description":"The value of the user data to set.","description_kind":"plain","required":true},"zone":{"type":"string","description":"The zone you want to attach the resource to","description_kind":"plain","optional":true}},"block_types":{"timeouts":{"nesting_mode":"single","block":{"attributes":{"create":{"type":"string","description_kind":"plain","optional":true},"default":{"type":"string","description_kind":"plain","optional":true},"delete":{"type":"string","description_kind":"plain","optional":true},"read":{"type":"string","description_kind":"plain","optional":true},"update":{"type":"string","description_kind":"plain","optional":true}},"description_kind":"plain"}}},"description_kind":"plain"}},"scaleway_instance_volume":{"version":0,"block":{"attributes":{"from_snapshot_id":{"type":"string","description":"Create a volume based on a image","description_kind":"plain","optional":true},"id":{"type":"string","description_kind":"plain","optional":true,"computed":true},"migrate_to_sbs":{"type":"bool","description":"If true, consider that this volume may have been migrated and no longer exists.","description_kind":"plain","optional":true},"name":{"type":"string","description":"The name of the volume","description_kind":"plain","optional":true,"computed":true},"organization_id":{"type":"string","description":"The organization_id you want to attach the resource to","description_kind":"plain","computed":true},"project_id":{"type":"string","description":"The project_id you want to attach the resource to","description_kind":"plain","optional":true,"computed":true},"server_id":{"type":"string","description":"The server associated with this volume","description_kind":"plain","computed":true},"size_in_gb":{"type":"number","description":"The size of the volume in gigabyte","description_kind":"plain","optional":true},"tags":{"type":["list","string"],"description":"The tags associated with the volume","description_kind":"plain","optional":true},"type":{"type":"string","description":"The volume type","description_kind":"plain","required":true},"zone":{"type":"string","description":"The zone you want to attach the resource to","description_kind":"plain","optional":true}},"block_types":{"timeouts":{"nesting_mode":"single","block":{"attributes":{"create":{"type":"string","description_kind":"plain","optional":true},"default":{"type":"string","description_kind":"plain","optional":true},"delete":{"type":"string","description_kind":"plain","optional":true},"update":{"type":"string","description_kind":"plain","optional":true}},"description_kind":"plain"}}},"description_kind":"plain"}},"scaleway_interlink_link":{"version":0,"block":{"attributes":{"bandwidth_mbps":{"type":"number","description":"Desired bandwidth for the link. Must be compatible with available link bandwidths and remaining bandwidth capacity of the connection","description_kind":"plain","required":true},"bgp_v4_status":{"type":"string","description":"Status of the link's BGP IPv4 session","description_kind":"plain","computed":true},"bgp_v6_status":{"type":"string","description":"Status of the link's BGP IPv6 session","description_kind":"plain","computed":true},"connection_id":{"type":"string","description":"If set, creates a self-hosted link using this dedicated physical connection","description_kind":"plain","optional":true},"created_at":{"type":"string","description":"Creation date of the link","description_kind":"plain","computed":true},"enable_route_propagation":{"type":"bool","description":"Defines whether route propagation is enabled or not. Defaults to false","description_kind":"plain","optional":true},"id":{"type":"string","description_kind":"plain","optional":true,"computed":true},"name":{"type":"string","description":"Name of the link","description_kind":"plain","optional":true,"computed":true},"organization_id":{"type":"string","description":"The Organization ID the link is associated with","description_kind":"plain","computed":true},"pairing_key":{"type":"string","description":"Used to identify a link from a user or partner's point of view","description_kind":"plain","computed":true,"sensitive":true},"partner_id":{"type":"string","description":"If set, creates a hosted link on a partner's connection. Specify the ID of the chosen partner, who already has a shared connection with available bandwidth","description_kind":"plain","optional":true},"peer_asn":{"type":"number","description":"For self-hosted links, the peer AS Number to establish BGP session. Required when `connection_id` is set","description_kind":"plain","optional":true,"computed":true},"peer_bgp_config":{"type":["list",["object",{"asn":"number","ipv4":"string","ipv6":"string"}]],"description":"BGP configuration on peer's side (on-premises or other hosting provider)","description_kind":"plain","computed":true},"pop_id":{"type":"string","description":"PoP (location) where the link will be created","description_kind":"plain","required":true},"project_id":{"type":"string","description":"The project_id you want to attach the resource to","description_kind":"plain","optional":true,"computed":true},"region":{"type":"string","description":"The region you want to attach the resource to","description_kind":"plain","optional":true},"routing_policy_v4_id":{"type":"string","description":"If set, attaches this routing policy containing IPv4 prefixes to the link. A BGP IPv4 session will be created","description_kind":"plain","optional":true,"computed":true},"routing_policy_v6_id":{"type":"string","description":"If set, attaches this routing policy containing IPv6 prefixes to the link. A BGP IPv6 session will be created","description_kind":"plain","optional":true,"computed":true},"scw_bgp_config":{"type":["list",["object",{"asn":"number","ipv4":"string","ipv6":"string"}]],"description":"BGP configuration on Scaleway's side","description_kind":"plain","computed":true},"status":{"type":"string","description":"Status of the link","description_kind":"plain","computed":true},"tags":{"type":["list","string"],"description":"List of tags associated with the link","description_kind":"plain","optional":true},"updated_at":{"type":"string","description":"Last modification date of the link","description_kind":"plain","computed":true},"vlan":{"type":"number","description":"For self-hosted links only, the VLAN ID. If the VLAN is not available (already taken or out of range), an error is returned","description_kind":"plain","optional":true,"computed":true},"vpc_id":{"type":"string","description":"ID of the Scaleway VPC to attach to the link","description_kind":"plain","optional":true}},"block_types":{"timeouts":{"nesting_mode":"single","block":{"attributes":{"create":{"type":"string","description_kind":"plain","optional":true},"default":{"type":"string","description_kind":"plain","optional":true},"delete":{"type":"string","description_kind":"plain","optional":true},"read":{"type":"string","description_kind":"plain","optional":true},"update":{"type":"string","description_kind":"plain","optional":true}},"description_kind":"plain"}}},"description":"Creates and manages Scaleway Interlink Links.\n\nA link is a logical Interlink session created within a PoP, representing the connection between your infrastructure and Scaleway. Links can be hosted (facilitated by a partner's shared connection) or self-hosted (using your own dedicated physical connection).\n","description_kind":"plain"}},"scaleway_interlink_routing_policy":{"version":0,"block":{"attributes":{"created_at":{"type":"string","description":"The date and time of the creation of the routing policy","description_kind":"plain","computed":true},"id":{"type":"string","description_kind":"plain","optional":true,"computed":true},"is_ipv6":{"type":"bool","description":"IP prefixes version of the routing policy","description_kind":"plain","optional":true,"computed":true},"name":{"type":"string","description":"The name of the routing policy","description_kind":"plain","optional":true,"computed":true},"organization_id":{"type":"string","description":"The Organization ID the routing policy is associated with","description_kind":"plain","computed":true},"prefix_filter_in":{"type":["list","string"],"description":"IP prefixes to accept from the peer (ranges of route announcements to accept)","description_kind":"plain","optional":true},"prefix_filter_out":{"type":["list","string"],"description":"IP prefix filters to advertise to the peer (ranges of routes to advertise)","description_kind":"plain","optional":true},"project_id":{"type":"string","description":"The project_id you want to attach the resource to","description_kind":"plain","optional":true,"computed":true},"region":{"type":"string","description":"The region you want to attach the resource to","description_kind":"plain","optional":true},"tags":{"type":["list","string"],"description":"The list of tags associated with the routing policy","description_kind":"plain","optional":true},"updated_at":{"type":"string","description":"The date and time of the last update of the routing policy","description_kind":"plain","computed":true}},"description":"Creates and manages Scaleway Interlink Routing Policies.\n\nA routing policy defines IP prefix filters that control which routes are accepted from and advertised to a peer via BGP on an Interlink connection. All routes across a link are blocked by default, so you must attach a routing policy to enable traffic flow.\n","description_kind":"plain"}},"scaleway_iot_device":{"version":0,"block":{"attributes":{"allow_insecure":{"type":"bool","description":"Allow plain and server-authenticated SSL connections in addition to mutually-authenticated ones","description_kind":"plain","optional":true},"allow_multiple_connections":{"type":"bool","description":"Allow multiple connections","description_kind":"plain","optional":true},"created_at":{"type":"string","description":"The date and time of the creation of the device","description_kind":"plain","computed":true},"description":{"type":"string","description":"The description of the device","description_kind":"plain","optional":true},"hub_id":{"type":"string","description":"The ID of the hub on which this device will be created","description_kind":"plain","required":true},"id":{"type":"string","description_kind":"plain","optional":true,"computed":true},"is_connected":{"type":"bool","description":"The MQTT connection status of the device","description_kind":"plain","computed":true},"last_activity_at":{"type":"string","description":"The date and time of last MQTT activity of the device","description_kind":"plain","computed":true},"name":{"type":"string","description":"The name of the device","description_kind":"plain","required":true},"region":{"type":"string","description":"The region you want to attach the resource to","description_kind":"plain","optional":true},"status":{"type":"string","description":"The status of the device","description_kind":"plain","computed":true},"updated_at":{"type":"string","description":"The date and time of the last update of the device","description_kind":"plain","computed":true}},"block_types":{"certificate":{"nesting_mode":"list","block":{"attributes":{"crt":{"type":"string","description":"X509 PEM encoded certificate of the device","description_kind":"plain","optional":true,"computed":true,"sensitive":true},"key":{"type":"string","description":"X509 PEM encoded key of the device","description_kind":"plain","computed":true,"sensitive":true}},"description":"Certificate section of the device","description_kind":"plain"},"max_items":1},"message_filters":{"nesting_mode":"list","block":{"block_types":{"publish":{"nesting_mode":"list","block":{"attributes":{"policy":{"type":"string","description":"Publish message filter policy","description_kind":"plain","optional":true},"topics":{"type":["list","string"],"description":"List of topics in the set","description_kind":"plain","optional":true}},"description":"Rule to restrict topics the device can publish to","description_kind":"plain"},"max_items":1},"subscribe":{"nesting_mode":"list","block":{"attributes":{"policy":{"type":"string","description":"Subscribe message filter policy","description_kind":"plain","optional":true},"topics":{"type":["list","string"],"description":"List of topics in the set","description_kind":"plain","optional":true}},"description":"Rule to restrict topics the device can subscribe to","description_kind":"plain"},"max_items":1}},"description":"Rules to authorize or deny the device to publish/subscribe to specific topics","description_kind":"plain"},"max_items":1}},"description_kind":"plain"}},"scaleway_iot_hub":{"version":0,"block":{"attributes":{"connected_device_count":{"type":"number","description":"The current number of connected devices in the Hub","description_kind":"plain","computed":true},"created_at":{"type":"string","description":"The date and time of the creation of the IoT Hub","description_kind":"plain","computed":true},"device_auto_provisioning":{"type":"bool","description":"Wether to enable the device auto provisioning or not","description_kind":"plain","optional":true},"device_count":{"type":"number","description":"The number of registered devices in the Hub","description_kind":"plain","computed":true},"disable_events":{"type":"bool","description":"Whether to enable the hub events or not","description_kind":"plain","optional":true},"enabled":{"type":"bool","description":"Whether to enable the hub or not","description_kind":"plain","optional":true},"endpoint":{"type":"string","description":"The endpoint to connect the devices to","description_kind":"plain","computed":true},"events_topic_prefix":{"type":"string","description":"Topic prefix for the hub events","description_kind":"plain","optional":true},"hub_ca":{"type":"string","description":"Custom user provided certificate authority","description_kind":"plain","optional":true},"hub_ca_challenge":{"type":"string","description":"Challenge certificate for the user provided hub CA","description_kind":"plain","optional":true},"id":{"type":"string","description_kind":"plain","optional":true,"computed":true},"mqtt_ca":{"type":"string","description":"The MQTT certificat content","description_kind":"plain","computed":true},"mqtt_ca_url":{"type":"string","description":"The url of the MQTT ca","description_kind":"plain","computed":true},"name":{"type":"string","description":"The name of the hub","description_kind":"plain","required":true},"organization_id":{"type":"string","description":"The organization_id you want to attach the resource to","description_kind":"plain","computed":true},"product_plan":{"type":"string","description":"The product plan of the hub","description_kind":"plain","required":true},"project_id":{"type":"string","description":"The project_id you want to attach the resource to","description_kind":"plain","optional":true,"computed":true},"region":{"type":"string","description":"The region you want to attach the resource to","description_kind":"plain","optional":true},"status":{"type":"string","description":"The status of the hub","description_kind":"plain","computed":true},"updated_at":{"type":"string","description":"The date and time of the last update of the IoT Hub","description_kind":"plain","computed":true}},"block_types":{"timeouts":{"nesting_mode":"single","block":{"attributes":{"default":{"type":"string","description_kind":"plain","optional":true}},"description_kind":"plain"}}},"description_kind":"plain"}},"scaleway_iot_network":{"version":0,"block":{"attributes":{"created_at":{"type":"string","description":"The date and time of the creation of the network","description_kind":"plain","computed":true},"endpoint":{"type":"string","description":"The endpoint to use when interacting with the network","description_kind":"plain","computed":true},"hub_id":{"type":"string","description":"The ID of the hub on which this network will be created","description_kind":"plain","required":true},"id":{"type":"string","description_kind":"plain","optional":true,"computed":true},"name":{"type":"string","description":"The name of the network","description_kind":"plain","required":true},"region":{"type":"string","description":"The region you want to attach the resource to","description_kind":"plain","optional":true},"secret":{"type":"string","description":"The endpoint key to keep secret","description_kind":"plain","computed":true,"sensitive":true},"topic_prefix":{"type":"string","description":"The prefix that will be prepended to all topics for this Network","description_kind":"plain","optional":true},"type":{"type":"string","description":"The type of the network","description_kind":"plain","required":true}},"block_types":{"timeouts":{"nesting_mode":"single","block":{"attributes":{"default":{"type":"string","description_kind":"plain","optional":true},"delete":{"type":"string","description_kind":"plain","optional":true}},"description_kind":"plain"}}},"description_kind":"plain"}},"scaleway_iot_route":{"version":0,"block":{"attributes":{"created_at":{"type":"string","description":"The date and time of the creation of the IoT Route","description_kind":"plain","computed":true},"hub_id":{"type":"string","description":"The ID of the route's hub","description_kind":"plain","required":true},"id":{"type":"string","description_kind":"plain","optional":true,"computed":true},"name":{"type":"string","description":"The name of the route","description_kind":"plain","required":true},"region":{"type":"string","description":"The region you want to attach the resource to","description_kind":"plain","optional":true},"topic":{"type":"string","description":"The Topic the route subscribes to (wildcards allowed)","description_kind":"plain","required":true}},"block_types":{"database":{"nesting_mode":"list","block":{"attributes":{"dbname":{"type":"string","description":"The database name","description_kind":"plain","required":true},"host":{"type":"string","description":"The database hostname","description_kind":"plain","required":true},"password":{"type":"string","description":"The database password","description_kind":"plain","required":true,"sensitive":true},"port":{"type":"number","description":"The database port","description_kind":"plain","required":true},"query":{"type":"string","description":"SQL query to be executed ($TOPIC and $PAYLOAD variables are available, see documentation)","description_kind":"plain","required":true},"username":{"type":"string","description":"The database username","description_kind":"plain","required":true}},"description":"Database Route parameters","description_kind":"plain"},"max_items":1},"rest":{"nesting_mode":"list","block":{"attributes":{"headers":{"type":["map","string"],"description":"The HTTP call extra headers","description_kind":"plain","required":true},"uri":{"type":"string","description":"The URI of the REST endpoint","description_kind":"plain","required":true},"verb":{"type":"string","description":"The HTTP Verb used to call REST URI","description_kind":"plain","required":true}},"description":"Rest Route parameters","description_kind":"plain"},"max_items":1},"s3":{"nesting_mode":"list","block":{"attributes":{"bucket_name":{"type":"string","description":"The name of the S3 route's destination bucket","description_kind":"plain","required":true},"bucket_region":{"type":"string","description":"The region of the S3 route's destination bucket","description_kind":"plain","required":true},"object_prefix":{"type":"string","description":"The string to prefix object names with","description_kind":"plain","optional":true},"strategy":{"type":"string","description":"How the S3 route's objects will be created: one per topic or one per message","description_kind":"plain","required":true}},"description":"S3 Route parameters","description_kind":"plain"},"max_items":1},"timeouts":{"nesting_mode":"single","block":{"attributes":{"create":{"type":"string","description_kind":"plain","optional":true},"default":{"type":"string","description_kind":"plain","optional":true}},"description_kind":"plain"}}},"description_kind":"plain"}},"scaleway_ipam_ip":{"version":0,"block":{"attributes":{"address":{"type":"string","description":"Request a specific IP in the requested source pool","description_kind":"plain","optional":true,"computed":true},"address_cidr":{"type":"string","description":"The IP address with a CIDR notation","description_kind":"plain","computed":true},"created_at":{"type":"string","description":"The date and time of the creation of the IP","description_kind":"plain","computed":true},"id":{"type":"string","description_kind":"plain","optional":true,"computed":true},"is_ipv6":{"type":"bool","description":"Request an IPv6 instead of an IPv4","description_kind":"plain","optional":true},"project_id":{"type":"string","description":"The project_id you want to attach the resource to","description_kind":"plain","optional":true,"computed":true},"region":{"type":"string","description":"The region you want to attach the resource to","description_kind":"plain","optional":true},"resource":{"type":["list",["object",{"id":"string","mac_address":"string","name":"string","type":"string"}]],"description":"The IP resource","description_kind":"plain","computed":true},"reverses":{"type":["list",["object",{"address":"string","hostname":"string"}]],"description":"The reverses DNS for this IP","description_kind":"plain","computed":true},"tags":{"type":["list","string"],"description":"The tags associated with the IP","description_kind":"plain","optional":true},"updated_at":{"type":"string","description":"The date and time of the last update of the IP","description_kind":"plain","computed":true},"zone":{"type":"string","description":"The zone of the resource","description_kind":"plain","computed":true}},"block_types":{"custom_resource":{"nesting_mode":"list","block":{"attributes":{"mac_address":{"type":"string","description":"MAC address of the custom resource","description_kind":"plain","required":true},"name":{"type":"string","description":"When the resource is in a Private Network, a DNS record is available to resolve the resource name","description_kind":"plain","optional":true}},"description":"The custom resource in which to book the IP","description_kind":"plain"}},"source":{"nesting_mode":"list","block":{"attributes":{"private_network_id":{"type":"string","description":"Private Network the IP lives in if the IP is a private IP","description_kind":"plain","optional":true,"computed":true},"subnet_id":{"type":"string","description":"Private Network subnet the IP lives in if the IP is a private IP in a Private Network","description_kind":"plain","optional":true,"computed":true},"zonal":{"type":"string","description":"Zone the IP lives in if the IP is a public zoned one","description_kind":"plain","optional":true,"computed":true}},"description":"The source in which to book the IP","description_kind":"plain"},"min_items":1}},"description_kind":"plain"}},"scaleway_ipam_ip_reverse_dns":{"version":0,"block":{"attributes":{"address":{"type":"string","description":"The IP corresponding to the hostname","description_kind":"plain","required":true},"hostname":{"type":"string","description":"The reverse domain name","description_kind":"plain","required":true},"id":{"type":"string","description_kind":"plain","optional":true,"computed":true},"ipam_ip_id":{"type":"string","description":"The IPAM IP ID","description_kind":"plain","required":true},"region":{"type":"string","description":"The region you want to attach the resource to","description_kind":"plain","optional":true}},"block_types":{"timeouts":{"nesting_mode":"single","block":{"attributes":{"create":{"type":"string","description_kind":"plain","optional":true},"default":{"type":"string","description_kind":"plain","optional":true},"update":{"type":"string","description_kind":"plain","optional":true}},"description_kind":"plain"}}},"description_kind":"plain"}},"scaleway_job_definition":{"version":0,"block":{"attributes":{"args":{"type":["list","string"],"description":"Job arguments in list format. Overrides the default arguments defined in the job image.","description_kind":"plain","optional":true},"command":{"type":"string","description":"Command to use for the job (in string format)","description_kind":"plain","deprecated":true,"optional":true},"cpu_limit":{"type":"number","description":"CPU limit of the job","description_kind":"plain","required":true},"description":{"type":"string","description":"The job description","description_kind":"plain","optional":true},"env":{"type":["map","string"],"description":"Environment variables to pass to the job","description_kind":"plain","optional":true},"id":{"type":"string","description_kind":"plain","optional":true,"computed":true},"image_uri":{"type":"string","description":"Image URI to use for the job","description_kind":"plain","required":true},"local_storage_capacity":{"type":"number","description":"Local storage capacity of the job in MiB","description_kind":"plain","required":true},"memory_limit":{"type":"number","description":"Memory limit of the job","description_kind":"plain","required":true},"name":{"type":"string","description":"The job name","description_kind":"plain","optional":true,"computed":true},"project_id":{"type":"string","description":"The project_id you want to attach the resource to","description_kind":"plain","optional":true,"computed":true},"region":{"type":"string","description":"The region you want to attach the resource to","description_kind":"plain","optional":true},"startup_command":{"type":["list","string"],"description":"Command to use for the job (in list format). Overrides the default command defined in the job image.","description_kind":"plain","optional":true},"timeout":{"type":"string","description":"Timeout for the job in seconds","description_kind":"plain","optional":true,"computed":true}},"block_types":{"cron":{"nesting_mode":"list","block":{"attributes":{"schedule":{"type":"string","description":"UNIX cron schedule to run job","description_kind":"plain","required":true},"timezone":{"type":"string","description":"Timezone for the cron schedule, in tz database format (e.g., 'Europe/Paris').","description_kind":"plain","required":true}},"description":"Cron expression","description_kind":"plain"},"max_items":1},"retry_policy":{"nesting_mode":"list","block":{"attributes":{"max_retries":{"type":"number","description":"The maximum number of retries upon job failure.","description_kind":"plain","optional":true}},"description":"Defines a retry policy for the job.","description_kind":"plain"},"max_items":1},"secret_reference":{"nesting_mode":"set","block":{"attributes":{"environment":{"type":"string","description":"An environment variable containing the secret value.","description_kind":"plain","optional":true},"file":{"type":"string","description":"The absolute file path where the secret will be mounted.","description_kind":"plain","optional":true},"secret_id":{"type":"string","description":"The secret unique identifier, it could be formatted as region/UUID or UUID. In case the region is passed, it must be the same as the job definition.","description_kind":"plain","required":true},"secret_reference_id":{"type":"string","description":"The secret reference UUID","description_kind":"plain","computed":true},"secret_version":{"type":"string","description":"The secret version.","description_kind":"plain","optional":true}},"description":"A reference to a Secret Manager secret.","description_kind":"plain"}}},"description_kind":"plain"}},"scaleway_k8s_acl":{"version":0,"block":{"attributes":{"cluster_id":{"type":"string","description":"Cluster on which the ACL should be applied","description_kind":"plain","required":true},"id":{"type":"string","description_kind":"plain","optional":true,"computed":true},"no_ip_allowed":{"type":"bool","description":"If true, no IP will be allowed and the cluster will be fully isolated","description_kind":"plain","optional":true},"region":{"type":"string","description":"The region you want to attach the resource to","description_kind":"plain","optional":true}},"block_types":{"acl_rules":{"nesting_mode":"set","block":{"attributes":{"description":{"type":"string","description":"The description of the ACL rule","description_kind":"plain","optional":true},"id":{"type":"string","description":"The ID of the ACL rule","description_kind":"plain","computed":true},"ip":{"type":"string","description":"The IP subnet to be allowed","description_kind":"plain","optional":true},"scaleway_ranges":{"type":"bool","description":"Allow access to cluster from all Scaleway ranges","description_kind":"plain","optional":true},"srn":{"type":"string","description":"The Scaleway Resource Name (SRN) of the ACL rule","description_kind":"plain","computed":true}},"description":"The list of network rules that manage inbound traffic","description_kind":"plain"}},"timeouts":{"nesting_mode":"single","block":{"attributes":{"create":{"type":"string","description_kind":"plain","optional":true},"default":{"type":"string","description_kind":"plain","optional":true},"delete":{"type":"string","description_kind":"plain","optional":true},"read":{"type":"string","description_kind":"plain","optional":true},"update":{"type":"string","description_kind":"plain","optional":true}},"description_kind":"plain"}}},"description":"The [`scaleway_k8s_cluster_acl`](https://registry.terraform.io/providers/scaleway/scaleway/latest/docs/resources/k8s_cluster_acl) resource allows you to create and manage Scaleway Kubernetes Cluster authorized IPs.\n\nRefer to the Kubernetes [documentation](https://www.scaleway.com/en/docs/compute/kubernetes/) and [API documentation](https://www.scaleway.com/en/developers/api/kubernetes/) for more information.\n\n~\u003e **Important:** When creating a Cluster, it comes with a default ACL rule allowing all ranges `0.0.0.0/0`.\nDefining custom ACLs with Terraform will overwrite this rule, but it will be recreated automatically when deleting the ACL resource.\n","description_kind":"plain"}},"scaleway_k8s_cluster":{"version":0,"block":{"attributes":{"admission_plugins":{"type":["list","string"],"description":"The list of admission plugins to enable on the cluster","description_kind":"plain","optional":true},"apiserver_cert_sans":{"type":["list","string"],"description":"Additional Subject Alternative Names for the Kubernetes API server certificate","description_kind":"plain","optional":true},"apiserver_url":{"type":"string","description":"Kubernetes API server URL","description_kind":"plain","computed":true},"cni":{"type":"string","description":"The CNI plugin of the cluster","description_kind":"plain","required":true},"created_at":{"type":"string","description":"The date and time of the creation of the Kubernetes cluster","description_kind":"plain","computed":true},"delete_additional_resources":{"type":"bool","description":"Delete additional resources like block volumes, load-balancers and the private network (if empty) on cluster deletion","description_kind":"plain","required":true},"description":{"type":"string","description":"The description of the cluster","description_kind":"plain","optional":true},"feature_gates":{"type":["list","string"],"description":"The list of feature gates to enable on the cluster","description_kind":"plain","optional":true},"id":{"type":"string","description_kind":"plain","optional":true,"computed":true},"kubeconfig":{"type":["list",["object",{"cluster_ca_certificate":"string","config_file":"string","host":"string","token":"string"}]],"description":"The kubeconfig configuration file of the Kubernetes cluster","description_kind":"plain","computed":true,"sensitive":true},"name":{"type":"string","description":"The name of the cluster","description_kind":"plain","required":true},"organization_id":{"type":"string","description":"The organization_id you want to attach the resource to","description_kind":"plain","computed":true},"pod_cidr":{"type":"string","description":"The subnet used for the Pod CIDR.","description_kind":"plain","optional":true,"computed":true},"private_network_id":{"type":"string","description":"The ID of the cluster's private network","description_kind":"plain","optional":true},"project_id":{"type":"string","description":"The project_id you want to attach the resource to","description_kind":"plain","optional":true,"computed":true},"region":{"type":"string","description":"The region you want to attach the resource to","description_kind":"plain","optional":true},"service_cidr":{"type":"string","description":"The subnet used for the Service CIDR.","description_kind":"plain","optional":true,"computed":true},"service_dns_ip":{"type":"string","description":"The IP used for the DNS Service.","description_kind":"plain","optional":true,"computed":true},"srn":{"type":"string","description":"The Scaleway Resource Name (SRN) of the cluster","description_kind":"plain","computed":true},"status":{"type":"string","description":"The status of the cluster","description_kind":"plain","computed":true},"tags":{"type":["list","string"],"description":"The tags associated with the cluster","description_kind":"plain","optional":true},"type":{"type":"string","description":"The type of cluster","description_kind":"plain","optional":true,"computed":true},"updated_at":{"type":"string","description":"The date and time of the last update of the Kubernetes cluster","description_kind":"plain","computed":true},"upgrade_available":{"type":"bool","description":"True if an upgrade is available","description_kind":"plain","computed":true},"upgrade_pools":{"type":"bool","description":"Whether the pools should be automatically upgraded alongside the cluster, or have to be upgraded separately.","description_kind":"plain","optional":true},"version":{"type":"string","description":"The version of the cluster","description_kind":"plain","required":true},"wildcard_dns":{"type":"string","description":"Wildcard DNS pointing to all the ready nodes","description_kind":"plain","computed":true}},"block_types":{"auto_upgrade":{"nesting_mode":"list","block":{"attributes":{"enable":{"type":"bool","description":"Enables the Kubernetes patch version auto upgrade","description_kind":"plain","required":true},"maintenance_window_day":{"type":"string","description":"Day of the maintenance window","description_kind":"plain","required":true},"maintenance_window_start_hour":{"type":"number","description":"Start hour of the 2-hour maintenance window","description_kind":"plain","required":true}},"description":"The auto upgrade configuration for the cluster","description_kind":"plain"},"max_items":1},"autoscaler_config":{"nesting_mode":"list","block":{"attributes":{"balance_similar_node_groups":{"type":"bool","description":"Detect similar node groups and balance the number of nodes between them","description_kind":"plain","optional":true},"disable_scale_down":{"type":"bool","description":"Disable the scale down feature of the autoscaler","description_kind":"plain","optional":true},"estimator":{"type":"string","description":"Type of resource estimator to be used in scale up","description_kind":"plain","optional":true},"expander":{"type":"string","description":"Type of node group expander to be used in scale up","description_kind":"plain","optional":true},"expendable_pods_priority_cutoff":{"type":"number","description":"Pods with priority below cutoff will be expendable. They can be killed without any consideration during scale down and they don't cause scale up. Pods with null priority (PodPriority disabled) are non expendable","description_kind":"plain","optional":true},"ignore_daemonsets_utilization":{"type":"bool","description":"Ignore DaemonSet pods when calculating resource utilization for scaling down","description_kind":"plain","optional":true},"log_level":{"type":"number","description":"Autoscaler logging level expressed from 0 to 4 (4 being the more verbose).","description_kind":"plain","optional":true,"computed":true},"max_graceful_termination_sec":{"type":"number","description":"Maximum number of seconds the cluster autoscaler waits for pod termination when trying to scale down a node","description_kind":"plain","optional":true},"scale_down_delay_after_add":{"type":"string","description":"How long after scale up that scale down evaluation resumes","description_kind":"plain","optional":true},"scale_down_unneeded_time":{"type":"string","description":"How long a node should be unneeded before it is eligible for scale down","description_kind":"plain","optional":true},"scale_down_utilization_threshold":{"type":"number","description":"Node utilization level, defined as sum of requested resources divided by capacity, below which a node can be considered for scale down","description_kind":"plain","optional":true},"skip_nodes_with_local_storage":{"type":"bool","description":"If true, the autoscaler will never delete nodes with pods with local storage, e.g. EmptyDir or HostPath.","description_kind":"plain","optional":true,"computed":true}},"description":"The autoscaler configuration for the cluster","description_kind":"plain"},"max_items":1},"open_id_connect_config":{"nesting_mode":"list","block":{"attributes":{"client_id":{"type":"string","description":"A client id that all tokens must be issued for","description_kind":"plain","required":true},"groups_claim":{"type":["list","string"],"description":"JWT claim to use as the user's group","description_kind":"plain","optional":true},"groups_prefix":{"type":"string","description":"Prefix prepended to group claims","description_kind":"plain","optional":true},"issuer_url":{"type":"string","description":"URL of the provider which allows the API server to discover public signing keys","description_kind":"plain","required":true},"required_claim":{"type":["list","string"],"description":"Multiple key=value pairs that describes a required claim in the ID Token","description_kind":"plain","optional":true},"username_claim":{"type":"string","description":"JWT claim to use as the user name","description_kind":"plain","optional":true},"username_prefix":{"type":"string","description":"Prefix prepended to username","description_kind":"plain","optional":true}},"description":"The OpenID Connect configuration of the cluster","description_kind":"plain"},"max_items":1},"timeouts":{"nesting_mode":"single","block":{"attributes":{"create":{"type":"string","description_kind":"plain","optional":true},"default":{"type":"string","description_kind":"plain","optional":true},"delete":{"type":"string","description_kind":"plain","optional":true},"read":{"type":"string","description_kind":"plain","optional":true},"update":{"type":"string","description_kind":"plain","optional":true}},"description_kind":"plain"}}},"description":"The [`scaleway_k8s_cluster`](https://registry.terraform.io/providers/scaleway/scaleway/latest/docs/resources/k8s_cluster) resource allows you to create and manage Scaleway Kubernetes clusters.\n\nRefer to the Kubernetes [documentation](https://www.scaleway.com/en/docs/compute/kubernetes/) and [API documentation](https://www.scaleway.com/en/developers/api/kubernetes/) for more information.\n","description_kind":"plain"}},"scaleway_k8s_pool":{"version":0,"block":{"attributes":{"autohealing":{"type":"bool","description":"Enable the autohealing on the pool","description_kind":"plain","optional":true},"autoscaling":{"type":"bool","description":"Enable the autoscaling on the pool","description_kind":"plain","optional":true},"cluster_id":{"type":"string","description":"The ID of the cluster on which this pool will be created","description_kind":"plain","required":true},"container_runtime":{"type":"string","description":"Container runtime for the pool","description_kind":"plain","optional":true},"created_at":{"type":"string","description":"The date and time of the creation of the pool","description_kind":"plain","computed":true},"current_size":{"type":"number","description":"The actual size of the pool","description_kind":"plain","computed":true},"id":{"type":"string","description_kind":"plain","optional":true,"computed":true},"kubelet_args":{"type":["map","string"],"description":"The Kubelet arguments to be used by this pool","description_kind":"plain","optional":true},"labels":{"type":["map","string"],"description":"Kubernetes labels applied and reconciled on the nodes.","description_kind":"plain","optional":true},"max_size":{"type":"number","description":"Maximum size of the pool","description_kind":"plain","optional":true,"computed":true},"min_size":{"type":"number","description":"Minimum size of the pool","description_kind":"plain","optional":true,"computed":true},"name":{"type":"string","description":"The name of the pool","description_kind":"plain","optional":true},"node_type":{"type":"string","description":"Server type of the pool servers","description_kind":"plain","required":true},"nodes":{"type":["list",["object",{"id":"string","name":"string","private_ips":["list",["object",{"address":"string","id":"string"}]],"public_ip":"string","public_ip_v6":"string","srn":"string","status":"string"}]],"description":"List of nodes in the pool","description_kind":"plain","computed":true},"placement_group_id":{"type":"string","description":"ID of the placement group","description_kind":"plain","optional":true},"public_ip_disabled":{"type":"bool","description":"Defines if the public IP should be removed from the nodes.","description_kind":"plain","optional":true},"region":{"type":"string","description":"The region you want to attach the resource to","description_kind":"plain","optional":true},"root_volume_size_in_gb":{"type":"number","description":"The size of the system volume of the nodes in gigabyte","description_kind":"plain","optional":true,"computed":true},"root_volume_type":{"type":"string","description":"System volume type of the nodes composing the pool","description_kind":"plain","optional":true,"computed":true},"security_group_id":{"type":"string","description":"The ID of the security group","description_kind":"plain","optional":true,"computed":true},"size":{"type":"number","description":"Size of the pool","description_kind":"plain","required":true},"srn":{"type":"string","description":"The Scaleway Resource Name (SRN) of the pool","description_kind":"plain","computed":true},"status":{"type":"string","description":"The status of the pool","description_kind":"plain","computed":true},"tags":{"type":["list","string"],"description":"The tags associated with the pool","description_kind":"plain","optional":true},"updated_at":{"type":"string","description":"The date and time of the last update of the pool","description_kind":"plain","computed":true},"version":{"type":"string","description":"The Kubernetes version of the pool","description_kind":"plain","optional":true,"computed":true},"wait_for_pool_ready":{"type":"bool","description":"Whether to wait for the pool to be ready","description_kind":"plain","optional":true},"zone":{"type":"string","description":"The zone you want to attach the resource to","description_kind":"plain","optional":true}},"block_types":{"startup_taints":{"nesting_mode":"set","block":{"attributes":{"effect":{"type":"string","description":"Effect of the taint","description_kind":"plain","required":true},"key":{"type":"string","description":"Key of the taint","description_kind":"plain","required":true},"value":{"type":"string","description":"Value of the taint","description_kind":"plain","required":true}},"description":"Kubernetes taints applied at node creation but not reconciled afterwards.","description_kind":"plain"}},"taints":{"nesting_mode":"set","block":{"attributes":{"effect":{"type":"string","description":"Effect of the taint","description_kind":"plain","required":true},"key":{"type":"string","description":"Key of the taint","description_kind":"plain","required":true},"value":{"type":"string","description":"Value of the taint","description_kind":"plain","required":true}},"description":"Kubernetes taints applied and reconciled on the nodes.","description_kind":"plain"}},"timeouts":{"nesting_mode":"single","block":{"attributes":{"create":{"type":"string","description_kind":"plain","optional":true},"default":{"type":"string","description_kind":"plain","optional":true},"update":{"type":"string","description_kind":"plain","optional":true}},"description_kind":"plain"}},"upgrade_policy":{"nesting_mode":"list","block":{"attributes":{"max_surge":{"type":"number","description":"The maximum number of nodes to be created during the upgrade","description_kind":"plain","optional":true},"max_unavailable":{"type":"number","description":"The maximum number of nodes that can be not ready at the same time","description_kind":"plain","optional":true}},"description":"The Pool upgrade policy","description_kind":"plain"},"max_items":1}},"description":"The [`scaleway_k8s_pool`](https://registry.terraform.io/providers/scaleway/scaleway/latest/docs/resources/k8s_pool) resource allows you to create and manage Scaleway Kubernetes cluster pools.\n\nRefer to the Kubernetes [documentation](https://www.scaleway.com/en/docs/compute/kubernetes/) and [API documentation](https://www.scaleway.com/en/developers/api/kubernetes/) for more information.\n","description_kind":"plain"}},"scaleway_kafka_cluster":{"version":0,"block":{"attributes":{"created_at":{"type":"string","description":"Date and time of cluster creation (RFC 3339 format)","description_kind":"plain","computed":true},"id":{"type":"string","description_kind":"plain","optional":true,"computed":true},"name":{"type":"string","description":"Name of the Kafka cluster","description_kind":"plain","required":true},"node_amount":{"type":"number","description":"Number of nodes in the cluster","description_kind":"plain","required":true},"node_type":{"type":"string","description":"Node type to use for the cluster","description_kind":"plain","required":true},"password":{"type":"string","description":"Password for the Kafka user","description_kind":"plain","optional":true,"sensitive":true},"project_id":{"type":"string","description":"The project_id you want to attach the resource to","description_kind":"plain","optional":true,"computed":true},"public_network":{"type":["list",["object",{"dns_records":["list","string"],"id":"string","port":"number"}]],"description":"Public endpoint configuration","description_kind":"plain","computed":true},"region":{"type":"string","description":"The region you want to attach the resource to","description_kind":"plain","optional":true},"status":{"type":"string","description":"The status of the cluster","description_kind":"plain","computed":true},"tags":{"type":["list","string"],"description":"List of tags to apply","description_kind":"plain","optional":true},"updated_at":{"type":"string","description":"Date and time of cluster last update (RFC 3339 format)","description_kind":"plain","computed":true},"user_name":{"type":"string","description":"Username for the Kafka user","description_kind":"plain","optional":true},"version":{"type":"string","description":"Kafka version to use","description_kind":"plain","required":true},"volume_size_in_gb":{"type":"number","description":"Volume size in GB","description_kind":"plain","required":true},"volume_type":{"type":"string","description":"Type of volume where data is stored","description_kind":"plain","required":true}},"block_types":{"private_network":{"nesting_mode":"list","block":{"attributes":{"dns_records":{"type":["list","string"],"description":"DNS records for the private endpoint","description_kind":"plain","computed":true},"id":{"type":"string","description":"The endpoint ID","description_kind":"plain","computed":true},"pn_id":{"type":"string","description":"The private network ID","description_kind":"plain","required":true},"port":{"type":"number","description":"TCP port number","description_kind":"plain","computed":true}},"description":"Private network to expose your Kafka cluster","description_kind":"plain"},"max_items":1},"timeouts":{"nesting_mode":"single","block":{"attributes":{"create":{"type":"string","description_kind":"plain","optional":true},"delete":{"type":"string","description_kind":"plain","optional":true},"read":{"type":"string","description_kind":"plain","optional":true},"update":{"type":"string","description_kind":"plain","optional":true}},"description_kind":"plain"}}},"description_kind":"plain"}},"scaleway_key_manager_key":{"version":0,"block":{"attributes":{"algorithm":{"type":"string","description":"Algorithm to use for the key. The valid algorithms depend on the usage type.","description_kind":"plain","required":true},"created_at":{"type":"string","description":"Key creation date.","description_kind":"plain","computed":true},"description":{"type":"string","description":"Description of the key.","description_kind":"plain","optional":true},"id":{"type":"string","description":"ID of the key.","description_kind":"plain","computed":true},"locked":{"type":"bool","description":"Returns true if the key is locked.","description_kind":"plain","computed":true},"name":{"type":"string","description":"Name of the key.","description_kind":"plain","optional":true},"origin":{"type":"string","description":"Origin of the key material. Possible values: scaleway_kms (Key Manager generates the key material), external (key material comes from an external source).","description_kind":"plain","optional":true},"project_id":{"type":"string","description":"The project_id you want to attach the resource to","description_kind":"plain","optional":true,"computed":true},"protected":{"type":"bool","description":"Returns true if key protection is applied to the key.","description_kind":"plain","computed":true},"region":{"type":"string","description":"The region you want to attach the resource to","description_kind":"plain","optional":true},"rotated_at":{"type":"string","description":"Key last rotation date.","description_kind":"plain","computed":true},"rotation_count":{"type":"number","description":"The rotation count tracks the number of times the key has been rotated.","description_kind":"plain","computed":true},"srn":{"type":"string","description":"The Scaleway Resource Name (SRN) of the key","description_kind":"plain","computed":true},"state":{"type":"string","description":"State of the key. See the Key.State enum for possible values.","description_kind":"plain","computed":true},"tags":{"type":["list","string"],"description":"List of the key's tags.","description_kind":"plain","optional":true},"unprotected":{"type":"bool","description":"If true, the key is not protected against deletion.","description_kind":"plain","optional":true},"updated_at":{"type":"string","description":"Key last modification date.","description_kind":"plain","computed":true},"usage":{"type":"string","description":"Key usage type. Possible values: symmetric_encryption, asymmetric_encryption, asymmetric_signing.","description_kind":"plain","required":true}},"block_types":{"rotation_policy":{"nesting_mode":"list","block":{"attributes":{"next_rotation_at":{"type":"string","description":"Timestamp indicating the next scheduled rotation. Computed from rotation_period if not set.","description_kind":"plain","optional":true,"computed":true},"rotation_period":{"type":"string","description":"Time interval between two key rotations. The minimum duration is 24 hours and the maximum duration is 1 year (876000 hours).","description_kind":"plain","required":true}},"description":"Key rotation policy.","description_kind":"plain"},"max_items":1}},"description_kind":"plain"}},"scaleway_key_manager_key_material":{"version":0,"block":{"attributes":{"id":{"type":"string","description":"The ID of the key material resource (same as key_id).","description_kind":"markdown","computed":true},"key_id":{"type":"string","description":"ID of the key to import key material into. The key's origin must be external (UUID format). Can be a plain UUID or a regional ID.","description_kind":"markdown","required":true},"key_material":{"type":"string","description":"The key material to import. The key material is a random sequence of bytes used to derive a cryptographic key. Can be provided as raw bytes or a base64-encoded string (the provider will automatically normalize the input).","description_kind":"markdown","optional":true,"sensitive":true},"key_material_wo":{"type":"string","description":"The key material to import in write-only mode. The key material is a random sequence of bytes used to derive a cryptographic key. Can be provided as raw bytes or a base64-encoded string (the provider will automatically normalize the input). The key material will not be stored in the Terraform state.","description_kind":"markdown","optional":true,"write_only":true},"key_material_wo_version":{"type":"number","description":"Version number to track changes to the write-only key material. Increment this value to trigger resource recreation. Required when using 'key_material_wo'.","description_kind":"markdown","optional":true},"key_state":{"type":"string","description":"The current state of the key (enabled, disabled, pending_key_material).","description_kind":"markdown","computed":true},"origin":{"type":"string","description":"The origin of the key (should be 'external').","description_kind":"markdown","computed":true},"region":{"type":"string","description":"Region of the key. If not set, the region is derived from the key_id when possible or from the provider configuration.","description_kind":"markdown","optional":true,"computed":true},"salt":{"type":"string","description":"Optional salt for key derivation. A salt is random data added to key material to ensure unique derived keys, even if the input is similar. It helps strengthen security when the key material has low randomness (low entropy). Can be provided as raw bytes or a base64-encoded string (the provider will automatically normalize the input).","description_kind":"markdown","optional":true,"sensitive":true},"salt_wo":{"type":"string","description":"Optional salt for key derivation in write-only mode. A salt is random data added to key material to ensure unique derived keys. Can be provided as raw bytes or a base64-encoded string (the provider will automatically normalize the input). The salt will not be stored in the Terraform state.","description_kind":"markdown","optional":true,"write_only":true},"salt_wo_version":{"type":"number","description":"Version number to track changes to the write-only salt. Increment this value to recreate the resource with new salt. Required when using 'salt_wo'.","description_kind":"markdown","optional":true}},"description":"Import externally generated key material into Key Manager to derive a new cryptographic key. The key's origin must be external.\n\n-\u003e **Security Best Practice:**\nFor enhanced security, we recommend using the [`key_material_wo`](https://registry.terraform.io/providers/scaleway/scaleway/latest/docs/guides/using-write-only-arguments) and [`salt_wo`](https://registry.terraform.io/providers/scaleway/scaleway/latest/docs/guides/using-write-only-arguments) write-only arguments instead of the regular `key_material` and `salt` arguments. This ensures your sensitive cryptographic material is never stored in Terraform state files, providing superior protection against accidental exposure. Write-Only arguments are supported in Terraform 1.11.0 and later.\n\n-\u003e **Note:** When using write-only arguments (`key_material_wo` and `salt_wo`), you must also provide the corresponding version fields (`key_material_wo_version` and `salt_wo_version`) to enable proper resource lifecycle management.\n","description_kind":"markdown"}},"scaleway_lb":{"version":1,"block":{"attributes":{"assign_flexible_ip":{"type":"bool","description":"Defines whether to automatically assign a flexible public IP to the load balancer","description_kind":"plain","optional":true},"assign_flexible_ipv6":{"type":"bool","description":"Defines whether to automatically assign a flexible public IPv6 to the load balancer","description_kind":"plain","optional":true},"description":{"type":"string","description":"The description of the lb","description_kind":"plain","optional":true},"external_private_networks":{"type":"bool","description":"This boolean determines if private network attachments should be managed externally through the `scaleway_lb_private_network` resource. When set, `private_network` must not be configured in this resource","description_kind":"plain","optional":true},"id":{"type":"string","description_kind":"plain","optional":true,"computed":true},"ip_address":{"type":"string","description":"The load-balance public IPv4 address","description_kind":"plain","computed":true},"ip_id":{"type":"string","description":"The load-balance public IP ID","description_kind":"plain","deprecated":true,"optional":true,"computed":true},"ip_ids":{"type":["list","string"],"description":"List of IP IDs to attach to the Load Balancer","description_kind":"plain","optional":true,"computed":true},"ipv6_address":{"type":"string","description":"The load-balance public IPv6 address","description_kind":"plain","computed":true},"name":{"type":"string","description":"Name of the lb","description_kind":"plain","optional":true,"computed":true},"organization_id":{"type":"string","description":"The organization_id you want to attach the resource to","description_kind":"plain","computed":true},"private_ips":{"type":["list",["object",{"address":"string","id":"string"}]],"description":"List of private IPv4 and IPv6 addresses associated with the resource","description_kind":"plain","computed":true},"project_id":{"type":"string","description":"The project_id you want to attach the resource to","description_kind":"plain","optional":true,"computed":true},"region":{"type":"string","description":"The region of the resource","description_kind":"plain","computed":true},"release_ip":{"type":"bool","description":"Release the IPs related to this load-balancer","description_kind":"plain","deprecated":true,"optional":true},"ssl_compatibility_level":{"type":"string","description":"Enforces minimal SSL version (in SSL/TLS offloading context)","description_kind":"plain","optional":true},"tags":{"type":["list","string"],"description":"Array of tags to associate with the load-balancer","description_kind":"plain","optional":true},"type":{"type":"string","description":"The type of load-balancer you want to create","description_kind":"plain","required":true},"zone":{"type":"string","description":"The zone you want to attach the resource to","description_kind":"plain","optional":true}},"block_types":{"private_network":{"nesting_mode":"set","block":{"attributes":{"dhcp_config":{"type":"bool","description":"Set to true if you want to let DHCP assign IP addresses","description_kind":"plain","deprecated":true,"computed":true},"ipam_ids":{"type":["list","string"],"description":"IPAM ID of a pre-reserved IP address to assign to the Load Balancer on this Private Network","description_kind":"plain","optional":true,"computed":true},"private_network_id":{"type":"string","description":"The Private Network ID","description_kind":"plain","required":true},"static_config":{"type":["list","string"],"description":"Define an IP address in the subnet of your private network that will be assigned to your load balancer instance","description_kind":"plain","deprecated":true,"computed":true},"status":{"type":"string","description":"The status of private network connection","description_kind":"plain","computed":true},"zone":{"type":"string","description":"Zone","description_kind":"plain","computed":true}},"description":"List of private network to connect with your load balancer","description_kind":"plain"},"max_items":8},"timeouts":{"nesting_mode":"single","block":{"attributes":{"create":{"type":"string","description_kind":"plain","optional":true},"default":{"type":"string","description_kind":"plain","optional":true},"delete":{"type":"string","description_kind":"plain","optional":true},"read":{"type":"string","description_kind":"plain","optional":true},"update":{"type":"string","description_kind":"plain","optional":true}},"description_kind":"plain"}}},"description_kind":"plain"}},"scaleway_lb_acl":{"version":1,"block":{"attributes":{"created_at":{"type":"string","description":"IsDate and time of ACL's creation (RFC 3339 format)","description_kind":"plain","computed":true},"description":{"type":"string","description":"Description of the ACL","description_kind":"plain","optional":true},"frontend_id":{"type":"string","description":"The frontend ID on which the ACL is applied","description_kind":"plain","required":true},"id":{"type":"string","description_kind":"plain","optional":true,"computed":true},"index":{"type":"number","description":"The priority of the ACL. (ACLs are applied in ascending order, 0 is the first ACL executed)","description_kind":"plain","required":true},"name":{"type":"string","description":"The ACL name","description_kind":"plain","optional":true,"computed":true},"updated_at":{"type":"string","description":"IsDate and time of ACL's update (RFC 3339 format)","description_kind":"plain","computed":true}},"block_types":{"action":{"nesting_mode":"list","block":{"attributes":{"type":{"type":"string","description":"The action type","description_kind":"plain","required":true}},"block_types":{"redirect":{"nesting_mode":"list","block":{"attributes":{"code":{"type":"number","description":"The HTTP redirect code to use","description_kind":"plain","optional":true},"target":{"type":"string","description":"An URL can be used in case of a location redirect ","description_kind":"plain","optional":true},"type":{"type":"string","description":"The redirect type","description_kind":"plain","optional":true}},"description":"Redirect parameters when using an ACL with `redirect` action","description_kind":"plain"}}},"description":"Action to undertake when an ACL filter matches","description_kind":"plain"},"min_items":1,"max_items":1},"match":{"nesting_mode":"list","block":{"attributes":{"http_filter":{"type":"string","description":"The HTTP filter to match","description_kind":"plain","optional":true},"http_filter_option":{"type":"string","description":"You can use this field with http_header_match acl type to set the header name to filter","description_kind":"plain","optional":true},"http_filter_value":{"type":["list","string"],"description":"A list of possible values to match for the given HTTP filter","description_kind":"plain","optional":true},"invert":{"type":"bool","description":"If set to true, the condition will be of type \"unless\"","description_kind":"plain","optional":true},"ip_subnet":{"type":["list","string"],"description":"A list of IPs or CIDR v4/v6 addresses of the client of the session to match","description_kind":"plain","optional":true},"ips_edge_services":{"type":"bool","description":"Defines whether Edge Services IPs should be matched","description_kind":"plain","optional":true}},"description":"The ACL match rule","description_kind":"plain"},"max_items":1},"timeouts":{"nesting_mode":"single","block":{"attributes":{"default":{"type":"string","description_kind":"plain","optional":true}},"description_kind":"plain"}}},"description_kind":"plain"}},"scaleway_lb_backend":{"version":1,"block":{"attributes":{"failover_host":{"type":"string","description":"Scaleway S3 bucket website to be served in case all backend servers are down\n\n**NOTE** : Only the host part of the Scaleway S3 bucket website is expected.\nE.g. 'failover-website.s3-website.fr-par.scw.cloud' if your bucket website URL is 'https://failover-website.s3-website.fr-par.scw.cloud/'.","description_kind":"plain","optional":true},"forward_port":{"type":"number","description":"User sessions will be forwarded to this port of backend servers","description_kind":"plain","required":true},"forward_port_algorithm":{"type":"string","description":"Load balancing algorithm","description_kind":"plain","optional":true},"forward_protocol":{"type":"string","description":"Backend protocol","description_kind":"plain","required":true},"health_check_delay":{"type":"string","description":"Interval between two HC requests","description_kind":"plain","optional":true},"health_check_max_retries":{"type":"number","description":"Number of allowed failed HC requests before the backend server is marked down","description_kind":"plain","optional":true},"health_check_port":{"type":"number","description":"Port the HC requests will be send to. Default to `forward_port`","description_kind":"plain","optional":true,"computed":true},"health_check_send_proxy":{"type":"bool","description":"Defines whether proxy protocol should be activated for the health check","description_kind":"plain","optional":true},"health_check_timeout":{"type":"string","description":"Timeout before we consider a HC request failed","description_kind":"plain","optional":true},"health_check_transient_delay":{"type":"string","description":"Time to wait between two consecutive health checks when a backend server is in a transient state (going UP or DOWN)","description_kind":"plain","optional":true},"id":{"type":"string","description_kind":"plain","optional":true,"computed":true},"ignore_ssl_server_verify":{"type":"bool","description":"Specifies whether the Load Balancer should check the backend server’s certificate before initiating a connection","description_kind":"plain","optional":true},"lb_id":{"type":"string","description":"The load-balancer ID","description_kind":"plain","required":true},"max_connections":{"type":"number","description":"Maximum number of connections allowed per backend server","description_kind":"plain","optional":true},"max_retries":{"type":"number","description":"Number of retries when a backend server connection failed","description_kind":"plain","optional":true},"name":{"type":"string","description":"The name of the backend","description_kind":"plain","optional":true,"computed":true},"on_marked_down_action":{"type":"string","description":"Modify what occurs when a backend server is marked down","description_kind":"plain","optional":true},"proxy_protocol":{"type":"string","description":"Type of PROXY protocol to enable","description_kind":"plain","optional":true},"redispatch_attempt_count":{"type":"number","description":"Whether to use another backend server on each attempt","description_kind":"plain","optional":true},"send_proxy_v2":{"type":"bool","description":"Enables PROXY protocol version 2","description_kind":"plain","deprecated":true,"optional":true,"computed":true},"server_ips":{"type":["list","string"],"description":"Backend server IP addresses list (IPv4 or IPv6)","description_kind":"plain","optional":true},"ssl_bridging":{"type":"bool","description":"Enables SSL between load balancer and backend servers","description_kind":"plain","optional":true},"sticky_sessions":{"type":"string","description":"The type of sticky sessions","description_kind":"plain","optional":true},"sticky_sessions_cookie_name":{"type":"string","description":"Cookie name for sticky sessions","description_kind":"plain","optional":true},"timeout_connect":{"type":"string","description":"Maximum initial server connection establishment time","description_kind":"plain","optional":true},"timeout_queue":{"type":"string","description":"Maximum time (in seconds) for a request to be left pending in queue when `max_connections` is reached","description_kind":"plain","optional":true},"timeout_server":{"type":"string","description":"Maximum server connection inactivity time","description_kind":"plain","optional":true},"timeout_tunnel":{"type":"string","description":"Maximum tunnel inactivity time","description_kind":"plain","optional":true}},"block_types":{"health_check_http":{"nesting_mode":"list","block":{"attributes":{"code":{"type":"number","description":"The expected HTTP status code","description_kind":"plain","optional":true},"host_header":{"type":"string","description":"The HTTP host header to use for HC requests","description_kind":"plain","optional":true},"method":{"type":"string","description":"The HTTP method to use for HC requests","description_kind":"plain","optional":true},"uri":{"type":"string","description":"The HTTP endpoint URL to call for HC requests","description_kind":"plain","required":true}},"description":"HTTP Health check","description_kind":"plain"},"max_items":1},"health_check_https":{"nesting_mode":"list","block":{"attributes":{"code":{"type":"number","description":"The expected HTTP status code","description_kind":"plain","optional":true},"host_header":{"type":"string","description":"The HTTP host header to use for HC requests","description_kind":"plain","optional":true},"method":{"type":"string","description":"The HTTP method to use for HC requests","description_kind":"plain","optional":true},"sni":{"type":"string","description":"The SNI to use for HC requests over SSL","description_kind":"plain","optional":true},"uri":{"type":"string","description":"The HTTPS endpoint URL to call for HC requests","description_kind":"plain","required":true}},"description":"HTTPS Health check","description_kind":"plain"},"max_items":1},"health_check_tcp":{"nesting_mode":"list","block":{"description":"TCP Health check","description_kind":"plain"},"max_items":1},"timeouts":{"nesting_mode":"single","block":{"attributes":{"create":{"type":"string","description_kind":"plain","optional":true},"default":{"type":"string","description_kind":"plain","optional":true},"delete":{"type":"string","description_kind":"plain","optional":true},"read":{"type":"string","description_kind":"plain","optional":true},"update":{"type":"string","description_kind":"plain","optional":true}},"description_kind":"plain"}}},"description_kind":"plain"}},"scaleway_lb_certificate":{"version":1,"block":{"attributes":{"common_name":{"type":"string","description":"The main domain name of the certificate","description_kind":"plain","computed":true},"fingerprint":{"type":"string","description":"The identifier (SHA-1) of the certificate","description_kind":"plain","computed":true},"id":{"type":"string","description_kind":"plain","optional":true,"computed":true},"lb_id":{"type":"string","description":"The load-balancer ID","description_kind":"plain","required":true},"name":{"type":"string","description":"The name of the load-balancer certificate","description_kind":"plain","optional":true,"computed":true},"not_valid_after":{"type":"string","description":"The not valid after validity bound timestamp","description_kind":"plain","computed":true},"not_valid_before":{"type":"string","description":"The not valid before validity bound timestamp","description_kind":"plain","computed":true},"status":{"type":"string","description":"The status of certificate","description_kind":"plain","computed":true},"subject_alternative_name":{"type":["list","string"],"description":"The alternative domain names of the certificate","description_kind":"plain","computed":true}},"block_types":{"custom_certificate":{"nesting_mode":"list","block":{"attributes":{"certificate_chain":{"type":"string","description":"The full PEM-formatted certificate chain","description_kind":"plain","required":true,"sensitive":true}},"description":"The custom type certificate type configuration","description_kind":"plain"},"max_items":1},"letsencrypt":{"nesting_mode":"list","block":{"attributes":{"common_name":{"type":"string","description":"The main domain name of the certificate","description_kind":"plain","required":true},"subject_alternative_name":{"type":["list","string"],"description":"The alternative domain names of the certificate","description_kind":"plain","optional":true}},"description":"The Let's Encrypt type certificate configuration","description_kind":"plain"},"max_items":1},"timeouts":{"nesting_mode":"single","block":{"attributes":{"create":{"type":"string","description_kind":"plain","optional":true},"default":{"type":"string","description_kind":"plain","optional":true},"delete":{"type":"string","description_kind":"plain","optional":true},"read":{"type":"string","description_kind":"plain","optional":true},"update":{"type":"string","description_kind":"plain","optional":true}},"description_kind":"plain"}}},"description_kind":"plain"}},"scaleway_lb_frontend":{"version":1,"block":{"attributes":{"backend_id":{"type":"string","description":"The load-balancer backend ID","description_kind":"plain","required":true},"certificate_id":{"type":"string","description":"Certificate ID","description_kind":"plain","deprecated":true,"computed":true},"certificate_ids":{"type":["list","string"],"description":"Collection of Certificate IDs related to the load balancer and domain","description_kind":"plain","optional":true},"connection_rate_limit":{"type":"number","description":"Rate limit for new connections established on this frontend. Use 0 value to disable, else value is connections per second","description_kind":"plain","optional":true},"created_at":{"type":"string","description":"The date and time of the creation of the frontend","description_kind":"plain","computed":true},"enable_access_logs":{"type":"bool","description":"Defines whether to enable access logs on the frontend","description_kind":"plain","optional":true},"enable_http3":{"type":"bool","description":"Activates HTTP/3 protocol","description_kind":"plain","optional":true},"external_acls":{"type":"bool","description":"This boolean determines if ACLs should be managed externally through the 'lb_acl' resource. If set to `true`, `acl` attribute cannot be set directly in the lb frontend","description_kind":"plain","optional":true},"id":{"type":"string","description_kind":"plain","optional":true,"computed":true},"inbound_port":{"type":"number","description":"TCP port to listen on the front side","description_kind":"plain","required":true},"lb_id":{"type":"string","description":"The load-balancer ID","description_kind":"plain","required":true},"name":{"type":"string","description":"The name of the frontend","description_kind":"plain","optional":true,"computed":true},"timeout_client":{"type":"string","description":"Set the maximum inactivity time on the client side","description_kind":"plain","optional":true},"updated_at":{"type":"string","description":"The date and time of the last update of the frontend","description_kind":"plain","computed":true}},"block_types":{"acl":{"nesting_mode":"list","block":{"attributes":{"created_at":{"type":"string","description":"IsDate and time of ACL's creation (RFC 3339 format)","description_kind":"plain","computed":true},"description":{"type":"string","description":"Description of the ACL","description_kind":"plain","optional":true},"name":{"type":"string","description":"The ACL name","description_kind":"plain","optional":true,"computed":true},"updated_at":{"type":"string","description":"IsDate and time of ACL's update (RFC 3339 format)","description_kind":"plain","computed":true}},"block_types":{"action":{"nesting_mode":"list","block":{"attributes":{"type":{"type":"string","description":"The action type","description_kind":"plain","required":true}},"block_types":{"redirect":{"nesting_mode":"list","block":{"attributes":{"code":{"type":"number","description":"The HTTP redirect code to use","description_kind":"plain","optional":true},"target":{"type":"string","description":"An URL can be used in case of a location redirect ","description_kind":"plain","optional":true},"type":{"type":"string","description":"The redirect type","description_kind":"plain","optional":true}},"description":"Redirect parameters when using an ACL with `redirect` action","description_kind":"plain"}}},"description":"Action to undertake when an ACL filter matches","description_kind":"plain"},"min_items":1,"max_items":1},"match":{"nesting_mode":"list","block":{"attributes":{"http_filter":{"type":"string","description":"The HTTP filter to match","description_kind":"plain","optional":true},"http_filter_option":{"type":"string","description":"You can use this field with http_header_match acl type to set the header name to filter","description_kind":"plain","optional":true},"http_filter_value":{"type":["list","string"],"description":"A list of possible values to match for the given HTTP filter","description_kind":"plain","optional":true},"invert":{"type":"bool","description":"If set to true, the condition will be of type \"unless\"","description_kind":"plain","optional":true},"ip_subnet":{"type":["list","string"],"description":"A list of IPs or CIDR v4/v6 addresses of the client of the session to match","description_kind":"plain","optional":true},"ips_edge_services":{"type":"bool","description":"Defines whether Edge Services IPs should be matched","description_kind":"plain","optional":true}},"description":"The ACL match rule","description_kind":"plain"},"min_items":1,"max_items":1}},"description":"ACL rules","description_kind":"plain"}},"timeouts":{"nesting_mode":"single","block":{"attributes":{"create":{"type":"string","description_kind":"plain","optional":true},"default":{"type":"string","description_kind":"plain","optional":true},"delete":{"type":"string","description_kind":"plain","optional":true},"update":{"type":"string","description_kind":"plain","optional":true}},"description_kind":"plain"}}},"description_kind":"plain"}},"scaleway_lb_ip":{"version":1,"block":{"attributes":{"id":{"type":"string","description_kind":"plain","optional":true,"computed":true},"ip_address":{"type":"string","description":"The load-balancer public IP address","description_kind":"plain","computed":true},"is_ipv6":{"type":"bool","description":"If true, creates a Flexible IP with an IPv6 address","description_kind":"plain","optional":true},"lb_id":{"type":"string","description":"The ID of the load balancer attached to this IP, if any","description_kind":"plain","computed":true},"organization_id":{"type":"string","description":"The organization_id you want to attach the resource to","description_kind":"plain","computed":true},"project_id":{"type":"string","description":"The project_id you want to attach the resource to","description_kind":"plain","optional":true,"computed":true},"region":{"type":"string","description":"The region of the resource","description_kind":"plain","computed":true},"reverse":{"type":"string","description":"The reverse domain name for this IP","description_kind":"plain","optional":true,"computed":true},"tags":{"type":["list","string"],"description":"The tags associated with the flexible IP","description_kind":"plain","optional":true},"zone":{"type":"string","description":"The zone you want to attach the resource to","description_kind":"plain","optional":true}},"block_types":{"timeouts":{"nesting_mode":"single","block":{"attributes":{"default":{"type":"string","description_kind":"plain","optional":true},"delete":{"type":"string","description_kind":"plain","optional":true},"read":{"type":"string","description_kind":"plain","optional":true},"update":{"type":"string","description_kind":"plain","optional":true}},"description_kind":"plain"}}},"description_kind":"plain"}},"scaleway_lb_private_network":{"version":0,"block":{"attributes":{"created_at":{"type":"string","description":"The date and time of the creation of the private network connection","description_kind":"plain","computed":true},"id":{"type":"string","description_kind":"plain","optional":true,"computed":true},"ipam_ip_ids":{"type":["list","string"],"description":"IPAM ID of a pre-reserved IP address to assign to the Load Balancer on this Private Network","description_kind":"plain","optional":true,"computed":true},"lb_id":{"type":"string","description":"The load-balancer ID to attach the private network to","description_kind":"plain","required":true},"private_network_id":{"type":"string","description":"The private network ID to attach","description_kind":"plain","required":true},"project_id":{"type":"string","description":"The project_id you want to attach the resource to","description_kind":"plain","optional":true,"computed":true},"status":{"type":"string","description":"The status of private network connection","description_kind":"plain","computed":true},"updated_at":{"type":"string","description":"The date and time of the last update of the private network connection","description_kind":"plain","computed":true},"zone":{"type":"string","description":"The zone you want to attach the resource to","description_kind":"plain","optional":true}},"block_types":{"timeouts":{"nesting_mode":"single","block":{"attributes":{"default":{"type":"string","description_kind":"plain","optional":true},"delete":{"type":"string","description_kind":"plain","optional":true},"read":{"type":"string","description_kind":"plain","optional":true}},"description_kind":"plain"}}},"description_kind":"plain"}},"scaleway_lb_route":{"version":1,"block":{"attributes":{"backend_id":{"type":"string","description":"The backend ID destination of redirection","description_kind":"plain","required":true},"created_at":{"type":"string","description":"The date at which the route was created (RFC 3339 format)","description_kind":"plain","computed":true},"frontend_id":{"type":"string","description":"The frontend ID origin of redirection","description_kind":"plain","required":true},"id":{"type":"string","description_kind":"plain","optional":true,"computed":true},"match_host_header":{"type":"string","description":"Specifies the host of the server to which the request is being sent","description_kind":"plain","optional":true},"match_path_begin":{"type":"string","description":"Value to match in the URL beginning path from an incoming request","description_kind":"plain","optional":true},"match_sni":{"type":"string","description":"Server Name Indication TLS extension field from an incoming connection made via an SSL/TLS transport layer","description_kind":"plain","optional":true},"match_subdomains":{"type":"bool","description":"If true, all subdomains will match","description_kind":"plain","optional":true},"updated_at":{"type":"string","description":"The date at which the route was last updated (RFC 3339 format)","description_kind":"plain","computed":true}},"block_types":{"timeouts":{"nesting_mode":"single","block":{"attributes":{"default":{"type":"string","description_kind":"plain","optional":true}},"description_kind":"plain"}}},"description_kind":"plain"}},"scaleway_mnq_nats_account":{"version":0,"block":{"attributes":{"endpoint":{"type":"string","description":"The endpoint for interact with Nats","description_kind":"plain","computed":true},"id":{"type":"string","description_kind":"plain","optional":true,"computed":true},"name":{"type":"string","description":"The nats account name","description_kind":"plain","optional":true,"computed":true},"project_id":{"type":"string","description":"The project_id you want to attach the resource to","description_kind":"plain","optional":true,"computed":true},"region":{"type":"string","description":"The region you want to attach the resource to","description_kind":"plain","optional":true}},"description_kind":"plain"}},"scaleway_mnq_nats_credentials":{"version":0,"block":{"attributes":{"account_id":{"type":"string","description":"ID of the nats account","description_kind":"plain","required":true},"file":{"type":"string","description":"The credentials file","description_kind":"plain","computed":true,"sensitive":true},"id":{"type":"string","description_kind":"plain","optional":true,"computed":true},"name":{"type":"string","description":"The nats credentials name","description_kind":"plain","optional":true,"computed":true},"region":{"type":"string","description":"The region you want to attach the resource to","description_kind":"plain","optional":true}},"description_kind":"plain"}},"scaleway_mnq_sns":{"version":0,"block":{"attributes":{"endpoint":{"type":"string","description":"Endpoint of the SNS service","description_kind":"plain","computed":true},"id":{"type":"string","description_kind":"plain","optional":true,"computed":true},"project_id":{"type":"string","description":"The project_id you want to attach the resource to","description_kind":"plain","optional":true,"computed":true},"region":{"type":"string","description":"The region you want to attach the resource to","description_kind":"plain","optional":true}},"description_kind":"plain"}},"scaleway_mnq_sns_credentials":{"version":0,"block":{"attributes":{"access_key":{"type":"string","description":"SNS credentials access key","description_kind":"plain","computed":true,"sensitive":true},"id":{"type":"string","description_kind":"plain","optional":true,"computed":true},"name":{"type":"string","description":"The credentials name","description_kind":"plain","optional":true,"computed":true},"project_id":{"type":"string","description":"The project_id you want to attach the resource to","description_kind":"plain","optional":true,"computed":true},"region":{"type":"string","description":"The region you want to attach the resource to","description_kind":"plain","optional":true},"secret_key":{"type":"string","description":"SNS credentials secret key","description_kind":"plain","computed":true,"sensitive":true}},"block_types":{"permissions":{"nesting_mode":"list","block":{"attributes":{"can_manage":{"type":"bool","description":"Allow manage the associated resource","description_kind":"plain","optional":true,"computed":true},"can_publish":{"type":"bool","description":"Allow publish messages to the service","description_kind":"plain","optional":true,"computed":true},"can_receive":{"type":"bool","description":"Allow receive messages from the service","description_kind":"plain","optional":true,"computed":true}},"description":"The permissions attached to the credentials","description_kind":"plain"},"max_items":1}},"description_kind":"plain"}},"scaleway_mnq_sns_topic":{"version":0,"block":{"attributes":{"access_key":{"type":"string","description":"SNS access key","description_kind":"plain","required":true,"sensitive":true},"arn":{"type":"string","description":"ARN of the topic, should have format 'arn:scw:sns:project-${project_id}:${topic_name}'","description_kind":"plain","computed":true},"content_based_deduplication":{"type":"bool","description":"Specifies whether to enable content-based deduplication.","description_kind":"plain","optional":true,"computed":true},"fifo_topic":{"type":"bool","description":"Whether the topic is a FIFO topic. If true, the topic name must end with .fifo","description_kind":"plain","optional":true,"computed":true},"id":{"type":"string","description_kind":"plain","optional":true,"computed":true},"name":{"type":"string","description":"Name of the SNS Topic.","description_kind":"plain","optional":true,"computed":true},"name_prefix":{"type":"string","description":"Creates a unique name beginning with the specified prefix.","description_kind":"plain","optional":true,"computed":true},"owner":{"type":"string","description":"Owner of the SNS topic, should have format 'project-${project_id}'","description_kind":"plain","computed":true},"project_id":{"type":"string","description":"The project_id you want to attach the resource to","description_kind":"plain","optional":true,"computed":true},"region":{"type":"string","description":"The region you want to attach the resource to","description_kind":"plain","optional":true},"secret_key":{"type":"string","description":"SNS secret key","description_kind":"plain","required":true,"sensitive":true},"sns_endpoint":{"type":"string","description":"SNS endpoint","description_kind":"plain","optional":true}},"description_kind":"plain"}},"scaleway_mnq_sns_topic_subscription":{"version":0,"block":{"attributes":{"access_key":{"type":"string","description":"SNS access key","description_kind":"plain","required":true,"sensitive":true},"arn":{"type":"string","description":"ARN of the topic, should have format 'arn:scw:sns:project-${project_id}:${topic_name}:${subscription_id}'","description_kind":"plain","computed":true},"endpoint":{"type":"string","description":"Endpoint of the subscription","description_kind":"plain","optional":true},"id":{"type":"string","description_kind":"plain","optional":true,"computed":true},"project_id":{"type":"string","description":"The project_id you want to attach the resource to","description_kind":"plain","optional":true,"computed":true},"protocol":{"type":"string","description":"Protocol of the SNS Topic Subscription.","description_kind":"plain","required":true},"redrive_policy":{"type":"bool","description":"JSON Redrive policy","description_kind":"plain","optional":true,"computed":true},"region":{"type":"string","description":"The region you want to attach the resource to","description_kind":"plain","optional":true},"secret_key":{"type":"string","description":"SNS secret key","description_kind":"plain","required":true,"sensitive":true},"sns_endpoint":{"type":"string","description":"SNS endpoint","description_kind":"plain","optional":true},"topic_arn":{"type":"string","description":"ARN of the topic","description_kind":"plain","optional":true},"topic_id":{"type":"string","description":"ID of the topic","description_kind":"plain","optional":true}},"description_kind":"plain"}},"scaleway_mnq_sqs":{"version":0,"block":{"attributes":{"endpoint":{"type":"string","description":"Endpoint of the SQS service","description_kind":"plain","computed":true},"id":{"type":"string","description_kind":"plain","optional":true,"computed":true},"project_id":{"type":"string","description":"The project_id you want to attach the resource to","description_kind":"plain","optional":true,"computed":true},"region":{"type":"string","description":"The region you want to attach the resource to","description_kind":"plain","optional":true}},"description_kind":"plain"}},"scaleway_mnq_sqs_credentials":{"version":0,"block":{"attributes":{"access_key":{"type":"string","description":"SQS credentials access key","description_kind":"plain","computed":true,"sensitive":true},"id":{"type":"string","description_kind":"plain","optional":true,"computed":true},"name":{"type":"string","description":"The credentials name","description_kind":"plain","optional":true,"computed":true},"project_id":{"type":"string","description":"The project_id you want to attach the resource to","description_kind":"plain","optional":true,"computed":true},"region":{"type":"string","description":"The region you want to attach the resource to","description_kind":"plain","optional":true},"secret_key":{"type":"string","description":"SQS credentials secret key","description_kind":"plain","computed":true,"sensitive":true}},"block_types":{"permissions":{"nesting_mode":"list","block":{"attributes":{"can_manage":{"type":"bool","description":"Allow manage the associated resource","description_kind":"plain","optional":true,"computed":true},"can_publish":{"type":"bool","description":"Allow publish messages to the service","description_kind":"plain","optional":true,"computed":true},"can_receive":{"type":"bool","description":"Allow receive messages from the service","description_kind":"plain","optional":true,"computed":true}},"description":"The permissions attached to the credentials","description_kind":"plain"},"max_items":1}},"description_kind":"plain"}},"scaleway_mnq_sqs_queue":{"version":1,"block":{"attributes":{"access_key":{"type":"string","description":"SQS access key","description_kind":"plain","required":true,"sensitive":true},"arn":{"type":"string","description":"The ARN of the queue","description_kind":"plain","computed":true},"content_based_deduplication":{"type":"bool","description":"Specifies whether to enable content-based deduplication. Allows omitting the deduplication ID","description_kind":"plain","optional":true,"computed":true},"fifo_queue":{"type":"bool","description":"Whether the queue is a FIFO queue. If true, the queue name must end with .fifo","description_kind":"plain","optional":true,"computed":true},"id":{"type":"string","description_kind":"plain","optional":true,"computed":true},"message_max_age":{"type":"number","description":"The number of seconds the queue retains a message.","description_kind":"plain","optional":true},"message_max_size":{"type":"number","description":"The maximum size of a message. Should be in bytes.","description_kind":"plain","optional":true},"name":{"type":"string","description":"The name of the queue. Conflicts with name_prefix.","description_kind":"plain","optional":true,"computed":true},"name_prefix":{"type":"string","description":"Creates a unique name beginning with the specified prefix. Conflicts with name.","description_kind":"plain","optional":true,"computed":true},"project_id":{"type":"string","description":"The project_id you want to attach the resource to","description_kind":"plain","optional":true,"computed":true},"receive_wait_time_seconds":{"type":"number","description":"The number of seconds to wait for a message to arrive in the queue before returning.","description_kind":"plain","optional":true},"region":{"type":"string","description":"The region you want to attach the resource to","description_kind":"plain","optional":true},"secret_key":{"type":"string","description":"SQS secret key","description_kind":"plain","required":true,"sensitive":true},"sqs_endpoint":{"type":"string","description":"The sqs endpoint","description_kind":"plain","optional":true},"url":{"type":"string","description":"The URL of the queue","description_kind":"plain","computed":true},"visibility_timeout_seconds":{"type":"number","description":"The number of seconds a message is hidden from other consumers.","description_kind":"plain","optional":true}},"block_types":{"dead_letter_queue":{"nesting_mode":"list","block":{"attributes":{"id":{"type":"string","description":"The ID or ARN of the dead-letter queue where messages are sent after the maximum receive count is exceeded.","description_kind":"plain","required":true},"max_receive_count":{"type":"number","description":"The number of times a message is delivered to the source queue before being sent to the dead-letter queue. Must be between 1 and 1,000.","description_kind":"plain","required":true}},"description":"Configuration for the dead-letter queue","description_kind":"plain"},"max_items":1},"timeouts":{"nesting_mode":"single","block":{"attributes":{"create":{"type":"string","description_kind":"plain","optional":true},"default":{"type":"string","description_kind":"plain","optional":true},"delete":{"type":"string","description_kind":"plain","optional":true},"update":{"type":"string","description_kind":"plain","optional":true}},"description_kind":"plain"}}},"description_kind":"plain"}},"scaleway_mongodb_instance":{"version":0,"block":{"attributes":{"created_at":{"type":"string","description":"The date and time of the creation of the MongoDB instance","description_kind":"plain","computed":true},"id":{"type":"string","description_kind":"plain","optional":true,"computed":true},"is_snapshot_schedule_enabled":{"type":"bool","description":"Enable or disable automatic snapshot scheduling","description_kind":"plain","optional":true,"computed":true},"name":{"type":"string","description":"Name of the MongoDB cluster","description_kind":"plain","optional":true,"computed":true},"node_number":{"type":"number","description":"Number of nodes in the instance","description_kind":"plain","required":true},"node_type":{"type":"string","description":"Type of node to use for the instance","description_kind":"plain","required":true},"password":{"type":"string","description":"Password of the user. Only one of `password` or `password_wo` should be specified.","description_kind":"plain","optional":true,"sensitive":true},"password_wo":{"type":"string","description":"Password of the user in [write-only](https://registry.terraform.io/providers/scaleway/scaleway/latest/docs/guides/using-write-only-arguments) mode. Only one of `password` or `password_wo` should be specified. `password_wo` will not be set in the Terraform state. To update the `password_wo`, you must also update the `password_wo_version`.","description_kind":"plain","optional":true,"write_only":true},"password_wo_version":{"type":"number","description":"The version of the [write-only](https://registry.terraform.io/providers/scaleway/scaleway/latest/docs/guides/using-write-only-arguments) password. To update the `password_wo`, you must also update the `password_wo_version`.","description_kind":"plain","optional":true},"project_id":{"type":"string","description":"The project_id you want to attach the resource to","description_kind":"plain","optional":true,"computed":true},"region":{"type":"string","description":"The region you want to attach the resource to","description_kind":"plain","optional":true},"settings":{"type":["map","string"],"description":"Map of settings to define for the instance.","description_kind":"plain","optional":true},"snapshot_id":{"type":"string","description":"Snapshot ID to restore the MongoDB instance from","description_kind":"plain","optional":true},"snapshot_schedule_frequency_hours":{"type":"number","description":"Snapshot schedule frequency in hours","description_kind":"plain","optional":true,"computed":true},"snapshot_schedule_retention_days":{"type":"number","description":"Snapshot schedule retention in days","description_kind":"plain","optional":true,"computed":true},"tags":{"type":["list","string"],"description":"List of tags [\"tag1\", \"tag2\", ...] attached to a MongoDB instance","description_kind":"plain","optional":true},"tls_certificate":{"type":"string","description":"PEM-encoded TLS certificate for MongoDB","description_kind":"plain","computed":true},"updated_at":{"type":"string","description":"The date and time of the last update of the MongoDB instance","description_kind":"plain","computed":true},"user_name":{"type":"string","description":"Name of the user created when the cluster is created","description_kind":"plain","optional":true},"version":{"type":"string","description":"MongoDB version of the instance","description_kind":"plain","optional":true,"computed":true},"volume_size_in_gb":{"type":"number","description":"Volume size (in GB)","description_kind":"plain","optional":true,"computed":true},"volume_type":{"type":"string","description":"Volume type of the instance","description_kind":"plain","optional":true}},"block_types":{"private_ip":{"nesting_mode":"list","block":{"attributes":{"address":{"type":"string","description":"The private IPv4 address","description_kind":"plain","computed":true},"id":{"type":"string","description":"The ID of the IPv4 address resource","description_kind":"plain","computed":true}},"description":"The private IPv4 address associated with the resource","description_kind":"plain"}},"private_network":{"nesting_mode":"list","block":{"attributes":{"dns_records":{"type":["list","string"],"description":"List of DNS records for your endpoint","description_kind":"plain","computed":true},"id":{"type":"string","description":"The private network ID","description_kind":"plain","computed":true},"ips":{"type":["list","string"],"description":"List of IP addresses for your endpoint","description_kind":"plain","computed":true},"pn_id":{"type":"string","description":"The private network ID","description_kind":"plain","required":true},"port":{"type":"number","description":"TCP port of the endpoint","description_kind":"plain","computed":true}},"description":"Private network to expose your mongodb instance","description_kind":"plain"},"max_items":1},"public_network":{"nesting_mode":"list","block":{"attributes":{"dns_record":{"type":"string","description":"The DNS record of your endpoint","description_kind":"plain","optional":true,"computed":true},"id":{"type":"string","description":"ID of the public network","description_kind":"plain","optional":true,"computed":true},"port":{"type":"number","description":"TCP port of the endpoint","description_kind":"plain","optional":true,"computed":true}},"description":"Public network specs details","description_kind":"plain"},"max_items":1},"timeouts":{"nesting_mode":"single","block":{"attributes":{"create":{"type":"string","description_kind":"plain","optional":true},"default":{"type":"string","description_kind":"plain","optional":true},"delete":{"type":"string","description_kind":"plain","optional":true},"update":{"type":"string","description_kind":"plain","optional":true}},"description_kind":"plain"}}},"description":"Creates and manages Scaleway MongoDB® instance.\nFor more information, see the [product documentation](https://www.scaleway.com/en/docs/managed-mongodb-databases/).\n\n-\u003e **Security Best Practice:**\nFor enhanced security, we recommend using the [`password_wo` write-only argument](https://registry.terraform.io/providers/scaleway/scaleway/latest/docs/guides/using-write-only-arguments) instead of the regular `password` argument. This ensures your sensitive credentials are never stored in Terraform state files, providing superior protection against accidental exposure. Write-Only arguments are supported in Terraform 1.11.0 and later.\n","description_kind":"plain"}},"scaleway_mongodb_snapshot":{"version":0,"block":{"attributes":{"created_at":{"type":"string","description":"The date and time when the snapshot was created","description_kind":"plain","computed":true},"expires_at":{"type":"string","description":"Expiration date (Format ISO 8601). Cannot be removed.","description_kind":"plain","required":true},"id":{"type":"string","description_kind":"plain","optional":true,"computed":true},"instance_id":{"type":"string","description":"The ID of the instance from which the snapshot was created","description_kind":"plain","required":true},"instance_name":{"type":"string","description":"Name of the instance from which the snapshot was created","description_kind":"plain","computed":true},"name":{"type":"string","description":"Name of the snapshot","description_kind":"plain","optional":true,"computed":true},"node_type":{"type":"string","description":"Type of node associated with the snapshot","description_kind":"plain","computed":true},"region":{"type":"string","description":"The region you want to attach the resource to","description_kind":"plain","optional":true},"size":{"type":"number","description":"Size of the snapshot in bytes","description_kind":"plain","computed":true},"updated_at":{"type":"string","description":"The date and time of the last update of the snapshot","description_kind":"plain","computed":true},"volume_type":{"type":"string","description":"Type of volume used for the snapshot (e.g., SSD, HDD)","description_kind":"plain","computed":true}},"block_types":{"timeouts":{"nesting_mode":"single","block":{"attributes":{"create":{"type":"string","description_kind":"plain","optional":true},"default":{"type":"string","description_kind":"plain","optional":true},"delete":{"type":"string","description_kind":"plain","optional":true},"update":{"type":"string","description_kind":"plain","optional":true}},"description_kind":"plain"}}},"description_kind":"plain"}},"scaleway_mongodb_user":{"version":0,"block":{"attributes":{"id":{"type":"string","description_kind":"plain","optional":true,"computed":true},"instance_id":{"type":"string","description":"Instance on which the user is created","description_kind":"plain","required":true},"name":{"type":"string","description":"MongoDB user name","description_kind":"plain","required":true},"password":{"type":"string","description":"MongoDB user password. Only one of `password` or `password_wo` should be specified.","description_kind":"plain","optional":true,"sensitive":true},"password_wo":{"type":"string","description":"MongoDB user password in [write-only](https://registry.terraform.io/providers/scaleway/scaleway/latest/docs/guides/using-write-only-arguments) mode. Only one of `password` or `password_wo` should be specified. `password_wo` will not be set in the Terraform state. To update the `password_wo`, you must also update the `password_wo_version`.","description_kind":"plain","optional":true,"write_only":true},"password_wo_version":{"type":"number","description":"The version of the [write-only](https://registry.terraform.io/providers/scaleway/scaleway/latest/docs/guides/using-write-only-arguments) password. To update the `password_wo`, you must also update the `password_wo_version`.","description_kind":"plain","optional":true},"region":{"type":"string","description":"The region you want to attach the resource to","description_kind":"plain","optional":true}},"block_types":{"roles":{"nesting_mode":"set","block":{"attributes":{"any_database":{"type":"bool","description":"Apply role to any database","description_kind":"plain","optional":true},"database_name":{"type":"string","description":"Database name for the role","description_kind":"plain","optional":true},"role":{"type":"string","description":"Role name (read, read_write, db_admin, sync)","description_kind":"plain","required":true}},"description":"List of roles assigned to the user","description_kind":"plain"}},"timeouts":{"nesting_mode":"single","block":{"attributes":{"create":{"type":"string","description_kind":"plain","optional":true},"default":{"type":"string","description_kind":"plain","optional":true},"delete":{"type":"string","description_kind":"plain","optional":true},"read":{"type":"string","description_kind":"plain","optional":true},"update":{"type":"string","description_kind":"plain","optional":true}},"description_kind":"plain"}}},"description":"Manages MongoDB users. For more information, see the [API documentation](https://developers.scaleway.com/products/mongodb/api/).\n\n-\u003e **Security Best Practice:**\nFor enhanced security, we recommend using the [`password_wo` write-only argument](https://registry.terraform.io/providers/scaleway/scaleway/latest/docs/guides/using-write-only-arguments) instead of the regular `password` argument. This ensures your sensitive credentials are never stored in Terraform state files, providing superior protection against accidental exposure. Write-Only arguments are supported in Terraform 1.11.0 and later.\n","description_kind":"plain"}},"scaleway_object":{"version":0,"block":{"attributes":{"bucket":{"type":"string","description":"The bucket's name or regional ID.","description_kind":"plain","required":true},"content":{"type":"string","description":"Content of the file to upload","description_kind":"plain","optional":true},"content_base64":{"type":"string","description":"Content of the file to upload, should be base64 encoded","description_kind":"plain","optional":true},"content_type":{"type":"string","description":"The standard MIME type of the object's content (e.g., 'application/json', 'text/plain'). This specifies how the object should be interpreted by clients. See RFC 9110: https://www.rfc-editor.org/rfc/rfc9110.html#name-content-type","description_kind":"plain","optional":true,"computed":true},"file":{"type":"string","description":"Path of the file to upload, defaults to an empty file","description_kind":"plain","optional":true},"hash":{"type":"string","description":"File hash to trigger upload","description_kind":"plain","optional":true},"id":{"type":"string","description_kind":"plain","optional":true,"computed":true},"key":{"type":"string","description":"Key of the object","description_kind":"plain","required":true},"metadata":{"type":["map","string"],"description":"Map of object's metadata, only lower case keys are allowed","description_kind":"plain","optional":true},"project_id":{"type":"string","description":"The project_id you want to attach the resource to","description_kind":"plain","optional":true,"computed":true},"region":{"type":"string","description":"The region you want to attach the resource to","description_kind":"plain","optional":true},"sse_customer_key":{"type":"string","description":"Customer's encryption keys to encrypt data (SSE-C)","description_kind":"plain","optional":true,"sensitive":true},"storage_class":{"type":"string","description":"Specifies the Scaleway Object Storage class to which you want the object to transition","description_kind":"plain","optional":true},"tags":{"type":["map","string"],"description":"Map of object's tags","description_kind":"plain","optional":true},"visibility":{"type":"string","description":"Visibility of the object, public-read or private","description_kind":"plain","optional":true,"computed":true}},"block_types":{"timeouts":{"nesting_mode":"single","block":{"attributes":{"create":{"type":"string","description_kind":"plain","optional":true},"default":{"type":"string","description_kind":"plain","optional":true},"delete":{"type":"string","description_kind":"plain","optional":true},"read":{"type":"string","description_kind":"plain","optional":true},"update":{"type":"string","description_kind":"plain","optional":true}},"description_kind":"plain"}}},"description_kind":"plain"}},"scaleway_object_bucket":{"version":0,"block":{"attributes":{"acl":{"type":"string","description":"ACL of the bucket: either 'private', 'public-read', 'public-read-write' or 'authenticated-read'.","description_kind":"plain","deprecated":true,"optional":true},"api_endpoint":{"type":"string","description":"API URL of the bucket","description_kind":"plain","computed":true},"endpoint":{"type":"string","description":"Endpoint of the bucket","description_kind":"plain","computed":true},"force_destroy":{"type":"bool","description":"Delete objects in bucket","description_kind":"plain","optional":true},"id":{"type":"string","description_kind":"plain","optional":true,"computed":true},"name":{"type":"string","description":"The name of the bucket","description_kind":"plain","required":true},"object_lock_enabled":{"type":"bool","description":"Enable object lock","description_kind":"plain","optional":true},"project_id":{"type":"string","description":"The project_id you want to attach the resource to","description_kind":"plain","optional":true,"computed":true},"region":{"type":"string","description":"The region you want to attach the resource to","description_kind":"plain","optional":true},"tags":{"type":["map","string"],"description":"The tags associated with this bucket","description_kind":"plain","optional":true}},"block_types":{"cors_rule":{"nesting_mode":"list","block":{"attributes":{"allowed_headers":{"type":["list","string"],"description":"Allowed headers in the CORS rule","description_kind":"plain","optional":true},"allowed_methods":{"type":["list","string"],"description":"Allowed HTTP methods allowed in the CORS rule","description_kind":"plain","required":true},"allowed_origins":{"type":["list","string"],"description":"Allowed origins allowed in the CORS rule","description_kind":"plain","required":true},"expose_headers":{"type":["list","string"],"description":"Exposed headers in the CORS rule","description_kind":"plain","optional":true},"max_age_seconds":{"type":"number","description":"Max age of the CORS rule","description_kind":"plain","optional":true}},"description":"List of CORS rules","description_kind":"plain"}},"lifecycle_rule":{"nesting_mode":"list","block":{"attributes":{"abort_incomplete_multipart_upload_days":{"type":"number","description":"Specifies the number of days after initiating a multipart upload when the multipart upload must be completed","description_kind":"plain","optional":true},"enabled":{"type":"bool","description":"Specifies if the configuration rule is Enabled or Disabled","description_kind":"plain","required":true},"id":{"type":"string","description":"Unique identifier for the rule","description_kind":"plain","optional":true,"computed":true},"object_size_greater_than":{"type":"number","description":"Minimum object size (in bytes) to which the rule applies","description_kind":"plain","optional":true},"object_size_less_than":{"type":"number","description":"Maximum object size (in bytes) to which the rule applies","description_kind":"plain","optional":true},"prefix":{"type":"string","description":"The prefix identifying one or more objects to which the rule applies","description_kind":"plain","optional":true},"tags":{"type":["map","string"],"description":"The tags associated with the bucket lifecycle","description_kind":"plain","optional":true}},"block_types":{"expiration":{"nesting_mode":"list","block":{"attributes":{"date":{"type":"string","description":"Specifies the date the object is to be moved or deleted. The date value must be in RFC3339 full-date format e.g. `2023-08-22`","description_kind":"plain","optional":true},"days":{"type":"number","description":"Specifies the number of days after object creation when the specific rule action takes effect","description_kind":"plain","optional":true},"expired_object_delete_marker":{"type":"bool","description":"Specifies whether Scaleway Object will remove a delete marker with no noncurrent versions. If set to `true`, the delete marker will be expired; if set to `false` the policy takes no action","description_kind":"plain","optional":true}},"description":"Specifies a period in the object's expire","description_kind":"plain"},"max_items":1},"noncurrent_version_expiration":{"nesting_mode":"list","block":{"attributes":{"newer_noncurrent_versions":{"type":"number","description":"Number of noncurrent versions Scaleway Object Storage will retain. Must be a non-zero positive integer","description_kind":"plain","optional":true},"noncurrent_days":{"type":"number","description":"Number of days an object is noncurrent before Scaleway Object Storage can perform the associated action. Must be a positive integer","description_kind":"plain","optional":true}},"description":"Configuration block that specifies when noncurrent object versions expire","description_kind":"plain"},"max_items":1},"noncurrent_version_transition":{"nesting_mode":"set","block":{"attributes":{"newer_noncurrent_versions":{"type":"number","description":"Number of noncurrent versions Scaleway Object Storage will retain. Must be a non-zero positive integer","description_kind":"plain","optional":true},"noncurrent_days":{"type":"number","description":"Number of days an object is noncurrent before Scaleway Object Storage can perform the associated action","description_kind":"plain","required":true},"storage_class":{"type":"string","description":"Specifies the Scaleway Object Storage class to which you want the object to transition","description_kind":"plain","required":true}},"description":"Set of configuration blocks that specify the transition rule for the lifecycle rule that describes when noncurrent objects transition to a specific storage class","description_kind":"plain"}},"transition":{"nesting_mode":"set","block":{"attributes":{"date":{"type":"string","description":"Specifies the date objects are transitioned to the specified storage class. The date value must be in RFC3339 full-date format e.g. `2023-08-22`","description_kind":"plain","optional":true},"days":{"type":"number","description":"Specifies the number of days after object creation when the specific rule action takes effect","description_kind":"plain","optional":true},"storage_class":{"type":"string","description":"Specifies the Scaleway Object Storage class to which you want the object to transition","description_kind":"plain","required":true}},"description":"Define when objects transition to another storage class","description_kind":"plain"}}},"description":"Lifecycle configuration is a set of rules that define actions that Scaleway Object Storage applies to a group of objects","description_kind":"plain"}},"timeouts":{"nesting_mode":"single","block":{"attributes":{"default":{"type":"string","description_kind":"plain","optional":true}},"description_kind":"plain"}},"versioning":{"nesting_mode":"list","block":{"attributes":{"enabled":{"type":"bool","description":"Enable versioning. Once you version-enable a bucket, it can never return to an unversioned state","description_kind":"plain","optional":true,"computed":true}},"description":"Allow multiple versions of an object in the same bucket","description_kind":"plain"},"max_items":1}},"description_kind":"plain"}},"scaleway_object_bucket_acl":{"version":0,"block":{"attributes":{"acl":{"type":"string","description":"ACL of the bucket: either 'private', 'public-read', 'public-read-write' or 'authenticated-read'.","description_kind":"plain","optional":true},"bucket":{"type":"string","description":"The bucket's name or regional ID.","description_kind":"plain","required":true},"expected_bucket_owner":{"type":"string","description":"The project ID as owner.","description_kind":"plain","optional":true},"id":{"type":"string","description_kind":"plain","optional":true,"computed":true},"project_id":{"type":"string","description":"The project_id you want to attach the resource to","description_kind":"plain","optional":true,"computed":true},"region":{"type":"string","description":"The region you want to attach the resource to","description_kind":"plain","optional":true}},"block_types":{"access_control_policy":{"nesting_mode":"list","block":{"block_types":{"grant":{"nesting_mode":"set","block":{"attributes":{"permission":{"type":"string","description":"Logging permissions assigned to the grantee for the bucket.","description_kind":"plain","required":true}},"block_types":{"grantee":{"nesting_mode":"list","block":{"attributes":{"display_name":{"type":"string","description":"Display name of the grantee to grant access to.","description_kind":"plain","computed":true},"id":{"type":"string","description":"The project ID owner of the grantee.","description_kind":"plain","optional":true},"type":{"type":"string","description":"Type of grantee. Valid values: `CanonicalUser`, `Group`","description_kind":"plain","optional":true},"uri":{"type":"string","description":"The uri of the grantee if you are granting permissions to a predefined group.","description_kind":"plain","optional":true}},"description":"Configuration block for the project being granted permissions.","description_kind":"plain"},"max_items":1}},"description":"Grant","description_kind":"plain"}},"owner":{"nesting_mode":"list","block":{"attributes":{"display_name":{"type":"string","description":"The project ID of the grantee.","description_kind":"plain","optional":true,"computed":true},"id":{"type":"string","description":"The display ID of the project.","description_kind":"plain","required":true}},"description":"Configuration block of the bucket project owner's display organization ID.","description_kind":"plain"},"min_items":1,"max_items":1}},"description":"A configuration block that sets the ACL permissions for an object per grantee.","description_kind":"plain"},"max_items":1}},"description_kind":"plain"}},"scaleway_object_bucket_lock_configuration":{"version":0,"block":{"attributes":{"bucket":{"type":"string","description":"The bucket's name or regional ID.","description_kind":"plain","required":true},"id":{"type":"string","description_kind":"plain","optional":true,"computed":true},"project_id":{"type":"string","description":"The project_id you want to attach the resource to","description_kind":"plain","optional":true,"computed":true},"region":{"type":"string","description":"The region you want to attach the resource to","description_kind":"plain","optional":true}},"block_types":{"rule":{"nesting_mode":"list","block":{"block_types":{"default_retention":{"nesting_mode":"list","block":{"attributes":{"days":{"type":"number","description":"The number of days that you want to specify for the default retention period.","description_kind":"plain","optional":true},"mode":{"type":"string","description":"The default Object Lock retention mode you want to apply to new objects placed in the specified bucket.","description_kind":"plain","required":true},"years":{"type":"number","description":"The number of years that you want to specify for the default retention period.","description_kind":"plain","optional":true}},"description":"Default retention.","description_kind":"plain"},"min_items":1,"max_items":1}},"description":"Specifies the Object Lock rule for the specified object.","description_kind":"plain"},"min_items":1,"max_items":1}},"description_kind":"plain"}},"scaleway_object_bucket_policy":{"version":0,"block":{"attributes":{"bucket":{"type":"string","description":"The bucket's name or regional ID.","description_kind":"plain","required":true},"id":{"type":"string","description_kind":"plain","optional":true,"computed":true},"policy":{"type":"string","description":"The text of the policy.","description_kind":"plain","required":true},"project_id":{"type":"string","description":"The project_id you want to attach the resource to","description_kind":"plain","optional":true,"computed":true},"region":{"type":"string","description":"The region you want to attach the resource to","description_kind":"plain","optional":true}},"block_types":{"timeouts":{"nesting_mode":"single","block":{"attributes":{"default":{"type":"string","description_kind":"plain","optional":true}},"description_kind":"plain"}}},"description_kind":"plain"}},"scaleway_object_bucket_server_side_encryption_configuration":{"version":0,"block":{"attributes":{"bucket":{"type":"string","description":"The bucket's name or regional ID.","description_kind":"plain","required":true},"id":{"type":"string","description_kind":"plain","optional":true,"computed":true},"project_id":{"type":"string","description":"The project_id you want to attach the resource to","description_kind":"plain","optional":true,"computed":true},"region":{"type":"string","description":"The region you want to attach the resource to","description_kind":"plain","optional":true}},"block_types":{"rule":{"nesting_mode":"set","block":{"attributes":{"bucket_key_enabled":{"type":"bool","description":"Whether or not to use Scaleway Object Bucket Keys for SSE-KMS.","description_kind":"plain","optional":true,"computed":true}},"block_types":{"apply_server_side_encryption_by_default":{"nesting_mode":"list","block":{"attributes":{"kms_master_key_id":{"type":"string","description":"Scaleway KMS master key ID used for the SSE-KMS encryption. This can only be used when you set the value of sse_algorithm as 'aws:kms'. Will return an error if this element is absent while the sse_algorithm is 'aws:kms'.","description_kind":"plain","optional":true,"computed":true},"sse_algorithm":{"type":"string","description":"Server-side encryption algorithm to use. Valid values are 'AES256', 'aws:kms'","description_kind":"plain","required":true}},"description":"Single object for setting server-side encryption by default.","description_kind":"plain"},"max_items":1}},"description":"Set of server-side encryption configuration rules","description_kind":"plain"},"min_items":1}},"description_kind":"plain"}},"scaleway_object_bucket_website_configuration":{"version":0,"block":{"attributes":{"bucket":{"type":"string","description":"The bucket's name or regional ID.","description_kind":"plain","required":true},"id":{"type":"string","description_kind":"plain","optional":true,"computed":true},"project_id":{"type":"string","description":"The project_id you want to attach the resource to","description_kind":"plain","optional":true,"computed":true},"region":{"type":"string","description":"The region you want to attach the resource to","description_kind":"plain","optional":true},"website_domain":{"type":"string","description":"The website endpoint.","description_kind":"plain","computed":true},"website_endpoint":{"type":"string","description":"The domain of the website endpoint.","description_kind":"plain","computed":true}},"block_types":{"error_document":{"nesting_mode":"list","block":{"attributes":{"key":{"type":"string","description":"Key for the object to use as an error document.","description_kind":"plain","required":true}},"description":"The name of the error document for the website.","description_kind":"plain"},"max_items":1},"index_document":{"nesting_mode":"list","block":{"attributes":{"suffix":{"type":"string","description":"Suffix that will be added to the index.","description_kind":"plain","required":true}},"description":"The name of the index document for the website.","description_kind":"plain"},"min_items":1,"max_items":1}},"description_kind":"plain"}},"scaleway_opensearch_deployment":{"version":0,"block":{"attributes":{"created_at":{"type":"string","description":"Date and time of deployment creation (RFC 3339 format)","description_kind":"plain","computed":true},"endpoints":{"type":["list",["object",{"id":"string","private_network_id":"string","public":"bool","services":["list",["object",{"name":"string","port":"number","url":"string"}]]}]],"description":"List of endpoints","description_kind":"plain","computed":true},"id":{"type":"string","description_kind":"plain","optional":true,"computed":true},"name":{"type":"string","description":"Name of the OpenSearch deployment","description_kind":"plain","optional":true,"computed":true},"node_amount":{"type":"number","description":"Number of nodes","description_kind":"plain","deprecated":true,"optional":true},"node_count":{"type":"number","description":"Number of nodes","description_kind":"plain","optional":true},"node_type":{"type":"string","description":"Type of node","description_kind":"plain","required":true},"password":{"type":"string","description":"Password for the deployment user","description_kind":"plain","optional":true,"sensitive":true},"project_id":{"type":"string","description":"The project_id you want to attach the resource to","description_kind":"plain","optional":true,"computed":true},"public_dashboard_url":{"type":"string","description":"URL of the OpenSearch Dashboards service when it is exposed on a public endpoint (including when the API uses a private network)","description_kind":"plain","computed":true},"region":{"type":"string","description":"The region you want to attach the resource to","description_kind":"plain","optional":true},"status":{"type":"string","description":"The status of the deployment","description_kind":"plain","computed":true},"tags":{"type":["list","string"],"description":"List of tags to apply","description_kind":"plain","optional":true},"updated_at":{"type":"string","description":"Date and time of deployment last update (RFC 3339 format)","description_kind":"plain","computed":true},"user_name":{"type":"string","description":"Username for the deployment","description_kind":"plain","optional":true},"version":{"type":"string","description":"OpenSearch version to use","description_kind":"plain","required":true}},"block_types":{"private_network":{"nesting_mode":"list","block":{"attributes":{"private_network_id":{"type":"string","description":"UUID of the Private Network","description_kind":"plain","required":true}},"description":"Private network configuration","description_kind":"plain"},"max_items":1},"timeouts":{"nesting_mode":"single","block":{"attributes":{"create":{"type":"string","description_kind":"plain","optional":true},"delete":{"type":"string","description_kind":"plain","optional":true},"read":{"type":"string","description_kind":"plain","optional":true},"update":{"type":"string","description_kind":"plain","optional":true}},"description_kind":"plain"}},"volume":{"nesting_mode":"list","block":{"attributes":{"size_in_gb":{"type":"number","description":"Volume size in GB","description_kind":"plain","required":true},"type":{"type":"string","description":"Volume type (sbs_5k, sbs_15k)","description_kind":"plain","required":true}},"description":"Volume configuration","description_kind":"plain"},"max_items":1}},"description_kind":"plain"}},"scaleway_rdb_acl":{"version":0,"block":{"attributes":{"id":{"type":"string","description_kind":"plain","optional":true,"computed":true},"instance_id":{"type":"string","description":"Instance on which the ACL is applied","description_kind":"plain","required":true},"region":{"type":"string","description":"The region you want to attach the resource to","description_kind":"plain","optional":true}},"block_types":{"acl_rules":{"nesting_mode":"list","block":{"attributes":{"description":{"type":"string","description":"Description of the rule","description_kind":"plain","optional":true,"computed":true},"ip":{"type":"string","description":"IPv4 address or range in CIDR notation (IPv6 is not supported by the Scaleway API)","description_kind":"plain","required":true}},"description":"List of ACL rules to apply","description_kind":"plain"},"min_items":1},"timeouts":{"nesting_mode":"single","block":{"attributes":{"create":{"type":"string","description_kind":"plain","optional":true},"default":{"type":"string","description_kind":"plain","optional":true},"delete":{"type":"string","description_kind":"plain","optional":true},"read":{"type":"string","description_kind":"plain","optional":true},"update":{"type":"string","description_kind":"plain","optional":true}},"description_kind":"plain"}}},"description_kind":"plain"}},"scaleway_rdb_database":{"version":0,"block":{"attributes":{"id":{"type":"string","description_kind":"plain","optional":true,"computed":true},"instance_id":{"type":"string","description":"Instance on which the database is created","description_kind":"plain","required":true},"managed":{"type":"bool","description":"Whether or not the database is managed","description_kind":"plain","computed":true},"name":{"type":"string","description":"Database name","description_kind":"plain","required":true},"owner":{"type":"string","description":"User that own the database","description_kind":"plain","computed":true},"region":{"type":"string","description":"The region you want to attach the resource to","description_kind":"plain","optional":true},"size":{"type":"string","description":"Size of the database","description_kind":"plain","computed":true}},"block_types":{"timeouts":{"nesting_mode":"single","block":{"attributes":{"create":{"type":"string","description_kind":"plain","optional":true},"default":{"type":"string","description_kind":"plain","optional":true},"delete":{"type":"string","description_kind":"plain","optional":true}},"description_kind":"plain"}}},"description_kind":"plain"}},"scaleway_rdb_database_backup":{"version":0,"block":{"attributes":{"created_at":{"type":"string","description":"Creation date (Format ISO 8601).","description_kind":"plain","computed":true},"database_name":{"type":"string","description":"Name of the database of this backup.","description_kind":"plain","required":true},"download_url":{"type":"string","description":"URL you can download the backup from (when exporting).","description_kind":"plain","computed":true},"download_url_expires_at":{"type":"string","description":"Expiration date of the download link (Format ISO 8601).","description_kind":"plain","computed":true},"expires_at":{"type":"string","description":"Expiration date (Format ISO 8601). Cannot be removed.","description_kind":"plain","optional":true},"id":{"type":"string","description_kind":"plain","optional":true,"computed":true},"instance_id":{"type":"string","description":"Instance on which the user is created","description_kind":"plain","required":true},"instance_name":{"type":"string","description":"Name of the instance of the backup.","description_kind":"plain","computed":true},"name":{"type":"string","description":"Name of the backup.","description_kind":"plain","optional":true,"computed":true},"region":{"type":"string","description":"The region you want to attach the resource to","description_kind":"plain","optional":true},"same_region":{"type":"bool","description":"Whether the backup is stored in the same region as the source instance.","description_kind":"plain","computed":true},"size":{"type":"number","description":"Size of the backup (in bytes).","description_kind":"plain","computed":true},"status":{"type":"string","description":"Status of the backup (creating, ready, restoring, deleting, error, exporting, locked).","description_kind":"plain","computed":true},"updated_at":{"type":"string","description":"Updated date (Format ISO 8601).","description_kind":"plain","computed":true}},"block_types":{"timeouts":{"nesting_mode":"single","block":{"attributes":{"create":{"type":"string","description_kind":"plain","optional":true},"default":{"type":"string","description_kind":"plain","optional":true},"delete":{"type":"string","description_kind":"plain","optional":true},"read":{"type":"string","description_kind":"plain","optional":true},"update":{"type":"string","description_kind":"plain","optional":true}},"description_kind":"plain"}}},"description_kind":"plain"}},"scaleway_rdb_instance":{"version":0,"block":{"attributes":{"backup_same_region":{"type":"bool","description":"Boolean to store logical backups in the same region as the database instance","description_kind":"plain","optional":true,"computed":true},"backup_schedule_frequency":{"type":"number","description":"Backup schedule frequency in hours","description_kind":"plain","optional":true,"computed":true},"backup_schedule_retention":{"type":"number","description":"Backup schedule retention in days","description_kind":"plain","optional":true,"computed":true},"certificate":{"type":"string","description":"Certificate of the database instance","description_kind":"plain","computed":true},"disable_backup":{"type":"bool","description":"Disable automated backup for the database instance","description_kind":"plain","optional":true},"encryption_at_rest":{"type":"bool","description":"Enable or disable encryption at rest for the database instance","description_kind":"plain","optional":true},"endpoint_ip":{"type":"string","description":"Endpoint IP of the database instance","description_kind":"plain","deprecated":true,"computed":true},"endpoint_port":{"type":"number","description":"Endpoint port of the database instance","description_kind":"plain","deprecated":true,"computed":true},"engine":{"type":"string","description":"Database's engine version name (e.g., 'PostgreSQL-16', 'MySQL-8'). Changing this value triggers a blue/green upgrade using MajorUpgradeWorkflow with automatic endpoint migration","description_kind":"plain","optional":true,"computed":true},"id":{"type":"string","description_kind":"plain","optional":true,"computed":true},"init_settings":{"type":["map","string"],"description":"Map of engine settings to be set at database initialisation.","description_kind":"plain","optional":true},"is_ha_cluster":{"type":"bool","description":"Enable or disable high availability for the database instance","description_kind":"plain","optional":true},"maintenances":{"type":["list",["object",{"closed_at":"string","forced_at":"string","is_applicable":"bool","reason":"string","starts_at":"string","status":"string","stops_at":"string"}]],"description":"List of scheduled maintenance events on the database instance","description_kind":"plain","computed":true},"name":{"type":"string","description":"Name of the database instance","description_kind":"plain","optional":true,"computed":true},"node_type":{"type":"string","description":"The type of database instance you want to create","description_kind":"plain","required":true},"organization_id":{"type":"string","description":"The organization_id you want to attach the resource to","description_kind":"plain","computed":true},"password":{"type":"string","description":"Password for the first user of the database instance. Only one of `password` or `password_wo` should be specified.","description_kind":"plain","optional":true,"sensitive":true},"password_wo":{"type":"string","description":"Password for the first user of the database instance in [write-only](https://registry.terraform.io/providers/scaleway/scaleway/latest/docs/guides/using-write-only-arguments) mode. Only one of `password` or `password_wo` should be specified. `password_wo` will not be set in the Terraform state. To update the `password_wo`, you must also update the `password_wo_version`.","description_kind":"plain","optional":true,"write_only":true},"password_wo_version":{"type":"number","description":"The version of the [write-only](https://registry.terraform.io/providers/scaleway/scaleway/latest/docs/guides/using-write-only-arguments) password. To update the `password_wo`, you must also update the `password_wo_version`.","description_kind":"plain","optional":true},"project_id":{"type":"string","description":"The project_id you want to attach the resource to","description_kind":"plain","optional":true,"computed":true},"read_replicas":{"type":["list",["object",{"ip":"string","name":"string","port":"number"}]],"description":"Read replicas of the database instance","description_kind":"plain","computed":true},"region":{"type":"string","description":"The region you want to attach the resource to","description_kind":"plain","optional":true},"settings":{"type":["map","string"],"description":"Map of engine settings to be set on a running instance.","description_kind":"plain","optional":true,"computed":true},"snapshot_id":{"type":"string","description":"ID of an existing snapshot to create a new instance from. This allows restoring a database instance to the state captured in the specified snapshot. Conflicts with the `engine` attribute.","description_kind":"plain","optional":true},"tags":{"type":["list","string"],"description":"List of tags [\"tag1\", \"tag2\", ...] attached to a database instance","description_kind":"plain","optional":true},"upgradable_versions":{"type":["list",["object",{"id":"string","minor_version":"string","name":"string","version":"string"}]],"description":"List of available engine versions for upgrade","description_kind":"plain","computed":true},"user_name":{"type":"string","description":"Identifier for the first user of the database instance","description_kind":"plain","optional":true,"computed":true},"volume_size_in_gb":{"type":"number","description":"Volume size (in GB) when volume_type is not lssd","description_kind":"plain","optional":true,"computed":true},"volume_type":{"type":"string","description":"Type of volume where data are stored","description_kind":"plain","optional":true}},"block_types":{"load_balancer":{"nesting_mode":"list","block":{"attributes":{"endpoint_id":{"type":"string","description":"The endpoint ID","description_kind":"plain","optional":true,"computed":true},"hostname":{"type":"string","description":"The hostname of your endpoint","description_kind":"plain","computed":true},"ip":{"type":"string","description":"The IP of your load balancer service","description_kind":"plain","computed":true},"name":{"type":"string","description":"The name of your load balancer service","description_kind":"plain","computed":true},"port":{"type":"number","description":"The port of your load balancer service","description_kind":"plain","computed":true}},"description":"Load balancer of the database instance","description_kind":"plain"},"max_items":1},"logs_policy":{"nesting_mode":"list","block":{"attributes":{"max_age_retention":{"type":"number","description":"The max age (in days) of remote logs to keep on the Database Instance","description_kind":"plain","optional":true,"computed":true},"total_disk_retention":{"type":"number","description":"The max disk size of remote logs to keep on the Database Instance.","description_kind":"plain","optional":true,"computed":true}},"description":"Logs policy configuration","description_kind":"plain"},"max_items":1},"private_ip":{"nesting_mode":"list","block":{"attributes":{"address":{"type":"string","description":"The private IPv4 address","description_kind":"plain","computed":true},"id":{"type":"string","description":"The ID of the IPv4 address resource","description_kind":"plain","computed":true}},"description":"The private IPv4 address associated with the resource","description_kind":"plain"}},"private_network":{"nesting_mode":"list","block":{"attributes":{"enable_ipam":{"type":"bool","description":"Whether or not the private network endpoint should be configured with IPAM","description_kind":"plain","optional":true,"computed":true},"endpoint_id":{"type":"string","description":"The endpoint ID","description_kind":"plain","computed":true},"hostname":{"type":"string","description":"The hostname of your endpoint","description_kind":"plain","computed":true},"ip":{"type":"string","description":"The IP of your Instance within the private service","description_kind":"plain","computed":true},"ip_net":{"type":"string","description":"The IP with the given mask within the private subnet","description_kind":"plain","optional":true,"computed":true},"name":{"type":"string","description":"The name of your private service","description_kind":"plain","computed":true},"pn_id":{"type":"string","description":"The private network ID","description_kind":"plain","required":true},"port":{"type":"number","description":"The port of your private service","description_kind":"plain","optional":true,"computed":true},"zone":{"type":"string","description":"The zone you want to attach the resource to","description_kind":"plain","optional":true}},"description":"List of private network to expose your database instance","description_kind":"plain"},"max_items":1},"timeouts":{"nesting_mode":"single","block":{"attributes":{"create":{"type":"string","description_kind":"plain","optional":true},"default":{"type":"string","description_kind":"plain","optional":true},"delete":{"type":"string","description_kind":"plain","optional":true},"read":{"type":"string","description_kind":"plain","optional":true},"update":{"type":"string","description_kind":"plain","optional":true}},"description_kind":"plain"}}},"description":"Creates and manages Scaleway Database Instances.\nFor more information, see the [API documentation](https://www.scaleway.com/en/developers/api/managed-database-postgre-mysql/).\n\n-\u003e **Security Best Practice:**\nFor enhanced security, we recommend using the [`password_wo` write-only argument](https://registry.terraform.io/providers/scaleway/scaleway/latest/docs/guides/using-write-only-arguments) instead of the regular `password` argument. This ensures your sensitive credentials are never stored in Terraform state files, providing superior protection against accidental exposure. Write-Only arguments are supported in Terraform 1.11.0 and later.\n","description_kind":"plain"}},"scaleway_rdb_privilege":{"version":1,"block":{"attributes":{"database_name":{"type":"string","description":"Database name","description_kind":"plain","required":true},"effective_permission":{"type":"string","description":"Actual permission currently set in Scaleway. May differ from 'permission' after database schema changes","description_kind":"plain","computed":true},"id":{"type":"string","description_kind":"plain","optional":true,"computed":true},"instance_id":{"type":"string","description":"Instance on which the database is created","description_kind":"plain","required":true},"permission":{"type":"string","description":"Desired permission (readonly, readwrite, all, custom, none)","description_kind":"plain","required":true},"permission_status":{"type":"string","description":"Permission synchronization status: 'synced' if effective matches desired, 'drifted' if they differ","description_kind":"plain","computed":true},"region":{"type":"string","description":"The region you want to attach the resource to","description_kind":"plain","optional":true},"user_name":{"type":"string","description":"User name","description_kind":"plain","required":true}},"block_types":{"timeouts":{"nesting_mode":"single","block":{"attributes":{"create":{"type":"string","description_kind":"plain","optional":true},"default":{"type":"string","description_kind":"plain","optional":true},"delete":{"type":"string","description_kind":"plain","optional":true},"read":{"type":"string","description_kind":"plain","optional":true},"update":{"type":"string","description_kind":"plain","optional":true}},"description_kind":"plain"}}},"description_kind":"plain"}},"scaleway_rdb_read_replica":{"version":0,"block":{"attributes":{"id":{"type":"string","description_kind":"plain","optional":true,"computed":true},"instance_id":{"type":"string","description":"Id of the rdb instance to replicate","description_kind":"plain","required":true},"region":{"type":"string","description":"The region you want to attach the resource to","description_kind":"plain","optional":true},"same_zone":{"type":"bool","description":"Defines whether to create the replica in the same availability zone as the main instance nodes or not.","description_kind":"plain","optional":true}},"block_types":{"direct_access":{"nesting_mode":"list","block":{"attributes":{"endpoint_id":{"type":"string","description":"UUID of the endpoint (UUID format).","description_kind":"plain","optional":true,"computed":true},"hostname":{"type":"string","description":"Hostname of the endpoint. Only one of ip and hostname may be set.","description_kind":"plain","optional":true,"computed":true},"ip":{"type":"string","description":"IPv4 address of the endpoint (IP address). Only one of ip and hostname may be set.","description_kind":"plain","optional":true,"computed":true},"name":{"type":"string","description":"Name of the endpoint.","description_kind":"plain","optional":true,"computed":true},"port":{"type":"number","description":"TCP port of the endpoint.","description_kind":"plain","optional":true,"computed":true}},"description":"Direct access endpoint, it gives you an IP and a port to access your read-replica","description_kind":"plain"},"max_items":1},"private_network":{"nesting_mode":"list","block":{"attributes":{"enable_ipam":{"type":"bool","description":"Whether or not the private network endpoint should be configured with IPAM","description_kind":"plain","optional":true,"computed":true},"endpoint_id":{"type":"string","description":"UUID of the endpoint (UUID format).","description_kind":"plain","computed":true},"hostname":{"type":"string","description":"Hostname of the endpoint. Only one of ip and hostname may be set","description_kind":"plain","computed":true},"ip":{"type":"string","description":"IPv4 address of the endpoint (IP address). Only one of ip and hostname may be set","description_kind":"plain","computed":true},"name":{"type":"string","description":"Name of the endpoints","description_kind":"plain","computed":true},"port":{"type":"number","description":"TCP port of the endpoint","description_kind":"plain","computed":true},"private_network_id":{"type":"string","description":"UUID of the private network to be connected to the read replica (UUID format)","description_kind":"plain","required":true},"service_ip":{"type":"string","description":"The IP network address within the private subnet","description_kind":"plain","optional":true,"computed":true},"zone":{"type":"string","description":"Private network zone","description_kind":"plain","computed":true}},"description":"Private network endpoints","description_kind":"plain"},"max_items":1},"timeouts":{"nesting_mode":"single","block":{"attributes":{"create":{"type":"string","description_kind":"plain","optional":true},"default":{"type":"string","description_kind":"plain","optional":true},"delete":{"type":"string","description_kind":"plain","optional":true},"read":{"type":"string","description_kind":"plain","optional":true},"update":{"type":"string","description_kind":"plain","optional":true}},"description_kind":"plain"}}},"description_kind":"plain"}},"scaleway_rdb_snapshot":{"version":0,"block":{"attributes":{"created_at":{"type":"string","description":"Expiration date of the snapshot in ISO 8601 format (RFC 3339).","description_kind":"plain","computed":true},"expires_at":{"type":"string","description":"Expiration date of the snapshot in ISO 8601 format (RFC 3339).","description_kind":"plain","optional":true,"computed":true},"id":{"type":"string","description_kind":"plain","optional":true,"computed":true},"instance_id":{"type":"string","description":"UUID of the Database Instance on which the snapshot is applied.","description_kind":"plain","required":true},"name":{"type":"string","description":"Name of the snapshot.","description_kind":"plain","required":true},"node_type":{"type":"string","description":"The type of the database instance for which the snapshot was created.","description_kind":"plain","computed":true},"region":{"type":"string","description":"The region you want to attach the resource to","description_kind":"plain","optional":true},"size":{"type":"number","description":"Size of the snapshot in bytes.","description_kind":"plain","computed":true},"status":{"type":"string","description":"Status of the snapshot.","description_kind":"plain","computed":true},"updated_at":{"type":"string","description":"Expiration date of the snapshot in ISO 8601 format (RFC 3339).","description_kind":"plain","computed":true},"volume_type":{"type":"string","description":"Type of volume where data are stored","description_kind":"plain","computed":true}},"block_types":{"timeouts":{"nesting_mode":"single","block":{"attributes":{"create":{"type":"string","description_kind":"plain","optional":true},"delete":{"type":"string","description_kind":"plain","optional":true},"read":{"type":"string","description_kind":"plain","optional":true}},"description_kind":"plain"}}},"description_kind":"plain"}},"scaleway_rdb_user":{"version":0,"block":{"attributes":{"id":{"type":"string","description_kind":"plain","optional":true,"computed":true},"instance_id":{"type":"string","description":"Instance on which the user is created","description_kind":"plain","required":true},"is_admin":{"type":"bool","description":"Grant admin permissions to database user","description_kind":"plain","optional":true},"name":{"type":"string","description":"Database user name","description_kind":"plain","required":true},"password":{"type":"string","description":"Database user password","description_kind":"plain","optional":true,"sensitive":true},"password_wo":{"type":"string","description":"Database user password in [write-only](https://registry.terraform.io/providers/scaleway/scaleway/latest/docs/guides/using-write-only-arguments) mode. Only one of `password` or `password_wo` should be specified. `password_wo` will not be set in the Terraform state. To update the `password_wo`, you must also update the `password_wo_version`.","description_kind":"plain","optional":true,"write_only":true},"password_wo_version":{"type":"number","description":"The version of the [write-only](https://registry.terraform.io/providers/scaleway/scaleway/latest/docs/guides/using-write-only-arguments) password. To update the `password_wo`, you must also update the `password_wo_version`.","description_kind":"plain","optional":true},"region":{"type":"string","description":"The region you want to attach the resource to","description_kind":"plain","optional":true}},"block_types":{"timeouts":{"nesting_mode":"single","block":{"attributes":{"create":{"type":"string","description_kind":"plain","optional":true},"default":{"type":"string","description_kind":"plain","optional":true},"delete":{"type":"string","description_kind":"plain","optional":true},"read":{"type":"string","description_kind":"plain","optional":true},"update":{"type":"string","description_kind":"plain","optional":true}},"description_kind":"plain"}}},"description":"The [`scaleway_rdb_user`](https://registry.terraform.io/providers/scaleway/scaleway/latest/docs/resources/rdb_user) resource creates and manages database users.\nFor more information, see the [API documentation](https://www.scaleway.com/en/developers/api/managed-database-postgre-mysql/).\n\n-\u003e **Security Best Practice:**\nFor enhanced security, we recommend using the [`password_wo` write-only argument](https://registry.terraform.io/providers/scaleway/scaleway/latest/docs/guides/using-write-only-arguments) instead of the regular `password` argument. This ensures your sensitive credentials are never stored in Terraform state files, providing superior protection against accidental exposure. Write-Only arguments are supported in Terraform 1.11.0 and later.\n","description_kind":"plain"}},"scaleway_redis_cluster":{"version":0,"block":{"attributes":{"certificate":{"type":"string","description":"public TLS certificate used by redis cluster, empty if tls is disabled","description_kind":"plain","computed":true},"cluster_size":{"type":"number","description":"Number of nodes for the cluster.","description_kind":"plain","optional":true,"computed":true},"connection_string":{"type":"string","description":"Redis connection URI for the first reachable endpoint (public is preferred over private). Uses scheme `rediss` when TLS is enabled. Database index is always `0`. When a password is available in state, userinfo includes `user_name` and the password (Redis ACL). When `password_wo` is used, the password is omitted because it is not stored in state.","description_kind":"plain","computed":true,"sensitive":true},"created_at":{"type":"string","description":"The date and time of the creation of the Redis cluster","description_kind":"plain","computed":true},"id":{"type":"string","description_kind":"plain","optional":true,"computed":true},"name":{"type":"string","description":"Name of the redis cluster","description_kind":"plain","optional":true,"computed":true},"node_type":{"type":"string","description":"Type of node to use for the cluster","description_kind":"plain","required":true},"password":{"type":"string","description":"Password of the user. Only one of `password` or `password_wo` should be specified.","description_kind":"plain","optional":true,"sensitive":true},"password_wo":{"type":"string","description":"Password of the user in [write-only](https://registry.terraform.io/providers/scaleway/scaleway/latest/docs/guides/using-write-only-arguments) mode. Only one of `password` or `password_wo` should be specified. `password_wo` will not be set in the Terraform state. To update the `password_wo`, you must also update the `password_wo_version`.","description_kind":"plain","optional":true,"write_only":true},"password_wo_version":{"type":"number","description":"The version of the [write-only](https://registry.terraform.io/providers/scaleway/scaleway/latest/docs/guides/using-write-only-arguments) password. To update the `password_wo`, you must also update the `password_wo_version`.","description_kind":"plain","optional":true},"project_id":{"type":"string","description":"The project_id you want to attach the resource to","description_kind":"plain","optional":true,"computed":true},"settings":{"type":["map","string"],"description":"Map of settings to define for the cluster.","description_kind":"plain","optional":true},"tags":{"type":["list","string"],"description":"List of tags [\"tag1\", \"tag2\", ...] attached to a redis cluster","description_kind":"plain","optional":true},"tls_enabled":{"type":"bool","description":"Whether or not TLS is enabled.","description_kind":"plain","optional":true},"updated_at":{"type":"string","description":"The date and time of the last update of the Redis cluster","description_kind":"plain","computed":true},"user_name":{"type":"string","description":"Name of the user created when the cluster is created","description_kind":"plain","required":true},"version":{"type":"string","description":"Redis version of the cluster","description_kind":"plain","required":true},"zone":{"type":"string","description":"The zone you want to attach the resource to","description_kind":"plain","optional":true}},"block_types":{"acl":{"nesting_mode":"set","block":{"attributes":{"description":{"type":"string","description":"Description of the rule.","description_kind":"plain","optional":true,"computed":true},"id":{"type":"string","description":"ID of the rule (UUID format).","description_kind":"plain","computed":true},"ip":{"type":"string","description":"IPv4 network address of the rule in CIDR notation (IPv6 is not supported by the Scaleway API).","description_kind":"plain","required":true}},"description":"List of acl rules.","description_kind":"plain"}},"private_ips":{"nesting_mode":"list","block":{"attributes":{"address":{"type":"string","description":"The private IPv4 address","description_kind":"plain","computed":true},"id":{"type":"string","description":"The ID of the IPv4 address resource","description_kind":"plain","computed":true}},"description":"List of private IPv4 addresses associated with the resource","description_kind":"plain"}},"private_network":{"nesting_mode":"set","block":{"attributes":{"endpoint_id":{"type":"string","description":"UUID of the endpoint to be connected to the cluster","description_kind":"plain","computed":true},"id":{"type":"string","description":"UUID of the private network to be connected to the cluster","description_kind":"plain","required":true},"ips":{"type":["list","string"],"description":"List of IPv4 addresses of the endpoint","description_kind":"plain","computed":true},"port":{"type":"number","description":"TCP port of the endpoint","description_kind":"plain","computed":true},"service_ips":{"type":["list","string"],"description":"List of IPv4 addresses of the private network in CIDR notation (IPv6 is not supported by the Scaleway API)","description_kind":"plain","optional":true,"computed":true},"zone":{"type":"string","description":"The zone of the resource","description_kind":"plain","computed":true}},"description":"Private network specs details","description_kind":"plain"}},"public_network":{"nesting_mode":"list","block":{"attributes":{"id":{"type":"string","description":"UUID of the public network to be connected to the cluster","description_kind":"plain","optional":true,"computed":true},"ips":{"type":["list","string"],"description":"List of IPv4 addresses of the endpoint","description_kind":"plain","optional":true,"computed":true},"port":{"type":"number","description":"TCP port of the endpoint","description_kind":"plain","optional":true,"computed":true}},"description":"Public network specs details","description_kind":"plain"},"max_items":1},"timeouts":{"nesting_mode":"single","block":{"attributes":{"create":{"type":"string","description_kind":"plain","optional":true},"default":{"type":"string","description_kind":"plain","optional":true},"delete":{"type":"string","description_kind":"plain","optional":true},"update":{"type":"string","description_kind":"plain","optional":true}},"description_kind":"plain"}}},"description":"Creates and manages Scaleway Redis™ clusters.\nFor more information, see the [API documentation](https://www.scaleway.com/en/developers/api/managed-database-redis).\n\n-\u003e **Security Best Practice:**\nFor enhanced security, we recommend using the [`password_wo` write-only argument](https://registry.terraform.io/providers/scaleway/scaleway/latest/docs/guides/using-write-only-arguments) instead of the regular `password` argument. This ensures your sensitive credentials are never stored in Terraform state files, providing superior protection against accidental exposure. Write-Only arguments are supported in Terraform 1.11.0 and later.\n","description_kind":"plain"}},"scaleway_registry_namespace":{"version":0,"block":{"attributes":{"description":{"type":"string","description":"The description of the container registry namespace","description_kind":"plain","optional":true},"endpoint":{"type":"string","description":"The endpoint reachable by docker","description_kind":"plain","computed":true},"id":{"type":"string","description_kind":"plain","optional":true,"computed":true},"is_public":{"type":"bool","description":"Define the default visibility policy","description_kind":"plain","optional":true},"name":{"type":"string","description":"The name of the container registry namespace","description_kind":"plain","required":true},"organization_id":{"type":"string","description":"The organization_id you want to attach the resource to","description_kind":"plain","computed":true},"project_id":{"type":"string","description":"The project_id you want to attach the resource to","description_kind":"plain","optional":true,"computed":true},"region":{"type":"string","description":"The region you want to attach the resource to","description_kind":"plain","optional":true}},"block_types":{"timeouts":{"nesting_mode":"single","block":{"attributes":{"create":{"type":"string","description_kind":"plain","optional":true},"default":{"type":"string","description_kind":"plain","optional":true},"delete":{"type":"string","description_kind":"plain","optional":true},"read":{"type":"string","description_kind":"plain","optional":true},"update":{"type":"string","description_kind":"plain","optional":true}},"description_kind":"plain"}}},"description_kind":"plain"}},"scaleway_s2s_vpn_connection":{"version":0,"block":{"attributes":{"bgp_session_ipv4":{"type":["list",["object",{"peer_private_ip":"string","private_ip":"string","routing_policy_id":"string"}]],"description":"The BGP IPv4 session information (read-only)","description_kind":"plain","computed":true},"bgp_session_ipv6":{"type":["list",["object",{"peer_private_ip":"string","private_ip":"string","routing_policy_id":"string"}]],"description":"The BGP IPv6 session information (read-only)","description_kind":"plain","computed":true},"bgp_status_ipv4":{"type":"string","description":"The status of the BGP IPv4 session","description_kind":"plain","computed":true},"bgp_status_ipv6":{"type":"string","description":"The status of the BGP IPv6 session","description_kind":"plain","computed":true},"created_at":{"type":"string","description":"The date and time of the creation of the TLS stage","description_kind":"plain","computed":true},"customer_gateway_id":{"type":"string","description":"The ID of the customer gateway to attach to the connection","description_kind":"plain","optional":true,"computed":true},"enable_route_propagation":{"type":"bool","description":"Defines whether route propagation is enabled or not","description_kind":"plain","optional":true,"computed":true},"id":{"type":"string","description_kind":"plain","optional":true,"computed":true},"initiation_policy":{"type":"string","description":"Defines who initiates the IPsec tunnel","description_kind":"plain","optional":true,"computed":true},"is_ipv6":{"type":"bool","description":"Defines IP version of the IPSec Tunnel","description_kind":"plain","optional":true,"computed":true},"name":{"type":"string","description":"The name of the connection","description_kind":"plain","optional":true,"computed":true},"organization_id":{"type":"string","description":"Organization ID of the Project","description_kind":"plain","computed":true},"project_id":{"type":"string","description":"The project_id you want to attach the resource to","description_kind":"plain","optional":true,"computed":true},"region":{"type":"string","description":"The region you want to attach the resource to","description_kind":"plain","optional":true},"route_propagation_enabled":{"type":"bool","description":"Defines whether route propagation is enabled or not","description_kind":"plain","computed":true},"secret_id":{"type":"string","description":"The BGP peer IP on customer side","description_kind":"plain","computed":true},"secret_version":{"type":"number","description":"The BGP peer IP on customer side","description_kind":"plain","computed":true},"status":{"type":"string","description":"The status of the VPN gateway","description_kind":"plain","computed":true},"tags":{"type":["list","string"],"description":"The list of tags to apply to the connection","description_kind":"plain","optional":true},"tunnel_status":{"type":"string","description":"The status of the VPN gateway","description_kind":"plain","computed":true},"updated_at":{"type":"string","description":"The date and time of the last update of the TLS stage","description_kind":"plain","computed":true},"vpn_gateway_id":{"type":"string","description":"The ID of the VPN gateway to attach to the connection","description_kind":"plain","optional":true,"computed":true}},"block_types":{"bgp_config_ipv4":{"nesting_mode":"list","block":{"attributes":{"peer_private_ip":{"type":"string","description":"The BGP peer IP on customer side","description_kind":"plain","optional":true},"private_ip":{"type":"string","description":"The BGP peer IP on Scaleway side","description_kind":"plain","optional":true},"routing_policy_id":{"type":"string","description":"The ID of the routing policy to use for BGP route filtering","description_kind":"plain","required":true}},"description":"The list of IKE v2 ciphers proposed for the IPsec tunnel","description_kind":"plain"}},"bgp_config_ipv6":{"nesting_mode":"list","block":{"attributes":{"peer_private_ip":{"type":"string","description":"The BGP peer IP on customer side","description_kind":"plain","optional":true},"private_ip":{"type":"string","description":"The BGP peer IP on Scaleway side","description_kind":"plain","optional":true},"routing_policy_id":{"type":"string","description":"The ID of the routing policy to use for BGP route filtering","description_kind":"plain","required":true}},"description":"The list of IKE v2 ciphers proposed for the IPsec tunnel","description_kind":"plain"}},"esp_ciphers":{"nesting_mode":"list","block":{"attributes":{"dh_group":{"type":"string","description":"The Diffie-Hellman group","description_kind":"plain","optional":true},"encryption":{"type":"string","description":"The encryption algorithm","description_kind":"plain","required":true},"integrity":{"type":"string","description":"The integrity/hash algorithm","description_kind":"plain","optional":true}},"description":"The list of ESP ciphers proposed for the IPsec tunnel","description_kind":"plain"}},"ikev2_ciphers":{"nesting_mode":"list","block":{"attributes":{"dh_group":{"type":"string","description":"The Diffie-Hellman group","description_kind":"plain","optional":true},"encryption":{"type":"string","description":"The encryption algorithm","description_kind":"plain","required":true},"integrity":{"type":"string","description":"The integrity/hash algorithm","description_kind":"plain","optional":true}},"description":"The list of IKE v2 ciphers proposed for the IPsec tunnel","description_kind":"plain"}}},"description_kind":"plain"}},"scaleway_s2s_vpn_customer_gateway":{"version":0,"block":{"attributes":{"asn":{"type":"number","description":"The AS Number of the customer gateway","description_kind":"plain","required":true},"created_at":{"type":"string","description":"The date and time of the creation of the TLS stage","description_kind":"plain","computed":true},"id":{"type":"string","description_kind":"plain","optional":true,"computed":true},"ipv4_public":{"type":"string","description":"The public IPv4 address of the customer gateway","description_kind":"plain","optional":true,"computed":true},"ipv6_public":{"type":"string","description":"The public IPv6 address of the customer gateway","description_kind":"plain","optional":true,"computed":true},"name":{"type":"string","description":"The name of the customer gateway","description_kind":"plain","optional":true,"computed":true},"organization_id":{"type":"string","description":"Organization ID of the Project","description_kind":"plain","computed":true},"project_id":{"type":"string","description":"The project_id you want to attach the resource to","description_kind":"plain","optional":true,"computed":true},"region":{"type":"string","description":"The region you want to attach the resource to","description_kind":"plain","optional":true},"tags":{"type":["list","string"],"description":"The list of tags to apply to the customer gateway","description_kind":"plain","optional":true},"updated_at":{"type":"string","description":"The date and time of the last update of the TLS stage","description_kind":"plain","computed":true}},"description_kind":"plain"}},"scaleway_s2s_vpn_gateway":{"version":0,"block":{"attributes":{"asn":{"type":"number","description":"The AS Number of the vpn gateway","description_kind":"plain","computed":true},"created_at":{"type":"string","description":"The date and time of the creation of the VPN gateway","description_kind":"plain","computed":true},"gateway_type":{"type":"string","description":"The VPN gateway type (commercial offer type)","description_kind":"plain","required":true},"id":{"type":"string","description_kind":"plain","optional":true,"computed":true},"ipam_private_ipv4_id":{"type":"string","description":"The ID of the IPAM private IPv4 address to attach to the VPN gateway","description_kind":"plain","optional":true,"computed":true},"ipam_private_ipv6_id":{"type":"string","description":"The ID of the IPAM private IPv6 address to attach to the VPN gateway","description_kind":"plain","optional":true,"computed":true},"name":{"type":"string","description":"The name of the VPN gateway","description_kind":"plain","optional":true,"computed":true},"organization_id":{"type":"string","description":"Organization ID of the Project","description_kind":"plain","computed":true},"private_network_id":{"type":"string","description":"The ID of the Private Network to attach to the VPN gateway","description_kind":"plain","required":true},"project_id":{"type":"string","description":"The project_id you want to attach the resource to","description_kind":"plain","optional":true,"computed":true},"region":{"type":"string","description":"The region you want to attach the resource to","description_kind":"plain","optional":true},"status":{"type":"string","description":"The status of the VPN gateway","description_kind":"plain","computed":true},"tags":{"type":["list","string"],"description":"The list of tags to apply to the VPN gateway","description_kind":"plain","optional":true,"computed":true},"updated_at":{"type":"string","description":"The date and time of the last update of the VPN gateway","description_kind":"plain","computed":true},"zone":{"type":"string","description":"The zone you want to attach the resource to","description_kind":"plain","optional":true}},"block_types":{"public_config":{"nesting_mode":"list","block":{"attributes":{"ipam_ipv4_id":{"type":"string","description":" The ID of the IPAM IPv4 address to use as the public IP for the VPN gateway","description_kind":"plain","optional":true},"ipam_ipv6_id":{"type":"string","description":" The ID of the IPAM IPv6 address to use as the public IP for the VPN gateway","description_kind":"plain","optional":true}},"description":"The public endpoint configuration of the VPN gateway","description_kind":"plain"}},"timeouts":{"nesting_mode":"single","block":{"attributes":{"create":{"type":"string","description_kind":"plain","optional":true},"default":{"type":"string","description_kind":"plain","optional":true},"delete":{"type":"string","description_kind":"plain","optional":true},"read":{"type":"string","description_kind":"plain","optional":true},"update":{"type":"string","description_kind":"plain","optional":true}},"description_kind":"plain"}}},"description_kind":"plain"}},"scaleway_s2s_vpn_routing_policy":{"version":0,"block":{"attributes":{"created_at":{"type":"string","description":"The date and time of the creation of the TLS stage","description_kind":"plain","computed":true},"id":{"type":"string","description_kind":"plain","optional":true,"computed":true},"is_ipv6":{"type":"bool","description":"IP prefixes version of the routing policy","description_kind":"plain","optional":true,"computed":true},"name":{"type":"string","description":"The name of the routing policy","description_kind":"plain","optional":true,"computed":true},"organization_id":{"type":"string","description":"Organization ID of the Project","description_kind":"plain","computed":true},"prefix_filter_in":{"type":["list","string"],"description":"IP prefixes to accept from the peer (ranges of route announcements to accept)","description_kind":"plain","optional":true},"prefix_filter_out":{"type":["list","string"],"description":"IP prefix filters to advertise to the peer (ranges of routes to advertise)","description_kind":"plain","optional":true},"project_id":{"type":"string","description":"The project_id you want to attach the resource to","description_kind":"plain","optional":true,"computed":true},"region":{"type":"string","description":"The region you want to attach the resource to","description_kind":"plain","optional":true},"tags":{"type":["list","string"],"description":"The list of tags to apply to the routing policy","description_kind":"plain","optional":true},"updated_at":{"type":"string","description":"The date and time of the last update of the TLS stage","description_kind":"plain","computed":true}},"description_kind":"plain"}},"scaleway_sdb_sql_database":{"version":0,"block":{"attributes":{"endpoint":{"type":"string","description":"endpoint of the database","description_kind":"plain","computed":true},"id":{"type":"string","description_kind":"plain","optional":true,"computed":true},"max_cpu":{"type":"number","description":"The maximum number of CPU units for your Serverless SQL Database","description_kind":"plain","optional":true},"min_cpu":{"type":"number","description":"The minimum number of CPU units for your Serverless SQL Database","description_kind":"plain","optional":true},"name":{"type":"string","description":"The database name","description_kind":"plain","required":true},"project_id":{"type":"string","description":"The project_id you want to attach the resource to","description_kind":"plain","optional":true,"computed":true},"region":{"type":"string","description":"The region you want to attach the resource to","description_kind":"plain","optional":true}},"block_types":{"timeouts":{"nesting_mode":"single","block":{"attributes":{"create":{"type":"string","description_kind":"plain","optional":true},"default":{"type":"string","description_kind":"plain","optional":true},"delete":{"type":"string","description_kind":"plain","optional":true},"read":{"type":"string","description_kind":"plain","optional":true},"update":{"type":"string","description_kind":"plain","optional":true}},"description_kind":"plain"}}},"description_kind":"plain"}},"scaleway_secret":{"version":0,"block":{"attributes":{"created_at":{"type":"string","description":"Date and time of secret's creation (RFC 3339 format)","description_kind":"plain","computed":true},"description":{"type":"string","description":"Description of the secret","description_kind":"plain","optional":true},"id":{"type":"string","description_kind":"plain","optional":true,"computed":true},"name":{"type":"string","description":"The secret name","description_kind":"plain","required":true},"path":{"type":"string","description":"Location of the secret in the directory structure.","description_kind":"plain","optional":true},"project_id":{"type":"string","description":"The project_id you want to attach the resource to","description_kind":"plain","optional":true,"computed":true},"protected":{"type":"bool","description":"True if secret protection is enabled on a given secret. A protected secret cannot be deleted.","description_kind":"plain","optional":true},"region":{"type":"string","description":"The region you want to attach the resource to","description_kind":"plain","optional":true},"srn":{"type":"string","description":"The Scaleway Resource Name (SRN) of the secret","description_kind":"plain","computed":true},"status":{"type":"string","description":"Status of the secret","description_kind":"plain","computed":true},"tags":{"type":["list","string"],"description":"List of tags [\"tag1\", \"tag2\", ...] associated to secret","description_kind":"plain","optional":true},"type":{"type":"string","description":"Type of the secret could be any value among: [unknown_type opaque certificate key_value basic_credentials database_credentials ssh_key]","description_kind":"plain","optional":true},"updated_at":{"type":"string","description":"Date and time of secret's creation (RFC 3339 format)","description_kind":"plain","computed":true},"version_count":{"type":"number","description":"The number of versions for this Secret","description_kind":"plain","computed":true},"versions":{"type":["list",["object",{"created_at":"string","description":"string","latest":"bool","revision":"string","secret_id":"string","status":"string","updated_at":"string"}]],"description":"List of the versions of the secret","description_kind":"plain","computed":true}},"block_types":{"ephemeral_policy":{"nesting_mode":"list","block":{"attributes":{"action":{"type":"string","description":"Action to perform when the version of a secret expires.","description_kind":"plain","required":true},"expires_once_accessed":{"type":"bool","description":"True if the secret version expires after a single user access.","description_kind":"plain","optional":true},"ttl":{"type":"string","description":"Time frame, from one second and up to one year, during which the secret's versions are valid. Has to be specified in Go Duration format","description_kind":"plain","optional":true}},"description":"Ephemeral policy of the secret. Policy that defines whether/when a secret's versions expire. By default, the policy is applied to all the secret's versions.","description_kind":"plain"}},"timeouts":{"nesting_mode":"single","block":{"attributes":{"default":{"type":"string","description_kind":"plain","optional":true}},"description_kind":"plain"}}},"description_kind":"plain"}},"scaleway_secret_version":{"version":0,"block":{"attributes":{"created_at":{"type":"string","description":"Date and time of secret version's creation (RFC 3339 format)","description_kind":"plain","computed":true},"data":{"type":"string","description":"The raw data payload of the secret version. Must not exceed 64KiB in size (e.g. `my-secret-version-payload`). Only one of `data` or `data_wo` should be specified.","description_kind":"plain","optional":true,"sensitive":true},"data_wo":{"type":"string","description":"The raw data payload of your secret version in [write-only](https://registry.terraform.io/providers/scaleway/scaleway/latest/docs/guides/using-write-only-arguments) mode. Must not exceed 64KiB in size (e.g. `my-secret-version-payload`). Only one of `data` or `data_wo` should be specified. `data_wo` will not be set in the Terraform state. To update the `data_wo`, you must also update the `data_wo_version`.","description_kind":"plain","optional":true,"sensitive":true,"write_only":true},"data_wo_version":{"type":"number","description":"The version of the [write-only](https://registry.terraform.io/providers/scaleway/scaleway/latest/docs/guides/using-write-only-arguments) data. To update the `data_wo`, you must also update the `data_wo_version`.","description_kind":"plain","optional":true},"description":{"type":"string","description":"Description of the secret version","description_kind":"plain","optional":true},"id":{"type":"string","description_kind":"plain","optional":true,"computed":true},"region":{"type":"string","description":"The region you want to attach the resource to","description_kind":"plain","optional":true},"revision":{"type":"string","description":"The revision of secret version.","description_kind":"plain","computed":true},"secret_id":{"type":"string","description":"The secret ID associated with this version","description_kind":"plain","required":true},"srn":{"type":"string","description":"The Scaleway Resource Name (SRN) of the secret version","description_kind":"plain","computed":true},"status":{"type":"string","description":"Status of the secret version","description_kind":"plain","computed":true},"updated_at":{"type":"string","description":"Date and time of secret version's creation (RFC 3339 format)","description_kind":"plain","computed":true}},"block_types":{"timeouts":{"nesting_mode":"single","block":{"attributes":{"default":{"type":"string","description_kind":"plain","optional":true}},"description_kind":"plain"}}},"description_kind":"plain"}},"scaleway_tem_blocked_list":{"version":0,"block":{"attributes":{"domain_id":{"type":"string","description":"The ID of the domain affected by the blocklist.","description_kind":"plain","required":true},"email":{"type":"string","description":"Email address to block.","description_kind":"plain","required":true},"id":{"type":"string","description_kind":"plain","optional":true,"computed":true},"project_id":{"type":"string","description":"The project_id you want to attach the resource to","description_kind":"plain","optional":true,"computed":true},"reason":{"type":"string","description":"Reason for blocking the emails.","description_kind":"plain","optional":true},"region":{"type":"string","description":"The region you want to attach the resource to","description_kind":"plain","optional":true},"type":{"type":"string","description":"Type of the blocked list. (mailbox_full or mailbox_not_found)","description_kind":"plain","required":true}},"description_kind":"plain"}},"scaleway_tem_domain":{"version":0,"block":{"attributes":{"accept_tos":{"type":"bool","description":"Accept the Scaleway Terms of Service","description_kind":"plain","required":true},"autoconfig":{"type":"bool","description":"Enable automatic configuration options for the domain","description_kind":"plain","optional":true},"created_at":{"type":"string","description":"Date and time of domain's creation (RFC 3339 format)","description_kind":"plain","computed":true},"dkim_config":{"type":"string","description":"DKIM public key, as should be recorded in the DNS zone","description_kind":"plain","computed":true},"dkim_name":{"type":"string","description":"DKIM name for the domain, as should be recorded in the DNS zone","description_kind":"plain","computed":true},"dmarc_config":{"type":"string","description":"DMARC record for the domain, as should be recorded in the DNS zone","description_kind":"plain","computed":true},"dmarc_name":{"type":"string","description":"DMARC name for the domain, as should be recorded in the DNS zone","description_kind":"plain","computed":true},"id":{"type":"string","description_kind":"plain","optional":true,"computed":true},"last_error":{"type":"string","description":"Error message if the last check failed","description_kind":"plain","deprecated":true,"computed":true},"last_valid_at":{"type":"string","description":"Date and time the domain was last found to be valid (RFC 3339 format)","description_kind":"plain","computed":true},"mx_blackhole":{"type":"string","description":"The Scaleway's blackhole MX server to use","description_kind":"plain","computed":true},"mx_config":{"type":"string","description":"MX record configuration for the domain blackhole","description_kind":"plain","computed":true},"name":{"type":"string","description":"The domain name used when sending emails","description_kind":"plain","required":true},"next_check_at":{"type":"string","description":"Date and time of the next scheduled check (RFC 3339 format)","description_kind":"plain","computed":true},"project_id":{"type":"string","description":"The project_id you want to attach the resource to","description_kind":"plain","optional":true,"computed":true},"region":{"type":"string","description":"The region you want to attach the resource to","description_kind":"plain","optional":true},"reputation":{"type":["list",["object",{"previous_score":"number","previous_scored_at":"string","score":"number","scored_at":"string","status":"string"}]],"description":"The domain's reputation","description_kind":"plain","computed":true},"revoked_at":{"type":"string","description":"Date and time of the revocation of the domain (RFC 3339 format)","description_kind":"plain","computed":true},"smtp_host":{"type":"string","description":"SMTP host to use to send emails","description_kind":"plain","computed":true},"smtp_port":{"type":"number","description":"SMTP port to use to send emails over TLS. (Port 587)","description_kind":"plain","computed":true},"smtp_port_alternative":{"type":"number","description":"SMTP port to use to send emails over TLS. (Port 2587)","description_kind":"plain","computed":true},"smtp_port_unsecure":{"type":"number","description":"SMTP port to use to send emails. (Port 25)","description_kind":"plain","computed":true},"smtps_auth_user":{"type":"string","description":"SMTPS auth user refers to the identifier for a user authorized to send emails via SMTPS, ensuring secure email transmission","description_kind":"plain","computed":true},"smtps_port":{"type":"number","description":"SMTPS port to use to send emails over TLS Wrapper. (Port 465)","description_kind":"plain","computed":true},"smtps_port_alternative":{"type":"number","description":"SMTPS port to use to send emails over TLS Wrapper. (Port 2465)","description_kind":"plain","computed":true},"spf_config":{"type":"string","description":"Snippet of the SPF record that should be registered in the DNS zone","description_kind":"plain","computed":true},"spf_value":{"type":"string","description":"Complete SPF record value for the domain, as should be recorded in the DNS zone","description_kind":"plain","computed":true},"status":{"type":"string","description":"Status of the domain","description_kind":"plain","computed":true}},"block_types":{"timeouts":{"nesting_mode":"single","block":{"attributes":{"create":{"type":"string","description_kind":"plain","optional":true},"default":{"type":"string","description_kind":"plain","optional":true},"delete":{"type":"string","description_kind":"plain","optional":true},"update":{"type":"string","description_kind":"plain","optional":true}},"description_kind":"plain"}}},"description_kind":"plain"}},"scaleway_tem_domain_validation":{"version":0,"block":{"attributes":{"domain_id":{"type":"string","description":"The id of domain name used when sending emails.","description_kind":"plain","required":true},"id":{"type":"string","description_kind":"plain","optional":true,"computed":true},"region":{"type":"string","description":"The region you want to attach the resource to","description_kind":"plain","optional":true},"timeout":{"type":"number","description":"Maximum wait time in second before returning an error.","description_kind":"plain","optional":true},"validated":{"type":"bool","description":"Indicates if the domain is verified for email sending","description_kind":"plain","computed":true}},"block_types":{"timeouts":{"nesting_mode":"single","block":{"attributes":{"create":{"type":"string","description_kind":"plain","optional":true},"default":{"type":"string","description_kind":"plain","optional":true},"delete":{"type":"string","description_kind":"plain","optional":true}},"description_kind":"plain"}}},"description_kind":"plain"}},"scaleway_tem_webhook":{"version":0,"block":{"attributes":{"created_at":{"type":"string","description":"Creation timestamp","description_kind":"plain","computed":true},"domain_id":{"type":"string","description":"The domain id","description_kind":"plain","required":true},"event_types":{"type":["list","string"],"description":"List of event types","description_kind":"plain","required":true},"id":{"type":"string","description_kind":"plain","optional":true,"computed":true},"name":{"type":"string","description":"The name of the webhook","description_kind":"plain","optional":true,"computed":true},"organization_id":{"type":"string","description":"The organization_id you want to attach the resource to","description_kind":"plain","computed":true},"project_id":{"type":"string","description":"The project_id you want to attach the resource to","description_kind":"plain","optional":true,"computed":true},"region":{"type":"string","description":"The region you want to attach the resource to","description_kind":"plain","optional":true},"sns_arn":{"type":"string","description":"SNS ARN","description_kind":"plain","required":true},"updated_at":{"type":"string","description":"Last update timestamp","description_kind":"plain","computed":true}},"description_kind":"plain"}},"scaleway_vpc":{"version":0,"block":{"attributes":{"created_at":{"type":"string","description":"The date and time of the creation of the private network","description_kind":"plain","computed":true},"enable_custom_routes_propagation":{"type":"bool","description":"Defines whether the VPC advertises custom routes between its Private Networks","description_kind":"plain","optional":true,"computed":true},"enable_routing":{"type":"bool","description":"Enable routing between Private Networks in the VPC","description_kind":"plain","optional":true,"computed":true},"enable_transitivity":{"type":"bool","description":"Enable packets from peered VPCs to transit through this VPC","description_kind":"plain","optional":true,"computed":true},"id":{"type":"string","description_kind":"plain","optional":true,"computed":true},"is_default":{"type":"bool","description":"Defines whether the VPC is the default one for its Project","description_kind":"plain","computed":true},"name":{"type":"string","description":"The name of the VPC","description_kind":"plain","optional":true,"computed":true},"organization_id":{"type":"string","description":"The organization_id you want to attach the resource to","description_kind":"plain","computed":true},"project_id":{"type":"string","description":"The project_id you want to attach the resource to","description_kind":"plain","optional":true,"computed":true},"region":{"type":"string","description":"The region you want to attach the resource to","description_kind":"plain","optional":true},"srn":{"type":"string","description":"The Scaleway Resource Name (SRN) of the private network","description_kind":"plain","computed":true},"tags":{"type":["list","string"],"description":"The tags associated with the VPC","description_kind":"plain","optional":true},"updated_at":{"type":"string","description":"The date and time of the last update of the private network","description_kind":"plain","computed":true}},"description_kind":"plain"}},"scaleway_vpc_acl":{"version":0,"block":{"attributes":{"default_policy":{"type":"string","description":"The action to take for packets which do not match any rules","description_kind":"plain","optional":true},"id":{"type":"string","description_kind":"plain","optional":true,"computed":true},"is_ipv6":{"type":"bool","description":"Defines whether this set of ACL rules is for IPv6 (false = IPv4). Each Network ACL can have rules for only one IP type","description_kind":"plain","optional":true},"region":{"type":"string","description":"The region you want to attach the resource to","description_kind":"plain","optional":true},"vpc_id":{"type":"string","description":"The VPC in which to create the ACL rule","description_kind":"plain","required":true}},"block_types":{"rules":{"nesting_mode":"list","block":{"attributes":{"action":{"type":"string","description":"The policy to apply to the packet","description_kind":"plain","optional":true},"description":{"type":"string","description":"The rule description","description_kind":"plain","optional":true},"destination":{"type":"string","description":"Destination IP range to which this rule applies (CIDR notation with subnet mask)","description_kind":"plain","optional":true},"dst_port_high":{"type":"number","description":"Ending port of the destination port range to which this rule applies (inclusive)","description_kind":"plain","optional":true},"dst_port_low":{"type":"number","description":"Starting port of the destination port range to which this rule applies (inclusive)","description_kind":"plain","optional":true},"protocol":{"type":"string","description":"The protocol to which this rule applies. Default value: ANY","description_kind":"plain","optional":true},"source":{"type":"string","description":"Source IP range to which this rule applies (CIDR notation with subnet mask)","description_kind":"plain","optional":true},"src_port_high":{"type":"number","description":"Ending port of the source port range to which this rule applies (inclusive)","description_kind":"plain","optional":true},"src_port_low":{"type":"number","description":"Starting port of the source port range to which this rule applies (inclusive)","description_kind":"plain","optional":true}},"description":"The list of Network ACL rules","description_kind":"plain"}}},"description_kind":"plain"}},"scaleway_vpc_connector":{"version":0,"block":{"attributes":{"created_at":{"type":"string","description":"The date and time of the creation of the vpc connector","description_kind":"plain","computed":true},"id":{"type":"string","description_kind":"plain","optional":true,"computed":true},"name":{"type":"string","description":"The name of the VPC connector","description_kind":"plain","optional":true,"computed":true},"organization_id":{"type":"string","description":"The organization_id you want to attach the resource to","description_kind":"plain","computed":true},"project_id":{"type":"string","description":"The Scaleway Project the VPC connector belongs to","description_kind":"plain","computed":true},"region":{"type":"string","description":"The region you want to attach the resource to","description_kind":"plain","optional":true},"srn":{"type":"string","description":"The Scaleway Resource Name (SRN) of the vpc connector","description_kind":"plain","computed":true},"status":{"type":"string","description":"The VPC connector status","description_kind":"plain","computed":true},"tags":{"type":["list","string"],"description":"The tags associated with the VPC connector","description_kind":"plain","optional":true},"target_vpc_id":{"type":"string","description":"The ID of the target VPC to connect to","description_kind":"plain","required":true},"updated_at":{"type":"string","description":"The date and time of the last update of the vpc connector","description_kind":"plain","computed":true},"vpc_id":{"type":"string","description":"The ID of the source VPC","description_kind":"plain","required":true}},"description":"Creates and manages Scaleway VPC Connectors.\n\nA VPC connector enables network connectivity between two VPCs, allowing resources in separate VPCs to communicate with each other.\n\nFor more information, see [the main documentation](https://www.scaleway.com/en/docs/vpc/concepts/).\n","description_kind":"plain"}},"scaleway_vpc_gateway_network":{"version":0,"block":{"attributes":{"cleanup_dhcp":{"type":"bool","description":"Remove DHCP config on this network on destroy","description_kind":"plain","deprecated":true,"optional":true,"computed":true},"created_at":{"type":"string","description":"The date and time of the creation of the gateway network","description_kind":"plain","computed":true},"dhcp_id":{"type":"string","description":"The ID of the public gateway DHCP config","description_kind":"plain","deprecated":true,"optional":true},"enable_dhcp":{"type":"bool","description":"Enable DHCP config on this network","description_kind":"plain","deprecated":true,"optional":true},"enable_masquerade":{"type":"bool","description":"Enable masquerade on this network","description_kind":"plain","optional":true},"gateway_id":{"type":"string","description":"The ID of the public gateway where connect to","description_kind":"plain","required":true},"id":{"type":"string","description_kind":"plain","optional":true,"computed":true},"mac_address":{"type":"string","description":"The mac address on this network","description_kind":"plain","computed":true},"private_network_id":{"type":"string","description":"The ID of the private network where connect to","description_kind":"plain","required":true},"static_address":{"type":"string","description":"The static IP address in CIDR on this network","description_kind":"plain","deprecated":true,"optional":true,"computed":true},"status":{"type":"string","description":"The status of the Public Gateway's connection to the Private Network","description_kind":"plain","computed":true},"updated_at":{"type":"string","description":"The date and time of the last update of the gateway network","description_kind":"plain","computed":true},"zone":{"type":"string","description":"The zone you want to attach the resource to","description_kind":"plain","optional":true}},"block_types":{"ipam_config":{"nesting_mode":"list","block":{"attributes":{"ipam_ip_id":{"type":"string","description":"Use this IPAM-booked IP ID as the Gateway's IP in this Private Network","description_kind":"plain","optional":true,"computed":true},"push_default_route":{"type":"bool","description":"Defines whether the default route is enabled on that Gateway Network","description_kind":"plain","optional":true}},"description":"Auto-configure the Gateway Network using IPAM (IP address management service)","description_kind":"plain"}},"private_ip":{"nesting_mode":"list","block":{"attributes":{"address":{"type":"string","description":"The private IPv4 address.","description_kind":"plain","computed":true},"id":{"type":"string","description":"The ID of the IPv4 address resource.","description_kind":"plain","computed":true}},"description":"The private IPv4 address associated with the resource.","description_kind":"plain"}},"timeouts":{"nesting_mode":"single","block":{"attributes":{"create":{"type":"string","description_kind":"plain","optional":true},"default":{"type":"string","description_kind":"plain","optional":true},"delete":{"type":"string","description_kind":"plain","optional":true},"read":{"type":"string","description_kind":"plain","optional":true},"update":{"type":"string","description_kind":"plain","optional":true}},"description_kind":"plain"}}},"description_kind":"plain"}},"scaleway_vpc_ingress_rule":{"version":0,"block":{"attributes":{"created_at":{"type":"string","description":"The date and time of the creation of the ingress rule","description_kind":"plain","computed":true},"description":{"type":"string","description":"The ingress rule description","description_kind":"plain","optional":true,"computed":true},"id":{"type":"string","description_kind":"plain","optional":true,"computed":true},"is_ipv6":{"type":"bool","description":"Whether the ingress rule is for IPv6 traffic","description_kind":"plain","computed":true},"nexthop_private_network_id":{"type":"string","description":"The ID of the nexthop private network","description_kind":"plain","required":true},"nexthop_resource_ip":{"type":"string","description":"IP of the nexthop resource for the ingress rule","description_kind":"plain","required":true},"region":{"type":"string","description":"The region you want to attach the resource to","description_kind":"plain","optional":true},"source":{"type":"string","description":"Source IP range to which this rule applies (CIDR notation with subnet mask)","description_kind":"plain","required":true},"srn":{"type":"string","description":"The Scaleway Resource Name (SRN) of the ingress rule","description_kind":"plain","computed":true},"tags":{"type":["list","string"],"description":"The tags associated with the ingress rule","description_kind":"plain","optional":true},"updated_at":{"type":"string","description":"The date and time of the last update of the ingress rule","description_kind":"plain","computed":true},"vpc_id":{"type":"string","description":"The ID of the VPC the ingress rule belongs to","description_kind":"plain","required":true}},"description":"Creates and manages Scaleway VPC Ingress Rules.\n\nAn ingress routing rule routes incoming traffic from a peered VPC to a specific private IP address within a destination VPC's Private Network.\n\nFor more information, see [the main documentation](https://www.scaleway.com/en/docs/vpc/concepts/).\n","description_kind":"plain"}},"scaleway_vpc_private_network":{"version":1,"block":{"attributes":{"created_at":{"type":"string","description":"The date and time of the creation of the private network","description_kind":"plain","computed":true},"enable_default_route_propagation":{"type":"bool","description":"Defines whether default v4 and v6 routes are propagated for this Private Network","description_kind":"plain","optional":true,"computed":true},"id":{"type":"string","description_kind":"plain","optional":true,"computed":true},"is_regional":{"type":"bool","description":"Defines whether the private network is Regional. By default, it will be Zonal","description_kind":"plain","deprecated":true,"optional":true,"computed":true},"name":{"type":"string","description":"The name of the private network","description_kind":"plain","optional":true,"computed":true},"organization_id":{"type":"string","description":"The organization_id you want to attach the resource to","description_kind":"plain","computed":true},"project_id":{"type":"string","description":"The project_id you want to attach the resource to","description_kind":"plain","optional":true,"computed":true},"region":{"type":"string","description":"The region you want to attach the resource to","description_kind":"plain","optional":true},"srn":{"type":"string","description":"The Scaleway Resource Name (SRN) of the private network","description_kind":"plain","computed":true},"tags":{"type":["list","string"],"description":"The tags associated with private network","description_kind":"plain","optional":true},"updated_at":{"type":"string","description":"The date and time of the last update of the private network","description_kind":"plain","computed":true},"vpc_id":{"type":"string","description":"The VPC in which to create the private network","description_kind":"plain","optional":true,"computed":true},"zone":{"type":"string","description":"The zone you want to attach the resource to","description_kind":"plain","deprecated":true,"optional":true,"computed":true}},"block_types":{"ipv4_subnet":{"nesting_mode":"list","block":{"attributes":{"address":{"type":"string","description":"The network address of the subnet in dotted decimal notation, e.g., '192.168.0.0' for a '192.168.0.0/24' subnet","description_kind":"plain","computed":true},"created_at":{"type":"string","description":"The date and time of the creation of the subnet","description_kind":"plain","computed":true},"id":{"type":"string","description":"The subnet ID","description_kind":"plain","computed":true},"prefix_length":{"type":"number","description":"The length of the network prefix, e.g., 24 for a 255.255.255.0 mask","description_kind":"plain","computed":true},"srn":{"type":"string","description":"The Scaleway Resource Name (SRN) of the subnet","description_kind":"plain","computed":true},"subnet":{"type":"string","description":"The subnet CIDR","description_kind":"plain","optional":true,"computed":true},"subnet_mask":{"type":"string","description":"The subnet mask expressed in dotted decimal notation, e.g., '255.255.255.0' for a /24 subnet","description_kind":"plain","computed":true},"updated_at":{"type":"string","description":"The date and time of the last update of the subnet","description_kind":"plain","computed":true}},"description":"The IPv4 subnet associated with the private network","description_kind":"plain"},"max_items":1},"ipv6_subnets":{"nesting_mode":"set","block":{"attributes":{"address":{"type":"string","description":"The network address of the subnet in dotted decimal notation, e.g., '192.168.0.0' for a '192.168.0.0/24' subnet","description_kind":"plain","computed":true},"created_at":{"type":"string","description":"The date and time of the creation of the subnet","description_kind":"plain","computed":true},"id":{"type":"string","description":"The subnet ID","description_kind":"plain","computed":true},"prefix_length":{"type":"number","description":"The length of the network prefix, e.g., 24 for a 255.255.255.0 mask","description_kind":"plain","computed":true},"srn":{"type":"string","description":"The Scaleway Resource Name (SRN) of the subnet","description_kind":"plain","computed":true},"subnet":{"type":"string","description":"The subnet CIDR","description_kind":"plain","optional":true,"computed":true},"subnet_mask":{"type":"string","description":"The subnet mask expressed in dotted decimal notation, e.g., '255.255.255.0' for a /24 subnet","description_kind":"plain","computed":true},"updated_at":{"type":"string","description":"The date and time of the last update of the subnet","description_kind":"plain","computed":true}},"description":"The IPv6 subnet associated with the private network","description_kind":"plain"}}},"description_kind":"plain"}},"scaleway_vpc_public_gateway":{"version":0,"block":{"attributes":{"allowed_ip_ranges":{"type":["set","string"],"description":"Set a definitive list of IP ranges (in CIDR notation) allowed to connect to the SSH bastion","description_kind":"plain","optional":true,"computed":true},"bandwidth":{"type":"number","description":"The bandwidth available of the gateway","description_kind":"plain","computed":true},"bastion_enabled":{"type":"bool","description":"Enable SSH bastion on the gateway","description_kind":"plain","optional":true},"bastion_port":{"type":"number","description":"Port of the SSH bastion","description_kind":"plain","optional":true,"computed":true},"created_at":{"type":"string","description":"The date and time of the creation of the public gateway","description_kind":"plain","computed":true},"enable_smtp":{"type":"bool","description":"Enable SMTP on the gateway","description_kind":"plain","optional":true,"computed":true},"id":{"type":"string","description_kind":"plain","optional":true,"computed":true},"ip_id":{"type":"string","description":"attach an existing IP to the gateway","description_kind":"plain","optional":true,"computed":true},"move_to_ipam":{"type":"bool","description":"Put a Public Gateway in IPAM mode, so that it can be used with the Public Gateways API v2","description_kind":"plain","deprecated":true,"optional":true},"name":{"type":"string","description":"name of the gateway","description_kind":"plain","optional":true,"computed":true},"organization_id":{"type":"string","description":"The organization_id you want to attach the resource to","description_kind":"plain","computed":true},"project_id":{"type":"string","description":"The project_id you want to attach the resource to","description_kind":"plain","optional":true,"computed":true},"refresh_ssh_keys":{"type":"string","description":"Trigger a refresh of the SSH keys for a given Public Gateway by changing this field's value","description_kind":"plain","optional":true},"status":{"type":"string","description":"The status of the public gateway","description_kind":"plain","computed":true},"tags":{"type":["list","string"],"description":"The tags associated with public gateway","description_kind":"plain","optional":true},"type":{"type":"string","description":"gateway type","description_kind":"plain","required":true},"updated_at":{"type":"string","description":"The date and time of the last update of the public gateway","description_kind":"plain","computed":true},"upstream_dns_servers":{"type":["list","string"],"description":"override the gateway's default recursive DNS servers, if DNS features are enabled","description_kind":"plain","deprecated":true,"computed":true},"zone":{"type":"string","description":"The zone you want to attach the resource to","description_kind":"plain","optional":true}},"block_types":{"timeouts":{"nesting_mode":"single","block":{"attributes":{"create":{"type":"string","description_kind":"plain","optional":true},"default":{"type":"string","description_kind":"plain","optional":true},"delete":{"type":"string","description_kind":"plain","optional":true},"read":{"type":"string","description_kind":"plain","optional":true},"update":{"type":"string","description_kind":"plain","optional":true}},"description_kind":"plain"}}},"description_kind":"plain"}},"scaleway_vpc_public_gateway_dhcp":{"version":0,"block":{"attributes":{"address":{"type":"string","description":"The address of the DHCP server. This will be the gateway's address in the private network. Defaults to the first address of the subnet","description_kind":"plain","optional":true,"computed":true},"created_at":{"type":"string","description":"The date and time of the creation of the public gateway.","description_kind":"plain","computed":true},"dns_local_name":{"type":"string","description":"TLD given to hostnames in the Private Network. Allowed characters are `a-z0-9-.`. Defaults to the slugified Private Network name if created along a GatewayNetwork, or else to `priv`.","description_kind":"plain","optional":true,"computed":true},"dns_search":{"type":["list","string"],"description":"Additional DNS search paths.","description_kind":"plain","optional":true,"computed":true},"dns_servers_override":{"type":["list","string"],"description":"Override the DNS server list pushed to DHCP clients, instead of the gateway itself.","description_kind":"plain","optional":true,"computed":true},"enable_dynamic":{"type":"bool","description":"Whether to enable dynamic pooling of IPs. By turning the dynamic pool off, only pre-existing DHCP reservations will be handed out. Defaults to true.","description_kind":"plain","optional":true,"computed":true},"id":{"type":"string","description_kind":"plain","optional":true,"computed":true},"organization_id":{"type":"string","description":"The organization_id you want to attach the resource to","description_kind":"plain","computed":true},"pool_high":{"type":"string","description":"High IP (included) of the dynamic address pool. Defaults to the last address of the subnet.","description_kind":"plain","optional":true,"computed":true},"pool_low":{"type":"string","description":"Low IP (included) of the dynamic address pool. Defaults to the second address of the subnet.","description_kind":"plain","optional":true,"computed":true},"project_id":{"type":"string","description":"The project_id you want to attach the resource to","description_kind":"plain","optional":true,"computed":true},"push_default_route":{"type":"bool","description":"Whether the gateway should push a default route to DHCP clients or only hand out IPs. Defaults to true.","description_kind":"plain","optional":true,"computed":true},"push_dns_server":{"type":"bool","description":"Whether the gateway should push custom DNS servers to clients. This allows for instance hostname -\u003e IP resolution. Defaults to true.","description_kind":"plain","optional":true,"computed":true},"rebind_timer":{"type":"number","description":"After how long, in seconds, a DHCP client will query for a new lease if previous renews fail. Must be 30s lower than `valid_lifetime`. Defaults to 51m (3060s).","description_kind":"plain","optional":true,"computed":true},"renew_timer":{"type":"number","description":"After how long, in seconds, a renew will be attempted. Must be 30s lower than `rebind_timer`. Defaults to 50m (3000s).","description_kind":"plain","optional":true,"computed":true},"subnet":{"type":"string","description":"Subnet for the DHCP server","description_kind":"plain","deprecated":true,"required":true},"updated_at":{"type":"string","description":"The date and time of the last update of the public gateway.","description_kind":"plain","computed":true},"valid_lifetime":{"type":"number","description":"For how long, in seconds, will DHCP entries will be valid. Defaults to 1h (3600s).","description_kind":"plain","optional":true,"computed":true},"zone":{"type":"string","description":"The zone you want to attach the resource to","description_kind":"plain","optional":true}},"description_kind":"plain","deprecated":true}},"scaleway_vpc_public_gateway_dhcp_reservation":{"version":0,"block":{"attributes":{"created_at":{"type":"string","description":"The configuration creation date.","description_kind":"plain","computed":true},"gateway_network_id":{"type":"string","description":"The ID of the owning GatewayNetwork (UUID format).","description_kind":"plain","required":true},"hostname":{"type":"string","description":"The Hostname of the client machine.","description_kind":"plain","computed":true},"id":{"type":"string","description_kind":"plain","optional":true,"computed":true},"ip_address":{"type":"string","description":"The IP address to give to the machine (IPv4 address).","description_kind":"plain","required":true},"mac_address":{"type":"string","description":"The MAC address to give a static entry to.","description_kind":"plain","required":true},"type":{"type":"string","description":"The reservation type, either static (DHCP reservation) or dynamic (DHCP lease). Possible values are reservation and lease","description_kind":"plain","computed":true},"updated_at":{"type":"string","description":"The configuration last modification date.","description_kind":"plain","computed":true},"zone":{"type":"string","description":"The zone you want to attach the resource to","description_kind":"plain","optional":true}},"block_types":{"timeouts":{"nesting_mode":"single","block":{"attributes":{"create":{"type":"string","description_kind":"plain","optional":true},"default":{"type":"string","description_kind":"plain","optional":true},"delete":{"type":"string","description_kind":"plain","optional":true},"update":{"type":"string","description_kind":"plain","optional":true}},"description_kind":"plain"}}},"description_kind":"plain","deprecated":true}},"scaleway_vpc_public_gateway_ip":{"version":0,"block":{"attributes":{"address":{"type":"string","description":"the IP itself","description_kind":"plain","computed":true},"created_at":{"type":"string","description":"The date and time of the creation of the public gateway IP","description_kind":"plain","computed":true},"id":{"type":"string","description_kind":"plain","optional":true,"computed":true},"organization_id":{"type":"string","description":"The organization_id you want to attach the resource to","description_kind":"plain","computed":true},"project_id":{"type":"string","description":"The project_id you want to attach the resource to","description_kind":"plain","optional":true,"computed":true},"reverse":{"type":"string","description":"reverse domain name for the IP address","description_kind":"plain","optional":true,"computed":true},"tags":{"type":["list","string"],"description":"The tags associated with public gateway IP","description_kind":"plain","optional":true},"updated_at":{"type":"string","description":"The date and time of the last update of the public gateway IP","description_kind":"plain","computed":true},"zone":{"type":"string","description":"The zone you want to attach the resource to","description_kind":"plain","optional":true}},"description_kind":"plain"}},"scaleway_vpc_public_gateway_ip_reverse_dns":{"version":0,"block":{"attributes":{"gateway_ip_id":{"type":"string","description":"The IP ID","description_kind":"plain","required":true},"id":{"type":"string","description_kind":"plain","optional":true,"computed":true},"reverse":{"type":"string","description":"The reverse DNS for this IP","description_kind":"plain","required":true},"zone":{"type":"string","description":"The zone you want to attach the resource to","description_kind":"plain","optional":true}},"block_types":{"timeouts":{"nesting_mode":"single","block":{"attributes":{"create":{"type":"string","description_kind":"plain","optional":true},"default":{"type":"string","description_kind":"plain","optional":true},"update":{"type":"string","description_kind":"plain","optional":true}},"description_kind":"plain"}}},"description_kind":"plain"}},"scaleway_vpc_public_gateway_pat_rule":{"version":0,"block":{"attributes":{"created_at":{"type":"string","description":"The date and time of the creation of the PAT rule","description_kind":"plain","computed":true},"gateway_id":{"type":"string","description":"The ID of the gateway this PAT rule is applied to","description_kind":"plain","required":true},"id":{"type":"string","description_kind":"plain","optional":true,"computed":true},"organization_id":{"type":"string","description":"The organization_id you want to attach the resource to","description_kind":"plain","computed":true},"private_ip":{"type":"string","description":"The private IP used in the PAT rule","description_kind":"plain","required":true},"private_port":{"type":"number","description":"The private port used in the PAT rule","description_kind":"plain","required":true},"protocol":{"type":"string","description":"The protocol used in the PAT rule","description_kind":"plain","optional":true},"public_port":{"type":"number","description":"The public port used in the PAT rule","description_kind":"plain","required":true},"updated_at":{"type":"string","description":"The date and time of the last update of the PAT rule","description_kind":"plain","computed":true},"zone":{"type":"string","description":"The zone you want to attach the resource to","description_kind":"plain","optional":true}},"block_types":{"timeouts":{"nesting_mode":"single","block":{"attributes":{"create":{"type":"string","description_kind":"plain","optional":true},"default":{"type":"string","description_kind":"plain","optional":true},"delete":{"type":"string","description_kind":"plain","optional":true},"update":{"type":"string","description_kind":"plain","optional":true}},"description_kind":"plain"}}},"description_kind":"plain"}},"scaleway_vpc_route":{"version":0,"block":{"attributes":{"created_at":{"type":"string","description":"The date and time of the creation of the route","description_kind":"plain","computed":true},"description":{"type":"string","description":"The route description","description_kind":"plain","optional":true,"computed":true},"destination":{"type":"string","description":"The destination IP or IP range of the route","description_kind":"plain","optional":true},"id":{"type":"string","description_kind":"plain","optional":true,"computed":true},"nexthop_private_network_id":{"type":"string","description":"The ID of the nexthop private network","description_kind":"plain","optional":true},"nexthop_resource_id":{"type":"string","description":"The ID of the nexthop resource","description_kind":"plain","optional":true},"nexthop_vpc_connector_id":{"type":"string","description":"The ID of the nexthop VPC Connector","description_kind":"plain","optional":true},"region":{"type":"string","description":"The region you want to attach the resource to","description_kind":"plain","optional":true},"srn":{"type":"string","description":"The Scaleway Resource Name (SRN) of the route","description_kind":"plain","computed":true},"tags":{"type":["list","string"],"description":"The tags associated with the Route","description_kind":"plain","optional":true},"updated_at":{"type":"string","description":"The date and time of the last update of the route","description_kind":"plain","computed":true},"vpc_id":{"type":"string","description":"VPC ID the Route belongs to","description_kind":"plain","required":true}},"description_kind":"plain"}},"scaleway_webhosting":{"version":0,"block":{"attributes":{"cpanel_urls":{"type":["list",["object",{"dashboard":"string","webmail":"string"}]],"description":"URL to connect to cPanel Dashboard and to Webmail interface","description_kind":"plain","computed":true},"created_at":{"type":"string","description":"Date and time of hosting's creation (RFC 3339 format)","description_kind":"plain","computed":true},"dns_status":{"type":"string","description":"DNS status of the hosting","description_kind":"plain","computed":true},"domain":{"type":"string","description":"The domain name of the hosting","description_kind":"plain","required":true},"email":{"type":"string","description":"Contact email of the client for the hosting","description_kind":"plain","required":true},"id":{"type":"string","description_kind":"plain","optional":true,"computed":true},"name_servers":{"type":["list",["object",{"hostname":"string","is_default":"bool","status":"string"}]],"description":"List of nameservers associated with the webhosting.","description_kind":"plain","computed":true},"offer_id":{"type":"string","description":"The ID of the selected offer for the hosting","description_kind":"plain","required":true},"offer_name":{"type":"string","description":"Name of the active offer","description_kind":"plain","computed":true},"option_ids":{"type":["list","string"],"description":"IDs of the selected options for the hosting","description_kind":"plain","optional":true},"options":{"type":["list",["object",{"id":"string","name":"string"}]],"description":"Active options of the hosting","description_kind":"plain","computed":true},"organization_id":{"type":"string","description":"The organization_id you want to attach the resource to","description_kind":"plain","deprecated":true,"computed":true},"platform_hostname":{"type":"string","description":"Hostname of the host platform","description_kind":"plain","computed":true},"platform_number":{"type":"number","description":"Number of the host platform","description_kind":"plain","computed":true},"project_id":{"type":"string","description":"The project_id you want to attach the resource to","description_kind":"plain","optional":true,"computed":true},"records":{"type":["list",["object",{"name":"string","priority":"number","status":"string","ttl":"number","type":"string","value":"string"}]],"description":"List of DNS records associated with the webhosting.","description_kind":"plain","computed":true},"region":{"type":"string","description":"The region you want to attach the resource to","description_kind":"plain","optional":true},"status":{"type":"string","description":"The hosting status","description_kind":"plain","computed":true},"tags":{"type":["list","string"],"description":"The tags of the hosting","description_kind":"plain","optional":true,"computed":true},"updated_at":{"type":"string","description":"Date and time of hosting's last update (RFC 3339 format)","description_kind":"plain","computed":true},"username":{"type":"string","description":"Main hosting cPanel username","description_kind":"plain","computed":true}},"block_types":{"timeouts":{"nesting_mode":"single","block":{"attributes":{"create":{"type":"string","description_kind":"plain","optional":true},"default":{"type":"string","description_kind":"plain","optional":true},"delete":{"type":"string","description_kind":"plain","optional":true},"read":{"type":"string","description_kind":"plain","optional":true}},"description_kind":"plain"}}},"description_kind":"plain"}}},"data_source_schemas":{"scaleway_account_project":{"version":0,"block":{"attributes":{"created_at":{"type":"string","description":"The date and time of the creation of the Project (Format ISO 8601)","description_kind":"plain","computed":true},"description":{"type":"string","description":"Description of the project","description_kind":"plain","computed":true},"id":{"type":"string","description_kind":"plain","optional":true,"computed":true},"name":{"type":"string","description":"The name of the project","description_kind":"plain","optional":true},"organization_id":{"type":"string","description":"The organization_id you want to attach the resource to","description_kind":"plain","optional":true},"project_id":{"type":"string","description":"The ID of the project","description_kind":"plain","optional":true,"computed":true},"updated_at":{"type":"string","description":"The date and time of the last update of the Project (Format ISO 8601)","description_kind":"plain","computed":true}},"description":"The [`scaleway_account_project`](https://registry.terraform.io/providers/scaleway/scaleway/latest/docs/data-sources/account_project) data source is used to retrieve information about a Scaleway project.\n\nRefer to the Organizations and Projects [documentation](https://www.scaleway.com/en/docs/organizations-and-projects/) and [API documentation](https://www.scaleway.com/en/developers/api/account/project-api/) for more information.\n","description_kind":"plain"}},"scaleway_account_projects":{"version":0,"block":{"attributes":{"created_at":{"type":"string","description":"The date and time of the creation of the Project (Format ISO 8601)","description_kind":"plain","computed":true},"description":{"type":"string","description":"Description of the project","description_kind":"plain","computed":true},"id":{"type":"string","description_kind":"plain","optional":true,"computed":true},"name":{"type":"string","description":"The name of the project","description_kind":"plain","computed":true},"organization_id":{"type":"string","description":"The ID of the organization","description_kind":"plain","optional":true,"computed":true},"projects":{"type":["list",["object",{"created_at":"string","description":"string","id":"string","name":"string","organization_id":"string","updated_at":"string"}]],"description":"The list of projects","description_kind":"plain","computed":true},"updated_at":{"type":"string","description":"The date and time of the last update of the Project (Format ISO 8601)","description_kind":"plain","computed":true}},"description":"The [`scaleway_account_projects`](https://registry.terraform.io/providers/scaleway/scaleway/latest/docs/data-sources/account_projects) data source is used to list all Scaleway projects in an Organization.\n\nRefer to the Organizations and Projects [documentation](https://www.scaleway.com/en/docs/organizations-and-projects/) and [API documentation](https://www.scaleway.com/en/developers/api/account/project-api/) for more information.\n","description_kind":"plain"}},"scaleway_account_ssh_key":{"version":0,"block":{"attributes":{"created_at":{"type":"string","description":"The date and time of the creation of the iam SSH Key","description_kind":"plain","computed":true},"disabled":{"type":"bool","description":"The SSH key status","description_kind":"plain","computed":true},"fingerprint":{"type":"string","description":"The fingerprint of the iam SSH key","description_kind":"plain","computed":true},"id":{"type":"string","description_kind":"plain","optional":true,"computed":true},"name":{"type":"string","description":"The name of the iam SSH key","description_kind":"plain","optional":true},"organization_id":{"type":"string","description":"The organization_id you want to attach the resource to","description_kind":"plain","computed":true},"project_id":{"type":"string","description":"The project_id you want to attach the resource to","description_kind":"plain","optional":true},"public_key":{"type":"string","description":"The public SSH key","description_kind":"plain","computed":true},"ssh_key_id":{"type":"string","description":"The ID of the SSH key","description_kind":"plain","optional":true},"updated_at":{"type":"string","description":"The date and time of the last update of the iam SSH Key","description_kind":"plain","computed":true}},"description_kind":"plain"}},"scaleway_annotations_binding":{"version":0,"block":{"attributes":{"binding_id":{"type":"string","description":"The ID of the annotation binding to retrieve.","description_kind":"markdown","required":true},"id":{"type":"string","description":"The ID of the annotation binding.","description_kind":"markdown","computed":true},"key_id":{"type":"string","description":"ID of the key associated to the binding.","description_kind":"markdown","computed":true},"srn":{"type":"string","description":"Scaleway Resource Number associated to the binding.","description_kind":"markdown","computed":true},"value_id":{"type":"string","description":"ID of the value associated to the binding.","description_kind":"markdown","computed":true}},"description":"Use this data source to retrieve information about an annotation binding.\n","description_kind":"markdown"}},"scaleway_annotations_key":{"version":0,"block":{"attributes":{"description":{"type":"string","description":"Description of the annotation key.","description_kind":"markdown","computed":true},"id":{"type":"string","description":"The ID of the annotation key.","description_kind":"markdown","computed":true},"key_id":{"type":"string","description":"The ID of the annotation key to retrieve.","description_kind":"markdown","required":true},"name":{"type":"string","description":"Name of the annotation key.","description_kind":"markdown","computed":true}},"description":"Retrieves information about an existing annotation key using its ID.\n","description_kind":"markdown"}},"scaleway_annotations_value":{"version":0,"block":{"attributes":{"description":{"type":"string","description":"Description of the annotation value.","description_kind":"markdown","computed":true},"id":{"type":"string","description":"The ID of the annotation value.","description_kind":"markdown","computed":true},"key_id":{"type":"string","description":"ID of the key the value is associated to.","description_kind":"markdown","computed":true},"name":{"type":"string","description":"Name of the annotation value.","description_kind":"markdown","computed":true},"value_id":{"type":"string","description":"The ID of the annotation value to retrieve.","description_kind":"markdown","required":true}},"description":"Retrieves information about an existing annotation value using its ID.\n","description_kind":"markdown"}},"scaleway_apple_silicon_os":{"version":0,"block":{"attributes":{"id":{"type":"string","description_kind":"plain","optional":true,"computed":true},"name":{"type":"string","description":"Exact label of the desired image","description_kind":"plain","optional":true},"os_id":{"type":"string","description":"The ID of the os","description_kind":"plain","optional":true},"version":{"type":"string","description":"Version string of the desired OS","description_kind":"plain","optional":true,"computed":true},"zone":{"type":"string","description":"The zone you want to attach the resource to","description_kind":"plain","optional":true}},"description_kind":"plain"}},"scaleway_audit_trail_event":{"version":0,"block":{"attributes":{"events":{"type":["list",["object",{"id":"string","locality":"string","method_name":"string","organization_id":"string","principal_id":"string","product_name":"string","project_id":"string","recorded_at":"string","request_body":"string","request_id":"string","resources":["list",["object",{"id":"string","name":"string","type":"string"}]],"service_name":"string","source_ip":"string","status_code":"number","user_agent":"string"}]],"description":"List of Audit Trail events","description_kind":"plain","computed":true},"id":{"type":"string","description_kind":"plain","optional":true,"computed":true},"method_name":{"type":"string","description":"Name of the method of the API call performed","description_kind":"plain","optional":true},"order_by":{"type":"string","description":"Defines the order in which events are returned. Default value: recorded_at_desc","description_kind":"plain","optional":true},"organization_id":{"type":"string","description":"ID of the organization containing the Audit Trail events.","description_kind":"plain","optional":true,"computed":true},"principal_id":{"type":"string","description":"ID of the User or IAM application at the origin of the event","description_kind":"plain","optional":true},"product_name":{"type":"string","description":"Scaleway product associated with the listed events in a hyphenated format","description_kind":"plain","optional":true},"project_id":{"type":"string","description":"ID of the project containing the Audit Trail events.","description_kind":"plain","optional":true},"recorded_after":{"type":"string","description":"The `recorded_after` parameter defines the earliest timestamp from which Audit Trail events are retrieved. Returns `one hour ago` by default (Format ISO 8601)","description_kind":"plain","optional":true},"recorded_before":{"type":"string","description":"The `recorded_before` parameter defines the latest timestamp up to which Audit Trail events are retrieved. Must be later than recorded_after. Returns `now` by default (Format ISO 8601)","description_kind":"plain","optional":true},"region":{"type":"string","description":"The region you want to attach the resource to","description_kind":"plain","optional":true},"resource_id":{"type":"string","description":"ID of the Scaleway resource associated with the listed events","description_kind":"plain","optional":true},"resource_type":{"type":"string","description":"Type of the scaleway resources associated with the listed events","description_kind":"plain","optional":true},"service_name":{"type":"string","description":"Name of the service of the API call performed","description_kind":"plain","optional":true},"source_ip":{"type":"string","description":"IP address at the origin of the event","description_kind":"plain","optional":true},"status":{"type":"number","description":"HTTP status code of the request","description_kind":"plain","optional":true}},"description":"The [`scaleway_audit_trail_event`](https://registry.terraform.io/providers/scaleway/scaleway/latest/docs/data-sources/audit_trail_event) data source is used to retrieve information about existing Audit Trail events.\n\nRefer to the Audit Trail [documentation](https://www.scaleway.com/en/docs/audit-trail/) and [API documentation](https://www.scaleway.com/en/developers/api/audit-trail/) for more information.\n","description_kind":"plain"}},"scaleway_autoscaling_instance_group":{"version":0,"block":{"attributes":{"capacity":{"type":["list",["object",{"cooldown_delay":"number","max_replicas":"number","min_replicas":"number"}]],"description":"The specification of the minimum and maximum replicas for the Instance group, and the cooldown interval between two scaling events","description_kind":"plain","computed":true},"created_at":{"type":"string","description":"The date and time of the creation of the Instance group","description_kind":"plain","computed":true},"delete_servers_on_destroy":{"type":"bool","description":"Whether to delete all instances in this group when the group is destroyed. Set to `true` to tear them down, `false` (the default) leaves them running","description_kind":"plain","computed":true},"id":{"type":"string","description_kind":"plain","optional":true,"computed":true},"instance_group_id":{"type":"string","description":"The ID of the instance group","description_kind":"plain","optional":true},"load_balancer":{"type":["list",["object",{"backend_ids":["list","string"],"id":"string","private_network_id":"string"}]],"description":"The specification of the Load Balancer to link to the Instance group","description_kind":"plain","computed":true},"name":{"type":"string","description":"The Instance group name","description_kind":"plain","optional":true},"project_id":{"type":"string","description":"The project_id you want to attach the resource to","description_kind":"plain","computed":true},"tags":{"type":["list","string"],"description":"The tags associated with the Instance group","description_kind":"plain","computed":true},"template_id":{"type":"string","description":"ID of the Instance template to attach to the Instance group","description_kind":"plain","computed":true},"updated_at":{"type":"string","description":"The date and time of the last update of the Instance group","description_kind":"plain","computed":true},"zone":{"type":"string","description":"The zone you want to attach the resource to","description_kind":"plain","optional":true}},"description_kind":"plain"}},"scaleway_autoscaling_instance_policy":{"version":0,"block":{"attributes":{"action":{"type":"string","description":"Action to execute when the metric-based condition is met","description_kind":"plain","computed":true},"id":{"type":"string","description_kind":"plain","optional":true,"computed":true},"instance_group_id":{"type":"string","description":"ID of the instance group related to this policy","description_kind":"plain","optional":true},"instance_policy_id":{"type":"string","description":"The ID of the instance policy","description_kind":"plain","optional":true},"metric":{"type":["list",["object",{"aggregate":"string","cockpit_metric_name":"string","managed_metric":"string","name":"string","operator":"string","sampling_range_min":"number","threshold":"number"}]],"description":"Cockpit metric to use when determining whether to trigger a scale up/down action","description_kind":"plain","computed":true},"name":{"type":"string","description":"The policy name","description_kind":"plain","optional":true},"priority":{"type":"number","description":"Priority of this policy compared to all other scaling policies. This determines the processing order. The lower the number, the higher the priority","description_kind":"plain","computed":true},"project_id":{"type":"string","description":"The project_id you want to attach the resource to","description_kind":"plain","computed":true},"type":{"type":"string","description":"How to use the number defined in `value` when determining by how many Instances to scale up/down","description_kind":"plain","computed":true},"value":{"type":"number","description":"Value representing the magnitude of the scaling action to take for the Instance group. Depending on the `type` parameter, this number could represent a total number of Instances in the group, a number of Instances to add, or a percentage to scale the group by","description_kind":"plain","computed":true},"zone":{"type":"string","description":"The zone you want to attach the resource to","description_kind":"plain","optional":true}},"description_kind":"plain"}},"scaleway_availability_zones":{"version":0,"block":{"attributes":{"id":{"type":"string","description_kind":"plain","optional":true,"computed":true},"region":{"type":"string","description":"Region is represented as a Geographical area such as France","description_kind":"plain","optional":true},"zones":{"type":["list","string"],"description":"Availability Zones (AZ)","description_kind":"plain","computed":true}},"block_types":{"timeouts":{"nesting_mode":"single","block":{"attributes":{"read":{"type":"string","description_kind":"plain","optional":true}},"description_kind":"plain"}}},"description_kind":"plain"}},"scaleway_baremetal_offer":{"version":0,"block":{"attributes":{"bandwidth":{"type":"number","description":"Available Bandwidth with the offer","description_kind":"plain","computed":true},"commercial_range":{"type":"string","description":"Commercial range of the offer","description_kind":"plain","computed":true},"cpu":{"type":["list",["object",{"core_count":"number","frequency":"number","name":"string","thread_count":"number"}]],"description":"CPU specifications of the offer","description_kind":"plain","computed":true},"disk":{"type":["list",["object",{"capacity":"number","type":"string"}]],"description":"Disk specifications of the offer","description_kind":"plain","computed":true},"id":{"type":"string","description_kind":"plain","optional":true,"computed":true},"include_disabled":{"type":"bool","description":"Include disabled offers","description_kind":"plain","optional":true},"memory":{"type":["list",["object",{"capacity":"number","frequency":"number","is_ecc":"bool","type":"string"}]],"description":"Memory specifications of the offer","description_kind":"plain","computed":true},"name":{"type":"string","description":"Exact name of the desired offer","description_kind":"plain","optional":true},"offer_id":{"type":"string","description":"ID of the desired offer","description_kind":"plain","optional":true},"stock":{"type":"string","description":"Stock status for this offer","description_kind":"plain","computed":true},"subscription_period":{"type":"string","description":"Period of subscription the desired offer","description_kind":"plain","optional":true},"zone":{"type":"string","description":"The zone you want to attach the resource to","description_kind":"plain","optional":true}},"description_kind":"plain"}},"scaleway_baremetal_option":{"version":0,"block":{"attributes":{"id":{"type":"string","description_kind":"plain","optional":true,"computed":true},"manageable":{"type":"bool","description":"Is false if the option could not be added or removed","description_kind":"plain","computed":true},"name":{"type":"string","description":"Exact label of the desired option","description_kind":"plain","optional":true},"option_id":{"type":"string","description":"The ID of the option","description_kind":"plain","optional":true},"zone":{"type":"string","description":"The zone you want to attach the resource to","description_kind":"plain","optional":true}},"description_kind":"plain"}},"scaleway_baremetal_os":{"version":0,"block":{"attributes":{"id":{"type":"string","description_kind":"plain","optional":true,"computed":true},"name":{"type":"string","description":"Exact label of the desired image","description_kind":"plain","optional":true},"os_id":{"type":"string","description":"The ID of the os","description_kind":"plain","optional":true},"version":{"type":"string","description":"Version string of the desired OS","description_kind":"plain","optional":true},"zone":{"type":"string","description":"The zone you want to attach the resource to","description_kind":"plain","optional":true}},"description_kind":"plain"}},"scaleway_baremetal_partition_schema":{"version":0,"block":{"attributes":{"ext_4_mountpoint":{"type":"string","description":"Mount point must be an absolute path","description_kind":"plain","optional":true},"extra_partition":{"type":"bool","description":"set extra ext_4 partition","description_kind":"plain","optional":true},"id":{"type":"string","description_kind":"plain","optional":true,"computed":true},"json_partition":{"type":"string","description":"The partitioning schema in json format","description_kind":"plain","computed":true},"offer_id":{"type":"string","description":"ID of the server offer","description_kind":"plain","required":true},"os_id":{"type":"string","description":"The base image of the server","description_kind":"plain","required":true},"swap":{"type":"bool","description":"set swap partition","description_kind":"plain","optional":true}},"description_kind":"plain"}},"scaleway_baremetal_server":{"version":0,"block":{"attributes":{"cloud_init":{"type":"string","description":"Configuration data to pass to cloud-init such as a YAML cloud config data or a user-data script","description_kind":"plain","computed":true},"description":{"type":"string","description":"Some description to associate to the server, max 255 characters","description_kind":"plain","computed":true},"domain":{"type":"string","description":"Domain associated with the server","description_kind":"plain","computed":true},"hostname":{"type":"string","description":"Hostname of the server","description_kind":"plain","computed":true},"id":{"type":"string","description_kind":"plain","optional":true,"computed":true},"install_config_afterward":{"type":"bool","description":"If True, this boolean allows to create a server without the install config if you want to provide it later","description_kind":"plain","computed":true},"ips":{"type":["list",["object",{"address":"string","id":"string","reverse":"string","version":"string"}]],"description":"IP addresses attached to the server.","description_kind":"plain","computed":true},"ipv4":{"type":["list",["object",{"address":"string","id":"string","reverse":"string","version":"string"}]],"description":"IPv4 addresses attached to the server","description_kind":"plain","computed":true},"ipv6":{"type":["list",["object",{"address":"string","id":"string","reverse":"string","version":"string"}]],"description":"IPv6 addresses attached to the server","description_kind":"plain","computed":true},"name":{"type":"string","description":"Name of the server","description_kind":"plain","optional":true},"offer":{"type":"string","description":"ID or name of the server offer","description_kind":"plain","computed":true},"offer_id":{"type":"string","description":"ID of the server offer","description_kind":"plain","computed":true},"offer_name":{"type":"string","description":"Name of the server offer","description_kind":"plain","computed":true},"options":{"type":["set",["object",{"expires_at":"string","id":"string","name":"string"}]],"description":"The options to enable on server","description_kind":"plain","computed":true},"organization_id":{"type":"string","description":"The organization_id you want to attach the resource to","description_kind":"plain","computed":true},"os":{"type":"string","description":"The base image of the server","description_kind":"plain","computed":true},"os_name":{"type":"string","description":"The base image name of the server","description_kind":"plain","computed":true},"partitioning":{"type":"string","description":"The partitioning schema in json format","description_kind":"plain","computed":true},"password":{"type":"string","description":"Password used for the installation. Only one of `password` or `password_wo` should be specified.","description_kind":"plain","computed":true},"password_wo":{"type":"string","description":"Password used for the installation in [write-only](https://registry.terraform.io/providers/scaleway/scaleway/latest/docs/guides/using-write-only-arguments) mode. Only one of `password` or `password_wo` should be specified. `password_wo` will not be set in the Terraform state. To update the `password_wo`, you must also update the `password_wo_version`.","description_kind":"plain","computed":true},"password_wo_version":{"type":"number","description":"The version of the [write-only](https://registry.terraform.io/providers/scaleway/scaleway/latest/docs/guides/using-write-only-arguments) password. To update the `password_wo`, you must also update the `password_wo_version`.","description_kind":"plain","computed":true},"private_ips":{"type":["list",["object",{"address":"string","id":"string"}]],"description":"List of private IPv4 and IPv6 addresses associated with the resource","description_kind":"plain","computed":true},"private_network":{"type":["set",["object",{"created_at":"string","id":"string","ipam_ip_ids":["list","string"],"mapping_id":"string","status":"string","updated_at":"string","vlan":"number"}]],"description":"The private networks to attach to the server","description_kind":"plain","computed":true},"project_id":{"type":"string","description":"The project_id you want to attach the resource to","description_kind":"plain","optional":true},"protected":{"type":"bool","description":"If true, the baremetal server is protected against accidental deletion via the Scaleway API.","description_kind":"plain","computed":true},"reinstall_on_config_changes":{"type":"bool","description":"If True, this boolean allows to reinstall the server on SSH key IDs, user or password changes","description_kind":"plain","computed":true},"server_id":{"type":"string","description":"The ID of the server","description_kind":"plain","optional":true},"service_password":{"type":"string","description":"Password used for the service to install. Only one of `service_password` or `service_password_wo` should be specified.","description_kind":"plain","computed":true},"service_password_wo":{"type":"string","description":"Password used for the service to install in [write-only](https://registry.terraform.io/providers/scaleway/scaleway/latest/docs/guides/using-write-only-arguments) mode. Only one of `service_password` or `service_password_wo` should be specified. `service_password_wo` will not be set in the Terraform state. To update the `service_password_wo`, you must also update the `service_password_wo_version`.","description_kind":"plain","computed":true},"service_password_wo_version":{"type":"number","description":"The version of the [write-only](https://registry.terraform.io/providers/scaleway/scaleway/latest/docs/guides/using-write-only-arguments) service password. To update the `service_password_wo`, you must also update the `service_password_wo_version`.","description_kind":"plain","computed":true},"service_user":{"type":"string","description":"User used for the service to install.","description_kind":"plain","computed":true},"ssh_key_ids":{"type":["list","string"],"description":"Array of SSH key IDs allowed to SSH to the server\n\n**NOTE** : If you are attempting to update your SSH key IDs, it will induce the reinstall of your server. \nIf this behaviour is wanted, please set 'reinstall_on_ssh_key_changes' argument to true.","description_kind":"plain","computed":true},"tags":{"type":["list","string"],"description":"Array of tags to associate with the server","description_kind":"plain","computed":true},"user":{"type":"string","description":"User used for the installation.","description_kind":"plain","computed":true},"zone":{"type":"string","description":"The zone you want to attach the resource to","description_kind":"plain","optional":true}},"description_kind":"plain"}},"scaleway_billing_budget":{"version":0,"block":{"attributes":{"budget_id":{"type":"string","description":"The ID of the budget to retrieve.","description_kind":"markdown","required":true},"consumption_limit":{"type":"number","description":"Cost limit for the budget in cents.","description_kind":"markdown","computed":true},"created_at":{"type":"string","description":"The date and time of budget creation","description_kind":"markdown","computed":true},"enabled":{"type":"bool","description":"Whether the budget is enabled or not.","description_kind":"markdown","computed":true},"id":{"type":"string","description":"The ID of the budget","description_kind":"markdown","computed":true},"organization_id":{"type":"string","description":"The organization ID. If not provided, the default organization configured in the provider is used.","description_kind":"markdown","optional":true,"computed":true},"updated_at":{"type":"string","description":"The date and time when the budget was last updated","description_kind":"markdown","computed":true}},"description":"Retrieves information about a Scaleway Budget.\n\nUse this data source to get details of an existing budget by its ID.\n","description_kind":"markdown"}},"scaleway_billing_budget_alert":{"version":0,"block":{"attributes":{"alert_id":{"type":"string","description":"The ID of the budget alert to retrieve.","description_kind":"markdown","required":true},"budget_id":{"type":"string","description":"The ID of the budget. If not provided, it will be retrieved from the alert.","description_kind":"markdown","optional":true,"computed":true},"created_at":{"type":"string","description":"The date and time of budget alert creation","description_kind":"markdown","computed":true},"id":{"type":"string","description":"The ID of the budget alert","description_kind":"markdown","computed":true},"organization_id":{"type":"string","description":"The organization ID. If not provided, the default organization configured in the provider is used.","description_kind":"markdown","optional":true,"computed":true},"threshold":{"type":"number","description":"Threshold percentage above which the alert is sent","description_kind":"markdown","computed":true},"updated_at":{"type":"string","description":"The date and time when the budget alert was last updated","description_kind":"markdown","computed":true}},"description":"Retrieves information about a Scaleway Budget Alert.\n\nUse this data source to get details of an existing budget alert by its ID.\n","description_kind":"markdown"}},"scaleway_billing_budget_alert_notification":{"version":0,"block":{"attributes":{"budget_alert_id":{"type":"string","description":"The ID of the budget alert. If not provided, it will be retrieved from the notification.","description_kind":"markdown","optional":true,"computed":true},"created_at":{"type":"string","description":"The date and time of budget alert notification creation","description_kind":"markdown","computed":true},"id":{"type":"string","description":"The ID of the budget alert notification","description_kind":"markdown","computed":true},"notification_id":{"type":"string","description":"The ID of the budget alert notification to retrieve.","description_kind":"markdown","required":true},"organization_id":{"type":"string","description":"The organization ID. If not provided, the default organization configured in the provider is used.","description_kind":"markdown","optional":true,"computed":true},"recipients":{"type":["set","string"],"description":"List of recipients for this notification","description_kind":"markdown","computed":true},"type":{"type":"string","description":"The type of notification (sms, email, or webhook)","description_kind":"markdown","computed":true},"updated_at":{"type":"string","description":"The date and time when the budget alert notification was last updated","description_kind":"markdown","computed":true}},"description":"Retrieves information about a Scaleway Budget Alert Notification.\n\nUse this data source to get details of an existing budget alert notification by its ID.\n","description_kind":"markdown"}},"scaleway_billing_consumptions":{"version":0,"block":{"attributes":{"consumptions":{"type":["list",["object",{"billed_quantity":"string","category_name":"string","product_name":"string","project_id":"string","sku":"string","unit":"string","value":"string"}]],"description":"List of the consumptions.","description_kind":"plain","computed":true},"id":{"type":"string","description_kind":"plain","optional":true,"computed":true},"organization_id":{"type":"string","description":"The organization_id you want to attach the resource to","description_kind":"plain","computed":true},"project_id":{"type":"string","description":"The project_id you want to attach the resource to","description_kind":"plain","optional":true,"computed":true},"updated_at":{"type":"string","description":"Date and time when the consumption was updated","description_kind":"plain","computed":true}},"description_kind":"plain"}},"scaleway_billing_invoices":{"version":0,"block":{"attributes":{"id":{"type":"string","description_kind":"plain","optional":true,"computed":true},"invoice_type":{"type":"string","description":"The invoice type. It can either be `periodic` or `purchase`","description_kind":"plain","optional":true},"invoices":{"type":["list",["object",{"billing_period":"string","due_date":"string","id":"string","invoice_type":"string","issued_date":"string","number":"number","organization_name":"string","seller_name":"string","start_date":"string","state":"string","stop_date":"string","total_discount":"string","total_tax":"string","total_taxed":"string","total_undiscount":"string","total_untaxed":"string"}]],"description":"List of invoices","description_kind":"plain","computed":true},"organization_id":{"type":"string","description":"The organization_id you want to attach the resource to","description_kind":"plain","computed":true},"started_after":{"type":"string","description":"Invoice's start date is greater or equal to `started_after`","description_kind":"plain","optional":true},"started_before":{"type":"string","description":"Invoice's start date precedes `started_before`","description_kind":"plain","optional":true}},"description_kind":"plain"}},"scaleway_block_snapshot":{"version":0,"block":{"attributes":{"export":{"type":["list",["object",{"bucket":"string","key":"string"}]],"description":"Export snapshot to a qcow","description_kind":"plain","computed":true},"id":{"type":"string","description_kind":"plain","optional":true,"computed":true},"import":{"type":["list",["object",{"bucket":"string","key":"string"}]],"description":"Import snapshot from a qcow","description_kind":"plain","computed":true},"name":{"type":"string","description":"The snapshot name","description_kind":"plain","optional":true},"project_id":{"type":"string","description":"The project_id you want to attach the resource to","description_kind":"plain","optional":true},"snapshot_id":{"type":"string","description":"The ID of the snapshot","description_kind":"plain","optional":true},"srn":{"type":"string","description":"The Scaleway Resource Name (SRN) of the snapshot","description_kind":"plain","computed":true},"tags":{"type":["list","string"],"description":"The tags associated with the snapshot","description_kind":"plain","computed":true},"volume_id":{"type":"string","description":"ID of the volume from which creates a snapshot","description_kind":"plain","optional":true},"zone":{"type":"string","description":"The zone you want to attach the resource to","description_kind":"plain","optional":true}},"description_kind":"plain"}},"scaleway_block_volume":{"version":0,"block":{"attributes":{"id":{"type":"string","description_kind":"plain","optional":true,"computed":true},"instance_volume_id":{"type":"string","description":"The instance volume to create the block volume from","description_kind":"plain","computed":true},"iops":{"type":"number","description":"The maximum IO/s expected, must match available options","description_kind":"plain","computed":true},"name":{"type":"string","description":"The volume name","description_kind":"plain","optional":true},"project_id":{"type":"string","description":"The project_id you want to attach the resource to","description_kind":"plain","optional":true},"size_in_gb":{"type":"number","description":"The volume size in GB","description_kind":"plain","computed":true},"snapshot_id":{"type":"string","description":"The snapshot to create the volume from","description_kind":"plain","computed":true},"srn":{"type":"string","description":"The Scaleway Resource Name (SRN) of the volume","description_kind":"plain","computed":true},"tags":{"type":["list","string"],"description":"The tags associated with the volume","description_kind":"plain","computed":true},"volume_id":{"type":"string","description":"The ID of the volume","description_kind":"plain","optional":true},"zone":{"type":"string","description":"The zone you want to attach the resource to","description_kind":"plain","optional":true}},"description_kind":"plain"}},"scaleway_cockpit":{"version":0,"block":{"attributes":{"endpoints":{"type":["list",["object",{"alertmanager_url":"string","grafana_url":"string","logs_url":"string","metrics_url":"string","traces_url":"string"}]],"description":"[DEPRECATED] Endpoints list. Please use 'scaleway_cockpit_source' instead.","description_kind":"plain","computed":true},"id":{"type":"string","description_kind":"plain","optional":true,"computed":true},"plan":{"type":"string","description":"[DEPRECATED] The current plan of the cockpit project.","description_kind":"plain","deprecated":true,"computed":true},"plan_id":{"type":"string","description":"[DEPRECATED] The plan ID of the cockpit. This field is no longer relevant.","description_kind":"plain","computed":true},"project_id":{"type":"string","description":"The project_id you want to attach the resource to","description_kind":"plain","optional":true},"push_url":{"type":["list",["object",{"push_logs_url":"string","push_metrics_url":"string"}]],"description":"[DEPRECATED] Push_url","description_kind":"plain","computed":true}},"description_kind":"plain","deprecated":true}},"scaleway_cockpit_config":{"version":0,"block":{"attributes":{"custom_logs_retention":{"type":["list",["object",{"default_days":"number","max_days":"number","min_days":"number"}]],"description":"Retention limits and default for custom logs data sources.","description_kind":"plain","computed":true},"custom_metrics_retention":{"type":["list",["object",{"default_days":"number","max_days":"number","min_days":"number"}]],"description":"Retention limits and default for custom metrics data sources.","description_kind":"plain","computed":true},"custom_traces_retention":{"type":["list",["object",{"default_days":"number","max_days":"number","min_days":"number"}]],"description":"Retention limits and default for custom traces data sources.","description_kind":"plain","computed":true},"id":{"type":"string","description_kind":"plain","optional":true,"computed":true},"product_logs_retention":{"type":["list",["object",{"default_days":"number","max_days":"number","min_days":"number"}]],"description":"Retention limits and default for Scaleway product logs data sources.","description_kind":"plain","computed":true},"product_metrics_retention":{"type":["list",["object",{"default_days":"number","max_days":"number","min_days":"number"}]],"description":"Retention limits and default for Scaleway product metrics data sources.","description_kind":"plain","computed":true},"region":{"type":"string","description":"The region you want to attach the resource to","description_kind":"plain","optional":true}},"description_kind":"plain"}},"scaleway_cockpit_exporter":{"version":0,"block":{"attributes":{"created_at":{"type":"string","description":"Date and time of the creation of the data export (RFC 3339 format)","description_kind":"plain","computed":true},"datadog_destination":{"type":["list",["object",{"api_key":"string","endpoint":"string"}]],"description":"Datadog destination configuration","description_kind":"plain","computed":true},"datasource_id":{"type":"string","description":"ID of the data source linked to the data export","description_kind":"plain","computed":true},"description":{"type":"string","description":"Description of the data export","description_kind":"plain","computed":true},"exported_products":{"type":["list","string"],"description":"List of Scaleway products to export. Use [\"all\"] to export all products. Use scaleway_cockpit_products data source for valid product names.","description_kind":"plain","computed":true},"id":{"type":"string","description":"ID of the exporter.","description_kind":"plain","optional":true},"name":{"type":"string","description":"Name of the data export","description_kind":"plain","optional":true},"otlp_destination":{"type":["list",["object",{"endpoint":"string","headers":["map","string"]}]],"description":"OTLP destination configuration","description_kind":"plain","computed":true},"project_id":{"type":"string","description":"The project_id you want to attach the resource to","description_kind":"plain","optional":true},"region":{"type":"string","description":"The region you want to attach the resource to","description_kind":"plain","optional":true},"status":{"type":"string","description":"Status of the data export","description_kind":"plain","computed":true},"updated_at":{"type":"string","description":"Date and time of the last update of the data export (RFC 3339 format)","description_kind":"plain","computed":true}},"description_kind":"plain"}},"scaleway_cockpit_grafana":{"version":0,"block":{"attributes":{"grafana_url":{"type":"string","description":"The URL to access the Grafana dashboard","description_kind":"plain","computed":true},"id":{"type":"string","description_kind":"plain","optional":true,"computed":true},"project_id":{"type":"string","description":"The project ID associated with the Grafana instance","description_kind":"plain","optional":true,"computed":true}},"description_kind":"plain"}},"scaleway_cockpit_preconfigured_alert":{"version":0,"block":{"attributes":{"alerts":{"type":["list",["object",{"annotations":["map","string"],"data_source_id":"string","display_description":"string","display_name":"string","duration":"string","name":"string","preconfigured_rule_id":"string","product_family":"string","product_name":"string","rule":"string","rule_status":"string","state":"string"}]],"description":"List of preconfigured alerts","description_kind":"plain","computed":true},"data_source_id":{"type":"string","description":"Filter alerts by data source ID","description_kind":"plain","optional":true},"id":{"type":"string","description_kind":"plain","optional":true,"computed":true},"project_id":{"type":"string","description":"The project_id you want to attach the resource to","description_kind":"plain","optional":true,"computed":true},"region":{"type":"string","description":"The region you want to attach the resource to","description_kind":"plain","optional":true},"rule_status":{"type":"string","description":"Filter alerts by rule status (enabled, disabled)","description_kind":"plain","optional":true}},"description_kind":"plain"}},"scaleway_cockpit_products":{"version":0,"block":{"attributes":{"id":{"type":"string","description_kind":"plain","optional":true,"computed":true},"names":{"type":["list","string"],"description":"List of product names for use in scaleway_cockpit_exporter.exported_products.","description_kind":"plain","computed":true},"products":{"type":["list",["object",{"display_name":"string","family_name":"string","name":"string"}]],"description":"List of Cockpit products available for exported_products in scaleway_cockpit_exporter.","description_kind":"plain","computed":true},"region":{"type":"string","description":"The region you want to attach the resource to","description_kind":"plain","optional":true}},"description_kind":"plain"}},"scaleway_cockpit_source":{"version":0,"block":{"attributes":{"created_at":{"type":"string","description":"The date and time of the creation of the cockpit datasource","description_kind":"plain","computed":true},"id":{"type":"string","description":"ID of the data source.","description_kind":"plain","optional":true},"name":{"type":"string","description":"Name of the datasource","description_kind":"plain","optional":true},"origin":{"type":"string","description":"The origin of the datasource","description_kind":"plain","optional":true},"project_id":{"type":"string","description":"The project_id you want to attach the resource to","description_kind":"plain","optional":true},"push_url":{"type":"string","description":"The URL endpoint used for pushing data to the cockpit data source.","description_kind":"plain","computed":true},"region":{"type":"string","description":"The region you want to attach the resource to","description_kind":"plain","optional":true},"retention_days":{"type":"number","description":"The number of days to retain data. Use scaleway_cockpit_config data source to read allowed min, max, and default values for each data source type.","description_kind":"plain","computed":true},"synchronized_with_grafana":{"type":"bool","description":"Indicates whether the data source is synchronized with Grafana","description_kind":"plain","computed":true},"type":{"type":"string","description":"The type of the datasource","description_kind":"plain","optional":true},"updated_at":{"type":"string","description":"The date and time of the last update of the cockpit datasource","description_kind":"plain","computed":true},"url":{"type":"string","description":"The URL of the datasource","description_kind":"plain","computed":true}},"description_kind":"plain"}},"scaleway_cockpit_sources":{"version":0,"block":{"attributes":{"created_at":{"type":"string","description":"The date and time of the creation of the cockpit datasource","description_kind":"plain","computed":true},"id":{"type":"string","description_kind":"plain","optional":true,"computed":true},"name":{"type":"string","description":"Name of the datasource","description_kind":"plain","optional":true},"origin":{"type":"string","description":"The origin of the datasource","description_kind":"plain","optional":true},"project_id":{"type":"string","description":"The project_id you want to attach the resource to","description_kind":"plain","optional":true},"push_url":{"type":"string","description":"The URL endpoint used for pushing data to the cockpit data source.","description_kind":"plain","computed":true},"region":{"type":"string","description":"The region you want to attach the resource to","description_kind":"plain","optional":true},"retention_days":{"type":"number","description":"The number of days to retain data. Use scaleway_cockpit_config data source to read allowed min, max, and default values for each data source type.","description_kind":"plain","computed":true},"sources":{"type":["list",["object",{"created_at":"string","id":"string","name":"string","origin":"string","project_id":"string","push_url":"string","region":"string","retention_days":"number","synchronized_with_grafana":"bool","type":"string","updated_at":"string","url":"string"}]],"description":"List of cockpit sources.","description_kind":"plain","computed":true},"synchronized_with_grafana":{"type":"bool","description":"Indicates whether the data source is synchronized with Grafana","description_kind":"plain","computed":true},"type":{"type":"string","description":"The type of the datasource","description_kind":"plain","optional":true},"updated_at":{"type":"string","description":"The date and time of the last update of the cockpit datasource","description_kind":"plain","computed":true},"url":{"type":"string","description":"The URL of the datasource","description_kind":"plain","computed":true}},"description_kind":"plain"}},"scaleway_config":{"version":0,"block":{"attributes":{"access_key":{"type":"string","description":"Access Key used","description_kind":"plain","computed":true},"access_key_source":{"type":"string","description":"Where the access key definition comes from (Environment, configuration file, variable, ...)","description_kind":"plain","computed":true},"id":{"type":"string","description_kind":"plain","optional":true,"computed":true},"organization_id":{"type":"string","description":"Organization ID used","description_kind":"plain","computed":true},"organization_id_source":{"type":"string","description":"Where the organization id definition comes from (Environment, configuration file, variable, ...)","description_kind":"plain","computed":true},"project_id":{"type":"string","description":"Project ID used","description_kind":"plain","computed":true},"project_id_source":{"type":"string","description":"Where the project id definition comes from (Environment, configuration file, variable, ...)","description_kind":"plain","computed":true},"region":{"type":"string","description":"Region used","description_kind":"plain","computed":true},"region_source":{"type":"string","description":"Where the region definition comes from (Environment, configuration file, variable, ...)","description_kind":"plain","computed":true},"secret_key":{"type":"string","description":"Secret Key used","description_kind":"plain","computed":true,"sensitive":true},"secret_key_source":{"type":"string","description":"Where the secret key definition comes from (Environment, configuration file, variable, ...)","description_kind":"plain","computed":true},"zone":{"type":"string","description":"Zone used","description_kind":"plain","computed":true},"zone_source":{"type":"string","description":"Where the zone definition comes from (Environment, configuration file, variable, ...)","description_kind":"plain","computed":true}},"description_kind":"plain"}},"scaleway_container":{"version":0,"block":{"attributes":{"args":{"type":["list","string"],"description":"Arguments passed to the command from the command \"field\". Overrides the arguments from the container image.","description_kind":"plain","computed":true},"command":{"type":["list","string"],"description":"Command executed when the container starts. Overrides the command from the container image.","description_kind":"plain","computed":true},"container_id":{"type":"string","description":"The ID of the Container","description_kind":"plain","optional":true},"cpu_limit":{"type":"number","description":"The amount of vCPU computing resources to allocate to each container. Defaults to 70.","description_kind":"plain","computed":true},"cron_status":{"type":"string","description":"The cron status","description_kind":"plain","computed":true},"deploy":{"type":"bool","description":"This allows you to control your production environment","description_kind":"plain","computed":true},"description":{"type":"string","description":"The container description","description_kind":"plain","computed":true},"domain_name":{"type":"string","description":"The native container domain name.","description_kind":"plain","computed":true},"environment_variables":{"type":["map","string"],"description":"The environment variables to be injected into your container at runtime.","description_kind":"plain","computed":true},"error_message":{"type":"string","description":"The error description","description_kind":"plain","computed":true},"health_check":{"type":["list",["object",{"failure_threshold":"number","http":["list",["object",{"path":"string"}]],"interval":"string","tcp":"bool"}]],"description":"Health check configuration of the container.","description_kind":"plain","computed":true},"http_option":{"type":"string","description":"HTTP traffic configuration","description_kind":"plain","computed":true},"https_connections_only":{"type":"bool","description":"If true, it will allow only HTTPS connections to access your container to prevent it from being triggered by insecure connections (HTTP).","description_kind":"plain","computed":true},"id":{"type":"string","description_kind":"plain","optional":true,"computed":true},"image":{"type":"string","description":"The image reference (e.g. \"rg.fr-par.scw.cloud/my-registry-namespace/image:tag\" or \"nginx:latest\").","description_kind":"plain","computed":true},"liveness_probe":{"type":["list",["object",{"failure_threshold":"number","http":["list",["object",{"path":"string"}]],"interval":"string","tcp":"bool","timeout":"string"}]],"description":"Defines how to check if the container is running.","description_kind":"plain","computed":true},"local_storage_limit":{"type":"number","description":"Local storage limit of the container (in MB)","description_kind":"plain","computed":true},"local_storage_limit_bytes":{"type":"number","description":"Local storage limit of the container (in bytes)","description_kind":"plain","computed":true},"max_scale":{"type":"number","description":"The maximum of number of instances this container can scale to.","description_kind":"plain","computed":true},"memory_limit":{"type":"number","description":"The memory computing resources in MB to allocate to each container.","description_kind":"plain","computed":true},"memory_limit_bytes":{"type":"number","description":"The memory computing resources in bytes to allocate to each container.","description_kind":"plain","computed":true},"min_scale":{"type":"number","description":"The minimum of number of instances this container can scale to.","description_kind":"plain","computed":true},"name":{"type":"string","description":"The container name","description_kind":"plain","optional":true},"namespace_id":{"type":"string","description":"The ID of the Container namespace","description_kind":"plain","required":true},"port":{"type":"number","description":"The port to expose the container.","description_kind":"plain","computed":true},"privacy":{"type":"string","description":"The privacy type defines the way to authenticate to your container","description_kind":"plain","computed":true},"private_network_id":{"type":"string","description":"ID of the Private Network the container is connected to","description_kind":"plain","computed":true},"project_id":{"type":"string","description":"The ID of the project to filter the Container","description_kind":"plain","optional":true},"protocol":{"type":"string","description":"The communication protocol http1 or h2c. Defaults to http1.","description_kind":"plain","computed":true},"public_endpoint":{"type":"string","description":"Public URL of the container. This is the default endpoint generated by Scaleway to access the container from the Internet.","description_kind":"plain","computed":true},"region":{"type":"string","description":"The region you want to attach the resource to","description_kind":"plain","optional":true},"registry_image":{"type":"string","description":"The scaleway registry image address","description_kind":"plain","computed":true},"registry_sha256":{"type":"string","description":"The sha256 of your source registry image, changing it will re-apply the deployment. Can be any string","description_kind":"plain","computed":true},"sandbox":{"type":"string","description":"Execution environment of the container.","description_kind":"plain","computed":true},"scaling_option":{"type":["set",["object",{"concurrent_requests_threshold":"number","cpu_usage_threshold":"number","memory_usage_threshold":"number"}]],"description":"Configuration used to decide when to scale up or down.","description_kind":"plain","computed":true},"secret_environment_variables":{"type":["map","string"],"description":"The secret environment variables to be injected into your container at runtime.","description_kind":"plain","computed":true},"startup_probe":{"type":["list",["object",{"failure_threshold":"number","http":["list",["object",{"path":"string"}]],"interval":"string","tcp":"bool","timeout":"string"}]],"description":"Defines how to check if the container has started successfully.","description_kind":"plain","computed":true},"status":{"type":"string","description":"The container status","description_kind":"plain","computed":true},"tags":{"type":["list","string"],"description":"List of tags [\"tag1\", \"tag2\", ...] attached to the container.","description_kind":"plain","computed":true},"timeout":{"type":"number","description":"The maximum amount of time in seconds during which your container can process a request before we stop it. Defaults to 300s.","description_kind":"plain","computed":true}},"description_kind":"plain"}},"scaleway_container_namespace":{"version":0,"block":{"attributes":{"description":{"type":"string","description":"The description of the container namespace","description_kind":"plain","computed":true},"destroy_registry":{"type":"bool","description":"Destroy registry on deletion","description_kind":"plain","computed":true},"environment_variables":{"type":["map","string"],"description":"The environment variables of the container namespace","description_kind":"plain","computed":true},"id":{"type":"string","description_kind":"plain","optional":true,"computed":true},"name":{"type":"string","description":"The name of the container namespace","description_kind":"plain","optional":true},"namespace_id":{"type":"string","description":"The ID of the Container namespace","description_kind":"plain","optional":true},"organization_id":{"type":"string","description":"The organization_id you want to attach the resource to","description_kind":"plain","computed":true},"project_id":{"type":"string","description":"The project_id you want to attach the resource to","description_kind":"plain","optional":true},"region":{"type":"string","description":"The region you want to attach the resource to","description_kind":"plain","optional":true},"registry_endpoint":{"type":"string","description":"The endpoint reachable by docker","description_kind":"plain","computed":true},"registry_namespace_id":{"type":"string","description":"The ID of the registry namespace","description_kind":"plain","computed":true},"secret_environment_variables":{"type":["map","string"],"description":"The secret environment variables of the container namespace","description_kind":"plain","computed":true},"tags":{"type":["list","string"],"description":"List of tags [\"tag1\", \"tag2\", ...] attached to the container namespace","description_kind":"plain","computed":true}},"description_kind":"plain"}},"scaleway_datalab":{"version":0,"block":{"attributes":{"created_at":{"type":"string","description":"The creation timestamp of the Datalab instance.","description_kind":"markdown","computed":true},"datalab_id":{"type":"string","description":"The ID of the Datalab instance to look up.","description_kind":"markdown","optional":true},"description":{"type":"string","description":"A description for the Datalab instance.","description_kind":"markdown","computed":true},"has_notebook":{"type":"bool","description":"Whether a JupyterLab notebook is associated with the Datalab.","description_kind":"markdown","computed":true},"id":{"type":"string","description":"The ID of the Datalab instance, in the `{region}/{id}` format.","description_kind":"markdown","computed":true},"main":{"nested_type":{"attributes":{"node_type":{"type":"string","description":"The node type for the main node.","description_kind":"markdown","computed":true},"root_volume":{"nested_type":{"attributes":{"size":{"type":"number","description_kind":"plain","computed":true},"type":{"type":"string","description_kind":"plain","computed":true}},"nesting_mode":"single"},"description":"Volume details for the main node.","description_kind":"markdown","computed":true},"spark_master_url":{"type":"string","description":"The Spark master URL within the VPC.","description_kind":"markdown","computed":true},"spark_ui_url":{"type":"string","description":"The Spark UI URL.","description_kind":"markdown","computed":true}},"nesting_mode":"single"},"description":"The Spark main node configuration.","description_kind":"markdown","computed":true},"name":{"type":"string","description":"The name of the Datalab instance to look up.","description_kind":"markdown","optional":true,"computed":true},"notebook_master_url":{"type":"string","description":"The URL used to reach the cluster from the notebook.","description_kind":"markdown","computed":true},"notebook_url":{"type":"string","description":"The URL of the JupyterLab notebook, if available.","description_kind":"markdown","computed":true},"private_network_id":{"type":"string","description":"The ID of the private network attached to the Datalab.","description_kind":"markdown","computed":true},"project_id":{"type":"string","description":"The project ID the Datalab belongs to.","description_kind":"markdown","optional":true,"computed":true},"region":{"type":"string","description":"The region the Datalab is in.","description_kind":"markdown","optional":true,"computed":true},"spark_version":{"type":"string","description":"The Spark version used by the Datalab instance.","description_kind":"markdown","computed":true},"status":{"type":"string","description":"The current status of the Datalab instance.","description_kind":"markdown","computed":true},"tags":{"type":["list","string"],"description":"Tags associated with the Datalab instance.","description_kind":"markdown","computed":true},"total_storage":{"nested_type":{"attributes":{"size":{"type":"number","description_kind":"plain","computed":true},"type":{"type":"string","description_kind":"plain","computed":true}},"nesting_mode":"single"},"description":"Persistent volume storage configuration.","description_kind":"markdown","computed":true},"updated_at":{"type":"string","description":"The last update timestamp of the Datalab instance.","description_kind":"markdown","computed":true},"worker":{"nested_type":{"attributes":{"node_count":{"type":"number","description":"The number of worker nodes.","description_kind":"markdown","computed":true},"node_type":{"type":"string","description":"The node type for worker nodes.","description_kind":"markdown","computed":true},"root_volume":{"nested_type":{"attributes":{"size":{"type":"number","description_kind":"plain","computed":true},"type":{"type":"string","description_kind":"plain","computed":true}},"nesting_mode":"single"},"description":"Volume details for worker nodes.","description_kind":"markdown","computed":true}},"nesting_mode":"single"},"description":"The Spark worker nodes configuration.","description_kind":"markdown","computed":true}},"description":"Retrieves information about a Scaleway Datalab instance.","description_kind":"markdown"}},"scaleway_datalabs":{"version":0,"block":{"attributes":{"datalabs":{"nested_type":{"attributes":{"created_at":{"type":"string","description":"The creation timestamp of the Datalab instance.","description_kind":"markdown","computed":true},"description":{"type":"string","description":"The description of the Datalab instance.","description_kind":"markdown","computed":true},"has_notebook":{"type":"bool","description":"Whether a JupyterLab notebook is associated with the Datalab.","description_kind":"markdown","computed":true},"id":{"type":"string","description":"The unique identifier of the Datalab instance.","description_kind":"markdown","computed":true},"name":{"type":"string","description":"The name of the Datalab instance.","description_kind":"markdown","computed":true},"project_id":{"type":"string","description":"The project ID of the Datalab instance.","description_kind":"markdown","computed":true},"region":{"type":"string","description":"The region of the Datalab instance.","description_kind":"markdown","computed":true},"spark_version":{"type":"string","description":"The Spark version of the Datalab instance.","description_kind":"markdown","computed":true},"status":{"type":"string","description":"The current status of the Datalab instance.","description_kind":"markdown","computed":true},"tags":{"type":["list","string"],"description":"Tags associated with the Datalab instance.","description_kind":"markdown","computed":true},"updated_at":{"type":"string","description":"The last update timestamp of the Datalab instance.","description_kind":"markdown","computed":true}},"nesting_mode":"list"},"description":"The list of Datalab instances.","description_kind":"markdown","computed":true},"name":{"type":"string","description":"The name to filter Datalabs by.","description_kind":"markdown","optional":true},"organization_id":{"type":"string","description":"The organization ID to filter Datalabs by.","description_kind":"markdown","optional":true},"project_id":{"type":"string","description":"The project ID to filter Datalabs by.","description_kind":"markdown","optional":true},"region":{"type":"string","description":"The region to list Datalabs from.","description_kind":"markdown","optional":true},"tags":{"type":["list","string"],"description":"The tags to filter Datalabs by.","description_kind":"markdown","optional":true}},"description":"Lists Scaleway Datalab instances.","description_kind":"markdown"}},"scaleway_domain_record":{"version":0,"block":{"attributes":{"data":{"type":"string","description":"The data of the record","description_kind":"plain","optional":true},"dns_zone":{"type":"string","description":"The zone you want to add the record in","description_kind":"plain","optional":true},"fqdn":{"type":"string","description":"The FQDN of the record","description_kind":"plain","computed":true},"geo_ip":{"type":["list",["object",{"matches":["list",["object",{"continents":["list","string"],"countries":["list","string"],"data":"string"}]]}]],"description":"Return record based on client localisation","description_kind":"plain","computed":true},"http_service":{"type":["list",["object",{"ips":["list","string"],"must_contain":"string","strategy":"string","url":"string","user_agent":"string"}]],"description":"Return record based on client localisation","description_kind":"plain","computed":true},"id":{"type":"string","description_kind":"plain","optional":true,"computed":true},"name":{"type":"string","description":"The name of the record","description_kind":"plain","optional":true},"priority":{"type":"number","description":"The priority of the record","description_kind":"plain","computed":true},"project_id":{"type":"string","description":"The project_id you want to attach the resource to","description_kind":"plain","optional":true},"record_id":{"type":"string","description":"The ID of the record (UUID or dns_zone/uuid format)","description_kind":"plain","optional":true},"root_zone":{"type":"bool","description":"Does the DNS zone is the root zone or not","description_kind":"plain","computed":true},"ttl":{"type":"number","description":"The ttl of the record","description_kind":"plain","computed":true},"type":{"type":"string","description":"The type of the record","description_kind":"plain","optional":true},"view":{"type":["list",["object",{"data":"string","subnet":"string"}]],"description":"Return record based on client subnet","description_kind":"plain","computed":true},"weighted":{"type":["list",["object",{"ip":"string","weight":"number"}]],"description":"Return record based on weight","description_kind":"plain","computed":true}},"description_kind":"plain"}},"scaleway_domain_registration":{"version":0,"block":{"attributes":{"administrative_contact":{"type":["list",["object",{"address_line_1":"string","address_line_2":"string","city":"string","company_identification_code":"string","company_name":"string","country":"string","email":"string","email_alt":"string","extension_eu":["list",["object",{"european_citizenship":"string"}]],"extension_fr":["list",["object",{"association_info":["list",["object",{"publication_jo":"string","publication_jo_page":"number"}]],"code_auth_afnic_info":["list",["object",{"code_auth_afnic":"string"}]],"duns_info":["list",["object",{"duns_id":"string","local_id":"string"}]],"individual_info":["list",["object",{"whois_opt_in":"bool"}]],"mode":"string","trademark_info":["list",["object",{"trademark_inpi":"string"}]]}]],"extension_nl":["list","string"],"fax_number":"string","firstname":"string","lang":"string","lastname":"string","legal_form":"string","phone_number":"string","resale":"bool","state":"string","vat_identification_code":"string","whois_opt_in":"bool","zip":"string"}]],"description":"Details of the administrative contact (read-only, set by the API).","description_kind":"plain","computed":true},"auto_renew":{"type":"bool","description":"Enable or disable auto-renewal of the domain.","description_kind":"plain","computed":true},"dnssec":{"type":"bool","description":"Enable or disable dnssec for the domain.","description_kind":"plain","computed":true},"domain_name":{"type":"string","description":"The domain name to look up (e.g. example.com).","description_kind":"plain","required":true},"domain_names":{"type":["list","string"],"description":"List of domain names in the registration.","description_kind":"plain","computed":true},"ds_record":{"type":["list",["object",{"algorithm":"string","digest":["list",["object",{"digest":"string","public_key":["list",["object",{"key":"string"}]],"type":"string"}]],"key_id":"number","public_key":["list",["object",{"key":"string"}]]}]],"description":"dnssec DS record configuration.","description_kind":"plain","computed":true},"duration_in_years":{"type":"number","description":"Duration of the registration period in years.","description_kind":"plain","computed":true},"id":{"type":"string","description_kind":"plain","optional":true,"computed":true},"owner_contact":{"type":["list",["object",{"address_line_1":"string","address_line_2":"string","city":"string","company_identification_code":"string","company_name":"string","country":"string","email":"string","email_alt":"string","extension_eu":["list",["object",{"european_citizenship":"string"}]],"extension_fr":["list",["object",{"association_info":["list",["object",{"publication_jo":"string","publication_jo_page":"number"}]],"code_auth_afnic_info":["list",["object",{"code_auth_afnic":"string"}]],"duns_info":["list",["object",{"duns_id":"string","local_id":"string"}]],"individual_info":["list",["object",{"whois_opt_in":"bool"}]],"mode":"string","trademark_info":["list",["object",{"trademark_inpi":"string"}]]}]],"extension_nl":["list","string"],"fax_number":"string","firstname":"string","lang":"string","lastname":"string","legal_form":"string","phone_number":"string","resale":"bool","state":"string","vat_identification_code":"string","whois_opt_in":"bool","zip":"string"}]],"description":"Details of the owner contact. Either `owner_contact_id` or `owner_contact` must be provided.","description_kind":"plain","computed":true},"owner_contact_id":{"type":"string","description":"ID of the owner contact. Either `owner_contact_id` or `owner_contact` must be provided.","description_kind":"plain","computed":true},"project_id":{"type":"string","description":"The project_id you want to attach the resource to","description_kind":"plain","optional":true},"task_id":{"type":"string","description":"ID of the task that created the domain.","description_kind":"plain","computed":true},"technical_contact":{"type":["list",["object",{"address_line_1":"string","address_line_2":"string","city":"string","company_identification_code":"string","company_name":"string","country":"string","email":"string","email_alt":"string","extension_eu":["list",["object",{"european_citizenship":"string"}]],"extension_fr":["list",["object",{"association_info":["list",["object",{"publication_jo":"string","publication_jo_page":"number"}]],"code_auth_afnic_info":["list",["object",{"code_auth_afnic":"string"}]],"duns_info":["list",["object",{"duns_id":"string","local_id":"string"}]],"individual_info":["list",["object",{"whois_opt_in":"bool"}]],"mode":"string","trademark_info":["list",["object",{"trademark_inpi":"string"}]]}]],"extension_nl":["list","string"],"fax_number":"string","firstname":"string","lang":"string","lastname":"string","legal_form":"string","phone_number":"string","resale":"bool","state":"string","vat_identification_code":"string","whois_opt_in":"bool","zip":"string"}]],"description":"Details of the technical contact (read-only, set by the API).","description_kind":"plain","computed":true}},"description_kind":"plain"}},"scaleway_domain_zone":{"version":0,"block":{"attributes":{"domain":{"type":"string","description":"The domain where the DNS zone will be created.","description_kind":"plain","optional":true},"id":{"type":"string","description_kind":"plain","optional":true,"computed":true},"message":{"type":"string","description":"Message","description_kind":"plain","computed":true},"ns":{"type":["list","string"],"description":"NameServer list for zone.","description_kind":"plain","computed":true},"ns_default":{"type":["list","string"],"description":"NameServer default list for zone.","description_kind":"plain","computed":true},"ns_master":{"type":["list","string"],"description":"NameServer master list for zone.","description_kind":"plain","computed":true},"project_id":{"type":"string","description":"The project_id you want to attach the resource to","description_kind":"plain","optional":true},"status":{"type":"string","description":"The domain zone status.","description_kind":"plain","computed":true},"subdomain":{"type":"string","description":"The subdomain of the DNS zone to create.","description_kind":"plain","optional":true},"updated_at":{"type":"string","description":"The date and time of the last update of the DNS zone.","description_kind":"plain","computed":true}},"description_kind":"plain"}},"scaleway_edge_services_backend_stage":{"version":0,"block":{"attributes":{"backend_stage_id":{"type":"string","description":"The ID of the backend stage","description_kind":"plain","optional":true},"bucket_name":{"type":"string","description":"Filter by S3 bucket name","description_kind":"plain","optional":true},"bucket_region":{"type":"string","description":"Filter by S3 bucket region","description_kind":"plain","optional":true},"container_backend_config":{"type":["list",["object",{"container_id":"string","region":"string"}]],"description":"The Scaleway Serverless Container backend linked to the backend stage","description_kind":"plain","computed":true},"created_at":{"type":"string","description":"The date and time of the creation of the backend stage","description_kind":"plain","computed":true},"function_backend_config":{"type":["list",["object",{"function_id":"string","region":"string"}]],"description":"The Scaleway Serverless Function backend linked to the backend stage","description_kind":"plain","computed":true},"id":{"type":"string","description_kind":"plain","optional":true,"computed":true},"lb_backend_config":{"type":["list",["object",{"lb_config":["list",["object",{"domain_name":"string","frontend_id":"string","has_websocket":"bool","id":"string","is_ssl":"bool","zone":"string"}]]}]],"description":"The Scaleway Load Balancer origin linked to the backend stage","description_kind":"plain","computed":true},"lb_id":{"type":"string","description":"Filter by Load Balancer ID","description_kind":"plain","optional":true},"pipeline_id":{"type":"string","description":"The ID of the pipeline","description_kind":"plain","optional":true},"project_id":{"type":"string","description":"The project_id you want to attach the resource to","description_kind":"plain","computed":true},"s3_backend_config":{"type":["list",["object",{"bucket_name":"string","bucket_region":"string","is_website":"bool"}]],"description":"The Scaleway Object Storage origin bucket (S3) linked to the backend stage","description_kind":"plain","computed":true},"updated_at":{"type":"string","description":"The date and time of the last update of the backend stage","description_kind":"plain","computed":true}},"description":"Gets information about an Edge Services backend stage.\n\nA backend stage defines the origin (Scaleway Object Storage bucket, Load Balancer, Serverless Container or Serverless Function) that Edge Services forwards requests to.\n","description_kind":"plain"}},"scaleway_edge_services_cache_stage":{"version":0,"block":{"attributes":{"backend_stage_id":{"type":"string","description":"The backend stage ID the cache stage will be linked to","description_kind":"plain","computed":true},"cache_stage_id":{"type":"string","description":"The ID of the cache stage","description_kind":"plain","optional":true},"created_at":{"type":"string","description":"The date and time of the creation of the cache stage","description_kind":"plain","computed":true},"fallback_ttl":{"type":"number","description":"The Time To Live (TTL) in seconds. Defines how long content is cached","description_kind":"plain","computed":true},"id":{"type":"string","description_kind":"plain","optional":true,"computed":true},"include_cookies":{"type":"bool","description":"Defines whether responses to requests with cookies must be stored in the cache","description_kind":"plain","computed":true},"pipeline_id":{"type":"string","description":"The ID of the pipeline","description_kind":"plain","optional":true},"project_id":{"type":"string","description":"The project_id you want to attach the resource to","description_kind":"plain","computed":true},"purge_requests":{"type":["set",["object",{"all":"bool","assets":["list","string"],"pipeline_id":"string"}]],"description":"Set of purge requests","description_kind":"plain","computed":true},"refresh_cache":{"type":"string","description":"Trigger a refresh of the cache by changing this field's value","description_kind":"plain","computed":true},"route_stage_id":{"type":"string","description":"The route stage ID the cache stage will be linked to","description_kind":"plain","computed":true},"updated_at":{"type":"string","description":"The date and time of the last update of the cache stage","description_kind":"plain","computed":true},"waf_stage_id":{"type":"string","description":"The WAF stage ID the cache stage will be linked to","description_kind":"plain","computed":true}},"description":"Gets information about an Edge Services cache stage.\n\nA cache stage defines the caching behavior for an Edge Services pipeline, including TTL and whether cookies are included in cache keys.\n","description_kind":"plain"}},"scaleway_edge_services_dns_stage":{"version":0,"block":{"attributes":{"backend_stage_id":{"type":"string","description":"The backend stage ID the DNS stage will be linked to","description_kind":"plain","computed":true},"cache_stage_id":{"type":"string","description":"The cache stage ID the DNS stage will be linked to","description_kind":"plain","computed":true},"created_at":{"type":"string","description":"The date and time of the creation of the DNS stage","description_kind":"plain","computed":true},"default_fqdn":{"type":"string","description":"Default Fully Qualified Domain Name attached to the stage","description_kind":"plain","computed":true},"dns_stage_id":{"type":"string","description":"The ID of the DNS stage","description_kind":"plain","optional":true},"fqdn":{"type":"string","description":"FQDN to filter for (in the format subdomain.example.com)","description_kind":"plain","optional":true},"fqdns":{"type":["list","string"],"description":"Fully Qualified Domain Name (in the format subdomain.example.com) to attach to the stage","description_kind":"plain","computed":true},"id":{"type":"string","description_kind":"plain","optional":true,"computed":true},"pipeline_id":{"type":"string","description":"The ID of the pipeline","description_kind":"plain","optional":true},"project_id":{"type":"string","description":"The project_id you want to attach the resource to","description_kind":"plain","computed":true},"tls_stage_id":{"type":"string","description":"The TLS stage ID the DNS stage will be linked to","description_kind":"plain","computed":true},"type":{"type":"string","description":"The type of the stage","description_kind":"plain","computed":true},"updated_at":{"type":"string","description":"The date and time of the last update of the DNS stage","description_kind":"plain","computed":true},"wildcard_domain":{"type":"bool","description":"Defines whether wildcard (subdomains) is supported for the given domain. A wildcard certificate is required to make it work","description_kind":"plain","computed":true}},"description":"Gets information about an Edge Services DNS stage.\n\nA DNS stage defines the Fully Qualified Domain Names (FQDNs) attached to an Edge Services pipeline and links them to the next processing stage.\n","description_kind":"plain"}},"scaleway_edge_services_pipeline":{"version":0,"block":{"attributes":{"created_at":{"type":"string","description":"The pipeline description","description_kind":"plain","computed":true},"description":{"type":"string","description":"The pipeline description","description_kind":"plain","computed":true},"id":{"type":"string","description_kind":"plain","optional":true,"computed":true},"name":{"type":"string","description":"The pipeline name","description_kind":"plain","optional":true},"pipeline_id":{"type":"string","description":"The ID of the pipeline","description_kind":"plain","optional":true},"project_id":{"type":"string","description":"The project_id you want to attach the resource to","description_kind":"plain","optional":true},"status":{"type":"string","description":"The pipeline description","description_kind":"plain","computed":true},"updated_at":{"type":"string","description":"The pipeline description","description_kind":"plain","computed":true}},"description":"Gets information about an Edge Services pipeline.\n\nA pipeline is the top-level resource that groups together all the stages (DNS, TLS, cache, backend, etc.) of an Edge Services configuration.\n","description_kind":"plain"}},"scaleway_edge_services_route_stage":{"version":0,"block":{"attributes":{"backend_stage_id":{"type":"string","description":"The ID of the backend stage HTTP requests should be forwarded to when no rules are matched","description_kind":"plain","computed":true},"created_at":{"type":"string","description":"The date and time of the creation of the route stage","description_kind":"plain","computed":true},"id":{"type":"string","description_kind":"plain","optional":true,"computed":true},"pipeline_id":{"type":"string","description":"The ID of the pipeline","description_kind":"plain","optional":true},"project_id":{"type":"string","description":"The project_id you want to attach the resource to","description_kind":"plain","computed":true},"route_stage_id":{"type":"string","description":"The ID of the route stage","description_kind":"plain","optional":true},"rule":{"type":["list",["object",{"backend_stage_id":"string","rule_http_match":["list",["object",{"host_filter":["list",["object",{"host_filter_type":"string","value":"string"}]],"method_filters":["list","string"],"path_filter":["list",["object",{"path_filter_type":"string","value":"string"}]]}]],"waf_stage_id":"string"}]],"description":"List of rules to be checked against every HTTP request. The first matching rule will forward the request to its specified backend stage. If no rules are matched, the request is forwarded to the WAF stage defined by `waf_stage_id`","description_kind":"plain","computed":true},"updated_at":{"type":"string","description":"The date and time of the last update of the route stage","description_kind":"plain","computed":true},"waf_stage_id":{"type":"string","description":"The ID of the WAF stage HTTP requests should be forwarded to when no rules are matched","description_kind":"plain","computed":true}},"description":"Gets information about an Edge Services route stage.\n\nA route stage defines HTTP request routing rules that forward requests to different backend stages based on method and path matching.\n","description_kind":"plain"}},"scaleway_edge_services_tls_stage":{"version":0,"block":{"attributes":{"backend_stage_id":{"type":"string","description":"The backend stage ID the TLS stage will be linked to","description_kind":"plain","computed":true},"cache_stage_id":{"type":"string","description":"The cache stage ID the TLS stage will be linked to","description_kind":"plain","computed":true},"certificate_expires_at":{"type":"string","description":"TThe expiration date of the certificate","description_kind":"plain","computed":true},"created_at":{"type":"string","description":"The date and time of the creation of the TLS stage","description_kind":"plain","computed":true},"id":{"type":"string","description_kind":"plain","optional":true,"computed":true},"managed_certificate":{"type":"bool","description":"Set to true when Scaleway generates and manages a Let's Encrypt certificate for the TLS stage/custom endpoint","description_kind":"plain","computed":true},"pipeline_id":{"type":"string","description":"The ID of the pipeline","description_kind":"plain","optional":true},"project_id":{"type":"string","description":"The project_id you want to attach the resource to","description_kind":"plain","computed":true},"route_stage_id":{"type":"string","description":"The route stage ID the TLS stage will be linked to","description_kind":"plain","computed":true},"secret_id":{"type":"string","description":"Secret ID to filter for. Only TLS stages with this Secret ID will be returned","description_kind":"plain","optional":true},"secret_region":{"type":"string","description":"Secret region to filter for. Only TLS stages with a Secret in this region will be returned","description_kind":"plain","optional":true},"secrets":{"type":["list",["object",{"region":"string","secret_id":"string"}]],"description":"The TLS secrets","description_kind":"plain","computed":true},"tls_stage_id":{"type":"string","description":"The ID of the TLS stage","description_kind":"plain","optional":true},"updated_at":{"type":"string","description":"The date and time of the last update of the TLS stage","description_kind":"plain","computed":true},"waf_stage_id":{"type":"string","description":"The WAF stage ID the TLS stage will be linked to","description_kind":"plain","computed":true}},"description":"Gets information about an Edge Services TLS stage.\n\nA TLS stage manages TLS/SSL certificates for an Edge Services pipeline, supporting both managed Let's Encrypt certificates and custom certificates stored in Scaleway Secret Manager.\n","description_kind":"plain"}},"scaleway_edge_services_waf_stage":{"version":0,"block":{"attributes":{"backend_stage_id":{"type":"string","description":"The ID of the backend stage to forward requests to after the WAF stage","description_kind":"plain","computed":true},"created_at":{"type":"string","description":"The date and time of the creation of the WAF stage","description_kind":"plain","computed":true},"id":{"type":"string","description_kind":"plain","optional":true,"computed":true},"mode":{"type":"string","description":"Mode defining WAF behavior (`disable`/`log_only`/`enable`)","description_kind":"plain","computed":true},"paranoia_level":{"type":"number","description":"The sensitivity level (`1`,`2`,`3`,`4`) to use when classifying requests as malicious. With a high level, requests are more likely to be classed as malicious, and false positives are expected. With a lower level, requests are more likely to be classed as benign","description_kind":"plain","computed":true},"pipeline_id":{"type":"string","description":"The ID of the pipeline","description_kind":"plain","optional":true},"project_id":{"type":"string","description":"The project_id you want to attach the resource to","description_kind":"plain","computed":true},"updated_at":{"type":"string","description":"The date and time of the last update of the WAF stage","description_kind":"plain","computed":true},"waf_stage_id":{"type":"string","description":"The ID of the WAF stage","description_kind":"plain","optional":true}},"description":"Gets information about an Edge Services WAF (Web Application Firewall) stage.\n\nA WAF stage provides web application firewall protection for an Edge Services pipeline, inspecting HTTP requests and blocking malicious traffic based on a configurable paranoia level.\n","description_kind":"plain"}},"scaleway_flexible_ip":{"version":0,"block":{"attributes":{"created_at":{"type":"string","description":"The date and time of the creation of the Flexible IP (Format ISO 8601)","description_kind":"plain","computed":true},"description":{"type":"string","description":"Description of the flexible IP","description_kind":"plain","computed":true},"flexible_ip_id":{"type":"string","description":"The ID of the IPv4 address","description_kind":"plain","optional":true},"id":{"type":"string","description_kind":"plain","optional":true,"computed":true},"ip_address":{"type":"string","description":"The IPv4 address","description_kind":"plain","optional":true},"is_ipv6":{"type":"bool","description":"Defines whether the flexible IP has an IPv6 address","description_kind":"plain","computed":true},"organization_id":{"type":"string","description":"The organization_id you want to attach the resource to","description_kind":"plain","computed":true},"project_id":{"type":"string","description":"The project_id you want to attach the resource to","description_kind":"plain","optional":true,"computed":true},"reverse":{"type":"string","description":"The reverse DNS for this flexible IP","description_kind":"plain","computed":true},"server_id":{"type":"string","description":"The baremetal server associated with this flexible IP","description_kind":"plain","computed":true},"status":{"type":"string","description":"The status of the flexible IP","description_kind":"plain","computed":true},"tags":{"type":["list","string"],"description":"The tags associated with the flexible IP","description_kind":"plain","computed":true},"updated_at":{"type":"string","description":"The date and time of the last update of the Flexible IP (Format ISO 8601)","description_kind":"plain","computed":true},"zone":{"type":"string","description":"The zone you want to attach the resource to","description_kind":"plain","computed":true}},"description_kind":"plain"}},"scaleway_flexible_ips":{"version":0,"block":{"attributes":{"id":{"type":"string","description_kind":"plain","optional":true,"computed":true},"ips":{"type":["list",["object",{"created_at":"string","description":"string","id":"string","ip_address":"string","mac_address":["list",["object",{"created_at":"string","id":"string","mac_address":"string","mac_type":"string","status":"string","updated_at":"string","zone":"string"}]],"organization_id":"string","project_id":"string","reverse":"string","status":"string","tags":["list","string"],"updated_at":"string","zone":"string"}]],"description":"List of flexible IPs","description_kind":"plain","computed":true},"organization_id":{"type":"string","description":"The organization_id you want to attach the resource to","description_kind":"plain","computed":true},"project_id":{"type":"string","description":"The project_id you want to attach the resource to","description_kind":"plain","optional":true,"computed":true},"server_ids":{"type":["list","string"],"description":"Flexible IPs that are attached to these server IDs are listed","description_kind":"plain","optional":true},"tags":{"type":["list","string"],"description":"Flexible IPs with these exact tags are listed","description_kind":"plain","optional":true},"zone":{"type":"string","description":"The zone you want to attach the resource to","description_kind":"plain","optional":true}},"description_kind":"plain"}},"scaleway_function":{"version":0,"block":{"attributes":{"cpu_limit":{"type":"number","description":"CPU limit in mCPU for your function","description_kind":"plain","computed":true},"deploy":{"type":"bool","description":"Define if the function should be deployed, terraform will wait for function to be deployed","description_kind":"plain","computed":true},"description":{"type":"string","description":"The description of the function","description_kind":"plain","computed":true},"domain_name":{"type":"string","description":"The native function domain name.","description_kind":"plain","computed":true},"environment_variables":{"type":["map","string"],"description":"The environment variables of the function","description_kind":"plain","computed":true},"function_id":{"type":"string","description":"The ID of the function","description_kind":"plain","optional":true},"handler":{"type":"string","description":"Handler of the function. Depends on the runtime https://developers.scaleway.com/en/products/functions/api/#create-a-function","description_kind":"plain","computed":true},"http_option":{"type":"string","description":"HTTP traffic configuration","description_kind":"plain","computed":true},"id":{"type":"string","description_kind":"plain","optional":true,"computed":true},"max_scale":{"type":"number","description":"Maximum replicas for your function (defaults to 20), our system will scale your functions automatically based on incoming workload, but will never scale the number of replicas above the configured max_scale.","description_kind":"plain","computed":true},"memory_limit":{"type":"number","description":"Memory limit in MB for your function, defaults to 256MB","description_kind":"plain","computed":true},"min_scale":{"type":"number","description":"Minimum replicas for your function, defaults to 0, Note that a function is billed when it gets executed, and using a min_scale greater than 0 will cause your function to run all the time.","description_kind":"plain","computed":true},"name":{"type":"string","description":"The name of the function","description_kind":"plain","optional":true},"namespace_id":{"type":"string","description":"The namespace ID associated with this function","description_kind":"plain","required":true},"organization_id":{"type":"string","description":"The organization_id you want to attach the resource to","description_kind":"plain","computed":true},"privacy":{"type":"string","description":"Privacy of the function. Can be either `private` or `public`","description_kind":"plain","computed":true},"private_network_id":{"type":"string","description":"ID of the Private Network the container is connected to","description_kind":"plain","computed":true},"project_id":{"type":"string","description":"The project_id you want to attach the resource to","description_kind":"plain","optional":true},"region":{"type":"string","description":"The region you want to attach the resource to","description_kind":"plain","optional":true},"runtime":{"type":"string","description":"Runtime of the function","description_kind":"plain","computed":true},"sandbox":{"type":"string","description":"Execution environment of the function.","description_kind":"plain","computed":true},"secret_environment_variables":{"type":["map","string"],"description":"The secret environment variables to be injected into your function at runtime.","description_kind":"plain","computed":true},"tags":{"type":["list","string"],"description":"List of tags [\"tag1\", \"tag2\", ...] attached to the function.","description_kind":"plain","computed":true},"timeout":{"type":"number","description":"Holds the max duration (in seconds) the function is allowed for responding to a request","description_kind":"plain","computed":true},"zip_file":{"type":"string","description":"Location of the zip file to upload containing your function sources","description_kind":"plain","computed":true},"zip_hash":{"type":"string","description":"The hash of your source zip file, changing it will re-apply function. Can be any string","description_kind":"plain","computed":true}},"description_kind":"plain"}},"scaleway_function_namespace":{"version":0,"block":{"attributes":{"description":{"type":"string","description":"The description of the function namespace","description_kind":"plain","computed":true},"environment_variables":{"type":["map","string"],"description":"The environment variables of the function namespace","description_kind":"plain","computed":true},"id":{"type":"string","description_kind":"plain","optional":true,"computed":true},"name":{"type":"string","description":"The name of the function namespace","description_kind":"plain","optional":true},"namespace_id":{"type":"string","description":"The ID of the function namespace","description_kind":"plain","optional":true},"organization_id":{"type":"string","description":"The organization_id you want to attach the resource to","description_kind":"plain","computed":true},"project_id":{"type":"string","description":"The project_id you want to attach the resource to","description_kind":"plain","optional":true},"region":{"type":"string","description":"The region you want to attach the resource to","description_kind":"plain","optional":true},"registry_endpoint":{"type":"string","description":"The endpoint reachable by docker","description_kind":"plain","computed":true},"registry_namespace_id":{"type":"string","description":"The ID of the registry namespace","description_kind":"plain","computed":true},"secret_environment_variables":{"type":["map","string"],"description":"The environment variables of the function namespace","description_kind":"plain","computed":true},"tags":{"type":["list","string"],"description":"List of tags [\"tag1\", \"tag2\", ...] attached to the function namespace","description_kind":"plain","computed":true}},"description_kind":"plain"}},"scaleway_iam_api_key":{"version":0,"block":{"attributes":{"access_key":{"type":"string","description":"The access key of the iam api key","description_kind":"plain","required":true},"application_id":{"type":"string","description":"ID of the application attached to the api key","description_kind":"plain","computed":true},"created_at":{"type":"string","description":"The date and time of the creation of the iam api key","description_kind":"plain","computed":true},"creation_ip":{"type":"string","description":"The IPv4 Address of the device which created the API key","description_kind":"plain","computed":true},"default_project_id":{"type":"string","description":"The project_id you want to attach the resource to","description_kind":"plain","computed":true},"description":{"type":"string","description":"The description of the iam api key","description_kind":"plain","computed":true},"editable":{"type":"bool","description":"Whether or not the iam api key is editable","description_kind":"plain","computed":true},"expires_at":{"type":"string","description":"The date and time of the expiration of the iam api key. Cannot be changed afterwards","description_kind":"plain","computed":true},"id":{"type":"string","description_kind":"plain","optional":true,"computed":true},"updated_at":{"type":"string","description":"The date and time of the last update of the iam api key","description_kind":"plain","computed":true},"user_id":{"type":"string","description":"ID of the user attached to the api key","description_kind":"plain","computed":true}},"description_kind":"plain"}},"scaleway_iam_application":{"version":0,"block":{"attributes":{"application_id":{"type":"string","description":"The ID of the IAM application","description_kind":"plain","optional":true},"created_at":{"type":"string","description":"The date and time of the creation of the application","description_kind":"plain","computed":true},"description":{"type":"string","description":"The description of the iam application","description_kind":"plain","computed":true},"editable":{"type":"bool","description":"Whether or not the application is editable.","description_kind":"plain","computed":true},"id":{"type":"string","description_kind":"plain","optional":true,"computed":true},"name":{"type":"string","description":"The name of the iam application","description_kind":"plain","optional":true},"organization_id":{"type":"string","description":"The organization_id the application is associated to","description_kind":"plain","optional":true},"tags":{"type":["list","string"],"description":"The tags associated with the application","description_kind":"plain","computed":true},"updated_at":{"type":"string","description":"The date and time of the last update of the application","description_kind":"plain","computed":true}},"description_kind":"plain"}},"scaleway_iam_group":{"version":0,"block":{"attributes":{"application_ids":{"type":["set","string"],"description":"List of IDs of the applications attached to the group","description_kind":"plain","computed":true},"created_at":{"type":"string","description":"The date and time of the creation of the group","description_kind":"plain","computed":true},"description":{"type":"string","description":"The description of the iam group","description_kind":"plain","computed":true},"external_membership":{"type":"bool","description":"Handle user and application memberships externally","description_kind":"plain","computed":true},"group_id":{"type":"string","description":"The ID of the IAM group","description_kind":"plain","optional":true},"id":{"type":"string","description_kind":"plain","optional":true,"computed":true},"name":{"type":"string","description":"The name of the iam group","description_kind":"plain","optional":true},"organization_id":{"type":"string","description":"The organization_id you want to attach the resource to","description_kind":"plain","optional":true},"tags":{"type":["list","string"],"description":"The tags associated with the application","description_kind":"plain","computed":true},"updated_at":{"type":"string","description":"The date and time of the last update of the group","description_kind":"plain","computed":true},"user_ids":{"type":["set","string"],"description":"List of IDs of the users attached to the group","description_kind":"plain","computed":true}},"description_kind":"plain"}},"scaleway_iam_policy":{"version":0,"block":{"attributes":{"application_id":{"type":"string","description":"Application id","description_kind":"plain","computed":true},"created_at":{"type":"string","description":"The date and time of the creation of the policy","description_kind":"plain","computed":true},"description":{"type":"string","description":"The description of the iam policy","description_kind":"plain","computed":true},"editable":{"type":"bool","description":"Whether or not the policy is editable.","description_kind":"plain","computed":true},"group_id":{"type":"string","description":"Group id","description_kind":"plain","computed":true},"id":{"type":"string","description_kind":"plain","optional":true,"computed":true},"name":{"type":"string","description":"The name of the iam policy","description_kind":"plain","optional":true},"no_principal":{"type":"bool","description":"Deactivate policy to a principal","description_kind":"plain","computed":true},"organization_id":{"type":"string","description":"ID of organization the resource is associated to.","description_kind":"plain","computed":true},"policy_id":{"type":"string","description":"The ID of the policy","description_kind":"plain","optional":true},"rule":{"type":["list",["object",{"condition":"string","organization_id":"string","permission_set_names":["set","string"],"project_ids":["list","string"]}]],"description":"Rules of the policy to create","description_kind":"plain","computed":true},"tags":{"type":["list","string"],"description":"The tags associated with the policy","description_kind":"plain","computed":true},"updated_at":{"type":"string","description":"The date and time of the last update of the policy","description_kind":"plain","computed":true},"user_id":{"type":"string","description":"User id","description_kind":"plain","computed":true}},"description_kind":"plain"}},"scaleway_iam_saml":{"version":0,"block":{"attributes":{"entity_id":{"type":"string","description":"The entity ID of the SAML Identity Provider","description_kind":"markdown","computed":true},"id":{"type":"string","description":"The ID of the SAML configuration","description_kind":"markdown","computed":true},"organization_id":{"type":"string","description":"The organization ID","description_kind":"markdown","optional":true,"computed":true},"service_provider":{"type":["object",{"assertion_consumer_service_url":"string","entity_id":"string"}],"description":"The Service Provider information","description_kind":"markdown","computed":true},"single_sign_on_url":{"type":"string","description":"The single sign-on URL of the SAML Identity Provider","description_kind":"markdown","computed":true},"status":{"type":"string","description":"The status of the SAML configuration","description_kind":"markdown","computed":true}},"description":"Retrieves SAML configuration for an organization. This data source enables you to retrieve the SAML-based single sign-on (SSO) configuration for your Scaleway organization.\n\nSAML (Security Assertion Markup Language) is an open standard for exchanging authentication and authorization data between parties, specifically between an identity provider and a service provider.\n","description_kind":"markdown"}},"scaleway_iam_saml_certificate":{"version":0,"block":{"attributes":{"certificate_id":{"type":"string","description":"The ID of the SAML certificate","description_kind":"markdown","required":true},"content":{"type":"string","description":"The content of the SAML certificate","description_kind":"markdown","computed":true},"expires_at":{"type":"string","description":"The expiration date and time of the SAML certificate","description_kind":"markdown","computed":true},"origin":{"type":"string","description":"The origin of the SAML certificate. Possible values are: `scaleway`, `identity_provider`.","description_kind":"markdown","computed":true},"type":{"type":"string","description":"The type of the SAML certificate. Possible values are: `signing`, `encryption`.","description_kind":"markdown","computed":true}},"description":"Get information about a SAML certificate. This data source allows you to retrieve information about a specific SAML certificate by its ID.\n","description_kind":"markdown"}},"scaleway_iam_scim":{"version":0,"block":{"attributes":{"created_at":{"type":"string","description":"The date and time of SCIM configuration creation","description_kind":"markdown","computed":true},"id":{"type":"string","description":"The ID of the SCIM configuration","description_kind":"markdown","computed":true},"organization_id":{"type":"string","description":"The organization ID. If not provided, the default organization configured in the provider is used.","description_kind":"markdown","optional":true,"computed":true}},"description":"Retrieves SCIM configuration for an organization. This data source enables you to retrieve the SCIM (System for Cross-domain Identity Management) configuration for your Scaleway organization.\n\nSCIM is a standard for automating the exchange of user identity information between identity domains, or IT systems. This data source allows you to check if SCIM is enabled and retrieve its configuration details.\n","description_kind":"markdown"}},"scaleway_iam_scim_token":{"version":0,"block":{"attributes":{"created_at":{"type":"string","description":"The date and time of SCIM token creation","description_kind":"markdown","computed":true},"expires_at":{"type":"string","description":"The date and time when the SCIM token expires","description_kind":"markdown","computed":true},"id":{"type":"string","description":"The ID of the SCIM token","description_kind":"markdown","computed":true},"organization_id":{"type":"string","description":"The organization ID. If not provided, the default organization configured in the provider is used.","description_kind":"markdown","optional":true,"computed":true},"scim_id":{"type":"string","description":"The SCIM configuration ID. If not provided, the SCIM configuration for the organization is used.","description_kind":"markdown","optional":true,"computed":true},"token_id":{"type":"string","description":"The ID of the SCIM token to retrieve.","description_kind":"markdown","required":true}},"description":"Get information about a SCIM token.\n\nSCIM (System for Cross-domain Identity Management) tokens are used to authenticate API requests to SCIM endpoints for user provisioning and management.\n\nThis data source allows you to retrieve information about an existing SCIM token, including its creation and expiration dates. Note that the bearer token is only available at creation time and cannot be retrieved through this data source.\n","description_kind":"markdown"}},"scaleway_iam_ssh_key":{"version":0,"block":{"attributes":{"created_at":{"type":"string","description":"The date and time of the creation of the iam SSH Key","description_kind":"plain","computed":true},"disabled":{"type":"bool","description":"The SSH key status","description_kind":"plain","computed":true},"fingerprint":{"type":"string","description":"The fingerprint of the iam SSH key","description_kind":"plain","computed":true},"id":{"type":"string","description_kind":"plain","optional":true,"computed":true},"name":{"type":"string","description":"The name of the iam SSH key","description_kind":"plain","optional":true},"organization_id":{"type":"string","description":"The organization_id you want to attach the resource to","description_kind":"plain","computed":true},"project_id":{"type":"string","description":"The project_id you want to attach the resource to","description_kind":"plain","optional":true},"public_key":{"type":"string","description":"The public SSH key","description_kind":"plain","computed":true},"ssh_key_id":{"type":"string","description":"The ID of the SSH key","description_kind":"plain","optional":true},"updated_at":{"type":"string","description":"The date and time of the last update of the iam SSH Key","description_kind":"plain","computed":true}},"description_kind":"plain"}},"scaleway_iam_user":{"version":0,"block":{"attributes":{"account_root_user_id":{"type":"string","description":"The ID of the account root user associated with the iam user","description_kind":"plain","computed":true},"created_at":{"type":"string","description":"The date and time of the creation of the iam user","description_kind":"plain","computed":true},"deletable":{"type":"bool","description":"Whether or not the iam user is editable","description_kind":"plain","computed":true},"email":{"type":"string","description":"The email address of the IAM user","description_kind":"plain","optional":true},"first_name":{"type":"string","description":"The member's first name","description_kind":"plain","computed":true},"id":{"type":"string","description_kind":"plain","optional":true,"computed":true},"last_login_at":{"type":"string","description":"The date and time of last login of the iam user","description_kind":"plain","computed":true},"last_name":{"type":"string","description":"The member's last name","description_kind":"plain","computed":true},"locale":{"type":"string","description":"The member's locale","description_kind":"plain","computed":true},"locked":{"type":"bool","description":"Defines whether the user is locked","description_kind":"plain","computed":true},"mfa":{"type":"bool","description":"Whether or not the MFA is enabled","description_kind":"plain","computed":true},"organization_id":{"type":"string","description":"The organization_id you want to attach the resource to","description_kind":"plain","optional":true},"password":{"type":"string","description":"The member's password for first access. Only one of `password` or `password_wo` should be specified.","description_kind":"plain","computed":true},"password_wo":{"type":"string","description":"The member's password for first access in [write-only](https://registry.terraform.io/providers/scaleway/scaleway/latest/docs/guides/using-write-only-arguments) mode. Only one of `password` or `password_wo` should be specified. `password_wo` will not be set in the Terraform state. To update the `password_wo`, you must also update the `password_wo_version`.","description_kind":"plain","computed":true},"password_wo_version":{"type":"number","description":"The version of the [write-only](https://registry.terraform.io/providers/scaleway/scaleway/latest/docs/guides/using-write-only-arguments) password. To update the `password_wo`, you must also update the `password_wo_version`.","description_kind":"plain","computed":true},"phone_number":{"type":"string","description":"The member's phone number","description_kind":"plain","computed":true},"send_password_email":{"type":"bool","description":"Whether or not to send an email containing the member's password","description_kind":"plain","computed":true},"send_welcome_email":{"type":"bool","description":"Whether or not to send a welcome email that includes onboarding information","description_kind":"plain","computed":true},"status":{"type":"string","description":"The status of user invitation","description_kind":"plain","computed":true},"tags":{"type":["list","string"],"description":"The tags associated with the user","description_kind":"plain","optional":true},"type":{"type":"string","description":"The type of the iam user","description_kind":"plain","computed":true},"updated_at":{"type":"string","description":"The date and time of the last update of the iam user","description_kind":"plain","computed":true},"user_id":{"type":"string","description":"The ID of the IAM user","description_kind":"plain","optional":true},"username":{"type":"string","description":"The member's username","description_kind":"plain","computed":true}},"description_kind":"plain"}},"scaleway_inference_model":{"version":0,"block":{"attributes":{"created_at":{"type":"string","description":"The date and time of the creation of the model","description_kind":"plain","computed":true},"description":{"type":"string","description":"The description of the model","description_kind":"plain","computed":true},"has_eula":{"type":"bool","description":"Defines whether the model has an end user license agreement","description_kind":"plain","computed":true},"id":{"type":"string","description_kind":"plain","optional":true,"computed":true},"model_id":{"type":"string","description":"The ID of the model","description_kind":"plain","optional":true},"name":{"type":"string","description":"The name of the model","description_kind":"plain","optional":true},"nodes_support":{"type":["list",["object",{"node_type_name":"string","quantization":["list",["object",{"allowed":"bool","max_context_size":"number","quantization_bits":"number"}]]}]],"description":"Supported node types with quantization options and context lengths.","description_kind":"plain","computed":true},"parameter_size_bits":{"type":"number","description":"Size, in bits, of the model parameters","description_kind":"plain","computed":true},"project_id":{"type":"string","description":"The project_id you want to attach the resource to","description_kind":"plain","computed":true},"region":{"type":"string","description":"The region you want to attach the resource to","description_kind":"plain","computed":true},"secret":{"type":"string","description":"A token or credential used to authenticate when pulling the model from a private or gated source. For example, a Hugging Face access token with read permissions.","description_kind":"plain","computed":true},"secret_wo":{"type":"string","description":"A token or credential used to authenticate when pulling the model from a private or gated source in [write-only](https://registry.terraform.io/providers/scaleway/scaleway/latest/docs/guides/using-write-only-arguments) mode. For example, a Hugging Face access token with read permissions. `secret_wo` will not be set in the Terraform state. Only one of `secret` or `secret_wo` should be specified.","description_kind":"plain","computed":true},"secret_wo_version":{"type":"number","description":"The version of the [write-only](https://registry.terraform.io/providers/scaleway/scaleway/latest/docs/guides/using-write-only-arguments) secret. To update the `secret_wo`, you must also update the `secret_wo_version`.","description_kind":"plain","computed":true},"size_bytes":{"type":"number","description":"Total size, in bytes, of the model files","description_kind":"plain","computed":true},"status":{"type":"string","description":"The status of the model","description_kind":"plain","computed":true},"tags":{"type":["list","string"],"description":"The tags associated with the deployment","description_kind":"plain","computed":true},"updated_at":{"type":"string","description":"The date and time of the last update of the model","description_kind":"plain","computed":true},"url":{"type":"string","description":"The HTTPS URL to the model archive or repository. Typically, this is a Hugging Face repository URL (e.g., `https://huggingface.co/your-org/your-model`). The URL must be publicly accessible or require a valid secret for authentication.","description_kind":"plain","optional":true}},"description_kind":"plain"}},"scaleway_instance_image":{"version":0,"block":{"attributes":{"additional_volume_ids":{"type":["list","string"],"description":"The additional volume IDs attached to the image","description_kind":"plain","computed":true},"architecture":{"type":"string","description":"Architecture of the desired image","description_kind":"plain","optional":true},"creation_date":{"type":"string","description":"Date when the image was created","description_kind":"plain","computed":true},"default_bootscript_id":{"type":"string","description":"ID of the bootscript associated with this image","description_kind":"plain","computed":true},"from_server_id":{"type":"string","description":"ID of the server the image is originated from","description_kind":"plain","computed":true},"id":{"type":"string","description_kind":"plain","optional":true,"computed":true},"image_id":{"type":"string","description":"ID of the desired image","description_kind":"plain","optional":true},"latest":{"type":"bool","description":"Select most recent image if multiple match","description_kind":"plain","optional":true},"modification_date":{"type":"string","description":"Date when the image was updated","description_kind":"plain","computed":true},"name":{"type":"string","description":"Exact name of the desired image","description_kind":"plain","optional":true},"organization_id":{"type":"string","description":"The organization_id you want to attach the resource to","description_kind":"plain","computed":true},"project_id":{"type":"string","description":"The project_id you want to attach the resource to","description_kind":"plain","optional":true,"computed":true},"public":{"type":"bool","description":"Indication if the image is public","description_kind":"plain","computed":true},"root_volume_id":{"type":"string","description":"ID of the root volume associated with this image","description_kind":"plain","computed":true},"state":{"type":"string","description":"State of the image","description_kind":"plain","computed":true},"zone":{"type":"string","description":"The zone you want to attach the resource to","description_kind":"plain","optional":true}},"description_kind":"plain"}},"scaleway_instance_ip":{"version":0,"block":{"attributes":{"address":{"type":"string","description":"The IP address","description_kind":"plain","optional":true},"id":{"type":"string","description":"The ID of the IP address","description_kind":"plain","optional":true},"organization_id":{"type":"string","description":"The organization_id you want to attach the resource to","description_kind":"plain","computed":true},"prefix":{"type":"string","description":"The IP prefix","description_kind":"plain","computed":true},"project_id":{"type":"string","description":"The project_id you want to attach the resource to","description_kind":"plain","optional":true},"reverse":{"type":"string","description":"The reverse DNS for this IP","description_kind":"plain","computed":true},"server_id":{"type":"string","description":"The server associated with this IP","description_kind":"plain","computed":true},"tags":{"type":["list","string"],"description":"The tags associated with the ip","description_kind":"plain","computed":true},"type":{"type":"string","description":"The type of instance IP","description_kind":"plain","computed":true},"zone":{"type":"string","description":"The zone you want to attach the resource to","description_kind":"plain","optional":true}},"description_kind":"plain"}},"scaleway_instance_placement_group":{"version":0,"block":{"attributes":{"id":{"type":"string","description_kind":"plain","optional":true,"computed":true},"name":{"type":"string","description":"The name of the placement group","description_kind":"plain","optional":true},"placement_group_id":{"type":"string","description":"The ID of the placementgroup","description_kind":"plain","optional":true},"policy_mode":{"type":"string","description":"One of the two policy_mode may be selected: enforced or optional.","description_kind":"plain","computed":true},"policy_respected":{"type":"bool","description":"Is true when the policy is respected.","description_kind":"plain","computed":true},"policy_type":{"type":"string","description":"The operating mode is selected by a policy_type","description_kind":"plain","computed":true},"project_id":{"type":"string","description":"The project_id you want to attach the resource to","description_kind":"plain","optional":true,"computed":true},"tags":{"type":["list","string"],"description":"The tags associated with the placement group","description_kind":"plain","computed":true},"zone":{"type":"string","description":"The zone you want to attach the resource to","description_kind":"plain","optional":true}},"description_kind":"plain"}},"scaleway_instance_private_nic":{"version":0,"block":{"attributes":{"id":{"type":"string","description_kind":"plain","optional":true,"computed":true},"ip_ids":{"type":["list","string"],"description":"IPAM ip list, should be for internal use only","description_kind":"plain","computed":true},"ipam_ip_ids":{"type":["list","string"],"description":"IPAM IDs of a pre-reserved IP addresses to assign to the Instance in the requested private network","description_kind":"plain","computed":true},"mac_address":{"type":"string","description":"MAC address of the NIC","description_kind":"plain","computed":true},"private_ips":{"type":["list",["object",{"address":"string","id":"string"}]],"description":"List of private IPv4 and IPv6 addresses associated with the resource","description_kind":"plain","computed":true},"private_network_id":{"type":"string","description":"The private network ID","description_kind":"plain","optional":true},"private_nic_id":{"type":"string","description":"The ID of the Private NIC","description_kind":"plain","optional":true},"server_id":{"type":"string","description":"The server ID","description_kind":"plain","required":true},"tags":{"type":["list","string"],"description":"The tags associated with the private-nic","description_kind":"plain","optional":true},"zone":{"type":"string","description":"The zone you want to attach the resource to","description_kind":"plain","optional":true}},"description_kind":"plain"}},"scaleway_instance_security_group":{"version":0,"block":{"attributes":{"description":{"type":"string","description":"The description of the security group","description_kind":"plain","computed":true},"enable_default_security":{"type":"bool","description":"Enable blocking of SMTP on IPv4 and IPv6","description_kind":"plain","computed":true},"external_rules":{"type":"bool","description":"External rules for this security group","description_kind":"plain","computed":true},"id":{"type":"string","description_kind":"plain","optional":true,"computed":true},"inbound_default_policy":{"type":"string","description":"Default inbound traffic policy for this security group","description_kind":"plain","computed":true},"inbound_rule":{"type":["list",["object",{"action":"string","ip":"string","ip_range":"string","port":"number","port_range":"string","protocol":"string"}]],"description":"Inbound rules for this security group","description_kind":"plain","computed":true},"name":{"type":"string","description":"The name of the security group","description_kind":"plain","optional":true},"organization_id":{"type":"string","description":"The organization_id you want to attach the resource to","description_kind":"plain","computed":true},"outbound_default_policy":{"type":"string","description":"Default outbound traffic policy for this security group","description_kind":"plain","computed":true},"outbound_rule":{"type":["list",["object",{"action":"string","ip":"string","ip_range":"string","port":"number","port_range":"string","protocol":"string"}]],"description":"Outbound rules for this security group","description_kind":"plain","computed":true},"project_id":{"type":"string","description":"The project_id you want to attach the resource to","description_kind":"plain","optional":true},"security_group_id":{"type":"string","description":"The ID of the security group","description_kind":"plain","optional":true},"stateful":{"type":"bool","description":"The stateful value of the security group","description_kind":"plain","computed":true},"tags":{"type":["list","string"],"description":"The tags associated with the security group","description_kind":"plain","computed":true},"zone":{"type":"string","description":"The zone you want to attach the resource to","description_kind":"plain","optional":true}},"description_kind":"plain"}},"scaleway_instance_server":{"version":0,"block":{"attributes":{"additional_volume_ids":{"type":["list","string"],"description":"The additional volumes attached to the server","description_kind":"plain","computed":true},"admin_password_encryption_ssh_key_id":{"type":"string","description":"The ID of the IAM SSH key used to encrypt the initial admin password on a Windows server","description_kind":"plain","computed":true},"boot_type":{"type":"string","description":"The boot type of the server","description_kind":"plain","computed":true},"bootscript_id":{"type":"string","description":"ID of the target bootscript (set boot_type to bootscript)","description_kind":"plain","computed":true},"cloud_init":{"type":"string","description":"The cloud init script associated with this server","description_kind":"plain","computed":true},"enable_dynamic_ip":{"type":"bool","description":"Enable dynamic IP on the server","description_kind":"plain","computed":true},"filesystems":{"type":["list",["object",{"filesystem_id":"string","status":"string"}]],"description":"Filesystems attach to the server","description_kind":"plain","computed":true},"id":{"type":"string","description_kind":"plain","optional":true,"computed":true},"image":{"type":"string","description":"The UUID or the label of the base image used by the server","description_kind":"plain","computed":true},"ip_id":{"type":"string","description":"The ID of the reserved IP for the server","description_kind":"plain","computed":true},"ip_ids":{"type":["list","string"],"description":"The IDs of the reserved IP for the server","description_kind":"plain","computed":true},"name":{"type":"string","description":"The name of the server","description_kind":"plain","optional":true},"organization_id":{"type":"string","description":"The organization_id you want to attach the resource to","description_kind":"plain","computed":true},"placement_group_id":{"type":"string","description":"The placement group the server is attached to","description_kind":"plain","computed":true},"placement_group_policy_respected":{"type":"bool","description":"True when the placement group policy is respected","description_kind":"plain","computed":true},"private_ips":{"type":["list",["object",{"address":"string","id":"string"}]],"description":"List of private IPv4 and IPv6 addresses associated with the resource","description_kind":"plain","computed":true},"private_network":{"type":["list",["object",{"mac_address":"string","pn_id":"string","pnic_id":"string","status":"string","zone":"string"}]],"description":"List of private network to connect with your instance","description_kind":"plain","computed":true},"project_id":{"type":"string","description":"The project_id you want to attach the resource to","description_kind":"plain","optional":true},"protected":{"type":"bool","description":"If true, the instance is protected against accidental deletion via the Scaleway API.","description_kind":"plain","computed":true},"public_ips":{"type":["list",["object",{"address":"string","dynamic":"bool","family":"string","gateway":"string","id":"string","netmask":"string","provisioning_mode":"string"}]],"description":"List of private IPv4 and IPv6 addresses attached to your instance","description_kind":"plain","computed":true},"replace_on_type_change":{"type":"bool","description":"Delete and re-create server if type change","description_kind":"plain","computed":true},"root_volume":{"type":["list",["object",{"boot":"bool","delete_on_termination":"bool","name":"string","sbs_iops":"number","size_in_gb":"number","volume_id":"string","volume_type":"string"}]],"description":"Root volume attached to the server on creation","description_kind":"plain","computed":true},"security_group_id":{"type":"string","description":"The security group the server is attached to","description_kind":"plain","computed":true},"server_id":{"type":"string","description":"The ID of the server","description_kind":"plain","optional":true},"state":{"type":"string","description":"The state of the server should be: started, stopped, standby","description_kind":"plain","computed":true},"tags":{"type":["list","string"],"description":"The tags associated with the server","description_kind":"plain","computed":true},"type":{"type":"string","description":"The instance type of the server","description_kind":"plain","computed":true},"user_data":{"type":["map","string"],"description":"The user data associated with the server","description_kind":"plain","computed":true},"zone":{"type":"string","description":"The zone you want to attach the resource to","description_kind":"plain","optional":true}},"description_kind":"plain"}},"scaleway_instance_server_type":{"version":0,"block":{"attributes":{"arch":{"type":"string","description":"The architecture of the server type","description_kind":"plain","computed":true},"availability":{"type":"string","description":"Whether the server type is available in the zone","description_kind":"plain","computed":true},"capabilities":{"type":["list",["object",{"boot_types":["list","string"],"max_file_systems":"number"}]],"description":"The specific capabilities of the server type","description_kind":"plain","computed":true},"cpu":{"type":"number","description":"The number of CPU cores of the server type","description_kind":"plain","computed":true},"end_of_service":{"type":"bool","description":"Whether the server type will soon reach End Of Service","description_kind":"plain","computed":true},"gpu":{"type":"number","description":"The number of GPUs of the server type","description_kind":"plain","computed":true},"hourly_price":{"type":"number","description":"The hourly price of the server type in euro","description_kind":"plain","computed":true},"id":{"type":"string","description_kind":"plain","optional":true,"computed":true},"name":{"type":"string","description":"The name of the server type","description_kind":"plain","required":true},"network":{"type":["list",["object",{"block_bandwidth":"number","internal_bandwidth":"number","public_bandwidth":"number"}]],"description":"The network specifications of the server type","description_kind":"plain","computed":true},"ram":{"type":"number","description":"The number of bytes of RAM of the server type","description_kind":"plain","computed":true},"volumes":{"type":["list",["object",{"block_storage":"bool","max_size_per_local_volume":"number","max_size_total":"number","min_size_per_local_volume":"number","min_size_total":"number","scratch_storage_max_size":"number"}]],"description":"The specifications of volumes allowed for the server type","description_kind":"plain","computed":true},"zone":{"type":"string","description":"The zone you want to attach the resource to","description_kind":"plain","optional":true}},"description_kind":"plain"}},"scaleway_instance_servers":{"version":0,"block":{"attributes":{"id":{"type":"string","description_kind":"plain","optional":true,"computed":true},"name":{"type":"string","description":"Servers with a name like it are listed.","description_kind":"plain","optional":true},"organization_id":{"type":"string","description":"The organization_id you want to attach the resource to","description_kind":"plain","computed":true},"project_id":{"type":"string","description":"The project_id you want to attach the resource to","description_kind":"plain","optional":true,"computed":true},"servers":{"type":["list",["object",{"boot_type":"string","bootscript_id":"string","enable_dynamic_ip":"bool","id":"string","image":"string","name":"string","organization_id":"string","placement_group_id":"string","placement_group_policy_respected":"bool","private_ips":["list",["object",{"address":"string","id":"string"}]],"project_id":"string","public_ips":["list",["object",{"address":"string","dynamic":"bool","family":"string","gateway":"string","id":"string","netmask":"string","provisioning_mode":"string"}]],"security_group_id":"string","state":"string","tags":["list","string"],"type":"string","zone":"string"}]],"description":"Servers","description_kind":"plain","computed":true},"tags":{"type":["list","string"],"description":"Servers with these exact tags are listed.","description_kind":"plain","optional":true},"zone":{"type":"string","description":"The zone you want to attach the resource to","description_kind":"plain","optional":true}},"description_kind":"plain"}},"scaleway_instance_snapshot":{"version":0,"block":{"attributes":{"created_at":{"type":"string","description":"The date and time of the creation of the snapshot","description_kind":"plain","computed":true},"id":{"type":"string","description_kind":"plain","optional":true,"computed":true},"import":{"type":["list",["object",{"bucket":"string","key":"string"}]],"description":"Import snapshot from a qcow","description_kind":"plain","computed":true},"name":{"type":"string","description":"The name of the snapshot","description_kind":"plain","optional":true},"organization_id":{"type":"string","description":"The organization_id you want to attach the resource to","description_kind":"plain","computed":true},"project_id":{"type":"string","description":"The project_id you want to attach the resource to","description_kind":"plain","optional":true},"size_in_gb":{"type":"number","description":"The size of the snapshot in gigabyte","description_kind":"plain","computed":true},"snapshot_id":{"type":"string","description":"The ID of the snapshot","description_kind":"plain","optional":true},"tags":{"type":["list","string"],"description":"The tags associated with the snapshot","description_kind":"plain","computed":true},"type":{"type":"string","description":"The snapshot's volume type","description_kind":"plain","computed":true},"volume_id":{"type":"string","description":"ID of the volume to take a snapshot from","description_kind":"plain","computed":true},"zone":{"type":"string","description":"The zone you want to attach the resource to","description_kind":"plain","optional":true}},"description_kind":"plain"}},"scaleway_instance_volume":{"version":0,"block":{"attributes":{"from_snapshot_id":{"type":"string","description":"Create a volume based on a image","description_kind":"plain","computed":true},"id":{"type":"string","description_kind":"plain","optional":true,"computed":true},"migrate_to_sbs":{"type":"bool","description":"If true, consider that this volume may have been migrated and no longer exists.","description_kind":"plain","computed":true},"name":{"type":"string","description":"The name of the volume","description_kind":"plain","optional":true},"organization_id":{"type":"string","description":"The organization_id you want to attach the resource to","description_kind":"plain","computed":true},"project_id":{"type":"string","description":"The project_id you want to attach the resource to","description_kind":"plain","optional":true},"server_id":{"type":"string","description":"The server associated with this volume","description_kind":"plain","computed":true},"size_in_gb":{"type":"number","description":"The size of the volume in gigabyte","description_kind":"plain","computed":true},"tags":{"type":["list","string"],"description":"The tags associated with the volume","description_kind":"plain","computed":true},"type":{"type":"string","description":"The volume type","description_kind":"plain","computed":true},"volume_id":{"type":"string","description":"The ID of the volume","description_kind":"plain","optional":true},"zone":{"type":"string","description":"The zone you want to attach the resource to","description_kind":"plain","optional":true}},"description_kind":"plain"}},"scaleway_interlink_dedicated_connection":{"version":0,"block":{"attributes":{"available_link_bandwidths":{"type":["list","number"],"description":"Sizes of the links supported on this dedicated connection","description_kind":"plain","computed":true},"bandwidth_mbps":{"type":"number","description":"Bandwidth size of the dedicated connection in Mbps","description_kind":"plain","computed":true},"connection_id":{"type":"string","description":"The ID of the dedicated connection","description_kind":"plain","optional":true},"created_at":{"type":"string","description":"Creation date of the dedicated connection","description_kind":"plain","computed":true},"demarcation_info":{"type":"string","description":"Demarcation details required by the data center to set up the Cross Connect","description_kind":"plain","computed":true},"id":{"type":"string","description_kind":"plain","optional":true,"computed":true},"name":{"type":"string","description":"The name of the dedicated connection to filter for","description_kind":"plain","optional":true,"computed":true},"organization_id":{"type":"string","description":"Organization ID","description_kind":"plain","computed":true},"pop_id":{"type":"string","description":"ID of the PoP where the dedicated connection is located","description_kind":"plain","computed":true},"project_id":{"type":"string","description":"The ID of the project the dedicated connection belongs to","description_kind":"plain","computed":true},"region":{"type":"string","description":"The region you want to attach the resource to","description_kind":"plain","optional":true},"status":{"type":"string","description":"Status of the dedicated connection","description_kind":"plain","computed":true},"tags":{"type":["list","string"],"description":"List of tags associated with the dedicated connection","description_kind":"plain","computed":true},"updated_at":{"type":"string","description":"Last modification date of the dedicated connection","description_kind":"plain","computed":true},"vlan_range":{"type":["list",["object",{"end":"number","start":"number"}]],"description":"VLAN range for self-hosted links on this dedicated connection","description_kind":"plain","computed":true}},"description":"Gets information about an Interlink Dedicated Connection.\n\nA dedicated connection is a physical connection owned by the user at a PoP, used to create self-hosted links between your infrastructure and Scaleway.\n","description_kind":"plain"}},"scaleway_interlink_link":{"version":0,"block":{"attributes":{"bandwidth_mbps":{"type":"number","description":"Desired bandwidth for the link. Must be compatible with available link bandwidths and remaining bandwidth capacity of the connection","description_kind":"plain","computed":true},"bgp_v4_status":{"type":"string","description":"Status of the link's BGP IPv4 session","description_kind":"plain","computed":true},"bgp_v6_status":{"type":"string","description":"Status of the link's BGP IPv6 session","description_kind":"plain","computed":true},"connection_id":{"type":"string","description":"If set, creates a self-hosted link using this dedicated physical connection","description_kind":"plain","computed":true},"created_at":{"type":"string","description":"Creation date of the link","description_kind":"plain","computed":true},"enable_route_propagation":{"type":"bool","description":"Defines whether route propagation is enabled or not. Defaults to false","description_kind":"plain","computed":true},"id":{"type":"string","description_kind":"plain","optional":true,"computed":true},"link_id":{"type":"string","description":"The ID of the link","description_kind":"plain","optional":true},"name":{"type":"string","description":"Name of the link","description_kind":"plain","optional":true},"organization_id":{"type":"string","description":"The Organization ID the link is associated with","description_kind":"plain","computed":true},"pairing_key":{"type":"string","description":"Used to identify a link from a user or partner's point of view","description_kind":"plain","computed":true},"partner_id":{"type":"string","description":"If set, creates a hosted link on a partner's connection. Specify the ID of the chosen partner, who already has a shared connection with available bandwidth","description_kind":"plain","computed":true},"peer_asn":{"type":"number","description":"For self-hosted links, the peer AS Number to establish BGP session. Required when `connection_id` is set","description_kind":"plain","computed":true},"peer_bgp_config":{"type":["list",["object",{"asn":"number","ipv4":"string","ipv6":"string"}]],"description":"BGP configuration on peer's side (on-premises or other hosting provider)","description_kind":"plain","computed":true},"pop_id":{"type":"string","description":"PoP (location) where the link will be created","description_kind":"plain","computed":true},"project_id":{"type":"string","description":"The project_id you want to attach the resource to","description_kind":"plain","optional":true},"region":{"type":"string","description":"The region you want to attach the resource to","description_kind":"plain","optional":true},"routing_policy_v4_id":{"type":"string","description":"If set, attaches this routing policy containing IPv4 prefixes to the link. A BGP IPv4 session will be created","description_kind":"plain","computed":true},"routing_policy_v6_id":{"type":"string","description":"If set, attaches this routing policy containing IPv6 prefixes to the link. A BGP IPv6 session will be created","description_kind":"plain","computed":true},"scw_bgp_config":{"type":["list",["object",{"asn":"number","ipv4":"string","ipv6":"string"}]],"description":"BGP configuration on Scaleway's side","description_kind":"plain","computed":true},"status":{"type":"string","description":"Status of the link","description_kind":"plain","computed":true},"tags":{"type":["list","string"],"description":"List of tags associated with the link","description_kind":"plain","computed":true},"updated_at":{"type":"string","description":"Last modification date of the link","description_kind":"plain","computed":true},"vlan":{"type":"number","description":"For self-hosted links only, the VLAN ID. If the VLAN is not available (already taken or out of range), an error is returned","description_kind":"plain","computed":true},"vpc_id":{"type":"string","description":"ID of the Scaleway VPC to attach to the link","description_kind":"plain","computed":true}},"description":"Gets information about an Interlink Link.\n\nA link is a logical Interlink session created within a PoP, representing the connection between your infrastructure and Scaleway.\n","description_kind":"plain"}},"scaleway_interlink_partner":{"version":0,"block":{"attributes":{"contact_email":{"type":"string","description":"Contact email address of the partner","description_kind":"plain","computed":true},"created_at":{"type":"string","description":"Creation date of the partner","description_kind":"plain","computed":true},"id":{"type":"string","description_kind":"plain","optional":true,"computed":true},"logo_url":{"type":"string","description":"URL of the partner's logo","description_kind":"plain","computed":true},"name":{"type":"string","description":"The name of the partner to filter for","description_kind":"plain","optional":true,"computed":true},"partner_id":{"type":"string","description":"The ID of the partner","description_kind":"plain","optional":true},"portal_url":{"type":"string","description":"URL of the partner's portal","description_kind":"plain","computed":true},"region":{"type":"string","description":"The region you want to attach the resource to","description_kind":"plain","optional":true},"updated_at":{"type":"string","description":"Last update date of the partner","description_kind":"plain","computed":true}},"description":"Gets information about an Interlink Partner.\n\nA partner is an organization that provides shared connections at PoPs, allowing you to create hosted links without owning physical infrastructure.\n","description_kind":"plain"}},"scaleway_interlink_partners":{"version":0,"block":{"attributes":{"id":{"type":"string","description_kind":"plain","optional":true,"computed":true},"partners":{"type":["list",["object",{"contact_email":"string","created_at":"string","id":"string","logo_url":"string","name":"string","portal_url":"string","updated_at":"string"}]],"description":"List of partners","description_kind":"plain","computed":true},"pop_ids":{"type":["list","string"],"description":"Filter for partners present in one of these PoPs","description_kind":"plain","optional":true},"region":{"type":"string","description":"The region you want to attach the resource to","description_kind":"plain","optional":true}},"description":"Gets information about multiple Interlink Partners.\n\nA partner is an organization that provides shared connections at PoPs. Use this data source to list and filter available partners for creating hosted links.\n","description_kind":"plain"}},"scaleway_interlink_pop":{"version":0,"block":{"attributes":{"address":{"type":"string","description":"Physical address of the PoP","description_kind":"plain","computed":true},"available_link_bandwidths_mbps":{"type":["list","number"],"description":"Available bandwidth options in Mbps for hosted links","description_kind":"plain","computed":true},"city":{"type":"string","description":"City where the PoP is located","description_kind":"plain","computed":true},"display_name":{"type":"string","description":"Human-readable display name of the PoP","description_kind":"plain","computed":true},"hosting_provider_name":{"type":"string","description":"Name of the PoP's hosting provider","description_kind":"plain","computed":true},"id":{"type":"string","description_kind":"plain","optional":true,"computed":true},"logo_url":{"type":"string","description":"URL of the PoP's logo","description_kind":"plain","computed":true},"name":{"type":"string","description":"The name of the PoP to filter for","description_kind":"plain","optional":true,"computed":true},"pop_id":{"type":"string","description":"The ID of the PoP","description_kind":"plain","optional":true},"region":{"type":"string","description":"The region you want to attach the resource to","description_kind":"plain","optional":true}},"description":"Gets information about an Interlink PoP (Point of Presence).\n\nA PoP is a physical location where Scaleway infrastructure connects to external networks. PoPs host connections that can be used to create links between your Scaleway VPC and external networks.\n","description_kind":"plain"}},"scaleway_interlink_pops":{"version":0,"block":{"attributes":{"dedicated_available":{"type":"bool","description":"Filter for PoPs with a dedicated connection available for self-hosted links","description_kind":"plain","optional":true},"hosting_provider_name":{"type":"string","description":"Hosting provider name to filter for","description_kind":"plain","optional":true},"id":{"type":"string","description_kind":"plain","optional":true,"computed":true},"link_bandwidth_mbps":{"type":"number","description":"Filter for PoPs with a shared connection allowing this bandwidth size","description_kind":"plain","optional":true},"name":{"type":"string","description":"PoP name to filter for","description_kind":"plain","optional":true},"partner_id":{"type":"string","description":"Filter for PoPs hosting an available shared connection from this partner","description_kind":"plain","optional":true},"pops":{"type":["list",["object",{"address":"string","available_link_bandwidths_mbps":["list","number"],"city":"string","display_name":"string","hosting_provider_name":"string","id":"string","logo_url":"string","name":"string","region":"string"}]],"description":"List of PoPs","description_kind":"plain","computed":true},"region":{"type":"string","description":"The region you want to attach the resource to","description_kind":"plain","optional":true}},"description":"Gets information about multiple Interlink PoPs (Points of Presence).\n\nA PoP is a physical location where Scaleway infrastructure connects to external networks. Use this data source to list and filter available PoPs for creating interlink connections.\n","description_kind":"plain"}},"scaleway_interlink_routing_policy":{"version":0,"block":{"attributes":{"created_at":{"type":"string","description":"The date and time of the creation of the routing policy","description_kind":"plain","computed":true},"id":{"type":"string","description_kind":"plain","optional":true,"computed":true},"is_ipv6":{"type":"bool","description":"IP prefixes version of the routing policy","description_kind":"plain","computed":true},"name":{"type":"string","description":"The name of the routing policy","description_kind":"plain","optional":true},"organization_id":{"type":"string","description":"The Organization ID the routing policy is associated with","description_kind":"plain","computed":true},"prefix_filter_in":{"type":["list","string"],"description":"IP prefixes to accept from the peer (ranges of route announcements to accept)","description_kind":"plain","computed":true},"prefix_filter_out":{"type":["list","string"],"description":"IP prefix filters to advertise to the peer (ranges of routes to advertise)","description_kind":"plain","computed":true},"project_id":{"type":"string","description":"The project_id you want to attach the resource to","description_kind":"plain","optional":true},"region":{"type":"string","description":"The region you want to attach the resource to","description_kind":"plain","optional":true},"routing_policy_id":{"type":"string","description":"The ID of the routing policy","description_kind":"plain","optional":true},"tags":{"type":["list","string"],"description":"The list of tags associated with the routing policy","description_kind":"plain","computed":true},"updated_at":{"type":"string","description":"The date and time of the last update of the routing policy","description_kind":"plain","computed":true}},"description":"Gets information about an Interlink Routing Policy.\n\nA routing policy defines IP prefix filters that control which routes are accepted from and advertised to a peer via BGP on an Interlink connection.\n","description_kind":"plain"}},"scaleway_iot_device":{"version":0,"block":{"attributes":{"allow_insecure":{"type":"bool","description":"Allow plain and server-authenticated SSL connections in addition to mutually-authenticated ones","description_kind":"plain","computed":true},"allow_multiple_connections":{"type":"bool","description":"Allow multiple connections","description_kind":"plain","computed":true},"certificate":{"type":["list",["object",{"crt":"string","key":"string"}]],"description":"Certificate section of the device","description_kind":"plain","computed":true},"created_at":{"type":"string","description":"The date and time of the creation of the device","description_kind":"plain","computed":true},"description":{"type":"string","description":"The description of the device","description_kind":"plain","computed":true},"device_id":{"type":"string","description":"The ID of the IOT Device","description_kind":"plain","optional":true},"hub_id":{"type":"string","description":"The ID of the hub on which this device will be created","description_kind":"plain","optional":true,"computed":true},"id":{"type":"string","description_kind":"plain","optional":true,"computed":true},"is_connected":{"type":"bool","description":"The MQTT connection status of the device","description_kind":"plain","computed":true},"last_activity_at":{"type":"string","description":"The date and time of last MQTT activity of the device","description_kind":"plain","computed":true},"message_filters":{"type":["list",["object",{"publish":["list",["object",{"policy":"string","topics":["list","string"]}]],"subscribe":["list",["object",{"policy":"string","topics":["list","string"]}]]}]],"description":"Rules to authorize or deny the device to publish/subscribe to specific topics","description_kind":"plain","computed":true},"name":{"type":"string","description":"The name of the device","description_kind":"plain","optional":true},"region":{"type":"string","description":"The region you want to attach the resource to","description_kind":"plain","optional":true},"status":{"type":"string","description":"The status of the device","description_kind":"plain","computed":true},"updated_at":{"type":"string","description":"The date and time of the last update of the device","description_kind":"plain","computed":true}},"description_kind":"plain"}},"scaleway_iot_hub":{"version":0,"block":{"attributes":{"connected_device_count":{"type":"number","description":"The current number of connected devices in the Hub","description_kind":"plain","computed":true},"created_at":{"type":"string","description":"The date and time of the creation of the IoT Hub","description_kind":"plain","computed":true},"device_auto_provisioning":{"type":"bool","description":"Wether to enable the device auto provisioning or not","description_kind":"plain","computed":true},"device_count":{"type":"number","description":"The number of registered devices in the Hub","description_kind":"plain","computed":true},"disable_events":{"type":"bool","description":"Whether to enable the hub events or not","description_kind":"plain","computed":true},"enabled":{"type":"bool","description":"Whether to enable the hub or not","description_kind":"plain","computed":true},"endpoint":{"type":"string","description":"The endpoint to connect the devices to","description_kind":"plain","computed":true},"events_topic_prefix":{"type":"string","description":"Topic prefix for the hub events","description_kind":"plain","computed":true},"hub_ca":{"type":"string","description":"Custom user provided certificate authority","description_kind":"plain","computed":true},"hub_ca_challenge":{"type":"string","description":"Challenge certificate for the user provided hub CA","description_kind":"plain","computed":true},"hub_id":{"type":"string","description":"The ID of the IOT Hub","description_kind":"plain","optional":true},"id":{"type":"string","description_kind":"plain","optional":true,"computed":true},"mqtt_ca":{"type":"string","description":"The MQTT certificat content","description_kind":"plain","computed":true},"mqtt_ca_url":{"type":"string","description":"The url of the MQTT ca","description_kind":"plain","computed":true},"name":{"type":"string","description":"The name of the hub","description_kind":"plain","optional":true},"organization_id":{"type":"string","description":"The organization_id you want to attach the resource to","description_kind":"plain","computed":true},"product_plan":{"type":"string","description":"The product plan of the hub","description_kind":"plain","computed":true},"project_id":{"type":"string","description":"The project_id you want to attach the resource to","description_kind":"plain","optional":true},"region":{"type":"string","description":"The region you want to attach the resource to","description_kind":"plain","optional":true},"status":{"type":"string","description":"The status of the hub","description_kind":"plain","computed":true},"updated_at":{"type":"string","description":"The date and time of the last update of the IoT Hub","description_kind":"plain","computed":true}},"description_kind":"plain"}},"scaleway_ipam_ip":{"version":0,"block":{"attributes":{"address":{"type":"string","description":"The IP address","description_kind":"plain","computed":true},"address_cidr":{"type":"string","description":"The IP address with a CIDR notation","description_kind":"plain","computed":true},"attached":{"type":"bool","description":"Defines whether to filter only for IPs which are attached to a resource","description_kind":"plain","optional":true},"id":{"type":"string","description_kind":"plain","optional":true,"computed":true},"ipam_ip_id":{"type":"string","description":"The ID of the IPAM IP","description_kind":"plain","optional":true},"mac_address":{"type":"string","description":"The MAC address to filter for","description_kind":"plain","optional":true},"organization_id":{"type":"string","description":"The organization_id you want to attach the resource to","description_kind":"plain","computed":true},"private_network_id":{"type":"string","description":"The private Network to filter for","description_kind":"plain","optional":true},"project_id":{"type":"string","description":"The project_id you want to attach the resource to","description_kind":"plain","optional":true,"computed":true},"region":{"type":"string","description":"The region you want to attach the resource to","description_kind":"plain","optional":true},"tags":{"type":["list","string"],"description":"The tags associated with the IP","description_kind":"plain","optional":true},"type":{"type":"string","description":"IP Type (ipv4, ipv6)","description_kind":"plain","optional":true},"zonal":{"type":"string","description":"The zone you want to attach the resource to","description_kind":"plain","optional":true}},"block_types":{"resource":{"nesting_mode":"list","block":{"attributes":{"id":{"type":"string","description":"ID of the resource to filter for","description_kind":"plain","optional":true},"name":{"type":"string","description":"Name of the resource to filter for","description_kind":"plain","optional":true},"type":{"type":"string","description":"Type of resource to filter for","description_kind":"plain","required":true}},"description":"The resource to filter for","description_kind":"plain"},"max_items":1}},"description_kind":"plain"}},"scaleway_ipam_ips":{"version":0,"block":{"attributes":{"attached":{"type":"bool","description":"Defines whether to filter only for IPs which are attached to a resource","description_kind":"plain","optional":true},"id":{"type":"string","description_kind":"plain","optional":true,"computed":true},"ips":{"type":["list",["object",{"address":"string","created_at":"string","id":"string","project_id":"string","region":"string","resource":["list",["object",{"id":"string","mac_address":"string","name":"string","type":"string"}]],"tags":["list","string"],"updated_at":"string","zone":"string"}]],"description":"IPs to filter for","description_kind":"plain","computed":true},"mac_address":{"type":"string","description":"The MAC address to filter for","description_kind":"plain","optional":true},"organization_id":{"type":"string","description":"The organization_id you want to attach the resource to","description_kind":"plain","computed":true},"private_network_id":{"type":"string","description":"The private Network to filter for","description_kind":"plain","optional":true},"project_id":{"type":"string","description":"The project_id you want to attach the resource to","description_kind":"plain","optional":true,"computed":true},"region":{"type":"string","description":"The region you want to attach the resource to","description_kind":"plain","optional":true},"tags":{"type":["list","string"],"description":"The tags associated with the IP to filter for","description_kind":"plain","optional":true},"type":{"type":"string","description":"IP Type (ipv4, ipv6) to filter for","description_kind":"plain","optional":true},"zonal":{"type":"string","description":"The zone you want to filter upon","description_kind":"plain","optional":true}},"block_types":{"resource":{"nesting_mode":"list","block":{"attributes":{"id":{"type":"string","description":"ID of the resource to filter for","description_kind":"plain","optional":true},"name":{"type":"string","description":"Name of the resource to filter for","description_kind":"plain","optional":true},"type":{"type":"string","description":"Type of resource to filter for","description_kind":"plain","required":true}},"description":"The IP resource to filter for","description_kind":"plain"},"max_items":1}},"description_kind":"plain"}},"scaleway_k8s_cluster":{"version":0,"block":{"attributes":{"admission_plugins":{"type":["list","string"],"description":"The list of admission plugins to enable on the cluster","description_kind":"plain","computed":true},"apiserver_cert_sans":{"type":["list","string"],"description":"Additional Subject Alternative Names for the Kubernetes API server certificate","description_kind":"plain","computed":true},"apiserver_url":{"type":"string","description":"Kubernetes API server URL","description_kind":"plain","computed":true},"auto_upgrade":{"type":["list",["object",{"enable":"bool","maintenance_window_day":"string","maintenance_window_start_hour":"number"}]],"description":"The auto upgrade configuration for the cluster","description_kind":"plain","computed":true},"autoscaler_config":{"type":["list",["object",{"balance_similar_node_groups":"bool","disable_scale_down":"bool","estimator":"string","expander":"string","expendable_pods_priority_cutoff":"number","ignore_daemonsets_utilization":"bool","log_level":"number","max_graceful_termination_sec":"number","scale_down_delay_after_add":"string","scale_down_unneeded_time":"string","scale_down_utilization_threshold":"number","skip_nodes_with_local_storage":"bool"}]],"description":"The autoscaler configuration for the cluster","description_kind":"plain","computed":true},"cluster_id":{"type":"string","description":"The ID of the cluster","description_kind":"plain","optional":true},"cni":{"type":"string","description":"The CNI plugin of the cluster","description_kind":"plain","computed":true},"created_at":{"type":"string","description":"The date and time of the creation of the Kubernetes cluster","description_kind":"plain","computed":true},"description":{"type":"string","description":"The description of the cluster","description_kind":"plain","computed":true},"feature_gates":{"type":["list","string"],"description":"The list of feature gates to enable on the cluster","description_kind":"plain","computed":true},"id":{"type":"string","description_kind":"plain","optional":true,"computed":true},"kubeconfig":{"type":["list",["object",{"cluster_ca_certificate":"string","config_file":"string","host":"string","token":"string"}]],"description":"The kubeconfig configuration file of the Kubernetes cluster","description_kind":"plain","computed":true},"name":{"type":"string","description":"The name of the cluster","description_kind":"plain","optional":true},"open_id_connect_config":{"type":["list",["object",{"client_id":"string","groups_claim":["list","string"],"groups_prefix":"string","issuer_url":"string","required_claim":["list","string"],"username_claim":"string","username_prefix":"string"}]],"description":"The OpenID Connect configuration of the cluster","description_kind":"plain","computed":true},"organization_id":{"type":"string","description":"The organization_id you want to attach the resource to","description_kind":"plain","computed":true},"pod_cidr":{"type":"string","description":"The subnet used for the Pod CIDR.","description_kind":"plain","computed":true},"private_network_id":{"type":"string","description":"The ID of the cluster's private network","description_kind":"plain","computed":true},"project_id":{"type":"string","description":"The project_id you want to attach the resource to","description_kind":"plain","optional":true},"region":{"type":"string","description":"The region you want to attach the resource to","description_kind":"plain","optional":true},"service_cidr":{"type":"string","description":"The subnet used for the Service CIDR.","description_kind":"plain","computed":true},"service_dns_ip":{"type":"string","description":"The IP used for the DNS Service.","description_kind":"plain","computed":true},"srn":{"type":"string","description":"The Scaleway Resource Name (SRN) of the cluster","description_kind":"plain","computed":true},"status":{"type":"string","description":"The status of the cluster","description_kind":"plain","computed":true},"tags":{"type":["list","string"],"description":"The tags associated with the cluster","description_kind":"plain","computed":true},"type":{"type":"string","description":"The type of cluster","description_kind":"plain","computed":true},"updated_at":{"type":"string","description":"The date and time of the last update of the Kubernetes cluster","description_kind":"plain","computed":true},"upgrade_available":{"type":"bool","description":"True if an upgrade is available","description_kind":"plain","computed":true},"upgrade_pools":{"type":"bool","description":"Whether the pools should be automatically upgraded alongside the cluster, or have to be upgraded separately.","description_kind":"plain","computed":true},"version":{"type":"string","description":"The version of the cluster","description_kind":"plain","computed":true},"wildcard_dns":{"type":"string","description":"Wildcard DNS pointing to all the ready nodes","description_kind":"plain","computed":true}},"description":"The [`scaleway_k8s_cluster`](https://registry.terraform.io/providers/scaleway/scaleway/latest/docs/data-sources/k8s_cluster) data source is used to retrieve information about a Kubernetes Cluster.\n\nRefer to the Kubernetes [documentation](https://www.scaleway.com/en/docs/compute/kubernetes/) and [API documentation](https://www.scaleway.com/en/developers/api/kubernetes/) for more information.\n","description_kind":"plain"}},"scaleway_k8s_pool":{"version":0,"block":{"attributes":{"autohealing":{"type":"bool","description":"Enable the autohealing on the pool","description_kind":"plain","computed":true},"autoscaling":{"type":"bool","description":"Enable the autoscaling on the pool","description_kind":"plain","computed":true},"cluster_id":{"type":"string","description":"The ID of the cluster on which this pool will be created","description_kind":"plain","optional":true},"container_runtime":{"type":"string","description":"Container runtime for the pool","description_kind":"plain","computed":true},"created_at":{"type":"string","description":"The date and time of the creation of the pool","description_kind":"plain","computed":true},"current_size":{"type":"number","description":"The actual size of the pool","description_kind":"plain","computed":true},"id":{"type":"string","description_kind":"plain","optional":true,"computed":true},"kubelet_args":{"type":["map","string"],"description":"The Kubelet arguments to be used by this pool","description_kind":"plain","computed":true},"labels":{"type":["map","string"],"description":"Kubernetes labels applied and reconciled on the nodes.","description_kind":"plain","computed":true},"max_size":{"type":"number","description":"Maximum size of the pool","description_kind":"plain","computed":true},"min_size":{"type":"number","description":"Minimum size of the pool","description_kind":"plain","computed":true},"name":{"type":"string","description":"The name of the pool","description_kind":"plain","optional":true},"node_type":{"type":"string","description":"Server type of the pool servers","description_kind":"plain","computed":true},"nodes":{"type":["list",["object",{"id":"string","name":"string","private_ips":["list",["object",{"address":"string","id":"string"}]],"public_ip":"string","public_ip_v6":"string","srn":"string","status":"string"}]],"description":"List of nodes in the pool","description_kind":"plain","computed":true},"placement_group_id":{"type":"string","description":"ID of the placement group","description_kind":"plain","computed":true},"pool_id":{"type":"string","description":"The ID of the pool","description_kind":"plain","optional":true},"public_ip_disabled":{"type":"bool","description":"Defines if the public IP should be removed from the nodes.","description_kind":"plain","computed":true},"region":{"type":"string","description":"The region you want to attach the resource to","description_kind":"plain","optional":true},"root_volume_size_in_gb":{"type":"number","description":"The size of the system volume of the nodes in gigabyte","description_kind":"plain","computed":true},"root_volume_type":{"type":"string","description":"System volume type of the nodes composing the pool","description_kind":"plain","computed":true},"security_group_id":{"type":"string","description":"The ID of the security group","description_kind":"plain","computed":true},"size":{"type":"number","description":"Size of the pool","description_kind":"plain","optional":true},"srn":{"type":"string","description":"The Scaleway Resource Name (SRN) of the pool","description_kind":"plain","computed":true},"startup_taints":{"type":["set",["object",{"effect":"string","key":"string","value":"string"}]],"description":"Kubernetes taints applied at node creation but not reconciled afterwards.","description_kind":"plain","computed":true},"status":{"type":"string","description":"The status of the pool","description_kind":"plain","computed":true},"tags":{"type":["list","string"],"description":"The tags associated with the pool","description_kind":"plain","computed":true},"taints":{"type":["set",["object",{"effect":"string","key":"string","value":"string"}]],"description":"Kubernetes taints applied and reconciled on the nodes.","description_kind":"plain","computed":true},"updated_at":{"type":"string","description":"The date and time of the last update of the pool","description_kind":"plain","computed":true},"upgrade_policy":{"type":["list",["object",{"max_surge":"number","max_unavailable":"number"}]],"description":"The Pool upgrade policy","description_kind":"plain","computed":true},"version":{"type":"string","description":"The Kubernetes version of the pool","description_kind":"plain","computed":true},"wait_for_pool_ready":{"type":"bool","description":"Whether to wait for the pool to be ready","description_kind":"plain","computed":true},"zone":{"type":"string","description":"The zone you want to attach the resource to","description_kind":"plain","computed":true}},"description":"The [`scaleway_k8s_pool`](https://registry.terraform.io/providers/scaleway/scaleway/latest/docs/data-sources/k8s_pool) data source is used to retrieve information about a Kubernetes Cluster's Pool.\n\nRefer to the Kubernetes [documentation](https://www.scaleway.com/en/docs/compute/kubernetes/) and [API documentation](https://www.scaleway.com/en/developers/api/kubernetes/) for more information.\n","description_kind":"plain"}},"scaleway_k8s_version":{"version":0,"block":{"attributes":{"available_cnis":{"type":["list","string"],"description":"The list of supported Container Network Interface (CNI) plugins for this version","description_kind":"plain","computed":true},"available_container_runtimes":{"type":["list","string"],"description":"The list of supported container runtimes for this version","description_kind":"plain","computed":true},"available_feature_gates":{"type":["list","string"],"description":"The list of supported feature gates for this version","description_kind":"plain","computed":true},"id":{"type":"string","description_kind":"plain","optional":true,"computed":true},"major_minor_only":{"type":"string","description":"The name of the version in the form x.y (ignoring patch version)","description_kind":"plain","computed":true},"name":{"type":"string","description":"Name of the Kubernetes version in the form x.y.z","description_kind":"plain","required":true},"region":{"type":"string","description":"The region you want to attach the resource to","description_kind":"plain","optional":true},"srn":{"type":"string","description":"The Scaleway Resource Name (SRN) of the version","description_kind":"plain","computed":true}},"description":"The [`scaleway_k8s_version`](https://registry.terraform.io/providers/scaleway/scaleway/latest/docs/data-sources/k8s_version) data source is used to retrieve information about a Kubernetes version.\n\nRefer to the Kubernetes [documentation](https://www.scaleway.com/en/docs/compute/kubernetes/) and [API documentation](https://www.scaleway.com/en/developers/api/kubernetes/) for more information.\n\nYou can also use the [scaleway-cli](https://github.com/scaleway/scaleway-cli) with `scw k8s version list` to list all available versions.\n","description_kind":"plain"}},"scaleway_kafka_cluster":{"version":0,"block":{"attributes":{"cluster_id":{"type":"string","description":"The ID of the Kafka cluster","description_kind":"plain","optional":true},"created_at":{"type":"string","description":"Date and time of cluster creation (RFC 3339 format)","description_kind":"plain","computed":true},"id":{"type":"string","description_kind":"plain","optional":true,"computed":true},"name":{"type":"string","description":"Name of the Kafka cluster","description_kind":"plain","optional":true},"node_amount":{"type":"number","description":"Number of nodes in the cluster","description_kind":"plain","computed":true},"node_type":{"type":"string","description":"Node type to use for the cluster","description_kind":"plain","computed":true},"password":{"type":"string","description":"Password for the Kafka user","description_kind":"plain","computed":true},"private_network":{"type":["list",["object",{"dns_records":["list","string"],"id":"string","pn_id":"string","port":"number"}]],"description":"Private network to expose your Kafka cluster","description_kind":"plain","computed":true},"project_id":{"type":"string","description":"The project_id you want to attach the resource to","description_kind":"plain","optional":true},"public_network":{"type":["list",["object",{"dns_records":["list","string"],"id":"string","port":"number"}]],"description":"Public endpoint configuration","description_kind":"plain","computed":true},"region":{"type":"string","description":"The region you want to attach the resource to","description_kind":"plain","optional":true},"status":{"type":"string","description":"The status of the cluster","description_kind":"plain","computed":true},"tags":{"type":["list","string"],"description":"List of tags to apply","description_kind":"plain","computed":true},"updated_at":{"type":"string","description":"Date and time of cluster last update (RFC 3339 format)","description_kind":"plain","computed":true},"user_name":{"type":"string","description":"Username for the Kafka user","description_kind":"plain","computed":true},"version":{"type":"string","description":"Kafka version to use","description_kind":"plain","computed":true},"volume_size_in_gb":{"type":"number","description":"Volume size in GB","description_kind":"plain","computed":true},"volume_type":{"type":"string","description":"Type of volume where data is stored","description_kind":"plain","computed":true}},"description_kind":"plain"}},"scaleway_key_manager_key":{"version":0,"block":{"attributes":{"algorithm":{"type":"string","description":"Algorithm to use for the key. The valid algorithms depend on the usage type.","description_kind":"plain","computed":true},"created_at":{"type":"string","description":"Key creation date.","description_kind":"plain","computed":true},"description":{"type":"string","description":"Description of the key.","description_kind":"plain","computed":true},"id":{"type":"string","description":"ID of the key.","description_kind":"plain","computed":true},"key_id":{"type":"string","description":"The ID of the key","description_kind":"plain","required":true},"locked":{"type":"bool","description":"Returns true if the key is locked.","description_kind":"plain","computed":true},"name":{"type":"string","description":"Name of the key.","description_kind":"plain","computed":true},"origin":{"type":"string","description":"Origin of the key material. Possible values: scaleway_kms (Key Manager generates the key material), external (key material comes from an external source).","description_kind":"plain","computed":true},"project_id":{"type":"string","description":"The project_id you want to attach the resource to","description_kind":"plain","computed":true},"protected":{"type":"bool","description":"Returns true if key protection is applied to the key.","description_kind":"plain","computed":true},"region":{"type":"string","description":"The region you want to attach the resource to","description_kind":"plain","optional":true},"rotated_at":{"type":"string","description":"Key last rotation date.","description_kind":"plain","computed":true},"rotation_count":{"type":"number","description":"The rotation count tracks the number of times the key has been rotated.","description_kind":"plain","computed":true},"rotation_policy":{"type":["list",["object",{"next_rotation_at":"string","rotation_period":"string"}]],"description":"Key rotation policy.","description_kind":"plain","computed":true},"srn":{"type":"string","description":"The Scaleway Resource Name (SRN) of the key","description_kind":"plain","computed":true},"state":{"type":"string","description":"State of the key. See the Key.State enum for possible values.","description_kind":"plain","computed":true},"tags":{"type":["list","string"],"description":"List of the key's tags.","description_kind":"plain","computed":true},"unprotected":{"type":"bool","description":"If true, the key is not protected against deletion.","description_kind":"plain","computed":true},"updated_at":{"type":"string","description":"Key last modification date.","description_kind":"plain","computed":true},"usage":{"type":"string","description":"Key usage type. Possible values: symmetric_encryption, asymmetric_encryption, asymmetric_signing.","description_kind":"plain","computed":true}},"description_kind":"plain"}},"scaleway_key_manager_verify":{"version":0,"block":{"attributes":{"digest":{"type":"string","description":"Digest of the original signed message. Must be generated using the same algorithm specified in the key’s configuration, and encoded as a base64 string.","description_kind":"plain","required":true},"id":{"type":"string","description_kind":"plain","optional":true,"computed":true},"key_id":{"type":"string","description":"ID of the key to use for signature verification. Can be a plain UUID or a regional ID.","description_kind":"plain","required":true},"region":{"type":"string","description":"Region of the key. If not set, the region is derived from the key_id when possible or from the provider configuration.","description_kind":"plain","optional":true},"signature":{"type":"string","description":"The message signature to verify, encoded as a base64 string.","description_kind":"plain","required":true},"valid":{"type":"bool","description":"Defines whether the signature is valid. Returns `true` if the signature is valid for the digest and key, and `false` otherwise.","description_kind":"plain","computed":true}},"description":"The [`scaleway_key_manager_verify`](https://registry.terraform.io/providers/scaleway/scaleway/latest/docs/ephemeral-resource/key_manager_verify) data source is used to verify a message signature against a message digest with a given key. The key must have its usage set to asymmetric_signing. The message digest must be generated using the same digest algorithm that is defined in the key's algorithm configuration, and encoded as a base64 string.\n\nRefer to the Key Manager [documentation](https://www.scaleway.com/en/docs/key-manager/) and [API documentation](https://www.scaleway.com/en/developers/api/key-manager/) for more information.\n","description_kind":"plain"}},"scaleway_lb":{"version":0,"block":{"attributes":{"assign_flexible_ip":{"type":"bool","description":"Defines whether to automatically assign a flexible public IP to the load balancer","description_kind":"plain","computed":true},"assign_flexible_ipv6":{"type":"bool","description":"Defines whether to automatically assign a flexible public IPv6 to the load balancer","description_kind":"plain","computed":true},"description":{"type":"string","description":"The description of the lb","description_kind":"plain","computed":true},"external_private_networks":{"type":"bool","description":"This boolean determines if private network attachments should be managed externally through the `scaleway_lb_private_network` resource. When set, `private_network` must not be configured in this resource","description_kind":"plain","computed":true},"id":{"type":"string","description_kind":"plain","optional":true,"computed":true},"ip_address":{"type":"string","description":"The load-balance public IPv4 address","description_kind":"plain","computed":true},"ip_id":{"type":"string","description":"The load-balance public IP ID","description_kind":"plain","computed":true},"ip_ids":{"type":["list","string"],"description":"List of IP IDs to attach to the Load Balancer","description_kind":"plain","computed":true},"ipv6_address":{"type":"string","description":"The load-balance public IPv6 address","description_kind":"plain","computed":true},"lb_id":{"type":"string","description":"The ID of the load-balancer","description_kind":"plain","optional":true},"name":{"type":"string","description":"Name of the lb","description_kind":"plain","optional":true},"organization_id":{"type":"string","description":"The organization_id you want to attach the resource to","description_kind":"plain","computed":true},"private_ips":{"type":["list",["object",{"address":"string","id":"string"}]],"description":"List of private IPv4 and IPv6 addresses associated with the resource","description_kind":"plain","computed":true},"private_network":{"type":["set",["object",{"dhcp_config":"bool","ipam_ids":["list","string"],"private_network_id":"string","static_config":["list","string"],"status":"string","zone":"string"}]],"description":"List of private network to connect with your load balancer","description_kind":"plain","computed":true},"project_id":{"type":"string","description":"The project_id you want to attach the resource to","description_kind":"plain","optional":true},"region":{"type":"string","description":"The region of the resource","description_kind":"plain","computed":true},"release_ip":{"type":"bool","description":"Release the IPs related to this load-balancer","description_kind":"plain","optional":true},"ssl_compatibility_level":{"type":"string","description":"Enforces minimal SSL version (in SSL/TLS offloading context)","description_kind":"plain","computed":true},"tags":{"type":["list","string"],"description":"Array of tags to associate with the load-balancer","description_kind":"plain","computed":true},"type":{"type":"string","description":"The type of load-balancer you want to create","description_kind":"plain","computed":true},"zone":{"type":"string","description":"The zone you want to attach the resource to","description_kind":"plain","optional":true}},"description_kind":"plain"}},"scaleway_lb_acls":{"version":0,"block":{"attributes":{"acls":{"type":["list",["object",{"action":["list",["object",{"redirect":["list",["object",{"code":"number","target":"string","type":"string"}]],"type":"string"}]],"created_at":"string","description":"string","frontend_id":"string","id":"string","index":"number","match":["list",["object",{"http_filter":"string","http_filter_option":"string","http_filter_value":["list","string"],"invert":"bool","ip_subnet":["list","string"],"ips_edge_services":"bool"}]],"name":"string","update_at":"string"}]],"description":"ACLs that are listed.","description_kind":"plain","computed":true},"frontend_id":{"type":"string","description":"ACLs with a frontend id like it are listed.","description_kind":"plain","required":true},"id":{"type":"string","description_kind":"plain","optional":true,"computed":true},"name":{"type":"string","description":"ACLs with a name like it are listed.","description_kind":"plain","optional":true},"organization_id":{"type":"string","description":"The organization_id you want to attach the resource to","description_kind":"plain","computed":true},"project_id":{"type":"string","description":"The project_id you want to attach the resource to","description_kind":"plain","optional":true,"computed":true},"zone":{"type":"string","description":"The zone you want to attach the resource to","description_kind":"plain","optional":true}},"description_kind":"plain"}},"scaleway_lb_backend":{"version":0,"block":{"attributes":{"backend_id":{"type":"string","description":"The ID of the backend","description_kind":"plain","optional":true},"failover_host":{"type":"string","description":"Scaleway S3 bucket website to be served in case all backend servers are down\n\n**NOTE** : Only the host part of the Scaleway S3 bucket website is expected.\nE.g. 'failover-website.s3-website.fr-par.scw.cloud' if your bucket website URL is 'https://failover-website.s3-website.fr-par.scw.cloud/'.","description_kind":"plain","computed":true},"forward_port":{"type":"number","description":"User sessions will be forwarded to this port of backend servers","description_kind":"plain","computed":true},"forward_port_algorithm":{"type":"string","description":"Load balancing algorithm","description_kind":"plain","computed":true},"forward_protocol":{"type":"string","description":"Backend protocol","description_kind":"plain","computed":true},"health_check_delay":{"type":"string","description":"Interval between two HC requests","description_kind":"plain","computed":true},"health_check_http":{"type":["list",["object",{"code":"number","host_header":"string","method":"string","uri":"string"}]],"description":"HTTP Health check","description_kind":"plain","computed":true},"health_check_https":{"type":["list",["object",{"code":"number","host_header":"string","method":"string","sni":"string","uri":"string"}]],"description":"HTTPS Health check","description_kind":"plain","computed":true},"health_check_max_retries":{"type":"number","description":"Number of allowed failed HC requests before the backend server is marked down","description_kind":"plain","computed":true},"health_check_port":{"type":"number","description":"Port the HC requests will be send to. Default to `forward_port`","description_kind":"plain","computed":true},"health_check_send_proxy":{"type":"bool","description":"Defines whether proxy protocol should be activated for the health check","description_kind":"plain","computed":true},"health_check_tcp":{"type":["list",["object",{}]],"description":"TCP Health check","description_kind":"plain","computed":true},"health_check_timeout":{"type":"string","description":"Timeout before we consider a HC request failed","description_kind":"plain","computed":true},"health_check_transient_delay":{"type":"string","description":"Time to wait between two consecutive health checks when a backend server is in a transient state (going UP or DOWN)","description_kind":"plain","computed":true},"id":{"type":"string","description_kind":"plain","optional":true,"computed":true},"ignore_ssl_server_verify":{"type":"bool","description":"Specifies whether the Load Balancer should check the backend server’s certificate before initiating a connection","description_kind":"plain","computed":true},"lb_id":{"type":"string","description":"The load-balancer ID","description_kind":"plain","optional":true},"max_connections":{"type":"number","description":"Maximum number of connections allowed per backend server","description_kind":"plain","computed":true},"max_retries":{"type":"number","description":"Number of retries when a backend server connection failed","description_kind":"plain","computed":true},"name":{"type":"string","description":"The name of the backend","description_kind":"plain","optional":true},"on_marked_down_action":{"type":"string","description":"Modify what occurs when a backend server is marked down","description_kind":"plain","computed":true},"proxy_protocol":{"type":"string","description":"Type of PROXY protocol to enable","description_kind":"plain","computed":true},"redispatch_attempt_count":{"type":"number","description":"Whether to use another backend server on each attempt","description_kind":"plain","computed":true},"send_proxy_v2":{"type":"bool","description":"Enables PROXY protocol version 2","description_kind":"plain","computed":true},"server_ips":{"type":["list","string"],"description":"Backend server IP addresses list (IPv4 or IPv6)","description_kind":"plain","computed":true},"ssl_bridging":{"type":"bool","description":"Enables SSL between load balancer and backend servers","description_kind":"plain","computed":true},"sticky_sessions":{"type":"string","description":"The type of sticky sessions","description_kind":"plain","computed":true},"sticky_sessions_cookie_name":{"type":"string","description":"Cookie name for sticky sessions","description_kind":"plain","computed":true},"timeout_connect":{"type":"string","description":"Maximum initial server connection establishment time","description_kind":"plain","computed":true},"timeout_queue":{"type":"string","description":"Maximum time (in seconds) for a request to be left pending in queue when `max_connections` is reached","description_kind":"plain","computed":true},"timeout_server":{"type":"string","description":"Maximum server connection inactivity time","description_kind":"plain","computed":true},"timeout_tunnel":{"type":"string","description":"Maximum tunnel inactivity time","description_kind":"plain","computed":true}},"description_kind":"plain"}},"scaleway_lb_backends":{"version":0,"block":{"attributes":{"backends":{"type":["list",["object",{"created_at":"string","failover_host":"string","forward_port":"number","forward_port_algorithm":"string","forward_protocol":"string","health_check_delay":"string","health_check_http":["list",["object",{"code":"number","host_header":"string","method":"string","uri":"string"}]],"health_check_https":["list",["object",{"code":"number","host_header":"string","method":"string","sni":"string","uri":"string"}]],"health_check_max_retries":"number","health_check_port":"number","health_check_tcp":["list",["object",{}]],"health_check_timeout":"string","id":"string","ignore_ssl_server_verify":"bool","lb_id":"string","name":"string","on_marked_down_action":"string","proxy_protocol":"string","server_ips":["list","string"],"ssl_bridging":"bool","sticky_sessions":"string","sticky_sessions_cookie_name":"string","timeout_connect":"string","timeout_server":"string","timeout_tunnel":"string","update_at":"string"}]],"description":"List of backends.","description_kind":"plain","computed":true},"id":{"type":"string","description_kind":"plain","optional":true,"computed":true},"lb_id":{"type":"string","description":"backends with a lb id like it are listed.","description_kind":"plain","required":true},"name":{"type":"string","description":"Backends with a name like it are listed.","description_kind":"plain","optional":true},"organization_id":{"type":"string","description":"The organization_id you want to attach the resource to","description_kind":"plain","computed":true},"project_id":{"type":"string","description":"The project_id you want to attach the resource to","description_kind":"plain","optional":true,"computed":true},"zone":{"type":"string","description":"The zone you want to attach the resource to","description_kind":"plain","optional":true}},"description_kind":"plain"}},"scaleway_lb_certificate":{"version":0,"block":{"attributes":{"certificate_id":{"type":"string","description":"The ID of the certificate","description_kind":"plain","optional":true},"common_name":{"type":"string","description":"The main domain name of the certificate","description_kind":"plain","computed":true},"custom_certificate":{"type":["list",["object",{"certificate_chain":"string"}]],"description":"The custom type certificate type configuration","description_kind":"plain","computed":true},"fingerprint":{"type":"string","description":"The identifier (SHA-1) of the certificate","description_kind":"plain","computed":true},"id":{"type":"string","description_kind":"plain","optional":true,"computed":true},"lb_id":{"type":"string","description":"The load-balancer ID","description_kind":"plain","optional":true},"letsencrypt":{"type":["list",["object",{"common_name":"string","subject_alternative_name":["list","string"]}]],"description":"The Let's Encrypt type certificate configuration","description_kind":"plain","computed":true},"name":{"type":"string","description":"The name of the load-balancer certificate","description_kind":"plain","optional":true},"not_valid_after":{"type":"string","description":"The not valid after validity bound timestamp","description_kind":"plain","computed":true},"not_valid_before":{"type":"string","description":"The not valid before validity bound timestamp","description_kind":"plain","computed":true},"status":{"type":"string","description":"The status of certificate","description_kind":"plain","computed":true},"subject_alternative_name":{"type":["list","string"],"description":"The alternative domain names of the certificate","description_kind":"plain","computed":true}},"description_kind":"plain"}},"scaleway_lb_frontend":{"version":0,"block":{"attributes":{"acl":{"type":["list",["object",{"action":["list",["object",{"redirect":["list",["object",{"code":"number","target":"string","type":"string"}]],"type":"string"}]],"created_at":"string","description":"string","match":["list",["object",{"http_filter":"string","http_filter_option":"string","http_filter_value":["list","string"],"invert":"bool","ip_subnet":["list","string"],"ips_edge_services":"bool"}]],"name":"string","updated_at":"string"}]],"description":"ACL rules","description_kind":"plain","computed":true},"backend_id":{"type":"string","description":"The load-balancer backend ID","description_kind":"plain","computed":true},"certificate_id":{"type":"string","description":"Certificate ID","description_kind":"plain","computed":true},"certificate_ids":{"type":["list","string"],"description":"Collection of Certificate IDs related to the load balancer and domain","description_kind":"plain","computed":true},"connection_rate_limit":{"type":"number","description":"Rate limit for new connections established on this frontend. Use 0 value to disable, else value is connections per second","description_kind":"plain","computed":true},"created_at":{"type":"string","description":"The date and time of the creation of the frontend","description_kind":"plain","computed":true},"enable_access_logs":{"type":"bool","description":"Defines whether to enable access logs on the frontend","description_kind":"plain","computed":true},"enable_http3":{"type":"bool","description":"Activates HTTP/3 protocol","description_kind":"plain","computed":true},"external_acls":{"type":"bool","description":"This boolean determines if ACLs should be managed externally through the 'lb_acl' resource. If set to `true`, `acl` attribute cannot be set directly in the lb frontend","description_kind":"plain","computed":true},"frontend_id":{"type":"string","description":"The ID of the frontend","description_kind":"plain","optional":true},"id":{"type":"string","description_kind":"plain","optional":true,"computed":true},"inbound_port":{"type":"number","description":"TCP port to listen on the front side","description_kind":"plain","computed":true},"lb_id":{"type":"string","description":"The load-balancer ID","description_kind":"plain","optional":true},"name":{"type":"string","description":"The name of the frontend","description_kind":"plain","optional":true},"timeout_client":{"type":"string","description":"Set the maximum inactivity time on the client side","description_kind":"plain","computed":true},"updated_at":{"type":"string","description":"The date and time of the last update of the frontend","description_kind":"plain","computed":true}},"description_kind":"plain"}},"scaleway_lb_frontends":{"version":0,"block":{"attributes":{"frontends":{"type":["list",["object",{"backend_id":"string","certificate_ids":["list","string"],"connection_rate_limit":"number","created_at":"string","enable_access_logs":"bool","enable_http3":"bool","id":"string","inbound_port":"number","lb_id":"string","name":"string","timeout_client":"string","update_at":"string"}]],"description":"List of frontends.","description_kind":"plain","computed":true},"id":{"type":"string","description_kind":"plain","optional":true,"computed":true},"lb_id":{"type":"string","description":"frontends with a lb id like it are listed.","description_kind":"plain","required":true},"name":{"type":"string","description":"frontends with a name like it are listed.","description_kind":"plain","optional":true},"organization_id":{"type":"string","description":"The organization_id you want to attach the resource to","description_kind":"plain","computed":true},"project_id":{"type":"string","description":"The project_id you want to attach the resource to","description_kind":"plain","optional":true,"computed":true},"zone":{"type":"string","description":"The zone you want to attach the resource to","description_kind":"plain","optional":true}},"description_kind":"plain"}},"scaleway_lb_ip":{"version":1,"block":{"attributes":{"id":{"type":"string","description_kind":"plain","optional":true,"computed":true},"ip_address":{"type":"string","description":"The IP address","description_kind":"plain","optional":true},"ip_id":{"type":"string","description":"The ID of the IP address","description_kind":"plain","optional":true},"is_ipv6":{"type":"bool","description":"If true, creates a Flexible IP with an IPv6 address","description_kind":"plain","computed":true},"lb_id":{"type":"string","description":"The ID of the load balancer attached to this IP, if any","description_kind":"plain","computed":true},"organization_id":{"type":"string","description":"The organization_id you want to attach the resource to","description_kind":"plain","computed":true},"project_id":{"type":"string","description":"The project_id you want to attach the resource to","description_kind":"plain","optional":true},"region":{"type":"string","description":"The region of the resource","description_kind":"plain","computed":true},"reverse":{"type":"string","description":"The reverse domain name for this IP","description_kind":"plain","computed":true},"tags":{"type":["list","string"],"description":"The tags associated with the flexible IP","description_kind":"plain","computed":true},"zone":{"type":"string","description":"The zone you want to attach the resource to","description_kind":"plain","optional":true}},"description_kind":"plain"}},"scaleway_lb_ips":{"version":0,"block":{"attributes":{"id":{"type":"string","description_kind":"plain","optional":true,"computed":true},"ip_cidr_range":{"type":"string","description":"IPs within a CIDR block like it are listed.","description_kind":"plain","optional":true},"ip_type":{"type":"string","description":"IP type to filter for","description_kind":"plain","optional":true},"ips":{"type":["list",["object",{"id":"string","ip_address":"string","lb_id":"string","organization_id":"string","project_id":"string","reverse":"string","tags":["list","string"],"zone":"string"}]],"description":"List of IPs","description_kind":"plain","computed":true},"organization_id":{"type":"string","description":"The organization_id you want to attach the resource to","description_kind":"plain","computed":true},"project_id":{"type":"string","description":"The project_id you want to attach the resource to","description_kind":"plain","optional":true,"computed":true},"tags":{"type":["list","string"],"description":"IPs with these exact tags are listed","description_kind":"plain","optional":true},"zone":{"type":"string","description":"The zone you want to attach the resource to","description_kind":"plain","optional":true}},"description_kind":"plain"}},"scaleway_lb_route":{"version":0,"block":{"attributes":{"backend_id":{"type":"string","description":"The backend ID destination of redirection","description_kind":"plain","computed":true},"created_at":{"type":"string","description":"The date at which the route was created (RFC 3339 format)","description_kind":"plain","computed":true},"frontend_id":{"type":"string","description":"The frontend ID origin of redirection","description_kind":"plain","computed":true},"id":{"type":"string","description_kind":"plain","optional":true,"computed":true},"match_host_header":{"type":"string","description":"Specifies the host of the server to which the request is being sent","description_kind":"plain","computed":true},"match_path_begin":{"type":"string","description":"Value to match in the URL beginning path from an incoming request","description_kind":"plain","computed":true},"match_sni":{"type":"string","description":"Server Name Indication TLS extension field from an incoming connection made via an SSL/TLS transport layer","description_kind":"plain","computed":true},"match_subdomains":{"type":"bool","description":"If true, all subdomains will match","description_kind":"plain","computed":true},"route_id":{"type":"string","description":"The ID of the route","description_kind":"plain","required":true},"updated_at":{"type":"string","description":"The date at which the route was last updated (RFC 3339 format)","description_kind":"plain","computed":true}},"description_kind":"plain"}},"scaleway_lb_routes":{"version":0,"block":{"attributes":{"frontend_id":{"type":"string","description":"Routes with a frontend id like it are listed.","description_kind":"plain","optional":true},"id":{"type":"string","description_kind":"plain","optional":true,"computed":true},"organization_id":{"type":"string","description":"The organization_id you want to attach the resource to","description_kind":"plain","computed":true},"project_id":{"type":"string","description":"The project_id you want to attach the resource to","description_kind":"plain","optional":true,"computed":true},"routes":{"type":["list",["object",{"backend_id":"string","created_at":"string","frontend_id":"string","id":"string","match_host_header":"string","match_sni":"string","match_subdomains":"bool","update_at":"string"}]],"description":"List of routes.","description_kind":"plain","computed":true},"zone":{"type":"string","description":"The zone you want to attach the resource to","description_kind":"plain","optional":true}},"description_kind":"plain"}},"scaleway_lbs":{"version":0,"block":{"attributes":{"id":{"type":"string","description_kind":"plain","optional":true,"computed":true},"lbs":{"type":["list",["object",{"backend_count":"number","created_at":"string","description":"string","frontend_count":"number","id":"string","instances":["list",["object",{"created_at":"string","id":"string","ip_address":"string","status":"string","updated_at":"string","zone":"string"}]],"ips":["list",["object",{"id":"string","ip_address":"string","lb_id":"string","organization_id":"string","project_id":"string","reverse":"string","zone":"string"}]],"name":"string","organization_id":"string","private_network_count":"number","project_id":"string","route_count":"number","ssl_compatibility_level":"string","status":"string","subscriber":"string","tags":["list","string"],"type":"string","updated_at":"string","zone":"string"}]],"description":"List of LBs","description_kind":"plain","computed":true},"name":{"type":"string","description":"LBs with a name like it are listed.","description_kind":"plain","optional":true},"organization_id":{"type":"string","description":"The organization_id you want to attach the resource to","description_kind":"plain","computed":true},"project_id":{"type":"string","description":"The project_id you want to attach the resource to","description_kind":"plain","optional":true,"computed":true},"tags":{"type":["list","string"],"description":"LBs with these exact tags are listed","description_kind":"plain","optional":true},"zone":{"type":"string","description":"The zone you want to attach the resource to","description_kind":"plain","optional":true}},"description_kind":"plain"}},"scaleway_marketplace_image":{"version":0,"block":{"attributes":{"id":{"type":"string","description_kind":"plain","optional":true,"computed":true},"image_type":{"type":"string","description":"The type of the desired image, instance_local or instance_sbs","description_kind":"plain","optional":true},"instance_type":{"type":"string","description":"The instance commercial type of the desired image","description_kind":"plain","optional":true},"label":{"type":"string","description":"Exact label of the desired image","description_kind":"plain","required":true},"zone":{"type":"string","description":"The zone you want to attach the resource to","description_kind":"plain","optional":true}},"description_kind":"plain"}},"scaleway_mnq_sns":{"version":0,"block":{"attributes":{"endpoint":{"type":"string","description":"Endpoint of the SNS service","description_kind":"plain","computed":true},"id":{"type":"string","description_kind":"plain","optional":true,"computed":true},"project_id":{"type":"string","description":"The project_id you want to attach the resource to","description_kind":"plain","optional":true},"region":{"type":"string","description":"The region you want to attach the resource to","description_kind":"plain","optional":true}},"description_kind":"plain"}},"scaleway_mnq_sqs":{"version":0,"block":{"attributes":{"endpoint":{"type":"string","description":"Endpoint of the SQS service","description_kind":"plain","computed":true},"id":{"type":"string","description_kind":"plain","optional":true,"computed":true},"project_id":{"type":"string","description":"The project_id you want to attach the resource to","description_kind":"plain","optional":true},"region":{"type":"string","description":"The region you want to attach the resource to","description_kind":"plain","optional":true}},"description_kind":"plain"}},"scaleway_mongodb_databases":{"version":0,"block":{"attributes":{"databases":{"type":["list",["object",{"name":"string"}]],"description":"List of databases on the MongoDB instance.","description_kind":"plain","computed":true},"id":{"type":"string","description_kind":"plain","optional":true,"computed":true},"instance_id":{"type":"string","description":"MongoDB instance ID. Can be a plain UUID or a regional ID.","description_kind":"plain","required":true},"region":{"type":"string","description":"The region you want to attach the resource to","description_kind":"plain","optional":true}},"description":"Gets information about databases on a MongoDB® instance.\n\nFor further information refer to the Managed Databases for MongoDB® [API documentation](https://developers.scaleway.com/en/products/mongodb/api/)\n","description_kind":"plain"}},"scaleway_mongodb_instance":{"version":0,"block":{"attributes":{"created_at":{"type":"string","description":"The date and time of the creation of the MongoDB instance","description_kind":"plain","computed":true},"id":{"type":"string","description_kind":"plain","optional":true,"computed":true},"instance_id":{"type":"string","description":"instance id","description_kind":"plain","optional":true},"is_snapshot_schedule_enabled":{"type":"bool","description":"Enable or disable automatic snapshot scheduling","description_kind":"plain","computed":true},"name":{"type":"string","description":"Name of the MongoDB cluster","description_kind":"plain","optional":true},"node_number":{"type":"number","description":"Number of nodes in the instance","description_kind":"plain","computed":true},"node_type":{"type":"string","description":"Type of node to use for the instance","description_kind":"plain","computed":true},"password":{"type":"string","description":"Password of the user. Only one of `password` or `password_wo` should be specified.","description_kind":"plain","computed":true},"password_wo":{"type":"string","description":"Password of the user in [write-only](https://registry.terraform.io/providers/scaleway/scaleway/latest/docs/guides/using-write-only-arguments) mode. Only one of `password` or `password_wo` should be specified. `password_wo` will not be set in the Terraform state. To update the `password_wo`, you must also update the `password_wo_version`.","description_kind":"plain","computed":true},"password_wo_version":{"type":"number","description":"The version of the [write-only](https://registry.terraform.io/providers/scaleway/scaleway/latest/docs/guides/using-write-only-arguments) password. To update the `password_wo`, you must also update the `password_wo_version`.","description_kind":"plain","computed":true},"private_ip":{"type":["list",["object",{"address":"string","id":"string"}]],"description":"The private IPv4 address associated with the resource","description_kind":"plain","computed":true},"private_network":{"type":["list",["object",{"dns_records":["list","string"],"id":"string","ips":["list","string"],"pn_id":"string","port":"number"}]],"description":"Private network to expose your mongodb instance","description_kind":"plain","computed":true},"project_id":{"type":"string","description":"The project_id you want to attach the resource to","description_kind":"plain","optional":true},"public_network":{"type":["list",["object",{"dns_record":"string","id":"string","port":"number"}]],"description":"Public network specs details","description_kind":"plain","computed":true},"region":{"type":"string","description":"The region you want to attach the resource to","description_kind":"plain","optional":true},"settings":{"type":["map","string"],"description":"Map of settings to define for the instance.","description_kind":"plain","computed":true},"snapshot_id":{"type":"string","description":"Snapshot ID to restore the MongoDB instance from","description_kind":"plain","computed":true},"snapshot_schedule_frequency_hours":{"type":"number","description":"Snapshot schedule frequency in hours","description_kind":"plain","computed":true},"snapshot_schedule_retention_days":{"type":"number","description":"Snapshot schedule retention in days","description_kind":"plain","computed":true},"tags":{"type":["list","string"],"description":"List of tags [\"tag1\", \"tag2\", ...] attached to a MongoDB instance","description_kind":"plain","computed":true},"tls_certificate":{"type":"string","description":"PEM-encoded TLS certificate for MongoDB","description_kind":"plain","computed":true},"updated_at":{"type":"string","description":"The date and time of the last update of the MongoDB instance","description_kind":"plain","computed":true},"user_name":{"type":"string","description":"Name of the user created when the cluster is created","description_kind":"plain","computed":true},"version":{"type":"string","description":"MongoDB version of the instance","description_kind":"plain","computed":true},"volume_size_in_gb":{"type":"number","description":"Volume size (in GB)","description_kind":"plain","computed":true},"volume_type":{"type":"string","description":"Volume type of the instance","description_kind":"plain","computed":true}},"description_kind":"plain"}},"scaleway_object":{"version":0,"block":{"attributes":{"bucket":{"type":"string","description":"The bucket's name or regional ID.","description_kind":"plain","required":true},"content":{"type":"string","description":"Content of the file to upload","description_kind":"plain","computed":true},"content_base64":{"type":"string","description":"Content of the file to upload, should be base64 encoded","description_kind":"plain","computed":true},"content_type":{"type":"string","description":"The standard MIME type of the object's content (e.g., 'application/json', 'text/plain'). This specifies how the object should be interpreted by clients. See RFC 9110: https://www.rfc-editor.org/rfc/rfc9110.html#name-content-type","description_kind":"plain","computed":true},"file":{"type":"string","description":"Path of the file to upload, defaults to an empty file","description_kind":"plain","computed":true},"hash":{"type":"string","description":"File hash to trigger upload","description_kind":"plain","computed":true},"id":{"type":"string","description_kind":"plain","optional":true,"computed":true},"key":{"type":"string","description":"Key of the object","description_kind":"plain","required":true},"metadata":{"type":["map","string"],"description":"Map of object's metadata, only lower case keys are allowed","description_kind":"plain","computed":true},"project_id":{"type":"string","description":"The project_id you want to attach the resource to","description_kind":"plain","optional":true},"region":{"type":"string","description":"The region you want to attach the resource to","description_kind":"plain","optional":true},"sse_customer_key":{"type":"string","description":"Customer's encryption keys to encrypt data (SSE-C)","description_kind":"plain","computed":true},"storage_class":{"type":"string","description":"Specifies the Scaleway Object Storage class to which you want the object to transition","description_kind":"plain","computed":true},"tags":{"type":["map","string"],"description":"Map of object's tags","description_kind":"plain","computed":true},"visibility":{"type":"string","description":"Visibility of the object, public-read or private","description_kind":"plain","computed":true}},"description_kind":"plain"}},"scaleway_object_bucket":{"version":0,"block":{"attributes":{"acl":{"type":"string","description":"ACL of the bucket: either 'private', 'public-read', 'public-read-write' or 'authenticated-read'.","description_kind":"plain","computed":true},"api_endpoint":{"type":"string","description":"API URL of the bucket","description_kind":"plain","computed":true},"cors_rule":{"type":["list",["object",{"allowed_headers":["list","string"],"allowed_methods":["list","string"],"allowed_origins":["list","string"],"expose_headers":["list","string"],"max_age_seconds":"number"}]],"description":"List of CORS rules","description_kind":"plain","computed":true},"endpoint":{"type":"string","description":"Endpoint of the bucket","description_kind":"plain","computed":true},"force_destroy":{"type":"bool","description":"Delete objects in bucket","description_kind":"plain","computed":true},"id":{"type":"string","description_kind":"plain","optional":true,"computed":true},"lifecycle_rule":{"type":["list",["object",{"abort_incomplete_multipart_upload_days":"number","enabled":"bool","expiration":["list",["object",{"date":"string","days":"number","expired_object_delete_marker":"bool"}]],"id":"string","noncurrent_version_expiration":["list",["object",{"newer_noncurrent_versions":"number","noncurrent_days":"number"}]],"noncurrent_version_transition":["set",["object",{"newer_noncurrent_versions":"number","noncurrent_days":"number","storage_class":"string"}]],"object_size_greater_than":"number","object_size_less_than":"number","prefix":"string","tags":["map","string"],"transition":["set",["object",{"date":"string","days":"number","storage_class":"string"}]]}]],"description":"Lifecycle configuration is a set of rules that define actions that Scaleway Object Storage applies to a group of objects","description_kind":"plain","computed":true},"name":{"type":"string","description":"The name of the bucket","description_kind":"plain","optional":true},"object_lock_enabled":{"type":"bool","description":"Enable object lock","description_kind":"plain","computed":true},"project_id":{"type":"string","description":"The project_id you want to attach the resource to","description_kind":"plain","optional":true},"region":{"type":"string","description":"The region you want to attach the resource to","description_kind":"plain","optional":true},"tags":{"type":["map","string"],"description":"The tags associated with this bucket","description_kind":"plain","computed":true},"versioning":{"type":["list",["object",{"enabled":"bool"}]],"description":"Allow multiple versions of an object in the same bucket","description_kind":"plain","computed":true}},"description_kind":"plain"}},"scaleway_object_bucket_policy":{"version":0,"block":{"attributes":{"bucket":{"type":"string","description":"The bucket's name or regional ID.","description_kind":"plain","required":true},"id":{"type":"string","description_kind":"plain","optional":true,"computed":true},"policy":{"type":"string","description":"The text of the policy.","description_kind":"plain","computed":true},"project_id":{"type":"string","description":"The project_id you want to attach the resource to","description_kind":"plain","optional":true},"region":{"type":"string","description":"The region you want to attach the resource to","description_kind":"plain","optional":true}},"description_kind":"plain"}},"scaleway_object_bucket_server_side_encryption_configuration":{"version":0,"block":{"attributes":{"bucket":{"type":"string","description":"The bucket's name or regional ID.","description_kind":"plain","optional":true},"bucket_server_side_encryption_configuration_id":{"type":"string","description":"The ID of the bucket server side encryption configuration","description_kind":"plain","optional":true},"id":{"type":"string","description_kind":"plain","optional":true,"computed":true},"project_id":{"type":"string","description":"The project_id you want to attach the resource to","description_kind":"plain","optional":true},"region":{"type":"string","description":"The region you want to attach the resource to","description_kind":"plain","computed":true},"rule":{"type":["set",["object",{"apply_server_side_encryption_by_default":["list",["object",{"kms_master_key_id":"string","sse_algorithm":"string"}]],"bucket_key_enabled":"bool"}]],"description":"Set of server-side encryption configuration rules","description_kind":"plain","computed":true}},"description":"Get information about a bucket server side encryption configuration. This data source allows you to retrieve information about the server-side encryption configuration of a bucket.\n","description_kind":"plain"}},"scaleway_opensearch_deployment":{"version":0,"block":{"attributes":{"created_at":{"type":"string","description":"Date and time of deployment creation (RFC 3339 format)","description_kind":"plain","computed":true},"deployment_id":{"type":"string","description":"The ID of the OpenSearch deployment","description_kind":"plain","optional":true},"endpoints":{"type":["list",["object",{"id":"string","private_network_id":"string","public":"bool","services":["list",["object",{"name":"string","port":"number","url":"string"}]]}]],"description":"List of endpoints","description_kind":"plain","computed":true},"id":{"type":"string","description_kind":"plain","optional":true,"computed":true},"name":{"type":"string","description":"Name of the OpenSearch deployment","description_kind":"plain","optional":true},"node_amount":{"type":"number","description":"Number of nodes","description_kind":"plain","computed":true},"node_count":{"type":"number","description":"Number of nodes","description_kind":"plain","computed":true},"node_type":{"type":"string","description":"Type of node","description_kind":"plain","computed":true},"password":{"type":"string","description":"Password for the deployment user","description_kind":"plain","computed":true},"private_network":{"type":["list",["object",{"private_network_id":"string"}]],"description":"Private network configuration","description_kind":"plain","computed":true},"project_id":{"type":"string","description":"The project_id you want to attach the resource to","description_kind":"plain","optional":true},"public_dashboard_url":{"type":"string","description":"URL of the OpenSearch Dashboards service when it is exposed on a public endpoint (including when the API uses a private network)","description_kind":"plain","computed":true},"region":{"type":"string","description":"The region you want to attach the resource to","description_kind":"plain","optional":true},"status":{"type":"string","description":"The status of the deployment","description_kind":"plain","computed":true},"tags":{"type":["list","string"],"description":"List of tags to apply","description_kind":"plain","computed":true},"updated_at":{"type":"string","description":"Date and time of deployment last update (RFC 3339 format)","description_kind":"plain","computed":true},"user_name":{"type":"string","description":"Username for the deployment","description_kind":"plain","computed":true},"version":{"type":"string","description":"OpenSearch version to use","description_kind":"plain","computed":true},"volume":{"type":["list",["object",{"size_in_gb":"number","type":"string"}]],"description":"Volume configuration","description_kind":"plain","computed":true}},"description_kind":"plain"}},"scaleway_rdb_acl":{"version":0,"block":{"attributes":{"acl_rules":{"type":["list",["object",{"description":"string","ip":"string"}]],"description":"List of ACL rules to apply","description_kind":"plain","computed":true},"id":{"type":"string","description_kind":"plain","optional":true,"computed":true},"instance_id":{"type":"string","description":"Instance on which the ACL is applied","description_kind":"plain","required":true},"region":{"type":"string","description":"The region you want to attach the resource to","description_kind":"plain","optional":true}},"description_kind":"plain"}},"scaleway_rdb_database":{"version":0,"block":{"attributes":{"id":{"type":"string","description_kind":"plain","optional":true,"computed":true},"instance_id":{"type":"string","description":"Instance on which the database is created","description_kind":"plain","required":true},"managed":{"type":"bool","description":"Whether or not the database is managed","description_kind":"plain","computed":true},"name":{"type":"string","description":"Database name","description_kind":"plain","required":true},"owner":{"type":"string","description":"User that own the database","description_kind":"plain","computed":true},"region":{"type":"string","description":"The region you want to attach the resource to","description_kind":"plain","optional":true},"size":{"type":"string","description":"Size of the database","description_kind":"plain","computed":true}},"description_kind":"plain"}},"scaleway_rdb_database_backup":{"version":0,"block":{"attributes":{"backup_id":{"type":"string","description":"The ID of the Backup","description_kind":"plain","optional":true},"created_at":{"type":"string","description":"Creation date (Format ISO 8601).","description_kind":"plain","computed":true},"database_name":{"type":"string","description":"Name of the database of this backup.","description_kind":"plain","computed":true},"download_url":{"type":"string","description":"URL you can download the backup from (when exporting).","description_kind":"plain","computed":true},"download_url_expires_at":{"type":"string","description":"Expiration date of the download link (Format ISO 8601).","description_kind":"plain","computed":true},"expires_at":{"type":"string","description":"Expiration date (Format ISO 8601). Cannot be removed.","description_kind":"plain","computed":true},"id":{"type":"string","description_kind":"plain","optional":true,"computed":true},"instance_id":{"type":"string","description":"Instance on which the user is created","description_kind":"plain","optional":true},"instance_name":{"type":"string","description":"Name of the instance of the backup.","description_kind":"plain","computed":true},"name":{"type":"string","description":"Name of the backup.","description_kind":"plain","optional":true},"project_id":{"type":"string","description":"The ID of the project to filter the Backup","description_kind":"plain","optional":true},"region":{"type":"string","description":"The region you want to attach the resource to","description_kind":"plain","optional":true},"same_region":{"type":"bool","description":"Whether the backup is stored in the same region as the source instance.","description_kind":"plain","computed":true},"size":{"type":"number","description":"Size of the backup (in bytes).","description_kind":"plain","computed":true},"status":{"type":"string","description":"Status of the backup (creating, ready, restoring, deleting, error, exporting, locked).","description_kind":"plain","computed":true},"updated_at":{"type":"string","description":"Updated date (Format ISO 8601).","description_kind":"plain","computed":true}},"description_kind":"plain"}},"scaleway_rdb_instance":{"version":0,"block":{"attributes":{"backup_same_region":{"type":"bool","description":"Boolean to store logical backups in the same region as the database instance","description_kind":"plain","computed":true},"backup_schedule_frequency":{"type":"number","description":"Backup schedule frequency in hours","description_kind":"plain","computed":true},"backup_schedule_retention":{"type":"number","description":"Backup schedule retention in days","description_kind":"plain","computed":true},"certificate":{"type":"string","description":"Certificate of the database instance","description_kind":"plain","computed":true},"disable_backup":{"type":"bool","description":"Disable automated backup for the database instance","description_kind":"plain","computed":true},"encryption_at_rest":{"type":"bool","description":"Enable or disable encryption at rest for the database instance","description_kind":"plain","computed":true},"endpoint_ip":{"type":"string","description":"Endpoint IP of the database instance","description_kind":"plain","computed":true},"endpoint_port":{"type":"number","description":"Endpoint port of the database instance","description_kind":"plain","computed":true},"engine":{"type":"string","description":"Database's engine version name (e.g., 'PostgreSQL-16', 'MySQL-8'). Changing this value triggers a blue/green upgrade using MajorUpgradeWorkflow with automatic endpoint migration","description_kind":"plain","computed":true},"id":{"type":"string","description_kind":"plain","optional":true,"computed":true},"init_settings":{"type":["map","string"],"description":"Map of engine settings to be set at database initialisation.","description_kind":"plain","computed":true},"instance_id":{"type":"string","description":"The ID of the RDB instance","description_kind":"plain","optional":true},"is_ha_cluster":{"type":"bool","description":"Enable or disable high availability for the database instance","description_kind":"plain","computed":true},"load_balancer":{"type":["list",["object",{"endpoint_id":"string","hostname":"string","ip":"string","name":"string","port":"number"}]],"description":"Load balancer of the database instance","description_kind":"plain","computed":true},"logs_policy":{"type":["list",["object",{"max_age_retention":"number","total_disk_retention":"number"}]],"description":"Logs policy configuration","description_kind":"plain","computed":true},"maintenances":{"type":["list",["object",{"closed_at":"string","forced_at":"string","is_applicable":"bool","reason":"string","starts_at":"string","status":"string","stops_at":"string"}]],"description":"List of scheduled maintenance events on the database instance","description_kind":"plain","computed":true},"name":{"type":"string","description":"Name of the database instance","description_kind":"plain","optional":true},"node_type":{"type":"string","description":"The type of database instance you want to create","description_kind":"plain","computed":true},"organization_id":{"type":"string","description":"The organization_id you want to attach the resource to","description_kind":"plain","computed":true},"password":{"type":"string","description":"Password for the first user of the database instance. Only one of `password` or `password_wo` should be specified.","description_kind":"plain","computed":true},"password_wo":{"type":"string","description":"Password for the first user of the database instance in [write-only](https://registry.terraform.io/providers/scaleway/scaleway/latest/docs/guides/using-write-only-arguments) mode. Only one of `password` or `password_wo` should be specified. `password_wo` will not be set in the Terraform state. To update the `password_wo`, you must also update the `password_wo_version`.","description_kind":"plain","computed":true},"password_wo_version":{"type":"number","description":"The version of the [write-only](https://registry.terraform.io/providers/scaleway/scaleway/latest/docs/guides/using-write-only-arguments) password. To update the `password_wo`, you must also update the `password_wo_version`.","description_kind":"plain","computed":true},"private_ip":{"type":["list",["object",{"address":"string","id":"string"}]],"description":"The private IPv4 address associated with the resource","description_kind":"plain","computed":true},"private_network":{"type":["list",["object",{"enable_ipam":"bool","endpoint_id":"string","hostname":"string","ip":"string","ip_net":"string","name":"string","pn_id":"string","port":"number","zone":"string"}]],"description":"List of private network to expose your database instance","description_kind":"plain","computed":true},"project_id":{"type":"string","description":"The project_id you want to attach the resource to","description_kind":"plain","optional":true},"read_replicas":{"type":["list",["object",{"ip":"string","name":"string","port":"number"}]],"description":"Read replicas of the database instance","description_kind":"plain","computed":true},"region":{"type":"string","description":"The region you want to attach the resource to","description_kind":"plain","optional":true},"settings":{"type":["map","string"],"description":"Map of engine settings to be set on a running instance.","description_kind":"plain","computed":true},"snapshot_id":{"type":"string","description":"ID of an existing snapshot to create a new instance from. This allows restoring a database instance to the state captured in the specified snapshot. Conflicts with the `engine` attribute.","description_kind":"plain","computed":true},"tags":{"type":["list","string"],"description":"List of tags [\"tag1\", \"tag2\", ...] attached to a database instance","description_kind":"plain","computed":true},"upgradable_versions":{"type":["list",["object",{"id":"string","minor_version":"string","name":"string","version":"string"}]],"description":"List of available engine versions for upgrade","description_kind":"plain","computed":true},"user_name":{"type":"string","description":"Identifier for the first user of the database instance","description_kind":"plain","computed":true},"volume_size_in_gb":{"type":"number","description":"Volume size (in GB) when volume_type is not lssd","description_kind":"plain","computed":true},"volume_type":{"type":"string","description":"Type of volume where data are stored","description_kind":"plain","computed":true}},"description_kind":"plain"}},"scaleway_rdb_privilege":{"version":0,"block":{"attributes":{"database_name":{"type":"string","description":"Database name","description_kind":"plain","required":true},"effective_permission":{"type":"string","description":"Actual permission currently set in Scaleway. May differ from 'permission' after database schema changes","description_kind":"plain","computed":true},"id":{"type":"string","description_kind":"plain","optional":true,"computed":true},"instance_id":{"type":"string","description":"Instance on which the database is created","description_kind":"plain","required":true},"permission":{"type":"string","description":"Desired permission (readonly, readwrite, all, custom, none)","description_kind":"plain","computed":true},"permission_status":{"type":"string","description":"Permission synchronization status: 'synced' if effective matches desired, 'drifted' if they differ","description_kind":"plain","computed":true},"region":{"type":"string","description":"The region you want to attach the resource to","description_kind":"plain","optional":true},"user_name":{"type":"string","description":"User name","description_kind":"plain","required":true}},"description_kind":"plain"}},"scaleway_redis_cluster":{"version":0,"block":{"attributes":{"acl":{"type":["set",["object",{"description":"string","id":"string","ip":"string"}]],"description":"List of acl rules.","description_kind":"plain","computed":true},"certificate":{"type":"string","description":"public TLS certificate used by redis cluster, empty if tls is disabled","description_kind":"plain","computed":true},"cluster_id":{"type":"string","description":"The ID of the Redis cluster","description_kind":"plain","optional":true},"cluster_size":{"type":"number","description":"Number of nodes for the cluster.","description_kind":"plain","computed":true},"connection_string":{"type":"string","description":"Redis connection URI for the first reachable endpoint (public is preferred over private). Uses scheme `rediss` when TLS is enabled. Database index is always `0`. When a password is available in state, userinfo includes `user_name` and the password (Redis ACL). When `password_wo` is used, the password is omitted because it is not stored in state.","description_kind":"plain","computed":true},"created_at":{"type":"string","description":"The date and time of the creation of the Redis cluster","description_kind":"plain","computed":true},"id":{"type":"string","description_kind":"plain","optional":true,"computed":true},"name":{"type":"string","description":"Name of the redis cluster","description_kind":"plain","optional":true},"node_type":{"type":"string","description":"Type of node to use for the cluster","description_kind":"plain","computed":true},"password":{"type":"string","description":"Password of the user. Only one of `password` or `password_wo` should be specified.","description_kind":"plain","computed":true},"password_wo":{"type":"string","description":"Password of the user in [write-only](https://registry.terraform.io/providers/scaleway/scaleway/latest/docs/guides/using-write-only-arguments) mode. Only one of `password` or `password_wo` should be specified. `password_wo` will not be set in the Terraform state. To update the `password_wo`, you must also update the `password_wo_version`.","description_kind":"plain","computed":true},"password_wo_version":{"type":"number","description":"The version of the [write-only](https://registry.terraform.io/providers/scaleway/scaleway/latest/docs/guides/using-write-only-arguments) password. To update the `password_wo`, you must also update the `password_wo_version`.","description_kind":"plain","computed":true},"private_ips":{"type":["list",["object",{"address":"string","id":"string"}]],"description":"List of private IPv4 addresses associated with the resource","description_kind":"plain","computed":true},"private_network":{"type":["set",["object",{"endpoint_id":"string","id":"string","ips":["list","string"],"port":"number","service_ips":["list","string"],"zone":"string"}]],"description":"Private network specs details","description_kind":"plain","computed":true},"project_id":{"type":"string","description":"The project_id you want to attach the resource to","description_kind":"plain","optional":true},"public_network":{"type":["list",["object",{"id":"string","ips":["list","string"],"port":"number"}]],"description":"Public network specs details","description_kind":"plain","computed":true},"settings":{"type":["map","string"],"description":"Map of settings to define for the cluster.","description_kind":"plain","computed":true},"tags":{"type":["list","string"],"description":"List of tags [\"tag1\", \"tag2\", ...] attached to a redis cluster","description_kind":"plain","computed":true},"tls_enabled":{"type":"bool","description":"Whether or not TLS is enabled.","description_kind":"plain","computed":true},"updated_at":{"type":"string","description":"The date and time of the last update of the Redis cluster","description_kind":"plain","computed":true},"user_name":{"type":"string","description":"Name of the user created when the cluster is created","description_kind":"plain","computed":true},"version":{"type":"string","description":"Redis version of the cluster","description_kind":"plain","computed":true},"zone":{"type":"string","description":"The zone you want to attach the resource to","description_kind":"plain","optional":true}},"description_kind":"plain"}},"scaleway_registry_image":{"version":0,"block":{"attributes":{"id":{"type":"string","description_kind":"plain","optional":true,"computed":true},"image_id":{"type":"string","description":"The ID of the registry image","description_kind":"plain","optional":true},"name":{"type":"string","description":"The name of the registry image","description_kind":"plain","optional":true},"namespace_id":{"type":"string","description":"The namespace ID of the registry image","description_kind":"plain","optional":true,"computed":true},"organization_id":{"type":"string","description":"The organization_id you want to attach the resource to","description_kind":"plain","computed":true},"project_id":{"type":"string","description":"The project_id you want to attach the resource to","description_kind":"plain","optional":true,"computed":true},"region":{"type":"string","description":"The region you want to attach the resource to","description_kind":"plain","optional":true},"size":{"type":"number","description":"The size of the registry image","description_kind":"plain","computed":true},"tags":{"type":["list","string"],"description":"The tags associated with the registry image","description_kind":"plain","optional":true,"computed":true},"updated_at":{"type":"string","description":"Timestamp when the image was last updated.","description_kind":"plain","computed":true},"visibility":{"type":"string","description":"The visibility policy of the registry image","description_kind":"plain","computed":true}},"description_kind":"plain"}},"scaleway_registry_image_tag":{"version":0,"block":{"attributes":{"created_at":{"type":"string","description":"Date and time of creation","description_kind":"plain","computed":true},"digest":{"type":"string","description":"Hash of the tag content. Several tags of a same image may have the same digest","description_kind":"plain","computed":true},"id":{"type":"string","description_kind":"plain","optional":true,"computed":true},"image_id":{"type":"string","description":"The ID of the registry image","description_kind":"plain","required":true},"name":{"type":"string","description":"The name of the registry image tag","description_kind":"plain","optional":true},"organization_id":{"type":"string","description":"The organization_id you want to attach the resource to","description_kind":"plain","computed":true},"project_id":{"type":"string","description":"The project_id you want to attach the resource to","description_kind":"plain","optional":true,"computed":true},"region":{"type":"string","description":"The region you want to attach the resource to","description_kind":"plain","optional":true},"status":{"type":"string","description":"The status of the registry image tag","description_kind":"plain","computed":true},"tag_id":{"type":"string","description":"The ID of the registry image tag","description_kind":"plain","optional":true},"updated_at":{"type":"string","description":"Date and time of last update","description_kind":"plain","computed":true}},"description_kind":"plain"}},"scaleway_registry_namespace":{"version":0,"block":{"attributes":{"description":{"type":"string","description":"The description of the container registry namespace","description_kind":"plain","computed":true},"endpoint":{"type":"string","description":"The endpoint reachable by docker","description_kind":"plain","computed":true},"id":{"type":"string","description_kind":"plain","optional":true,"computed":true},"is_public":{"type":"bool","description":"Define the default visibility policy","description_kind":"plain","computed":true},"name":{"type":"string","description":"The name of the container registry namespace","description_kind":"plain","optional":true},"namespace_id":{"type":"string","description":"The ID of the registry namespace","description_kind":"plain","optional":true},"organization_id":{"type":"string","description":"The organization_id you want to attach the resource to","description_kind":"plain","computed":true},"project_id":{"type":"string","description":"The project_id you want to attach the resource to","description_kind":"plain","optional":true},"region":{"type":"string","description":"The region you want to attach the resource to","description_kind":"plain","optional":true}},"description_kind":"plain"}},"scaleway_s2s_vpn_connection":{"version":0,"block":{"attributes":{"bgp_config_ipv4":{"type":["list",["object",{"peer_private_ip":"string","private_ip":"string","routing_policy_id":"string"}]],"description":"The list of IKE v2 ciphers proposed for the IPsec tunnel","description_kind":"plain","computed":true},"bgp_config_ipv6":{"type":["list",["object",{"peer_private_ip":"string","private_ip":"string","routing_policy_id":"string"}]],"description":"The list of IKE v2 ciphers proposed for the IPsec tunnel","description_kind":"plain","computed":true},"bgp_session_ipv4":{"type":["list",["object",{"peer_private_ip":"string","private_ip":"string","routing_policy_id":"string"}]],"description":"The BGP IPv4 session information (read-only)","description_kind":"plain","computed":true},"bgp_session_ipv6":{"type":["list",["object",{"peer_private_ip":"string","private_ip":"string","routing_policy_id":"string"}]],"description":"The BGP IPv6 session information (read-only)","description_kind":"plain","computed":true},"bgp_status_ipv4":{"type":"string","description":"The status of the BGP IPv4 session","description_kind":"plain","computed":true},"bgp_status_ipv6":{"type":"string","description":"The status of the BGP IPv6 session","description_kind":"plain","computed":true},"connection_id":{"type":"string","description":"The ID of the connection","description_kind":"plain","optional":true},"created_at":{"type":"string","description":"The date and time of the creation of the TLS stage","description_kind":"plain","computed":true},"customer_gateway_id":{"type":"string","description":"The ID of the customer gateway to attach to the connection","description_kind":"plain","computed":true},"enable_route_propagation":{"type":"bool","description":"Defines whether route propagation is enabled or not","description_kind":"plain","computed":true},"esp_ciphers":{"type":["list",["object",{"dh_group":"string","encryption":"string","integrity":"string"}]],"description":"The list of ESP ciphers proposed for the IPsec tunnel","description_kind":"plain","computed":true},"id":{"type":"string","description_kind":"plain","optional":true,"computed":true},"ikev2_ciphers":{"type":["list",["object",{"dh_group":"string","encryption":"string","integrity":"string"}]],"description":"The list of IKE v2 ciphers proposed for the IPsec tunnel","description_kind":"plain","computed":true},"initiation_policy":{"type":"string","description":"Defines who initiates the IPsec tunnel","description_kind":"plain","computed":true},"is_ipv6":{"type":"bool","description":"Defines IP version of the IPSec Tunnel","description_kind":"plain","computed":true},"name":{"type":"string","description":"The name of the connection","description_kind":"plain","optional":true},"organization_id":{"type":"string","description":"Organization ID of the Project","description_kind":"plain","computed":true},"project_id":{"type":"string","description":"The project_id you want to attach the resource to","description_kind":"plain","optional":true},"region":{"type":"string","description":"The region you want to attach the resource to","description_kind":"plain","optional":true},"route_propagation_enabled":{"type":"bool","description":"Defines whether route propagation is enabled or not","description_kind":"plain","computed":true},"secret_id":{"type":"string","description":"The BGP peer IP on customer side","description_kind":"plain","computed":true},"secret_version":{"type":"number","description":"The BGP peer IP on customer side","description_kind":"plain","computed":true},"status":{"type":"string","description":"The status of the VPN gateway","description_kind":"plain","computed":true},"tags":{"type":["list","string"],"description":"The list of tags to apply to the connection","description_kind":"plain","computed":true},"tunnel_status":{"type":"string","description":"The status of the VPN gateway","description_kind":"plain","computed":true},"updated_at":{"type":"string","description":"The date and time of the last update of the TLS stage","description_kind":"plain","computed":true},"vpn_gateway_id":{"type":"string","description":"The ID of the VPN gateway to attach to the connection","description_kind":"plain","computed":true}},"description_kind":"plain"}},"scaleway_s2s_vpn_customer_gateway":{"version":0,"block":{"attributes":{"asn":{"type":"number","description":"The AS Number of the customer gateway","description_kind":"plain","computed":true},"created_at":{"type":"string","description":"The date and time of the creation of the TLS stage","description_kind":"plain","computed":true},"customer_gateway_id":{"type":"string","description":"The ID of the customer gateway","description_kind":"plain","optional":true},"id":{"type":"string","description_kind":"plain","optional":true,"computed":true},"ipv4_public":{"type":"string","description":"The public IPv4 address of the customer gateway","description_kind":"plain","computed":true},"ipv6_public":{"type":"string","description":"The public IPv6 address of the customer gateway","description_kind":"plain","computed":true},"name":{"type":"string","description":"The name of the customer gateway","description_kind":"plain","optional":true},"organization_id":{"type":"string","description":"Organization ID of the Project","description_kind":"plain","computed":true},"project_id":{"type":"string","description":"The project_id you want to attach the resource to","description_kind":"plain","optional":true},"region":{"type":"string","description":"The region you want to attach the resource to","description_kind":"plain","optional":true},"tags":{"type":["list","string"],"description":"The list of tags to apply to the customer gateway","description_kind":"plain","computed":true},"updated_at":{"type":"string","description":"The date and time of the last update of the TLS stage","description_kind":"plain","computed":true}},"description_kind":"plain"}},"scaleway_s2s_vpn_gateway":{"version":0,"block":{"attributes":{"asn":{"type":"number","description":"The AS Number of the vpn gateway","description_kind":"plain","computed":true},"created_at":{"type":"string","description":"The date and time of the creation of the VPN gateway","description_kind":"plain","computed":true},"gateway_type":{"type":"string","description":"The VPN gateway type (commercial offer type)","description_kind":"plain","computed":true},"id":{"type":"string","description_kind":"plain","optional":true,"computed":true},"ipam_private_ipv4_id":{"type":"string","description":"The ID of the IPAM private IPv4 address to attach to the VPN gateway","description_kind":"plain","computed":true},"ipam_private_ipv6_id":{"type":"string","description":"The ID of the IPAM private IPv6 address to attach to the VPN gateway","description_kind":"plain","computed":true},"name":{"type":"string","description":"The name of the VPN gateway","description_kind":"plain","optional":true},"organization_id":{"type":"string","description":"Organization ID of the Project","description_kind":"plain","computed":true},"private_network_id":{"type":"string","description":"The ID of the Private Network to attach to the VPN gateway","description_kind":"plain","computed":true},"project_id":{"type":"string","description":"The project_id you want to attach the resource to","description_kind":"plain","optional":true},"public_config":{"type":["list",["object",{"ipam_ipv4_id":"string","ipam_ipv6_id":"string"}]],"description":"The public endpoint configuration of the VPN gateway","description_kind":"plain","computed":true},"region":{"type":"string","description":"The region you want to attach the resource to","description_kind":"plain","optional":true},"status":{"type":"string","description":"The status of the VPN gateway","description_kind":"plain","computed":true},"tags":{"type":["list","string"],"description":"The list of tags to apply to the VPN gateway","description_kind":"plain","computed":true},"updated_at":{"type":"string","description":"The date and time of the last update of the VPN gateway","description_kind":"plain","computed":true},"vpn_gateway_id":{"type":"string","description":"The ID of the VPN gateway","description_kind":"plain","optional":true},"zone":{"type":"string","description":"The zone you want to attach the resource to","description_kind":"plain","computed":true}},"description_kind":"plain"}},"scaleway_s2s_vpn_routing_policy":{"version":0,"block":{"attributes":{"created_at":{"type":"string","description":"The date and time of the creation of the TLS stage","description_kind":"plain","computed":true},"id":{"type":"string","description_kind":"plain","optional":true,"computed":true},"is_ipv6":{"type":"bool","description":"IP prefixes version of the routing policy","description_kind":"plain","computed":true},"name":{"type":"string","description":"The name of the routing policy","description_kind":"plain","optional":true},"organization_id":{"type":"string","description":"Organization ID of the Project","description_kind":"plain","computed":true},"prefix_filter_in":{"type":["list","string"],"description":"IP prefixes to accept from the peer (ranges of route announcements to accept)","description_kind":"plain","computed":true},"prefix_filter_out":{"type":["list","string"],"description":"IP prefix filters to advertise to the peer (ranges of routes to advertise)","description_kind":"plain","computed":true},"project_id":{"type":"string","description":"The project_id you want to attach the resource to","description_kind":"plain","optional":true},"region":{"type":"string","description":"The region you want to attach the resource to","description_kind":"plain","optional":true},"routing_policy_id":{"type":"string","description":"The ID of the routing policy","description_kind":"plain","optional":true},"tags":{"type":["list","string"],"description":"The list of tags to apply to the routing policy","description_kind":"plain","computed":true},"updated_at":{"type":"string","description":"The date and time of the last update of the TLS stage","description_kind":"plain","computed":true}},"description_kind":"plain"}},"scaleway_secret":{"version":0,"block":{"attributes":{"created_at":{"type":"string","description":"Date and time of secret's creation (RFC 3339 format)","description_kind":"plain","computed":true},"description":{"type":"string","description":"Description of the secret","description_kind":"plain","computed":true},"ephemeral_policy":{"type":["list",["object",{"action":"string","expires_once_accessed":"bool","ttl":"string"}]],"description":"Ephemeral policy of the secret. Policy that defines whether/when a secret's versions expire. By default, the policy is applied to all the secret's versions.","description_kind":"plain","computed":true},"id":{"type":"string","description_kind":"plain","optional":true,"computed":true},"name":{"type":"string","description":"The secret name","description_kind":"plain","optional":true},"organization_id":{"type":"string","description":"ID of organization the resource is associated to.","description_kind":"plain","optional":true,"computed":true},"path":{"type":"string","description":"Location of the secret in the directory structure.","description_kind":"plain","optional":true},"project_id":{"type":"string","description":"The project ID the resource is associated to","description_kind":"plain","optional":true},"protected":{"type":"bool","description":"True if secret protection is enabled on a given secret. A protected secret cannot be deleted.","description_kind":"plain","computed":true},"region":{"type":"string","description":"The region you want to attach the resource to","description_kind":"plain","optional":true},"secret_id":{"type":"string","description":"The ID of the secret","description_kind":"plain","optional":true},"srn":{"type":"string","description":"The Scaleway Resource Name (SRN) of the secret","description_kind":"plain","computed":true},"status":{"type":"string","description":"Status of the secret","description_kind":"plain","computed":true},"tags":{"type":["list","string"],"description":"List of tags [\"tag1\", \"tag2\", ...] associated to secret","description_kind":"plain","computed":true},"type":{"type":"string","description":"Type of the secret could be any value among: [unknown_type opaque certificate key_value basic_credentials database_credentials ssh_key]","description_kind":"plain","computed":true},"updated_at":{"type":"string","description":"Date and time of secret's creation (RFC 3339 format)","description_kind":"plain","computed":true},"version_count":{"type":"number","description":"The number of versions for this Secret","description_kind":"plain","computed":true},"versions":{"type":["list",["object",{"created_at":"string","description":"string","latest":"bool","revision":"string","secret_id":"string","status":"string","updated_at":"string"}]],"description":"List of the versions of the secret","description_kind":"plain","computed":true}},"description_kind":"plain"}},"scaleway_secret_version":{"version":0,"block":{"attributes":{"created_at":{"type":"string","description":"Date and time of secret version's creation (RFC 3339 format)","description_kind":"plain","computed":true},"data":{"type":"string","description":"The payload of the secret version","description_kind":"plain","computed":true,"sensitive":true},"data_wo":{"type":"string","description":"The raw data payload of your secret version in [write-only](https://registry.terraform.io/providers/scaleway/scaleway/latest/docs/guides/using-write-only-arguments) mode. Must not exceed 64KiB in size (e.g. `my-secret-version-payload`). Only one of `data` or `data_wo` should be specified. `data_wo` will not be set in the Terraform state. To update the `data_wo`, you must also update the `data_wo_version`.","description_kind":"plain","computed":true},"data_wo_version":{"type":"number","description":"The version of the [write-only](https://registry.terraform.io/providers/scaleway/scaleway/latest/docs/guides/using-write-only-arguments) data. To update the `data_wo`, you must also update the `data_wo_version`.","description_kind":"plain","computed":true},"description":{"type":"string","description":"Description of the secret version","description_kind":"plain","computed":true},"id":{"type":"string","description_kind":"plain","optional":true,"computed":true},"organization_id":{"type":"string","description":"ID of organization the resource is associated to.","description_kind":"plain","optional":true,"computed":true},"project_id":{"type":"string","description":"The ID of the project to filter the secret version","description_kind":"plain","optional":true},"region":{"type":"string","description":"The region you want to attach the resource to","description_kind":"plain","optional":true},"revision":{"type":"string","description":"The revision of secret version.","description_kind":"plain","optional":true},"secret_id":{"type":"string","description":"The ID of the secret","description_kind":"plain","optional":true},"secret_name":{"type":"string","description":"The Name of the secret","description_kind":"plain","optional":true},"srn":{"type":"string","description":"The Scaleway Resource Name (SRN) of the secret version","description_kind":"plain","computed":true},"status":{"type":"string","description":"Status of the secret version","description_kind":"plain","computed":true},"updated_at":{"type":"string","description":"Date and time of secret version's creation (RFC 3339 format)","description_kind":"plain","computed":true}},"description_kind":"plain"}},"scaleway_tem_domain":{"version":0,"block":{"attributes":{"accept_tos":{"type":"bool","description":"Accept the Scaleway Terms of Service","description_kind":"plain","computed":true},"autoconfig":{"type":"bool","description":"Enable automatic configuration options for the domain","description_kind":"plain","computed":true},"created_at":{"type":"string","description":"Date and time of domain's creation (RFC 3339 format)","description_kind":"plain","computed":true},"dkim_config":{"type":"string","description":"DKIM public key, as should be recorded in the DNS zone","description_kind":"plain","computed":true},"dkim_name":{"type":"string","description":"DKIM name for the domain, as should be recorded in the DNS zone","description_kind":"plain","computed":true},"dmarc_config":{"type":"string","description":"DMARC record for the domain, as should be recorded in the DNS zone","description_kind":"plain","computed":true},"dmarc_name":{"type":"string","description":"DMARC name for the domain, as should be recorded in the DNS zone","description_kind":"plain","computed":true},"domain_id":{"type":"string","description":"The ID of the tem domain","description_kind":"plain","optional":true},"id":{"type":"string","description_kind":"plain","optional":true,"computed":true},"last_error":{"type":"string","description":"Error message if the last check failed","description_kind":"plain","computed":true},"last_valid_at":{"type":"string","description":"Date and time the domain was last found to be valid (RFC 3339 format)","description_kind":"plain","computed":true},"mx_blackhole":{"type":"string","description":"The Scaleway's blackhole MX server to use","description_kind":"plain","computed":true},"mx_config":{"type":"string","description":"MX record configuration for the domain blackhole","description_kind":"plain","computed":true},"name":{"type":"string","description":"The domain name used when sending emails","description_kind":"plain","optional":true},"next_check_at":{"type":"string","description":"Date and time of the next scheduled check (RFC 3339 format)","description_kind":"plain","computed":true},"project_id":{"type":"string","description":"The project_id you want to attach the resource to","description_kind":"plain","optional":true},"region":{"type":"string","description":"The region you want to attach the resource to","description_kind":"plain","optional":true},"reputation":{"type":["list",["object",{"previous_score":"number","previous_scored_at":"string","score":"number","scored_at":"string","status":"string"}]],"description":"The domain's reputation","description_kind":"plain","computed":true},"revoked_at":{"type":"string","description":"Date and time of the revocation of the domain (RFC 3339 format)","description_kind":"plain","computed":true},"smtp_host":{"type":"string","description":"SMTP host to use to send emails","description_kind":"plain","computed":true},"smtp_port":{"type":"number","description":"SMTP port to use to send emails over TLS. (Port 587)","description_kind":"plain","computed":true},"smtp_port_alternative":{"type":"number","description":"SMTP port to use to send emails over TLS. (Port 2587)","description_kind":"plain","computed":true},"smtp_port_unsecure":{"type":"number","description":"SMTP port to use to send emails. (Port 25)","description_kind":"plain","computed":true},"smtps_auth_user":{"type":"string","description":"SMTPS auth user refers to the identifier for a user authorized to send emails via SMTPS, ensuring secure email transmission","description_kind":"plain","computed":true},"smtps_port":{"type":"number","description":"SMTPS port to use to send emails over TLS Wrapper. (Port 465)","description_kind":"plain","computed":true},"smtps_port_alternative":{"type":"number","description":"SMTPS port to use to send emails over TLS Wrapper. (Port 2465)","description_kind":"plain","computed":true},"spf_config":{"type":"string","description":"Snippet of the SPF record that should be registered in the DNS zone","description_kind":"plain","computed":true},"spf_value":{"type":"string","description":"Complete SPF record value for the domain, as should be recorded in the DNS zone","description_kind":"plain","computed":true},"status":{"type":"string","description":"Status of the domain","description_kind":"plain","computed":true}},"description_kind":"plain"}},"scaleway_tem_offer_subscription":{"version":0,"block":{"attributes":{"cancellation_available_at":{"type":"string","description":"Date and time of the end of the offer-subscription commitment","description_kind":"plain","computed":true},"id":{"type":"string","description_kind":"plain","optional":true,"computed":true},"included_monthly_emails":{"type":"number","description":"Number of emails included in the offer-subscription per month","description_kind":"plain","computed":true},"max_custom_blocklists_per_domain":{"type":"number","description":"Max number of custom blocklists that can be associated with the offer-subscription","description_kind":"plain","computed":true},"max_dedicated_ips":{"type":"number","description":"Max number of dedicated IPs that can be associated with the offer-subscription","description_kind":"plain","computed":true},"max_domains":{"type":"number","description":"Max number of domains that can be associated with the offer-subscription","description_kind":"plain","computed":true},"max_webhooks_per_domain":{"type":"number","description":"Max number of webhooks that can be associated with the offer-subscription","description_kind":"plain","computed":true},"offer_name":{"type":"string","description":"Name of the offer","description_kind":"plain","computed":true},"project_id":{"type":"string","description":"The project_id you want to attach the resource to","description_kind":"plain","optional":true,"computed":true},"region":{"type":"string","description":"The region you want to attach the resource to","description_kind":"plain","optional":true},"sla":{"type":"number","description":"Service Level Agreement percentage of the offer-subscription","description_kind":"plain","computed":true},"subscribed_at":{"type":"string","description":"Date and time of the subscription","description_kind":"plain","computed":true}},"description_kind":"plain"}},"scaleway_vpc":{"version":0,"block":{"attributes":{"created_at":{"type":"string","description":"The date and time of the creation of the private network","description_kind":"plain","computed":true},"enable_custom_routes_propagation":{"type":"bool","description":"Defines whether the VPC advertises custom routes between its Private Networks","description_kind":"plain","computed":true},"enable_routing":{"type":"bool","description":"Enable routing between Private Networks in the VPC","description_kind":"plain","computed":true},"enable_transitivity":{"type":"bool","description":"Enable packets from peered VPCs to transit through this VPC","description_kind":"plain","computed":true},"id":{"type":"string","description_kind":"plain","optional":true,"computed":true},"is_default":{"type":"bool","description":"Defines whether the VPC is the default one for its Project","description_kind":"plain","optional":true},"name":{"type":"string","description":"The name of the VPC","description_kind":"plain","optional":true},"organization_id":{"type":"string","description":"ID of organization the resource is associated to.","description_kind":"plain","optional":true,"computed":true},"project_id":{"type":"string","description":"The project ID the resource is associated to","description_kind":"plain","optional":true},"region":{"type":"string","description":"The region you want to attach the resource to","description_kind":"plain","optional":true},"srn":{"type":"string","description":"The Scaleway Resource Name (SRN) of the private network","description_kind":"plain","computed":true},"tags":{"type":["list","string"],"description":"The tags associated with the VPC","description_kind":"plain","computed":true},"updated_at":{"type":"string","description":"The date and time of the last update of the private network","description_kind":"plain","computed":true},"vpc_id":{"type":"string","description":"The ID of the VPC","description_kind":"plain","optional":true}},"description_kind":"plain"}},"scaleway_vpc_acl":{"version":0,"block":{"attributes":{"default_policy":{"type":"string","description":"The action to take for packets which do not match any rules","description_kind":"plain","computed":true},"id":{"type":"string","description_kind":"plain","optional":true,"computed":true},"is_ipv6":{"type":"bool","description":"Defines whether this set of ACL rules is for IPv6 (false = IPv4). Each Network ACL can have rules for only one IP type","description_kind":"plain","optional":true},"region":{"type":"string","description":"The region you want to attach the resource to","description_kind":"plain","optional":true},"rules":{"type":["list",["object",{"action":"string","description":"string","destination":"string","dst_port_high":"number","dst_port_low":"number","protocol":"string","source":"string","src_port_high":"number","src_port_low":"number"}]],"description":"The list of Network ACL rules","description_kind":"plain","computed":true},"vpc_id":{"type":"string","description":"The VPC ID to look up the ACL for","description_kind":"plain","required":true}},"description_kind":"plain"}},"scaleway_vpc_connector":{"version":0,"block":{"attributes":{"connector_id":{"type":"string","description":"The ID of the VPC connector","description_kind":"plain","optional":true},"created_at":{"type":"string","description":"The date and time of the creation of the vpc connector","description_kind":"plain","computed":true},"id":{"type":"string","description_kind":"plain","optional":true,"computed":true},"name":{"type":"string","description":"The name of the VPC connector","description_kind":"plain","optional":true},"organization_id":{"type":"string","description":"The organization_id you want to attach the resource to","description_kind":"plain","computed":true},"project_id":{"type":"string","description":"The Scaleway Project the VPC connector belongs to","description_kind":"plain","optional":true},"region":{"type":"string","description":"The region you want to attach the resource to","description_kind":"plain","optional":true},"srn":{"type":"string","description":"The Scaleway Resource Name (SRN) of the vpc connector","description_kind":"plain","computed":true},"status":{"type":"string","description":"The VPC connector status","description_kind":"plain","computed":true},"tags":{"type":["list","string"],"description":"The tags associated with the VPC connector","description_kind":"plain","optional":true},"target_vpc_id":{"type":"string","description":"The ID of the target VPC to connect to","description_kind":"plain","optional":true},"updated_at":{"type":"string","description":"The date and time of the last update of the vpc connector","description_kind":"plain","computed":true},"vpc_id":{"type":"string","description":"The ID of the source VPC","description_kind":"plain","optional":true}},"description":"Gets information about a VPC connector.\n\nA VPC connector enables network connectivity between two VPCs, allowing resources in separate VPCs to communicate with each other.\n","description_kind":"plain"}},"scaleway_vpc_gateway_network":{"version":0,"block":{"attributes":{"cleanup_dhcp":{"type":"bool","description":"Remove DHCP config on this network on destroy","description_kind":"plain","computed":true},"created_at":{"type":"string","description":"The date and time of the creation of the gateway network","description_kind":"plain","computed":true},"dhcp_id":{"type":"string","description":"The ID of the public gateway DHCP config","description_kind":"plain","optional":true},"enable_dhcp":{"type":"bool","description":"Enable DHCP config on this network","description_kind":"plain","computed":true},"enable_masquerade":{"type":"bool","description":"Enable masquerade on this network","description_kind":"plain","optional":true},"gateway_id":{"type":"string","description":"The ID of the public gateway where connect to","description_kind":"plain","optional":true},"gateway_network_id":{"type":"string","description":"The ID of the gateway network","description_kind":"plain","optional":true},"id":{"type":"string","description_kind":"plain","optional":true,"computed":true},"ipam_config":{"type":["list",["object",{"ipam_ip_id":"string","push_default_route":"bool"}]],"description":"Auto-configure the Gateway Network using IPAM (IP address management service)","description_kind":"plain","computed":true},"mac_address":{"type":"string","description":"The mac address on this network","description_kind":"plain","computed":true},"private_ip":{"type":["list",["object",{"address":"string","id":"string"}]],"description":"The private IPv4 address associated with the resource.","description_kind":"plain","computed":true},"private_network_id":{"type":"string","description":"The ID of the private network where connect to","description_kind":"plain","optional":true},"static_address":{"type":"string","description":"The static IP address in CIDR on this network","description_kind":"plain","computed":true},"status":{"type":"string","description":"The status of the Public Gateway's connection to the Private Network","description_kind":"plain","computed":true},"updated_at":{"type":"string","description":"The date and time of the last update of the gateway network","description_kind":"plain","computed":true},"zone":{"type":"string","description":"The zone you want to attach the resource to","description_kind":"plain","computed":true}},"description_kind":"plain"}},"scaleway_vpc_ingress_rule":{"version":0,"block":{"attributes":{"created_at":{"type":"string","description":"The date and time of the creation of the ingress rule","description_kind":"plain","computed":true},"description":{"type":"string","description":"The ingress rule description","description_kind":"plain","computed":true},"id":{"type":"string","description_kind":"plain","optional":true,"computed":true},"ingress_rule_id":{"type":"string","description":"The ID of the VPC ingress rule","description_kind":"plain","optional":true},"is_ipv6":{"type":"bool","description":"Only ingress rules with the matching IP version will be returned","description_kind":"plain","optional":true,"computed":true},"nexthop_private_network_id":{"type":"string","description":"The ID of the nexthop private network","description_kind":"plain","optional":true},"nexthop_resource_ip":{"type":"string","description":"IP of the nexthop resource for the ingress rule","description_kind":"plain","optional":true},"region":{"type":"string","description":"The region you want to attach the resource to","description_kind":"plain","optional":true},"source":{"type":"string","description":"Source IP range to which this rule applies (CIDR notation with subnet mask)","description_kind":"plain","computed":true},"srn":{"type":"string","description":"The Scaleway Resource Name (SRN) of the ingress rule","description_kind":"plain","computed":true},"tags":{"type":["list","string"],"description":"The tags associated with the ingress rule","description_kind":"plain","optional":true},"updated_at":{"type":"string","description":"The date and time of the last update of the ingress rule","description_kind":"plain","computed":true},"vpc_id":{"type":"string","description":"The ID of the VPC the ingress rule belongs to","description_kind":"plain","optional":true}},"description":"Gets information about a VPC ingress rule.\n\nAn ingress routing rule routes incoming traffic from a peered VPC to a specific private IP address within a destination VPC's Private Network.\n","description_kind":"plain"}},"scaleway_vpc_private_network":{"version":0,"block":{"attributes":{"created_at":{"type":"string","description":"The date and time of the creation of the private network","description_kind":"plain","computed":true},"enable_default_route_propagation":{"type":"bool","description":"Defines whether default v4 and v6 routes are propagated for this Private Network","description_kind":"plain","computed":true},"id":{"type":"string","description_kind":"plain","optional":true,"computed":true},"ipv4_subnet":{"type":["list",["object",{"address":"string","created_at":"string","id":"string","prefix_length":"number","srn":"string","subnet":"string","subnet_mask":"string","updated_at":"string"}]],"description":"The IPv4 subnet associated with the private network","description_kind":"plain","computed":true},"ipv6_subnets":{"type":["set",["object",{"address":"string","created_at":"string","id":"string","prefix_length":"number","srn":"string","subnet":"string","subnet_mask":"string","updated_at":"string"}]],"description":"The IPv6 subnet associated with the private network","description_kind":"plain","computed":true},"is_regional":{"type":"bool","description":"Defines whether the private network is Regional. By default, it will be Zonal","description_kind":"plain","computed":true},"name":{"type":"string","description":"The name of the private network","description_kind":"plain","optional":true},"organization_id":{"type":"string","description":"The organization_id you want to attach the resource to","description_kind":"plain","computed":true},"private_network_id":{"type":"string","description":"The ID of the private network","description_kind":"plain","optional":true},"project_id":{"type":"string","description":"The project_id you want to attach the resource to","description_kind":"plain","optional":true},"region":{"type":"string","description":"The region you want to attach the resource to","description_kind":"plain","optional":true},"srn":{"type":"string","description":"The Scaleway Resource Name (SRN) of the private network","description_kind":"plain","computed":true},"tags":{"type":["list","string"],"description":"The tags associated with private network","description_kind":"plain","computed":true},"updated_at":{"type":"string","description":"The date and time of the last update of the private network","description_kind":"plain","computed":true},"vpc_id":{"type":"string","description":"The ID of the vpc to which the private network belongs to","description_kind":"plain","optional":true},"zone":{"type":"string","description":"The zone you want to attach the resource to","description_kind":"plain","computed":true}},"description_kind":"plain"}},"scaleway_vpc_public_gateway":{"version":0,"block":{"attributes":{"allowed_ip_ranges":{"type":["set","string"],"description":"Set a definitive list of IP ranges (in CIDR notation) allowed to connect to the SSH bastion","description_kind":"plain","computed":true},"bandwidth":{"type":"number","description":"The bandwidth available of the gateway","description_kind":"plain","computed":true},"bastion_enabled":{"type":"bool","description":"Enable SSH bastion on the gateway","description_kind":"plain","computed":true},"bastion_port":{"type":"number","description":"Port of the SSH bastion","description_kind":"plain","computed":true},"created_at":{"type":"string","description":"The date and time of the creation of the public gateway","description_kind":"plain","computed":true},"enable_smtp":{"type":"bool","description":"Enable SMTP on the gateway","description_kind":"plain","computed":true},"id":{"type":"string","description_kind":"plain","optional":true,"computed":true},"ip_id":{"type":"string","description":"attach an existing IP to the gateway","description_kind":"plain","computed":true},"move_to_ipam":{"type":"bool","description":"Put a Public Gateway in IPAM mode, so that it can be used with the Public Gateways API v2","description_kind":"plain","computed":true},"name":{"type":"string","description":"name of the gateway","description_kind":"plain","optional":true},"organization_id":{"type":"string","description":"The organization_id you want to attach the resource to","description_kind":"plain","computed":true},"project_id":{"type":"string","description":"The project_id you want to attach the resource to","description_kind":"plain","optional":true},"public_gateway_id":{"type":"string","description":"The ID of the public gateway","description_kind":"plain","optional":true},"refresh_ssh_keys":{"type":"string","description":"Trigger a refresh of the SSH keys for a given Public Gateway by changing this field's value","description_kind":"plain","computed":true},"status":{"type":"string","description":"The status of the public gateway","description_kind":"plain","computed":true},"tags":{"type":["list","string"],"description":"The tags associated with public gateway","description_kind":"plain","computed":true},"type":{"type":"string","description":"gateway type","description_kind":"plain","computed":true},"updated_at":{"type":"string","description":"The date and time of the last update of the public gateway","description_kind":"plain","computed":true},"upstream_dns_servers":{"type":["list","string"],"description":"override the gateway's default recursive DNS servers, if DNS features are enabled","description_kind":"plain","computed":true},"zone":{"type":"string","description":"The zone you want to attach the resource to","description_kind":"plain","optional":true}},"description_kind":"plain"}},"scaleway_vpc_public_gateway_dhcp":{"version":0,"block":{"attributes":{"address":{"type":"string","description":"The address of the DHCP server. This will be the gateway's address in the private network. Defaults to the first address of the subnet","description_kind":"plain","computed":true},"created_at":{"type":"string","description":"The date and time of the creation of the public gateway.","description_kind":"plain","computed":true},"dhcp_id":{"type":"string","description":"The ID of the public gateway DHCP configuration","description_kind":"plain","required":true},"dns_local_name":{"type":"string","description":"TLD given to hostnames in the Private Network. Allowed characters are `a-z0-9-.`. Defaults to the slugified Private Network name if created along a GatewayNetwork, or else to `priv`.","description_kind":"plain","computed":true},"dns_search":{"type":["list","string"],"description":"Additional DNS search paths.","description_kind":"plain","computed":true},"dns_servers_override":{"type":["list","string"],"description":"Override the DNS server list pushed to DHCP clients, instead of the gateway itself.","description_kind":"plain","computed":true},"enable_dynamic":{"type":"bool","description":"Whether to enable dynamic pooling of IPs. By turning the dynamic pool off, only pre-existing DHCP reservations will be handed out. Defaults to true.","description_kind":"plain","computed":true},"id":{"type":"string","description_kind":"plain","optional":true,"computed":true},"organization_id":{"type":"string","description":"The organization_id you want to attach the resource to","description_kind":"plain","computed":true},"pool_high":{"type":"string","description":"High IP (included) of the dynamic address pool. Defaults to the last address of the subnet.","description_kind":"plain","computed":true},"pool_low":{"type":"string","description":"Low IP (included) of the dynamic address pool. Defaults to the second address of the subnet.","description_kind":"plain","computed":true},"project_id":{"type":"string","description":"The project_id you want to attach the resource to","description_kind":"plain","computed":true},"push_default_route":{"type":"bool","description":"Whether the gateway should push a default route to DHCP clients or only hand out IPs. Defaults to true.","description_kind":"plain","computed":true},"push_dns_server":{"type":"bool","description":"Whether the gateway should push custom DNS servers to clients. This allows for instance hostname -\u003e IP resolution. Defaults to true.","description_kind":"plain","computed":true},"rebind_timer":{"type":"number","description":"After how long, in seconds, a DHCP client will query for a new lease if previous renews fail. Must be 30s lower than `valid_lifetime`. Defaults to 51m (3060s).","description_kind":"plain","computed":true},"renew_timer":{"type":"number","description":"After how long, in seconds, a renew will be attempted. Must be 30s lower than `rebind_timer`. Defaults to 50m (3000s).","description_kind":"plain","computed":true},"subnet":{"type":"string","description":"Subnet for the DHCP server","description_kind":"plain","computed":true},"updated_at":{"type":"string","description":"The date and time of the last update of the public gateway.","description_kind":"plain","computed":true},"valid_lifetime":{"type":"number","description":"For how long, in seconds, will DHCP entries will be valid. Defaults to 1h (3600s).","description_kind":"plain","computed":true},"zone":{"type":"string","description":"The zone you want to attach the resource to","description_kind":"plain","computed":true}},"description_kind":"plain","deprecated":true}},"scaleway_vpc_public_gateway_dhcp_reservation":{"version":0,"block":{"attributes":{"created_at":{"type":"string","description":"The configuration creation date.","description_kind":"plain","computed":true},"gateway_network_id":{"type":"string","description":"The ID of the owning GatewayNetwork (UUID format).","description_kind":"plain","optional":true},"hostname":{"type":"string","description":"The Hostname of the client machine.","description_kind":"plain","computed":true},"id":{"type":"string","description_kind":"plain","optional":true,"computed":true},"ip_address":{"type":"string","description":"The IP address to give to the machine (IPv4 address).","description_kind":"plain","computed":true},"mac_address":{"type":"string","description":"The MAC address to give a static entry to.","description_kind":"plain","optional":true},"reservation_id":{"type":"string","description":"The ID of dhcp entry reservation","description_kind":"plain","optional":true},"type":{"type":"string","description":"The reservation type, either static (DHCP reservation) or dynamic (DHCP lease). Possible values are reservation and lease","description_kind":"plain","computed":true},"updated_at":{"type":"string","description":"The configuration last modification date.","description_kind":"plain","computed":true},"wait_for_dhcp":{"type":"bool","description":"Wait the MAC address in dhcp entries","description_kind":"plain","optional":true},"zone":{"type":"string","description":"The zone you want to attach the resource to","description_kind":"plain","optional":true}},"description_kind":"plain","deprecated":true}},"scaleway_vpc_public_gateway_ip":{"version":0,"block":{"attributes":{"address":{"type":"string","description":"the IP itself","description_kind":"plain","computed":true},"created_at":{"type":"string","description":"The date and time of the creation of the public gateway IP","description_kind":"plain","computed":true},"id":{"type":"string","description_kind":"plain","optional":true,"computed":true},"ip_id":{"type":"string","description":"The ID of the IP","description_kind":"plain","optional":true},"organization_id":{"type":"string","description":"The organization_id you want to attach the resource to","description_kind":"plain","computed":true},"project_id":{"type":"string","description":"The project_id you want to attach the resource to","description_kind":"plain","computed":true},"reverse":{"type":"string","description":"reverse domain name for the IP address","description_kind":"plain","computed":true},"tags":{"type":["list","string"],"description":"The tags associated with public gateway IP","description_kind":"plain","computed":true},"updated_at":{"type":"string","description":"The date and time of the last update of the public gateway IP","description_kind":"plain","computed":true},"zone":{"type":"string","description":"The zone you want to attach the resource to","description_kind":"plain","computed":true}},"description_kind":"plain"}},"scaleway_vpc_public_gateway_pat_rule":{"version":0,"block":{"attributes":{"created_at":{"type":"string","description":"The date and time of the creation of the PAT rule","description_kind":"plain","computed":true},"gateway_id":{"type":"string","description":"The ID of the gateway this PAT rule is applied to","description_kind":"plain","computed":true},"id":{"type":"string","description_kind":"plain","optional":true,"computed":true},"organization_id":{"type":"string","description":"The organization_id you want to attach the resource to","description_kind":"plain","computed":true},"pat_rule_id":{"type":"string","description":"The ID of the public gateway PAT rule","description_kind":"plain","required":true},"private_ip":{"type":"string","description":"The private IP used in the PAT rule","description_kind":"plain","computed":true},"private_port":{"type":"number","description":"The private port used in the PAT rule","description_kind":"plain","computed":true},"protocol":{"type":"string","description":"The protocol used in the PAT rule","description_kind":"plain","computed":true},"public_port":{"type":"number","description":"The public port used in the PAT rule","description_kind":"plain","computed":true},"updated_at":{"type":"string","description":"The date and time of the last update of the PAT rule","description_kind":"plain","computed":true},"zone":{"type":"string","description":"The zone you want to attach the resource to","description_kind":"plain","optional":true}},"description_kind":"plain"}},"scaleway_vpc_route":{"version":0,"block":{"attributes":{"created_at":{"type":"string","description":"The date and time of the creation of the route","description_kind":"plain","computed":true},"description":{"type":"string","description":"The route description","description_kind":"plain","computed":true},"destination":{"type":"string","description":"The destination IP or IP range of the route","description_kind":"plain","computed":true},"id":{"type":"string","description_kind":"plain","optional":true,"computed":true},"is_ipv6":{"type":"bool","description":"Only routes with an IPv6 destination will be returned","description_kind":"plain","optional":true},"nexthop_private_network_id":{"type":"string","description":"The ID of the nexthop private network","description_kind":"plain","optional":true},"nexthop_resource_id":{"type":"string","description":"The ID of the nexthop resource","description_kind":"plain","optional":true},"nexthop_resource_type":{"type":"string","description":"Only routes with a matching next hop resource type will be returned","description_kind":"plain","optional":true},"nexthop_vpc_connector_id":{"type":"string","description":"The ID of the nexthop VPC Connector","description_kind":"plain","computed":true},"region":{"type":"string","description":"The region you want to attach the resource to","description_kind":"plain","optional":true},"route_id":{"type":"string","description":"The ID of the route","description_kind":"plain","optional":true},"srn":{"type":"string","description":"The Scaleway Resource Name (SRN) of the route","description_kind":"plain","computed":true},"tags":{"type":["list","string"],"description":"The tags associated with the Route","description_kind":"plain","optional":true},"updated_at":{"type":"string","description":"The date and time of the last update of the route","description_kind":"plain","computed":true},"vpc_id":{"type":"string","description":"VPC ID the Route belongs to","description_kind":"plain","optional":true}},"description_kind":"plain"}},"scaleway_vpc_routes":{"version":0,"block":{"attributes":{"id":{"type":"string","description_kind":"plain","optional":true,"computed":true},"is_ipv6":{"type":"bool","description":"Only routes with an IPv6 destination will be returned","description_kind":"plain","optional":true},"nexthop_private_network_id":{"type":"string","description":"Only routes with a matching next hop private network ID will be returned","description_kind":"plain","optional":true},"nexthop_resource_id":{"type":"string","description":"Only routes with a matching next hop resource ID will be returned","description_kind":"plain","optional":true},"nexthop_resource_type":{"type":"string","description":"Only Routes with a matching next hop resource type will be returned","description_kind":"plain","optional":true},"region":{"type":"string","description":"The region you want to attach the resource to","description_kind":"plain","optional":true},"routes":{"type":["list",["object",{"created_at":"string","description":"string","destination":"string","id":"string","nexthop_ip":"string","nexthop_name":"string","nexthop_private_network_id":"string","nexthop_resource_id":"string","nexthop_resource_type":"string","region":"string","tags":["list","string"],"vpc_id":"string"}]],"description":"List of routes","description_kind":"plain","computed":true},"tags":{"type":["list","string"],"description":"Routes with these exact tags are listed.","description_kind":"plain","optional":true},"vpc_id":{"type":"string","description":"Only routes within this VPC will be returned","description_kind":"plain","optional":true}},"description_kind":"plain"}},"scaleway_vpcs":{"version":0,"block":{"attributes":{"id":{"type":"string","description_kind":"plain","optional":true,"computed":true},"name":{"type":"string","description":"VPCs with a name like it are listed.","description_kind":"plain","optional":true},"organization_id":{"type":"string","description":"The organization_id you want to attach the resource to","description_kind":"plain","computed":true},"project_id":{"type":"string","description":"The project_id you want to attach the resource to","description_kind":"plain","optional":true,"computed":true},"region":{"type":"string","description":"The region you want to attach the resource to","description_kind":"plain","optional":true},"tags":{"type":["list","string"],"description":"VPCs with these exact tags are listed.","description_kind":"plain","optional":true},"vpcs":{"type":["list",["object",{"created_at":"string","id":"string","is_default":"bool","name":"string","organization_id":"string","project_id":"string","region":"string","tags":["list","string"],"update_at":"string"}]],"description":"List of VPCs.","description_kind":"plain","computed":true}},"description_kind":"plain"}},"scaleway_webhosting":{"version":0,"block":{"attributes":{"cpanel_urls":{"type":["list",["object",{"dashboard":"string","webmail":"string"}]],"description":"URL to connect to cPanel Dashboard and to Webmail interface","description_kind":"plain","computed":true},"created_at":{"type":"string","description":"Date and time of hosting's creation (RFC 3339 format)","description_kind":"plain","computed":true},"dns_status":{"type":"string","description":"DNS status of the hosting","description_kind":"plain","computed":true},"domain":{"type":"string","description":"The domain name of the hosting","description_kind":"plain","optional":true},"email":{"type":"string","description":"Contact email of the client for the hosting","description_kind":"plain","computed":true},"id":{"type":"string","description_kind":"plain","optional":true,"computed":true},"name_servers":{"type":["list",["object",{"hostname":"string","is_default":"bool","status":"string"}]],"description":"List of nameservers associated with the webhosting.","description_kind":"plain","computed":true},"offer_id":{"type":"string","description":"The ID of the selected offer for the hosting","description_kind":"plain","computed":true},"offer_name":{"type":"string","description":"Name of the active offer","description_kind":"plain","computed":true},"option_ids":{"type":["list","string"],"description":"IDs of the selected options for the hosting","description_kind":"plain","computed":true},"options":{"type":["list",["object",{"id":"string","name":"string"}]],"description":"Active options of the hosting","description_kind":"plain","computed":true},"organization_id":{"type":"string","description":"ID of organization the resource is associated to.","description_kind":"plain","optional":true,"computed":true},"platform_hostname":{"type":"string","description":"Hostname of the host platform","description_kind":"plain","computed":true},"platform_number":{"type":"number","description":"Number of the host platform","description_kind":"plain","computed":true},"project_id":{"type":"string","description":"The project ID the resource is associated to","description_kind":"plain","optional":true},"records":{"type":["list",["object",{"name":"string","priority":"number","status":"string","ttl":"number","type":"string","value":"string"}]],"description":"List of DNS records associated with the webhosting.","description_kind":"plain","computed":true},"region":{"type":"string","description":"The region you want to attach the resource to","description_kind":"plain","computed":true},"status":{"type":"string","description":"The hosting status","description_kind":"plain","computed":true},"tags":{"type":["list","string"],"description":"The tags of the hosting","description_kind":"plain","computed":true},"updated_at":{"type":"string","description":"Date and time of hosting's last update (RFC 3339 format)","description_kind":"plain","computed":true},"username":{"type":"string","description":"Main hosting cPanel username","description_kind":"plain","computed":true},"webhosting_id":{"type":"string","description":"The ID of the Webhosting","description_kind":"plain","optional":true}},"description_kind":"plain"}},"scaleway_webhosting_offer":{"version":0,"block":{"attributes":{"billing_operation_path":{"type":"string","description":"Billing operation path","description_kind":"plain","computed":true},"control_panel":{"type":"string","description":"Name of the control panel.(Cpanel or Plesk)","description_kind":"plain","optional":true},"id":{"type":"string","description_kind":"plain","optional":true,"computed":true},"name":{"type":"string","description":"Exact name of the desired offer","description_kind":"plain","optional":true},"offer":{"type":["list",["object",{"available":"bool","billing_operation_path":"string","control_panel_name":"string","end_of_life":"bool","id":"string","name":"string","options":["list",["object",{"billing_operation_path":"string","current_value":"number","id":"string","max_value":"number","min_value":"number","name":"string","price":"string","quota_warning":"string"}]],"price":"string","quota_warning":"string"}]],"description":"The offer details of the hosting","description_kind":"plain","computed":true},"offer_id":{"type":"string","description":"ID of the desired offer","description_kind":"plain","optional":true},"price":{"type":"string","description":"Price of the offer.","description_kind":"plain","computed":true},"product":{"type":["list",["object",{"databases_quota":"number","email_accounts_quota":"number","email_storage_quota":"number","hosting_storage_quota":"number","name":"string","option":"bool","ram":"number","support_included":"bool","v_cpu":"number"}]],"description":"Product list","description_kind":"plain","deprecated":true,"computed":true},"region":{"type":"string","description":"The region you want to attach the resource to","description_kind":"plain","optional":true}},"description_kind":"plain"}}},"ephemeral_resource_schemas":{"scaleway_config":{"version":0,"block":{"attributes":{"access_key":{"type":"string","description":"Access Key used","description_kind":"plain","computed":true},"access_key_source":{"type":"string","description":"Where the access key definition comes from (Environment, configuration file, variable, ...)","description_kind":"plain","computed":true},"organization_id":{"type":"string","description":"Organization ID used","description_kind":"plain","computed":true},"organization_id_source":{"type":"string","description":"Where the organization id definition comes from (Environment, configuration file, variable, ...)","description_kind":"plain","computed":true},"project_id":{"type":"string","description":"Project ID used","description_kind":"plain","computed":true},"project_id_source":{"type":"string","description":"Where the project id definition comes from (Environment, configuration file, variable, ...)","description_kind":"plain","computed":true},"region":{"type":"string","description":"Region used","description_kind":"plain","computed":true},"region_source":{"type":"string","description":"Where the region definition comes from (Environment, configuration file, variable, ...)","description_kind":"plain","computed":true},"secret_key":{"type":"string","description":"Secret Key used","description_kind":"plain","computed":true,"sensitive":true},"secret_key_source":{"type":"string","description":"Where the secret key definition comes from (Environment, configuration file, variable, ...)","description_kind":"plain","computed":true},"zone":{"type":"string","description":"Zone used","description_kind":"plain","computed":true},"zone_source":{"type":"string","description":"Where the zone definition comes from (Environment, configuration file, variable, ...)","description_kind":"plain","computed":true}},"description":"The [`scaleway_config`](https://registry.terraform.io/providers/scaleway/scaleway/latest/docs/ephemeral-resource/config) Ephemeral Resource is used to retrieve Scaleway configuration information including project ID, organization ID, access key, secret key, zone, and region.\n\nContrary to the scw_config Data Source, this is an Ephemeral Resource: it is not stored in the Terraform state file. The configuration information is retrieved fresh with each Terraform apply.\n\nFor more information, see [our guide to using Ephemeral Resources with Terraform Scaleway Provider](https://registry.terraform.io/providers/scaleway/scaleway/latest/docs/guides/using-ephemeral-resources), the Scaleway [documentation](https://www.scaleway.com/en/docs/), and the [API documentation](https://www.scaleway.com/en/developers/api/).\n","description_kind":"markdown"}},"scaleway_iam_api_key":{"version":0,"block":{"attributes":{"access_key":{"type":"string","description":"The access key of the iam api key","description_kind":"plain","computed":true},"application_id":{"type":"string","description":"ID of the application attached to the api key","description_kind":"plain","optional":true},"created_at":{"type":"string","description":"The date and time of the creation of the iam api key","description_kind":"plain","computed":true},"creation_ip":{"type":"string","description":"The IPv4 Address of the device which created the API key","description_kind":"plain","computed":true},"default_project_id":{"type":"string","description":"Default Project ID to use with Object Storage.","description_kind":"plain","optional":true,"computed":true},"description":{"type":"string","description":"The description of the iam api key","description_kind":"plain","optional":true},"expires_at":{"type":"string","description":"The date and time (UTC) of the expiration of the iam api key. Cannot be changed afterwards","description_kind":"plain","optional":true},"secret_key":{"type":"string","description":"The secret Key of the iam api key","description_kind":"plain","computed":true,"sensitive":true},"updated_at":{"type":"string","description":"The date and time of the last update of the iam api key","description_kind":"plain","computed":true},"user_id":{"type":"string","description":"ID of the user attached to the api key","description_kind":"plain","optional":true}},"description":"The [`scaleway_iam_api_key`](https://registry.terraform.io/providers/scaleway/scaleway/latest/docs/ephemeral-resource/iam_api_key) Ephemeral Resource is used to create and manage Scaleway API Keys. An API key can be associated with either an application or a user.\n\n~\u003e **Important:** This ephemeral resource is currently experimental and may evolve as we refine its functionality. Unlike the regular [`scaleway_iam_api_key` Resource](https://registry.terraform.io/providers/scaleway/scaleway/latest/docs/resources/iam_api_key), this ephemeral resource is not stored in Terraform state and is not managed by Terraform after creation. Each `terraform apply` will generate a new API key. For automatic cleanup, you can set the `expires_at` attribute to specify when the key should be deleted.\n\nFor more information, see [our guide to using Ephemeral Resources](https://registry.terraform.io/providers/scaleway/scaleway/latest/docs/guides/using-ephemeral-resources), the [IAM documentation](https://www.scaleway.com/en/docs/iam/), and the [API documentation](https://www.scaleway.com/en/developers/api/iam/).\n","description_kind":"markdown"}},"scaleway_key_manager_decrypt":{"version":0,"block":{"attributes":{"associated_data":{"type":["object",{"value":"string"}],"description":"Must match the associated_data value passed in the encryption request. Only supported by keys with a usage set to `symmetric_encryption`.","description_kind":"plain","optional":true},"ciphertext":{"type":"string","description":"Ciphertext data to decrypt. Data size must be between 1 and 131071 bytes.","description_kind":"plain","required":true},"key_id":{"type":"string","description":"ID of the key to decrypt with. The key must have a usage set to `symmetric_encryption` or `asymmetric_encryption`. Can be a plain UUID or a regional ID.","description_kind":"plain","required":true},"plaintext":{"type":"string","description":"Key's decrypted data.","description_kind":"plain","computed":true,"sensitive":true},"region":{"type":"string","description":"Region of the key. If not set, the region is derived from the key_id when possible or from the provider configuration.","description_kind":"plain","optional":true}},"description":"The [`scaleway_key_manager_decrypt`](https://registry.terraform.io/providers/scaleway/scaleway/latest/docs/ephemeral-resource/key_manager_decrypt) ephemeral resource is helpful to decrypt a payload using an existing key.\n\nFor more information, see [our guide to using Ephemeral Resources with Terraform Scaleway Provider](https://registry.terraform.io/providers/scaleway/scaleway/latest/docs/guides/using-ephemeral-resources), the Key Manager [documentation](https://www.scaleway.com/en/docs/key-manager/), and the [API documentation](https://www.scaleway.com/en/developers/api/key-manager/).\n","description_kind":"markdown"}},"scaleway_key_manager_encrypt":{"version":0,"block":{"attributes":{"associated_data":{"type":["object",{"value":"string"}],"description":"Additional authenticated data. Additional data which will not be encrypted, but authenticated and appended to the encrypted payload. Only supported by keys with a usage set to `symmetric_encryption`.","description_kind":"plain","optional":true},"ciphertext":{"type":"string","description":"Key's encrypted data.","description_kind":"plain","computed":true},"key_id":{"type":"string","description":"ID of the key to use for encryption. Can be a plain UUID or a regional ID.","description_kind":"plain","required":true},"plaintext":{"type":"string","description":"Plaintext data to encrypt. Data size must be between 1 and 65535 bytes.","description_kind":"plain","required":true,"sensitive":true},"region":{"type":"string","description":"Region of the key. If not set, the region is derived from the key_id when possible or from the provider configuration.","description_kind":"plain","optional":true}},"description":"The [`scaleway_key_manager_encrypt`](https://registry.terraform.io/providers/scaleway/scaleway/latest/docs/ephemeral-resource/key_manager_encrypt) ephemeral resource is helpful to encrypt a payload using an existing key.\n\nFor more information, see [our guide to using Ephemeral Resources with Terraform Scaleway Provider](https://registry.terraform.io/providers/scaleway/scaleway/latest/docs/guides/using-ephemeral-resources), the Key Manager [documentation](https://www.scaleway.com/en/docs/key-manager/), and the [API documentation](https://www.scaleway.com/en/developers/api/key-manager/).\n","description_kind":"markdown"}},"scaleway_key_manager_generate_data_key":{"version":0,"block":{"attributes":{"algorithm":{"type":"string","description":"Algorithm with which the data encryption key will be used to encrypt and decrypt arbitrary payloads (AES-256-GCM).","description_kind":"plain","computed":true},"ciphertext":{"type":"string","description":"Data encryption key ciphertext. Your data encryption key's ciphertext can be stored safely. It can only be decrypted through the keys you create in Key Manager, using the relevant key ID.","description_kind":"plain","computed":true},"created_at":{"type":"string","description":"Data encryption key creation date. (RFC 3339 format)","description_kind":"plain","computed":true},"key_id":{"type":"string","description":"ID of the key. Can be a plain UUID or a regional ID.","description_kind":"plain","required":true},"plaintext":{"type":"string","description":"Data encryption key plaintext. Your data encryption key's plaintext allows you to use the key immediately upon creation. It must neither be stored or shared.","description_kind":"plain","computed":true,"sensitive":true},"region":{"type":"string","description":"Region of the key. If not set, the region is derived from the key_id when possible or from the provider configuration.","description_kind":"plain","optional":true},"without_plaintext":{"type":"bool","description":"Defines whether to return the data encryption key's plaintext in the response object. Default value is false, meaning that the plaintext is returned. Set it to true if you do not wish the plaintext to be returned in the response object.","description_kind":"plain","optional":true}},"description":"The [`scaleway_key_manager_generate_data_key`](https://registry.terraform.io/providers/scaleway/scaleway/latest/docs/ephemeral-resource/key_manager_generate_data_key) ephemeral resource creates a new data encryption key for cryptographic operations outside of Key Manager. The data encryption key is encrypted and must be decrypted using the key you have created in Key Manager.\n\nThe data encryption key is returned in plaintext and ciphertext but it should only be stored in its encrypted form (ciphertext). Key Manager does not store your data encryption key. To retrieve your key's plaintext, use the Decrypt method with your key's ID and ciphertext.\n\nFor more information, see [our guide to using Ephemeral Resources with Terraform Scaleway Provider](https://registry.terraform.io/providers/scaleway/scaleway/latest/docs/guides/using-ephemeral-resources), the Key Manager [documentation](https://www.scaleway.com/en/docs/key-manager/), and the [API documentation](https://www.scaleway.com/en/developers/api/key-manager/).\n","description_kind":"markdown"}},"scaleway_key_manager_sign":{"version":0,"block":{"attributes":{"digest":{"type":"string","description":"Digest of the message to sign. The digest must be generated using the same algorithm defined in the key’s algorithm settings, and encoded as a base64 string.","description_kind":"plain","required":true,"sensitive":true},"key_id":{"type":"string","description":"ID of the key to use for signing. Can be a plain UUID or a regional ID.","description_kind":"plain","required":true},"region":{"type":"string","description":"Region of the key. If not set, the region is derived from the key_id when possible or from the provider configuration.","description_kind":"plain","optional":true},"signature":{"type":"string","description":"The message signature, returned as a base64-encoded string.","description_kind":"plain","computed":true}},"description":"The [`scaleway_key_manager_sign`](https://registry.terraform.io/providers/scaleway/scaleway/latest/docs/ephemeral-resource/key_manager_sign) ephemeral resource is helpful to sign a message digest with a given key. The key must have its usage set to asymmetric_signing. The digest must be created using the same digest algorithm that is defined in the key's algorithm configuration.\n\nFor more information, see [our guide to using Ephemeral Resources with Terraform Scaleway Provider](https://registry.terraform.io/providers/scaleway/scaleway/latest/docs/guides/using-ephemeral-resources), the Key Manager [documentation](https://www.scaleway.com/en/docs/key-manager/), and the [API documentation](https://www.scaleway.com/en/developers/api/key-manager/).\n","description_kind":"markdown"}},"scaleway_secret_version":{"version":0,"block":{"attributes":{"created_at":{"type":"string","description":"Date and time of secret version's creation (RFC 3339 format)","description_kind":"plain","computed":true},"data":{"type":"string","description":"The payload of the secret version (base64 encoded)","description_kind":"plain","computed":true,"sensitive":true},"description":{"type":"string","description":"Description of the secret version","description_kind":"plain","computed":true},"organization_id":{"type":"string","description":"The organization ID to filter the secret version","description_kind":"plain","optional":true,"computed":true},"project_id":{"type":"string","description":"The project ID to filter the secret version","description_kind":"plain","optional":true,"computed":true},"region":{"type":"string","description":"The region of the secret version. If not set, the region is derived from the secret_id when possible or from the provider configuration.","description_kind":"plain","optional":true},"revision":{"type":"string","description":"The revision of the secret version. Defaults to `latest`","description_kind":"plain","optional":true},"secret_id":{"type":"string","description":"The ID of the secret associated with the version. Either secret_id or secret_name must be specified.","description_kind":"plain","optional":true,"computed":true},"secret_name":{"type":"string","description":"The name of the secret. Either secret_id or secret_name must be specified.","description_kind":"plain","optional":true},"status":{"type":"string","description":"Status of the secret version","description_kind":"plain","computed":true},"updated_at":{"type":"string","description":"Date and time of secret version's last update (RFC 3339 format)","description_kind":"plain","computed":true}},"description":"The [`scaleway_secret_version`](https://registry.terraform.io/providers/scaleway/scaleway/latest/docs/ephemeral-resources/secret_version) Ephemeral Resource is used to access and read secret versions from Scaleway Secret Manager.\n\nContrary to the secret_version data source, this is an [ephemeral resource](https://developer.hashicorp.com/terraform/plugin/framework/ephemeral-resources): it will not be persisted in plan or state artifacts.\n\nThis ephemeral resource is particularly useful when you need to access secret values during Terraform execution without persisting them in the state file, especially if that secret's data has been set with the [write-only](https://registry.terraform.io/providers/scaleway/scaleway/latest/docs/guides/using-write-only-arguments) attribute [`data_wo`](https://registry.terraform.io/providers/scaleway/scaleway/latest/docs/resources/secret_version#data_wo-2). You can avoid exposing sensitive data in your Terraform state files, from the creation to the access of your secret_version resource.\n\nFor more information, see [our guide to using Ephemeral Resources with Terraform Scaleway Provider](https://registry.terraform.io/providers/scaleway/scaleway/latest/docs/guides/using-ephemeral-resources), the Secret Manager [documentation](https://www.scaleway.com/en/docs/secret-manager/), and the [API documentation](https://www.scaleway.com/en/developers/api/secret-manager/).\n","description_kind":"markdown"}}},"list_resource_schemas":{"scaleway_account_project":{"version":0,"block":{"attributes":{"name":{"type":"string","description":"Filter by project name containing a given string","description_kind":"plain","optional":true},"organization_id":{"type":"string","description":"Organization ID to filter for","description_kind":"plain","optional":true},"project_ids":{"type":["list","string"],"description":"Filter projects by project IDs","description_kind":"plain","optional":true}},"description_kind":"plain"}},"scaleway_block_snapshot":{"version":0,"block":{"attributes":{"include_deleted":{"type":"bool","description":"Display deleted snapshots not erased yet","description_kind":"plain","optional":true},"name":{"type":"string","description":"Name of the snapshot to filter on","description_kind":"plain","optional":true},"organization_id":{"type":"string","description":"Organization ID of the snapshot to filter on","description_kind":"plain","optional":true},"project_ids":{"type":["list","string"],"description":"Project IDs of the block snapshot to filter on Use '*' to list across all projects","description_kind":"plain","optional":true},"tags":{"type":["list","string"],"description":"Tags of the snapshot to filter on","description_kind":"plain","optional":true},"volume_ids":{"type":["list","string"],"description":"Volume IDs to list snapshots from. Use [\"*\"] only to include all volumes in each selected zone and project. Otherwise each value must be a zonal ID (`zone/uuid`) or a bare volume UUID.","description_kind":"plain","optional":true},"zones":{"type":["list","string"],"description":"Zones of the block snapshot to filter on Use '*' to list from all zones","description_kind":"plain","optional":true}},"description_kind":"plain"}},"scaleway_block_volume":{"version":0,"block":{"attributes":{"name":{"type":"string","description":"Name of the volume to filter on","description_kind":"plain","optional":true},"organization_id":{"type":"string","description":"Organization ID of the volume to filter on","description_kind":"plain","optional":true},"project_ids":{"type":["list","string"],"description":"Project IDs of the block volume to filter on Use '*' to list across all projects","description_kind":"plain","optional":true},"tags":{"type":["list","string"],"description":"Tags of the volume to filter on","description_kind":"plain","optional":true},"zones":{"type":["list","string"],"description":"Zones of the block volume to filter on Use '*' to list from all zones","description_kind":"plain","optional":true}},"description_kind":"plain"}},"scaleway_domain_record":{"version":0,"block":{"attributes":{"dns_zones":{"type":["list","string"],"description":"DNS zone FQDNs to list records from. Use [\"*\"] to list records across all zones in each selected project. Must contain at least one value.","description_kind":"plain","required":true},"name":{"type":"string","description":"Name of the DNS zone record to filter on","description_kind":"plain","optional":true},"project_ids":{"type":["list","string"],"description":"Project IDs to filter DNS zone records on Use '*' to list across all projects","description_kind":"plain","optional":true},"type":{"type":"string","description":"Type of the DNS zone record to filter on","description_kind":"plain","optional":true}},"description_kind":"plain"}},"scaleway_domain_zone":{"version":0,"block":{"attributes":{"created_after":{"type":"string","description":"Only list DNS zones created after this date (RFC3339).","description_kind":"plain","optional":true},"created_before":{"type":"string","description":"Only list DNS zones created before this date (RFC3339).","description_kind":"plain","optional":true},"dns_zones":{"type":["list","string"],"description":"Filter by DNS zone FQDNs (for example subdomain.example.com or example.com for a root zone).","description_kind":"plain","optional":true},"domains":{"type":["list","string"],"description":"Domain apex names to list DNS zones for. Use [\"*\"] to list zones across all domains. Must contain at least one value.","description_kind":"plain","required":true},"project_ids":{"type":["list","string"],"description":"Project IDs to filter DNS zones on Use '*' to list across all projects","description_kind":"plain","optional":true},"updated_after":{"type":"string","description":"Only list DNS zones updated after this date (RFC3339).","description_kind":"plain","optional":true},"updated_before":{"type":"string","description":"Only list DNS zones updated before this date (RFC3339).","description_kind":"plain","optional":true}},"description_kind":"plain"}},"scaleway_iam_api_key":{"version":0,"block":{"attributes":{"access_keys":{"type":["list","string"],"description":"Filter by a list of access keys","description_kind":"plain","optional":true},"bearer_id":{"type":"string","description":"Filter by bearer ID","description_kind":"plain","optional":true},"bearer_type":{"type":"string","description":"Filter by type of bearer (user or application)","description_kind":"plain","optional":true},"description":{"type":"string","description":"Filter by description","description_kind":"plain","optional":true},"editable":{"type":"bool","description":"Filter by editable status","description_kind":"plain","optional":true},"expired":{"type":"bool","description":"Filter by expired status","description_kind":"plain","optional":true},"organization_id":{"type":"string","description":"Organization ID to filter for","description_kind":"plain","optional":true}},"description_kind":"plain"}},"scaleway_iam_application":{"version":0,"block":{"attributes":{"application_ids":{"type":["list","string"],"description":"Filter applications by application IDs","description_kind":"plain","optional":true},"editable":{"type":"bool","description":"Filter by editable status","description_kind":"plain","optional":true},"name":{"type":"string","description":"Name of the application to filter for","description_kind":"plain","optional":true},"organization_id":{"type":"string","description":"Organization ID to filter for","description_kind":"plain","optional":true},"tag":{"type":"string","description":"Filter by tags containing a given string","description_kind":"plain","optional":true}},"description_kind":"plain"}},"scaleway_iam_group":{"version":0,"block":{"attributes":{"application_ids":{"type":["list","string"],"description":"Filter groups by application IDs","description_kind":"plain","optional":true},"name":{"type":"string","description":"Name of the group to filter for","description_kind":"plain","optional":true},"organization_id":{"type":"string","description":"Organization ID to filter for","description_kind":"plain","optional":true},"tag":{"type":"string","description":"Filter by tags containing a given string","description_kind":"plain","optional":true},"user_ids":{"type":["list","string"],"description":"Filter groups by user IDs","description_kind":"plain","optional":true}},"description_kind":"plain"}},"scaleway_iam_policy":{"version":0,"block":{"attributes":{"application_ids":{"type":["list","string"],"description":"Filter policies by application IDs","description_kind":"plain","optional":true},"editable":{"type":"bool","description":"Filter by editable status","description_kind":"plain","optional":true},"group_ids":{"type":["list","string"],"description":"Filter policies by group IDs","description_kind":"plain","optional":true},"no_principal":{"type":"bool","description":"Filter by policies with no principal","description_kind":"plain","optional":true},"organization_id":{"type":"string","description":"Organization ID to filter for","description_kind":"plain","optional":true},"policy_ids":{"type":["list","string"],"description":"Filter policies by policy IDs","description_kind":"plain","optional":true},"policy_name":{"type":"string","description":"Filter by policy name","description_kind":"plain","optional":true},"tag":{"type":"string","description":"Filter by tags containing a given string","description_kind":"plain","optional":true},"user_ids":{"type":["list","string"],"description":"Filter policies by user IDs","description_kind":"plain","optional":true}},"description_kind":"plain"}},"scaleway_iam_ssh_key":{"version":0,"block":{"attributes":{"disabled":{"type":"bool","description":"Filter SSH keys by disabled status","description_kind":"plain","optional":true},"name":{"type":"string","description":"Name of the SSH key to filter for","description_kind":"plain","optional":true},"project_ids":{"type":["list","string"],"description":"Project IDs to filter for Use '*' to list across all projects","description_kind":"plain","optional":true}},"description_kind":"plain"}},"scaleway_iam_user":{"version":0,"block":{"attributes":{"mfa":{"type":"bool","description":"Filter by MFA status","description_kind":"plain","optional":true},"organization_id":{"type":"string","description":"Organization ID to filter for","description_kind":"plain","optional":true},"tag":{"type":"string","description":"Filter by tags containing a given string","description_kind":"plain","optional":true},"type":{"type":"string","description":"Filter by user type","description_kind":"plain","optional":true},"user_ids":{"type":["list","string"],"description":"Filter users by user IDs","description_kind":"plain","optional":true}},"description_kind":"plain"}},"scaleway_ipam_ip":{"version":0,"block":{"attributes":{"attached":{"type":"bool","description":"Filter for IPs which are attached to a resource","description_kind":"plain","optional":true},"is_ipv6":{"type":"bool","description":"Filter only for IPv6 addresses","description_kind":"plain","optional":true},"mac_address":{"type":"string","description":"MAC address to filter for","description_kind":"plain","optional":true},"name":{"type":"string","description":"Name filter (unused for IPAM but kept for consistency)","description_kind":"plain","optional":true},"organization_id":{"type":"string","description":"Organization ID to filter for","description_kind":"plain","optional":true},"private_network_id":{"type":"string","description":"Private Network ID to filter for. Only IPs in this Private Network will be returned. Mutually exclusive with zonal, subnet_id, source_vpc_id","description_kind":"plain","optional":true},"project_ids":{"type":["list","string"],"description":"Project IDs to filter for. Use '*' to list across all projects","description_kind":"plain","optional":true},"regions":{"type":["list","string"],"description":"Regions to filter for. Use '*' to list from all regions","description_kind":"plain","optional":true},"resource_ids":{"type":["list","string"],"description":"Resource IDs to filter for","description_kind":"plain","optional":true},"resource_name":{"type":"string","description":"Attached resource name to filter for","description_kind":"plain","optional":true},"resource_type":{"type":"string","description":"Resource type to filter for (e.g. instance_server, lb_server, etc.)","description_kind":"plain","optional":true},"resource_types":{"type":["list","string"],"description":"Resource types to filter for","description_kind":"plain","optional":true},"source_vpc_id":{"type":"string","description":"Source VPC ID to filter for. Mutually exclusive with zonal, private_network_id, subnet_id","description_kind":"plain","optional":true},"subnet_id":{"type":"string","description":"Subnet ID to filter for. Only IPs inside this exact subnet will be returned. Mutually exclusive with zonal, private_network_id, source_vpc_id","description_kind":"plain","optional":true},"tags":{"type":["list","string"],"description":"Tags to filter for","description_kind":"plain","optional":true},"vpc_id":{"type":"string","description":"VPC ID to filter for. Only IPs owned by resources in this VPC will be returned","description_kind":"plain","optional":true},"zonal":{"type":"string","description":"Zone to filter for. Only zonal IPs in this zone will be returned. Mutually exclusive with private_network_id, subnet_id, source_vpc_id","description_kind":"plain","optional":true}},"description_kind":"plain"}},"scaleway_key_manager_key":{"version":0,"block":{"attributes":{"name":{"type":"string","description":"Name of the key to filter for","description_kind":"plain","optional":true},"project_ids":{"type":["list","string"],"description":"Project IDs to filter for Use '*' to list across all projects","description_kind":"plain","optional":true},"regions":{"type":["list","string"],"description":"Regions to filter for Use '*' to list from all regions","description_kind":"plain","optional":true},"scheduled_for_deletion":{"type":"bool","description":"Filter keys by deletion status","description_kind":"plain","optional":true},"tags":{"type":["list","string"],"description":"Tags to filter for","description_kind":"plain","optional":true},"usage":{"type":"string","description":"Usage of the key to filter for (symmetric_encryption, asymmetric_encryption, asymmetric_signing)","description_kind":"plain","optional":true}},"description_kind":"plain"}},"scaleway_lb":{"version":0,"block":{"attributes":{"name":{"type":"string","description":"Name of the Load Balancer to filter for","description_kind":"plain","optional":true},"organization_id":{"type":"string","description":"Organization ID to filter for","description_kind":"plain","optional":true},"project_ids":{"type":["list","string"],"description":"Project IDs to filter for. Use '*' to list across all projects","description_kind":"plain","optional":true},"tags":{"type":["list","string"],"description":"Tags of the Load Balancer to filter for","description_kind":"plain","optional":true},"zones":{"type":["list","string"],"description":"Zones to filter for. Use '*' to list from all zones","description_kind":"plain","optional":true}},"description_kind":"plain"}},"scaleway_lb_backend":{"version":0,"block":{"attributes":{"lb_ids":{"type":["list","string"],"description":"Load Balancer IDs to list backends for.","description_kind":"plain","required":true},"name":{"type":"string","description":"Name of the backend to filter for","description_kind":"plain","optional":true},"zones":{"type":["list","string"],"description":"Zones to filter for. Use '*' to list from all zones","description_kind":"plain","optional":true}},"description_kind":"plain"}},"scaleway_lb_frontend":{"version":0,"block":{"attributes":{"lb_ids":{"type":["list","string"],"description":"Load Balancer IDs to list frontends for.","description_kind":"plain","required":true},"name":{"type":"string","description":"Name of the frontend to filter for","description_kind":"plain","optional":true},"zones":{"type":["list","string"],"description":"Zones to filter for. Use '*' to list from all zones","description_kind":"plain","optional":true}},"description_kind":"plain"}},"scaleway_mongodb_instance":{"version":0,"block":{"attributes":{"name":{"type":"string","description":"Name of the MongoDB instance to filter on","description_kind":"plain","optional":true},"organization_id":{"type":"string","description":"Organization ID of the MongoDB instance to filter on","description_kind":"plain","optional":true},"project_ids":{"type":["list","string"],"description":"Project IDs of the MongoDB instance to filter on Use '*' to list across all projects","description_kind":"plain","optional":true},"regions":{"type":["list","string"],"description":"Regions of the MongoDB instance to filter on Use '*' to list from all regions","description_kind":"plain","optional":true},"tags":{"type":["list","string"],"description":"Tags of the MongoDB instance to filter on","description_kind":"plain","optional":true}},"description_kind":"plain"}},"scaleway_opensearch_deployment":{"version":0,"block":{"attributes":{"name":{"type":"string","description":"Name of the OpenSearch deployment to filter on","description_kind":"plain","optional":true},"organization_id":{"type":"string","description":"Organization ID of the OpenSearch deployment to filter on","description_kind":"plain","optional":true},"project_ids":{"type":["list","string"],"description":"Project IDs of the OpenSearch deployment to filter on Use '*' to list across all projects","description_kind":"plain","optional":true},"regions":{"type":["list","string"],"description":"Regions of the OpenSearch deployment to filter on Use '*' to list from all regions","description_kind":"plain","optional":true},"tags":{"type":["list","string"],"description":"Tags of the OpenSearch deployment to filter on","description_kind":"plain","optional":true},"version":{"type":"string","description":"OpenSearch engine version to filter on (same value as the deployment `version` attribute, e.g. \"2.15\")","description_kind":"plain","optional":true}},"description_kind":"plain"}},"scaleway_rdb_database":{"version":0,"block":{"attributes":{"instance_ids":{"type":["list","string"],"description":"Database Instance IDs to list databases from. Use [\"*\"] only to include all instances in each selected region and project. Otherwise each value must be a regional ID (`region/uuid`) or a bare instance UUID.","description_kind":"plain","required":true},"managed":{"type":"bool","description":"Whether to only list managed databases","description_kind":"plain","optional":true},"name":{"type":"string","description":"Name of the database to filter on","description_kind":"plain","optional":true},"organization_id":{"type":"string","description":"Organization ID of the RDB Database Instance to filter on","description_kind":"plain","optional":true},"owner":{"type":"string","description":"Owner user name to filter on","description_kind":"plain","optional":true},"project_ids":{"type":["list","string"],"description":"Project IDs of the RDB Database Instance to filter on Use '*' to list across all projects","description_kind":"plain","optional":true},"regions":{"type":["list","string"],"description":"Regions of the RDB Database Instance to filter on Use '*' to list from all regions","description_kind":"plain","optional":true}},"description_kind":"plain"}},"scaleway_rdb_database_backup":{"version":0,"block":{"attributes":{"instance_ids":{"type":["list","string"],"description":"Database Instance IDs to list backups from. Use [\"*\"] only to include all instances in each selected region and project. Otherwise each value must be a regional ID (`region/uuid`) or a bare instance UUID.","description_kind":"plain","required":true},"name":{"type":"string","description":"Name of the database backup to filter on","description_kind":"plain","optional":true},"project_ids":{"type":["list","string"],"description":"Project IDs of the RDB Database Instance to filter backups on Use '*' to list across all projects","description_kind":"plain","optional":true},"regions":{"type":["list","string"],"description":"Regions of the RDB Database Instance to filter backups on Use '*' to list from all regions","description_kind":"plain","optional":true}},"description_kind":"plain"}},"scaleway_rdb_instance":{"version":0,"block":{"attributes":{"has_maintenances":{"type":"bool","description":"Whether to only list instances with scheduled maintenances","description_kind":"plain","optional":true},"name":{"type":"string","description":"Name of the RDB instance to filter on","description_kind":"plain","optional":true},"organization_id":{"type":"string","description":"Organization ID of the RDB instance to filter on","description_kind":"plain","optional":true},"project_ids":{"type":["list","string"],"description":"Project IDs of the RDB instance to filter on Use '*' to list across all projects","description_kind":"plain","optional":true},"regions":{"type":["list","string"],"description":"Regions of the RDB instance to filter on Use '*' to list from all regions","description_kind":"plain","optional":true},"tags":{"type":["list","string"],"description":"Tags of the RDB instance to filter on","description_kind":"plain","optional":true}},"description_kind":"plain"}},"scaleway_rdb_snapshot":{"version":0,"block":{"attributes":{"instance_ids":{"type":["list","string"],"description":"Database Instance IDs to list snapshots from. Use [\"*\"] only to include all instances in each selected region and project. Otherwise each value must be a regional ID (`region/uuid`) or a bare instance UUID.","description_kind":"plain","required":true},"name":{"type":"string","description":"Name of the snapshot to filter on","description_kind":"plain","optional":true},"project_ids":{"type":["list","string"],"description":"Project IDs of the RDB Database Instance to filter snapshots on Use '*' to list across all projects","description_kind":"plain","optional":true},"regions":{"type":["list","string"],"description":"Regions of the RDB Database Instance to filter snapshots on Use '*' to list from all regions","description_kind":"plain","optional":true}},"description_kind":"plain"}},"scaleway_redis_cluster":{"version":0,"block":{"attributes":{"name":{"type":"string","description":"Name of the Redis cluster to filter on","description_kind":"plain","optional":true},"organization_id":{"type":"string","description":"Organization ID of the Redis cluster to filter on","description_kind":"plain","optional":true},"project_ids":{"type":["list","string"],"description":"Project IDs of the Redis cluster to filter on Use '*' to list across all projects","description_kind":"plain","optional":true},"tags":{"type":["list","string"],"description":"Tags of the Redis cluster to filter on","description_kind":"plain","optional":true},"version":{"type":"string","description":"Redis engine version to filter on","description_kind":"plain","optional":true},"zones":{"type":["list","string"],"description":"Zones of the Redis cluster to filter on Use '*' to list from all zones","description_kind":"plain","optional":true}},"description_kind":"plain"}},"scaleway_secret":{"version":0,"block":{"attributes":{"ephemeral":{"type":"bool","description":"Filter by ephemeral / not ephemeral","description_kind":"plain","optional":true},"name":{"type":"string","description":"Filter by secret name","description_kind":"plain","optional":true},"organization_id":{"type":"string","description":"Organization ID to filter for","description_kind":"plain","optional":true},"path":{"type":"string","description":"Filter by exact path","description_kind":"plain","optional":true},"project_ids":{"type":["list","string"],"description":"Project IDs to filter for. Use '*' to list across all projects Use '*' to list across all projects","description_kind":"plain","optional":true},"regions":{"type":["list","string"],"description":"Regions to target. Use '*' to list from all regions Use '*' to list from all regions","description_kind":"plain","optional":true},"scheduled_for_deletion":{"type":"bool","description":"Filter by whether the secret was scheduled for deletion / not scheduled for deletion","description_kind":"plain","optional":true},"tags":{"type":["list","string"],"description":"Filter by tags","description_kind":"plain","optional":true},"type":{"type":"string","description":"Filter by secret type","description_kind":"plain","optional":true}},"description_kind":"plain"}},"scaleway_secret_version":{"version":0,"block":{"attributes":{"organization_id":{"type":"string","description":"Organization ID to filter for","description_kind":"plain","optional":true},"project_ids":{"type":["list","string"],"description":"Project IDs to filter for. Use '*' to list across all projects Use '*' to list across all projects","description_kind":"plain","optional":true},"regions":{"type":["list","string"],"description":"Regions to target. Use '*' to list from all regions Use '*' to list from all regions","description_kind":"plain","optional":true},"secret_ids":{"type":["list","string"],"description":"IDs of the secrets to list versions for. Use '*' to list versions from all secrets. If empty, returns an error.","description_kind":"plain","required":true},"status":{"type":["list","string"],"description":"Filter by status","description_kind":"plain","optional":true}},"description_kind":"plain"}},"scaleway_vpc":{"version":0,"block":{"attributes":{"is_default":{"type":"bool","description":"Whether the VPC is the default VPC","description_kind":"plain","optional":true},"name":{"type":"string","description":"Name of the vpc to list for","description_kind":"plain","optional":true},"organization_id":{"type":"string","description":"Organization ID of the VPC to list for","description_kind":"plain","optional":true},"project_ids":{"type":["list","string"],"description":"Project IDs of the VPC to list for Use '*' to list across all projects","description_kind":"plain","optional":true},"regions":{"type":["list","string"],"description":"Regions of the VPC to list for Use '*' to list from all regions","description_kind":"plain","optional":true},"routing_enabled":{"type":"bool","description":"Whether routing is enabled for VPC","description_kind":"plain","optional":true},"tags":{"type":["list","string"],"description":"Tags of the VPC to list for","description_kind":"plain","optional":true}},"description_kind":"plain"}},"scaleway_vpc_connector":{"version":0,"block":{"attributes":{"name":{"type":"string","description":"Name of the VPC connector to filter for","description_kind":"plain","optional":true},"organization_id":{"type":"string","description":"Organization ID to filter for","description_kind":"plain","optional":true},"project_ids":{"type":["list","string"],"description":"Project IDs to filter for. Use '*' to list across all projects","description_kind":"plain","optional":true},"regions":{"type":["list","string"],"description":"Regions to filter for. Use '*' to list from all regions","description_kind":"plain","optional":true},"tags":{"type":["list","string"],"description":"Tags of the VPC connector to filter for","description_kind":"plain","optional":true},"target_vpc_id":{"type":"string","description":"Filter for connectors attached to this target VPC (regional ID or plain UUID).","description_kind":"plain","optional":true},"vpc_id":{"type":"string","description":"Filter for connectors attached to this source VPC (regional ID or plain UUID).","description_kind":"plain","optional":true}},"description_kind":"plain"}},"scaleway_vpc_private_network":{"version":0,"block":{"attributes":{"name":{"type":"string","description":"Name of the private network to filter for","description_kind":"plain","optional":true},"organization_id":{"type":"string","description":"Organization ID to filter for","description_kind":"plain","optional":true},"project_ids":{"type":["list","string"],"description":"Project IDs to filter for. Use '*' to list across all projects","description_kind":"plain","optional":true},"regions":{"type":["list","string"],"description":"Regions to filter for. Use '*' to list from all regions","description_kind":"plain","optional":true},"tags":{"type":["list","string"],"description":"Tags of the private network to filter for","description_kind":"plain","optional":true},"vpc_id":{"type":"string","description":"VPC ID to filter for","description_kind":"plain","optional":true}},"description_kind":"plain"}},"scaleway_vpc_public_gateway":{"version":0,"block":{"attributes":{"name":{"type":"string","description":"Name of the Public Gateway to filter for","description_kind":"plain","optional":true},"organization_id":{"type":"string","description":"Organization ID to filter for","description_kind":"plain","optional":true},"private_network_ids":{"type":["list","string"],"description":"Filter for gateways attached to these Private Networks (accepts zonal IDs like fr-par-1/uuid or raw UUIDs)","description_kind":"plain","optional":true},"project_ids":{"type":["list","string"],"description":"Project IDs to filter for. Use '*' to list across all projects","description_kind":"plain","optional":true},"tags":{"type":["list","string"],"description":"Tags of the Public Gateway to filter for","description_kind":"plain","optional":true},"types":{"type":["list","string"],"description":"Filter for gateways of these types (e.g. VPC-GW-S, VPC-GW-M)","description_kind":"plain","optional":true},"zones":{"type":["list","string"],"description":"Zones to filter for. Use '*' to list from all zones","description_kind":"plain","optional":true}},"description_kind":"plain"}},"scaleway_vpc_public_gateway_ip":{"version":0,"block":{"attributes":{"is_free":{"type":"bool","description":"Filter based on whether the IP is attached to a gateway or not","description_kind":"plain","optional":true},"organization_id":{"type":"string","description":"Organization ID to filter for.","description_kind":"plain","optional":true},"project_ids":{"type":["list","string"],"description":"Project IDs to filter for. Use '*' to list across all projects","description_kind":"plain","optional":true},"reverse":{"type":"string","description":"Filter for IPs whose reverse DNS contains this substring","description_kind":"plain","optional":true},"tags":{"type":["list","string"],"description":"Tags to filter for.","description_kind":"plain","optional":true},"zones":{"type":["list","string"],"description":"Zones to filter for. Use '*' to list from all zones","description_kind":"plain","optional":true}},"description_kind":"plain"}},"scaleway_vpc_route":{"version":0,"block":{"attributes":{"contains":{"type":"string","description":"Filter for routes whose destination is contained in this subnet (CIDR notation).","description_kind":"plain","optional":true},"is_ipv6":{"type":"bool","description":"Filter for routes with an IPv6 destination.","description_kind":"plain","optional":true},"nexthop_private_network_id":{"type":"string","description":"Filter for routes with this nexthop private network ID (regional ID or plain UUID).","description_kind":"plain","optional":true},"nexthop_resource_id":{"type":"string","description":"Filter for routes with this nexthop resource ID (regional ID or plain UUID).","description_kind":"plain","optional":true},"nexthop_resource_type":{"type":"string","description":"Filter for routes with this nexthop resource type.","description_kind":"plain","optional":true},"nexthop_vpc_connector_id":{"type":"string","description":"Filter for routes with this nexthop VPC connector ID (regional ID or plain UUID).","description_kind":"plain","optional":true},"regions":{"type":["list","string"],"description":"Regions to filter for. Use '*' to list from all regions","description_kind":"plain","optional":true},"tags":{"type":["list","string"],"description":"Tags of the VPC route to filter for","description_kind":"plain","optional":true},"vpc_id":{"type":"string","description":"Filter for routes belonging to this VPC (regional ID or plain UUID).","description_kind":"plain","optional":true}},"description_kind":"plain"}}},"functions":{"id_from_regional_id":{"description":"Given a regional ID string value, returns the ID without the region prefix.","summary":"Extract the ID without region from a regional ID","return_type":"string","parameters":[{"name":"regional_id","description":"regional ID to extract the ID from","type":"string"},{"name":"skip_region_validation","description":"If true, will skip region validation with the region known by the Scaleway SDK.","is_nullable":true,"type":"bool"}]},"region_from_id":{"description":"Given an ID string value, returns the region contained in the ID.","summary":"Extract a region from the ID","return_type":"string","parameters":[{"name":"id","description":"id to extract the region from","type":"string"},{"name":"skip_region_validation","description":"If true, will skip region validation with the region known by the Scaleway SDK.","is_nullable":true,"type":"bool"}]}},"resource_identity_schemas":{"scaleway_account_project":{"version":0,"attributes":{"id":{"type":"string","description":"The id of the resource (UUID format)","required_for_import":true}}},"scaleway_account_ssh_key":{"version":0,"attributes":{"id":{"type":"string","description":"The id of the resource (UUID format)","required_for_import":true}}},"scaleway_annotations_binding":{"version":0,"attributes":{"id":{"type":"string","required_for_import":true}}},"scaleway_annotations_key":{"version":0,"attributes":{"id":{"type":"string","required_for_import":true}}},"scaleway_annotations_value":{"version":0,"attributes":{"id":{"type":"string","required_for_import":true}}},"scaleway_apple_silicon_runner":{"version":0,"attributes":{"id":{"type":"string","description":"The id of the resource (UUID format)","required_for_import":true},"zone":{"type":"string","description":"The zone of the resource","required_for_import":true}}},"scaleway_apple_silicon_server":{"version":0,"attributes":{"id":{"type":"string","description":"The id of the resource (UUID format)","required_for_import":true},"zone":{"type":"string","description":"The zone of the resource","required_for_import":true}}},"scaleway_autoscaling_instance_group":{"version":0,"attributes":{"id":{"type":"string","description":"The id of the resource (UUID format)","required_for_import":true},"zone":{"type":"string","description":"The zone of the resource","required_for_import":true}}},"scaleway_autoscaling_instance_policy":{"version":0,"attributes":{"id":{"type":"string","description":"The id of the resource (UUID format)","required_for_import":true},"zone":{"type":"string","description":"The zone of the resource","required_for_import":true}}},"scaleway_autoscaling_instance_template":{"version":0,"attributes":{"id":{"type":"string","description":"The id of the resource (UUID format)","required_for_import":true},"zone":{"type":"string","description":"The zone of the resource","required_for_import":true}}},"scaleway_billing_budget_alert":{"version":0,"attributes":{"id":{"type":"string","required_for_import":true}}},"scaleway_billing_budget_alert_notification":{"version":0,"attributes":{"id":{"type":"string","required_for_import":true}}},"scaleway_block_snapshot":{"version":0,"attributes":{"id":{"type":"string","description":"The id of the resource (UUID format)","required_for_import":true},"zone":{"type":"string","description":"The zone of the resource","required_for_import":true}}},"scaleway_block_volume":{"version":0,"attributes":{"id":{"type":"string","description":"The id of the resource (UUID format)","required_for_import":true},"zone":{"type":"string","description":"The zone of the resource","required_for_import":true}}},"scaleway_cockpit":{"version":0,"attributes":{"project_id":{"type":"string","description":"The ID of the project (UUID format)","required_for_import":true}}},"scaleway_cockpit_alert_manager":{"version":0,"attributes":{"project_id":{"type":"string","description":"The ID of the project (UUID format)","required_for_import":true},"region":{"type":"string","description":"The region of the resource","required_for_import":true}}},"scaleway_cockpit_exporter":{"version":0,"attributes":{"id":{"type":"string","description":"The id of the resource (UUID format)","required_for_import":true},"region":{"type":"string","description":"The region of the resource","required_for_import":true}}},"scaleway_cockpit_grafana_user":{"version":0,"attributes":{"id":{"type":"string","description":"The ID of the Grafana user","required_for_import":true},"project_id":{"type":"string","description":"The ID of the project (UUID format)","required_for_import":true}}},"scaleway_cockpit_source":{"version":0,"attributes":{"id":{"type":"string","description":"The id of the resource (UUID format)","required_for_import":true},"region":{"type":"string","description":"The region of the resource","required_for_import":true}}},"scaleway_cockpit_token":{"version":0,"attributes":{"id":{"type":"string","description":"The id of the resource (UUID format)","required_for_import":true},"region":{"type":"string","description":"The region of the resource","required_for_import":true}}},"scaleway_domain_record":{"version":0,"attributes":{"dns_zone":{"type":"string","description":"The DNS zone of the record","required_for_import":true},"id":{"type":"string","description":"The ID of the record (UUID format)","required_for_import":true}}},"scaleway_domain_registration":{"version":0,"attributes":{"project_id":{"type":"string","description":"The ID of the project (UUID format)","required_for_import":true},"task_id":{"type":"string","description":"The ID of the registration task","required_for_import":true}}},"scaleway_domain_zone":{"version":0,"attributes":{"id":{"type":"string","description":"The id of the resource (UUID format)","required_for_import":true}}},"scaleway_edge_services_backend_stage":{"version":0,"attributes":{"id":{"type":"string","description":"The id of the resource (UUID format)","required_for_import":true}}},"scaleway_edge_services_cache_stage":{"version":0,"attributes":{"id":{"type":"string","description":"The id of the resource (UUID format)","required_for_import":true}}},"scaleway_edge_services_dns_stage":{"version":0,"attributes":{"id":{"type":"string","description":"The id of the resource (UUID format)","required_for_import":true}}},"scaleway_edge_services_head_stage":{"version":0,"attributes":{"id":{"type":"string","description":"The id of the resource (UUID format)","required_for_import":true}}},"scaleway_edge_services_pipeline":{"version":0,"attributes":{"id":{"type":"string","description":"The id of the resource (UUID format)","required_for_import":true}}},"scaleway_edge_services_plan":{"version":0,"attributes":{"name":{"type":"string","description":"The plan name","required_for_import":true},"project_id":{"type":"string","description":"The project ID","required_for_import":true}}},"scaleway_edge_services_route_stage":{"version":0,"attributes":{"id":{"type":"string","description":"The id of the resource (UUID format)","required_for_import":true}}},"scaleway_edge_services_tls_stage":{"version":0,"attributes":{"id":{"type":"string","description":"The id of the resource (UUID format)","required_for_import":true}}},"scaleway_edge_services_waf_stage":{"version":0,"attributes":{"id":{"type":"string","description":"The id of the resource (UUID format)","required_for_import":true}}},"scaleway_file_filesystem":{"version":0,"attributes":{"id":{"type":"string","description":"The id of the resource (UUID format)","required_for_import":true},"region":{"type":"string","description":"The region of the resource","required_for_import":true}}},"scaleway_flexible_ip":{"version":0,"attributes":{"id":{"type":"string","description":"The id of the resource (UUID format)","required_for_import":true},"zone":{"type":"string","description":"The zone of the resource","required_for_import":true}}},"scaleway_flexible_ip_mac_address":{"version":0,"attributes":{"id":{"type":"string","description":"The id of the resource (UUID format)","required_for_import":true},"zone":{"type":"string","description":"The zone of the resource","required_for_import":true}}},"scaleway_iam_api_key":{"version":0,"attributes":{"id":{"type":"string","description":"The id of the resource (UUID format)","required_for_import":true}}},"scaleway_iam_application":{"version":0,"attributes":{"id":{"type":"string","description":"The id of the resource (UUID format)","required_for_import":true}}},"scaleway_iam_group":{"version":0,"attributes":{"id":{"type":"string","description":"The id of the resource (UUID format)","required_for_import":true}}},"scaleway_iam_policy":{"version":0,"attributes":{"id":{"type":"string","description":"The id of the resource (UUID format)","required_for_import":true}}},"scaleway_iam_ssh_key":{"version":0,"attributes":{"id":{"type":"string","description":"The id of the resource (UUID format)","required_for_import":true}}},"scaleway_iam_user":{"version":0,"attributes":{"id":{"type":"string","description":"The id of the resource (UUID format)","required_for_import":true}}},"scaleway_instance_image":{"version":0,"attributes":{"id":{"type":"string","description":"The id of the resource (UUID format)","required_for_import":true},"zone":{"type":"string","description":"The zone of the resource","required_for_import":true}}},"scaleway_instance_ip":{"version":0,"attributes":{"id":{"type":"string","description":"The id of the resource (UUID format)","required_for_import":true},"zone":{"type":"string","description":"The zone of the resource","required_for_import":true}}},"scaleway_instance_ip_reverse_dns":{"version":0,"attributes":{"id":{"type":"string","description":"The id of the resource (UUID format)","required_for_import":true},"zone":{"type":"string","description":"The zone of the resource","required_for_import":true}}},"scaleway_instance_placement_group":{"version":0,"attributes":{"id":{"type":"string","description":"The id of the resource (UUID format)","required_for_import":true},"zone":{"type":"string","description":"The zone of the resource","required_for_import":true}}},"scaleway_instance_private_nic":{"version":0,"attributes":{"private_nic_id":{"type":"string","description":"The ID of the Private NIC","required_for_import":true},"server_id":{"type":"string","description":"The ID of the server","required_for_import":true},"zone":{"type":"string","description":"The zone of the resource","required_for_import":true}}},"scaleway_instance_security_group":{"version":0,"attributes":{"id":{"type":"string","description":"The id of the resource (UUID format)","required_for_import":true},"zone":{"type":"string","description":"The zone of the resource","required_for_import":true}}},"scaleway_instance_security_group_rules":{"version":0,"attributes":{"id":{"type":"string","description":"The id of the resource (UUID format)","required_for_import":true},"zone":{"type":"string","description":"The zone of the resource","required_for_import":true}}},"scaleway_instance_server":{"version":0,"attributes":{"id":{"type":"string","description":"The id of the resource (UUID format)","required_for_import":true},"zone":{"type":"string","description":"The zone of the resource","required_for_import":true}}},"scaleway_instance_snapshot":{"version":0,"attributes":{"id":{"type":"string","description":"The id of the resource (UUID format)","required_for_import":true},"zone":{"type":"string","description":"The zone of the resource","required_for_import":true}}},"scaleway_instance_user_data":{"version":0,"attributes":{"id":{"type":"string","description":"The id of the resource (UUID format)","required_for_import":true},"zone":{"type":"string","description":"The zone of the resource","required_for_import":true}}},"scaleway_instance_volume":{"version":0,"attributes":{"id":{"type":"string","description":"The id of the resource (UUID format)","required_for_import":true},"zone":{"type":"string","description":"The zone of the resource","required_for_import":true}}},"scaleway_interlink_link":{"version":0,"attributes":{"id":{"type":"string","description":"The id of the resource (UUID format)","required_for_import":true},"region":{"type":"string","description":"The region of the resource","required_for_import":true}}},"scaleway_interlink_routing_policy":{"version":0,"attributes":{"id":{"type":"string","description":"The id of the resource (UUID format)","required_for_import":true},"region":{"type":"string","description":"The region of the resource","required_for_import":true}}},"scaleway_iot_device":{"version":0,"attributes":{"id":{"type":"string","description":"The id of the resource (UUID format)","required_for_import":true},"region":{"type":"string","description":"The region of the resource","required_for_import":true}}},"scaleway_iot_hub":{"version":0,"attributes":{"id":{"type":"string","description":"The id of the resource (UUID format)","required_for_import":true},"region":{"type":"string","description":"The region of the resource","required_for_import":true}}},"scaleway_iot_network":{"version":0,"attributes":{"id":{"type":"string","description":"The id of the resource (UUID format)","required_for_import":true},"region":{"type":"string","description":"The region of the resource","required_for_import":true}}},"scaleway_iot_route":{"version":0,"attributes":{"id":{"type":"string","description":"The id of the resource (UUID format)","required_for_import":true},"region":{"type":"string","description":"The region of the resource","required_for_import":true}}},"scaleway_ipam_ip":{"version":0,"attributes":{"id":{"type":"string","description":"The id of the resource (UUID format)","required_for_import":true},"region":{"type":"string","description":"The region of the resource","required_for_import":true}}},"scaleway_k8s_acl":{"version":0,"attributes":{"id":{"type":"string","description":"The id of the resource (UUID format)","required_for_import":true},"region":{"type":"string","description":"The region of the resource","required_for_import":true}}},"scaleway_k8s_cluster":{"version":0,"attributes":{"id":{"type":"string","description":"The id of the resource (UUID format)","required_for_import":true},"region":{"type":"string","description":"The region of the resource","required_for_import":true}}},"scaleway_k8s_pool":{"version":0,"attributes":{"id":{"type":"string","description":"The id of the resource (UUID format)","required_for_import":true},"region":{"type":"string","description":"The region of the resource","required_for_import":true}}},"scaleway_kafka_cluster":{"version":0,"attributes":{"id":{"type":"string","description":"The id of the resource (UUID format)","required_for_import":true},"region":{"type":"string","description":"The region of the resource","required_for_import":true}}},"scaleway_key_manager_key":{"version":0,"attributes":{"id":{"type":"string","description":"The id of the resource (UUID format)","required_for_import":true},"region":{"type":"string","description":"The region of the resource","required_for_import":true}}},"scaleway_lb":{"version":0,"attributes":{"id":{"type":"string","description":"The id of the resource (UUID format)","required_for_import":true},"zone":{"type":"string","description":"The zone of the resource","required_for_import":true}}},"scaleway_lb_acl":{"version":0,"attributes":{"id":{"type":"string","description":"The id of the resource (UUID format)","required_for_import":true},"zone":{"type":"string","description":"The zone of the resource","required_for_import":true}}},"scaleway_lb_backend":{"version":0,"attributes":{"id":{"type":"string","description":"The id of the resource (UUID format)","required_for_import":true},"zone":{"type":"string","description":"The zone of the resource","required_for_import":true}}},"scaleway_lb_certificate":{"version":0,"attributes":{"id":{"type":"string","description":"The id of the resource (UUID format)","required_for_import":true},"zone":{"type":"string","description":"The zone of the resource","required_for_import":true}}},"scaleway_lb_frontend":{"version":0,"attributes":{"id":{"type":"string","description":"The id of the resource (UUID format)","required_for_import":true},"zone":{"type":"string","description":"The zone of the resource","required_for_import":true}}},"scaleway_lb_ip":{"version":0,"attributes":{"id":{"type":"string","description":"The id of the resource (UUID format)","required_for_import":true},"zone":{"type":"string","description":"The zone of the resource","required_for_import":true}}},"scaleway_lb_private_network":{"version":0,"attributes":{"lb_id":{"type":"string","description":"The load-balancer ID","required_for_import":true},"private_network_id":{"type":"string","description":"The private network ID","required_for_import":true},"zone":{"type":"string","description":"The zone of the resource","required_for_import":true}}},"scaleway_lb_route":{"version":0,"attributes":{"id":{"type":"string","description":"The id of the resource (UUID format)","required_for_import":true},"zone":{"type":"string","description":"The zone of the resource","required_for_import":true}}},"scaleway_mnq_nats_account":{"version":0,"attributes":{"id":{"type":"string","description":"The id of the resource (UUID format)","required_for_import":true},"region":{"type":"string","description":"The region of the resource","required_for_import":true}}},"scaleway_mnq_nats_credentials":{"version":0,"attributes":{"id":{"type":"string","description":"The id of the resource (UUID format)","required_for_import":true},"region":{"type":"string","description":"The region of the resource","required_for_import":true}}},"scaleway_mnq_sns":{"version":0,"attributes":{"id":{"type":"string","description":"The id of the resource (UUID format)","required_for_import":true},"region":{"type":"string","description":"The region of the resource","required_for_import":true}}},"scaleway_mnq_sns_credentials":{"version":0,"attributes":{"id":{"type":"string","description":"The id of the resource (UUID format)","required_for_import":true},"region":{"type":"string","description":"The region of the resource","required_for_import":true}}},"scaleway_mnq_sns_topic":{"version":0,"attributes":{"name":{"type":"string","description":"The topic name","required_for_import":true},"project_id":{"type":"string","description":"The ID of the project (UUID format)","required_for_import":true},"region":{"type":"string","description":"The region of the resource","required_for_import":true}}},"scaleway_mnq_sns_topic_subscription":{"version":0,"attributes":{"project_id":{"type":"string","description":"The ID of the project (UUID format)","required_for_import":true},"region":{"type":"string","description":"The region of the resource","required_for_import":true},"subscription_id":{"type":"string","description":"The subscription ID","required_for_import":true},"topic_name":{"type":"string","description":"The topic name","required_for_import":true}}},"scaleway_mnq_sqs":{"version":0,"attributes":{"id":{"type":"string","description":"The id of the resource (UUID format)","required_for_import":true},"region":{"type":"string","description":"The region of the resource","required_for_import":true}}},"scaleway_mnq_sqs_credentials":{"version":0,"attributes":{"id":{"type":"string","description":"The id of the resource (UUID format)","required_for_import":true},"region":{"type":"string","description":"The region of the resource","required_for_import":true}}},"scaleway_mnq_sqs_queue":{"version":0,"attributes":{"name":{"type":"string","description":"The queue name","required_for_import":true},"project_id":{"type":"string","description":"The ID of the project (UUID format)","required_for_import":true},"region":{"type":"string","description":"The region of the resource","required_for_import":true}}},"scaleway_mongodb_instance":{"version":0,"attributes":{"id":{"type":"string","description":"The id of the resource (UUID format)","required_for_import":true},"region":{"type":"string","description":"The region of the resource","required_for_import":true}}},"scaleway_mongodb_snapshot":{"version":0,"attributes":{"id":{"type":"string","description":"The id of the resource (UUID format)","required_for_import":true},"region":{"type":"string","description":"The region of the resource","required_for_import":true}}},"scaleway_mongodb_user":{"version":0,"attributes":{"instance_id":{"type":"string","description":"The MongoDB instance ID","required_for_import":true},"name":{"type":"string","description":"The MongoDB user name","required_for_import":true},"region":{"type":"string","description":"The region of the resource","required_for_import":true}}},"scaleway_object_bucket_server_side_encryption_configuration":{"version":0,"attributes":{"id":{"type":"string","description":"The id of the resource (UUID format)","required_for_import":true},"region":{"type":"string","description":"The region of the resource","required_for_import":true}}},"scaleway_opensearch_deployment":{"version":0,"attributes":{"id":{"type":"string","description":"The id of the resource (UUID format)","required_for_import":true},"region":{"type":"string","description":"The region of the resource","required_for_import":true}}},"scaleway_rdb_acl":{"version":0,"attributes":{"id":{"type":"string","description":"The id of the resource (UUID format)","required_for_import":true},"region":{"type":"string","description":"The region of the resource","required_for_import":true}}},"scaleway_rdb_database":{"version":0,"attributes":{"id":{"type":"string","description":"The id of the resource (UUID format)","required_for_import":true},"region":{"type":"string","description":"The region of the resource","required_for_import":true}}},"scaleway_rdb_database_backup":{"version":0,"attributes":{"id":{"type":"string","description":"The id of the resource (UUID format)","required_for_import":true},"region":{"type":"string","description":"The region of the resource","required_for_import":true}}},"scaleway_rdb_instance":{"version":0,"attributes":{"id":{"type":"string","description":"The id of the resource (UUID format)","required_for_import":true},"region":{"type":"string","description":"The region of the resource","required_for_import":true}}},"scaleway_rdb_privilege":{"version":0,"attributes":{"id":{"type":"string","description":"The id of the resource (UUID format)","required_for_import":true},"region":{"type":"string","description":"The region of the resource","required_for_import":true}}},"scaleway_rdb_read_replica":{"version":0,"attributes":{"id":{"type":"string","description":"The id of the resource (UUID format)","required_for_import":true},"region":{"type":"string","description":"The region of the resource","required_for_import":true}}},"scaleway_rdb_snapshot":{"version":0,"attributes":{"id":{"type":"string","description":"The id of the resource (UUID format)","required_for_import":true},"region":{"type":"string","description":"The region of the resource","required_for_import":true}}},"scaleway_rdb_user":{"version":0,"attributes":{"id":{"type":"string","description":"The id of the resource (UUID format)","required_for_import":true},"region":{"type":"string","description":"The region of the resource","required_for_import":true}}},"scaleway_redis_cluster":{"version":0,"attributes":{"id":{"type":"string","description":"The id of the resource (UUID format)","required_for_import":true},"zone":{"type":"string","description":"The zone of the resource","required_for_import":true}}},"scaleway_s2s_vpn_connection":{"version":0,"attributes":{"id":{"type":"string","description":"The id of the resource (UUID format)","required_for_import":true},"region":{"type":"string","description":"The region of the resource","required_for_import":true}}},"scaleway_s2s_vpn_customer_gateway":{"version":0,"attributes":{"id":{"type":"string","description":"The id of the resource (UUID format)","required_for_import":true},"region":{"type":"string","description":"The region of the resource","required_for_import":true}}},"scaleway_s2s_vpn_gateway":{"version":0,"attributes":{"id":{"type":"string","description":"The id of the resource (UUID format)","required_for_import":true},"region":{"type":"string","description":"The region of the resource","required_for_import":true}}},"scaleway_s2s_vpn_routing_policy":{"version":0,"attributes":{"id":{"type":"string","description":"The id of the resource (UUID format)","required_for_import":true},"region":{"type":"string","description":"The region of the resource","required_for_import":true}}},"scaleway_secret":{"version":0,"attributes":{"id":{"type":"string","description":"The id of the resource (UUID format)","required_for_import":true},"region":{"type":"string","description":"The region of the resource","required_for_import":true}}},"scaleway_secret_version":{"version":0,"attributes":{"region":{"type":"string","description":"The region of the resource","required_for_import":true},"revision":{"type":"string","description":"The revision of the secret version","required_for_import":true},"secret_id":{"type":"string","description":"The secret ID","required_for_import":true}}},"scaleway_tem_blocked_list":{"version":0,"attributes":{"id":{"type":"string","description":"The id of the resource (UUID format)","required_for_import":true},"region":{"type":"string","description":"The region of the resource","required_for_import":true}}},"scaleway_tem_domain":{"version":0,"attributes":{"id":{"type":"string","description":"The id of the resource (UUID format)","required_for_import":true},"region":{"type":"string","description":"The region of the resource","required_for_import":true}}},"scaleway_tem_domain_validation":{"version":0,"attributes":{"id":{"type":"string","description":"The id of the resource (UUID format)","required_for_import":true},"region":{"type":"string","description":"The region of the resource","required_for_import":true}}},"scaleway_tem_webhook":{"version":0,"attributes":{"id":{"type":"string","description":"The id of the resource (UUID format)","required_for_import":true},"region":{"type":"string","description":"The region of the resource","required_for_import":true}}},"scaleway_vpc":{"version":0,"attributes":{"id":{"type":"string","description":"The id of the resource (UUID format)","required_for_import":true},"region":{"type":"string","description":"The region of the resource","required_for_import":true}}},"scaleway_vpc_acl":{"version":0,"attributes":{"id":{"type":"string","description":"The id of the resource (UUID format)","required_for_import":true},"region":{"type":"string","description":"The region of the resource","required_for_import":true}}},"scaleway_vpc_connector":{"version":0,"attributes":{"id":{"type":"string","description":"The id of the resource (UUID format)","required_for_import":true},"region":{"type":"string","description":"The region of the resource","required_for_import":true}}},"scaleway_vpc_gateway_network":{"version":0,"attributes":{"id":{"type":"string","description":"The id of the resource (UUID format)","required_for_import":true},"zone":{"type":"string","description":"The zone of the resource","required_for_import":true}}},"scaleway_vpc_ingress_rule":{"version":0,"attributes":{"id":{"type":"string","description":"The id of the resource (UUID format)","required_for_import":true},"region":{"type":"string","description":"The region of the resource","required_for_import":true}}},"scaleway_vpc_private_network":{"version":0,"attributes":{"id":{"type":"string","description":"The id of the resource (UUID format)","required_for_import":true},"region":{"type":"string","description":"The region of the resource","required_for_import":true}}},"scaleway_vpc_public_gateway":{"version":0,"attributes":{"id":{"type":"string","description":"The id of the resource (UUID format)","required_for_import":true},"zone":{"type":"string","description":"The zone of the resource","required_for_import":true}}},"scaleway_vpc_public_gateway_ip":{"version":0,"attributes":{"id":{"type":"string","description":"The id of the resource (UUID format)","required_for_import":true},"zone":{"type":"string","description":"The zone of the resource","required_for_import":true}}},"scaleway_vpc_public_gateway_ip_reverse_dns":{"version":0,"attributes":{"id":{"type":"string","description":"The id of the resource (UUID format)","required_for_import":true},"zone":{"type":"string","description":"The zone of the resource","required_for_import":true}}},"scaleway_vpc_public_gateway_pat_rule":{"version":0,"attributes":{"id":{"type":"string","description":"The id of the resource (UUID format)","required_for_import":true},"zone":{"type":"string","description":"The zone of the resource","required_for_import":true}}},"scaleway_vpc_route":{"version":0,"attributes":{"id":{"type":"string","description":"The id of the resource (UUID format)","required_for_import":true},"region":{"type":"string","description":"The region of the resource","required_for_import":true}}},"scaleway_webhosting":{"version":0,"attributes":{"id":{"type":"string","description":"The id of the resource (UUID format)","required_for_import":true},"region":{"type":"string","description":"The region of the resource","required_for_import":true}}}},"action_schemas":{"scaleway_apple_silicon_reboot_server":{"block":{"attributes":{"server_id":{"type":"string","description":"Server id to send the action to","description_kind":"plain","required":true},"wait":{"type":"bool","description":"Wait for server to finish action","description_kind":"plain","optional":true},"zone":{"type":"string","description":"Zone of server to send the action to","description_kind":"plain","optional":true}},"description":"The [`scaleway_apple_silicon_reboot_server_action`](https://registry.terraform.io/providers/scaleway/scaleway/latest/docs/resources/apple_silicon_reboot_server_action) action is helpful to trigger a reboot action on your Apple silicon server.\n\nFor more information, see the [API documentation](https://www.scaleway.com/en/developers/api/apple-silicon/).\n","description_kind":"markdown"}},"scaleway_baremetal_server_action":{"block":{"attributes":{"action":{"type":"string","description":"Type of action to perform","description_kind":"plain","required":true},"boot_type":{"type":"string","description":"Boot type to use when rebooting the server. By default, set to `normal`","description_kind":"plain","optional":true},"server_id":{"type":"string","description":"Server id to send the action to","description_kind":"plain","required":true},"wait":{"type":"bool","description":"Wait for server to finish action","description_kind":"plain","optional":true},"zone":{"type":"string","description":"Zone of server to send the action to","description_kind":"plain","optional":true}},"description":"The [`scaleway_baremetal_server_action`](https://registry.terraform.io/providers/scaleway/scaleway/latest/docs/actions/instance_server_action) action is helpful to trigger a server action on your baremetal.\n\nRefer to the Baremetal [documentation](https://www.scaleway.com/en/docs/elastic-metal/)) and [API documentation](https://www.scaleway.com/en/developers/api/elastic-metal/) for more information.\n","description_kind":"markdown"}},"scaleway_block_export_snapshot":{"block":{"attributes":{"bucket":{"type":"string","description":"Name of the bucket to export the snapshot to","description_kind":"plain","required":true},"key":{"type":"string","description":"Object key to save the snapshot to","description_kind":"plain","required":true},"snapshot_id":{"type":"string","description":"ID of the snapshot to export","description_kind":"plain","required":true},"wait":{"type":"bool","description":"Wait for exporting operation to be completed","description_kind":"plain","optional":true},"zone":{"type":"string","description":"Zone of the snapshot to export","description_kind":"plain","optional":true}},"description":"Export a block snapshot to Scaleway Object Storage.\n\nThis action exports a block snapshot to a specified bucket in Scaleway Object Storage. The snapshot will be saved as a QCOW2 file with the specified key.\n\n-\u003e **Note:** This operation may take some time depending on the size of the snapshot. You can use the `wait` parameter to wait for the operation to complete.\n\n## Example Usage\n\n```hcl\nresource \"scaleway_block_snapshot\" \"example\" {\n  name      = \"example-snapshot\"\n  volume_id = scaleway_block_volume.example.id\n}\n\nresource \"scaleway_object_bucket\" \"example\" {\n  name = \"example-bucket\"\n  region = \"fr-par\"\n}\n\nresource \"scaleway_block_export_snapshot\" \"example\" {\n  snapshot_id = scaleway_block_snapshot.example.id\n  bucket      = scaleway_object_bucket.example.name\n  key         = \"snapshots/example-snapshot.qcow2\"\n  wait        = true\n}\n```\n\n## Argument Reference\n\n- `snapshot_id` - (Required) The ID of the block snapshot to export.\n- `zone` - (Optional) The zone where the snapshot is located. If not specified, it will be extracted from the snapshot ID.\n- `bucket` - (Required) The name of the bucket where the snapshot will be exported.\n- `key` - (Required) The object key (path) where the snapshot will be saved in the bucket.\n- `wait` - (Optional) Whether to wait for the export operation to complete. Defaults to `false`.\n","description_kind":"markdown"}},"scaleway_cockpit_grafana_sync_data_sources":{"block":{"attributes":{"project_id":{"type":"string","description":"ID of the Project","description_kind":"plain","required":true}},"description":"The [`scaleway_cockpit_grafana_sync_data_sources`](https://registry.terraform.io/providers/scaleway/scaleway/latest/docs/actions/cockpit_grafana_sync_data_sources) action triggers the synchronization of all Cockpit data sources and the alert manager across regions into Grafana.\n\nGrafana must be provisioned for the project before running this action. With IAM authentication, access Grafana at least once for the project; the legacy `scaleway_cockpit_grafana_user` resource also provisions Grafana.\n\nRefer to the Cockpit [documentation](https://www.scaleway.com/en/docs/managed-services/cockpit/) and [API documentation](https://www.scaleway.com/en/docs/observability/cockpit/api-cli/) for more information.\n","description_kind":"markdown"}},"scaleway_cockpit_trigger_test_alert":{"block":{"attributes":{"project_id":{"type":"string","description":"ID of the Project","description_kind":"plain","required":true},"region":{"type":"string","description":"The region you want to attach the resource to","description_kind":"plain","optional":true}},"description":"The [`scaleway_cockpit_trigger_test_alert`](https://registry.terraform.io/providers/scaleway/scaleway/latest/docs/actions/cockpit_trigger_test_alert) action is helpful to ensure that your alerts are properly triggered.\n\nRefer to the Cockpit [documentation](https://www.scaleway.com/en/docs/managed-services/cockpit/) and [API documentation](https://www.scaleway.com/en/developers/api/cockpit/regional-api/) for more information.\n","description_kind":"markdown"}},"scaleway_iam_update_saml_configuration":{"block":{"attributes":{"entity_id":{"type":"string","description":"The entity ID of the SAML Identity Provider","description_kind":"markdown","optional":true},"organization_id":{"type":"string","description":"The organization ID. If not provided, the default organization configured in the provider is used.","description_kind":"markdown","optional":true},"single_sign_on_url":{"type":"string","description":"The single sign-on URL of the SAML Identity Provider","description_kind":"markdown","optional":true}},"description":"Update SAML configuration parameters for an organization. SAML (Security Assertion Markup Language) is an open standard for exchanging authentication and authorization data between parties, specifically between an identity provider and a service provider. This resource allows you to configure the entity_id and single_sign_on_url for SAML-based single sign-on for your Scaleway organization.\n\nNote: This action requires that SAML is already enabled using the [`scaleway_iam_saml`](https://registry.terraform.io/providers/scaleway/scaleway/latest/docs/resources/iam_saml) resource.\n","description_kind":"markdown"}},"scaleway_instance_create_snapshot":{"block":{"attributes":{"name":{"type":"string","description":"Name of the snapshot","description_kind":"plain","optional":true},"tags":{"type":["list","string"],"description":"List of tags associated with the snapshot","description_kind":"plain","optional":true},"volume_id":{"type":"string","description":"ID of the volume to snapshot","description_kind":"plain","required":true},"wait":{"type":"bool","description":"Wait for snapshotting operation to be completed","description_kind":"plain","optional":true},"zone":{"type":"string","description":"Zone of the volume to snapshot","description_kind":"plain","optional":true}},"description":"The [`scaleway_instance_create_snapshot`](https://registry.terraform.io/providers/scaleway/scaleway/latest/docs/actions/instance_create_snapshot) action is helpful to create a snapshot of an instance.\n\nRefer to the Instances [documentation](https://www.scaleway.com/en/docs/compute/instances/) and [API documentation](https://www.scaleway.com/en/developers/api/instance/) for more information.\n","description_kind":"markdown"}},"scaleway_instance_export_snapshot":{"block":{"attributes":{"bucket":{"type":"string","description":"Name of the bucket to export the snapshot to","description_kind":"plain","required":true},"key":{"type":"string","description":"Object key to save the snapshot to","description_kind":"plain","required":true},"snapshot_id":{"type":"string","description":"ID of the snapshot to export","description_kind":"plain","required":true},"wait":{"type":"bool","description":"Wait for exporting operation to be completed","description_kind":"plain","optional":true},"zone":{"type":"string","description":"Zone of the snapshot to export","description_kind":"plain","optional":true}},"description":"The [`scaleway_instance_export_snapshot`](https://registry.terraform.io/providers/scaleway/scaleway/latest/docs/actions/instance_export_snapshot) action is helpful to export snapshot coming from instance to an object storage.\n\nRefer to the Instances [documentation](https://www.scaleway.com/en/docs/compute/instances/) and [API documentation](https://www.scaleway.com/en/developers/api/instance/) for more information.\n","description_kind":"markdown"}},"scaleway_instance_server_action":{"block":{"attributes":{"action":{"type":"string","description":"Type of action to perform","description_kind":"plain","required":true},"server_id":{"type":"string","description":"Server id to send the action to","description_kind":"plain","required":true},"wait":{"type":"bool","description":"Wait for server to finish action","description_kind":"plain","optional":true},"zone":{"type":"string","description":"Zone of server to send the action to","description_kind":"plain","optional":true}},"description":"The [`scaleway_instance_server_action`](https://registry.terraform.io/providers/scaleway/scaleway/latest/docs/actions/instance_server_action) action is helpful to trigger a server action on your instance.\n\nRefer to the Instances [documentation](https://www.scaleway.com/en/docs/compute/instances/) and [API documentation](https://www.scaleway.com/en/developers/api/instance/) for more information.\n","description_kind":"markdown"}},"scaleway_job_definition_start":{"block":{"attributes":{"args":{"type":["list","string"],"description":"Arguments passed to the startup command at job runtime (in list of strings format).","description_kind":"plain","optional":true},"command":{"type":"string","description":"Contextual startup command for this specific job run (in string format).","description_kind":"plain","deprecated":true,"optional":true},"environment_variables":{"type":["map","string"],"description":"Contextual environment variables for this specific job run.","description_kind":"plain","optional":true},"job_definition_id":{"type":"string","description":"ID of the job definition to start. Can be a plain UUID or a regional ID.","description_kind":"plain","required":true},"region":{"type":"string","description":"Region of the job definition. If not set, the region is derived from the job_definition_id when possible or from the provider configuration.","description_kind":"plain","optional":true},"replicas":{"type":"number","description":"Number of jobs to run.","description_kind":"plain","optional":true},"startup_command":{"type":["list","string"],"description":"Contextual startup command for this specific job run (in list of strings format).","description_kind":"plain","optional":true}},"description":"The [`scaleway_job_definition_start`](https://registry.terraform.io/providers/scaleway/scaleway/latest/docs/actions/job_definition_start) action is helpful to start a job that is already defined.\n\nRefer to the Jobs [documentation](https://www.scaleway.com/en/docs/serverless/jobs/) and [API documentation](https://www.scaleway.com/en/developers/api/serverless-jobs/) for more information.\n","description_kind":"markdown"}},"scaleway_key_manager_rotate_key":{"block":{"attributes":{"key_id":{"type":"string","description":"ID of the key to rotate. Can be a plain UUID or a regional ID.","description_kind":"plain","required":true},"region":{"type":"string","description":"Region of the key. If not set, the region is derived from the key_id when possible or from the provider configuration.","description_kind":"plain","optional":true}},"description":"The [`scaleway_key_manager_rotate_key`](https://registry.terraform.io/providers/scaleway/scaleway/latest/docs/actions/key_manager_rotate_key) action is helpful to trigger a rotate key action on your key.\n\nRefer to the Key Manager [documentation](https://www.scaleway.com/en/docs/key-manager/) and [API documentation](https://www.scaleway.com/en/developers/api/key-manager/) for more information.\n","description_kind":"markdown"}},"scaleway_mongodb_instance_snapshot":{"block":{"attributes":{"expires_at":{"type":"string","description":"Expiration date of the snapshot in RFC3339 format (ISO 8601). If not set, the snapshot will not expire.","description_kind":"plain","optional":true},"instance_id":{"type":"string","description":"MongoDB instance ID to snapshot. Can be a plain UUID or a regional ID.","description_kind":"plain","required":true},"name":{"type":"string","description":"Name of the snapshot. If not set, a name will be generated.","description_kind":"plain","optional":true},"region":{"type":"string","description":"Region of the MongoDB instance. If not set, the region is derived from the instance_id when possible or from the provider configuration.","description_kind":"plain","optional":true},"wait":{"type":"bool","description":"Wait for the snapshot to reach a terminal state before returning.","description_kind":"plain","optional":true}},"description":"The [`scaleway_mongodb_instance_snapshot`](https://registry.terraform.io/providers/scaleway/scaleway/latest/docs/actions/mongodb_instance_snapshot) action is helpful to trigger a snapshot of your MongoDB instance.\n\nRefer to the MongoDB [documentation](https://www.scaleway.com/en/docs/managed-databases/mongodb/) and [API documentation](https://www.scaleway.com/en/developers/api/managed-mongodb-databases/) for more information.\n","description_kind":"markdown"}},"scaleway_rdb_database_export_backup":{"block":{"attributes":{"backup_id":{"type":"string","description":"Database backup ID to export. Can be a plain UUID or a regional ID.","description_kind":"plain","required":true},"region":{"type":"string","description":"The region you want to attach the resource to","description_kind":"plain","optional":true},"wait":{"type":"bool","description":"Wait for the export operation to complete before returning.","description_kind":"plain","optional":true}},"description":"The [`scaleway_rdb_database_export_backup`](https://registry.terraform.io/providers/scaleway/scaleway/latest/docs/actions/rdb_database_export_backup) action is helpful to perform a database backup export action.\n\nRefer to the RDB [documentation](https://www.scaleway.com/en/docs/managed-databases-for-postgresql-and-mysql/) and [API documentation](https://www.scaleway.com/en/developers/api/managed-databases-for-postgresql-and-mysql/) for more information.\n","description_kind":"markdown"}},"scaleway_rdb_database_restore_backup":{"block":{"attributes":{"backup_id":{"type":"string","description":"Database backup ID to restore. Can be a plain UUID or a regional ID.","description_kind":"plain","required":true},"database_name":{"type":"string","description":"Name of the database to restore. If not set, the original database name will be used.","description_kind":"plain","optional":true},"instance_id":{"type":"string","description":"RDB instance ID to restore the backup to. Can be a plain UUID or a regional ID.","description_kind":"plain","required":true},"region":{"type":"string","description":"The region you want to attach the resource to","description_kind":"plain","optional":true},"wait":{"type":"bool","description":"Wait for the restore operation to complete before returning.","description_kind":"plain","optional":true}},"description":"The [`scaleway_rdb_database_restore_backup`](https://registry.terraform.io/providers/scaleway/scaleway/latest/docs/actions/rdb_database_restore_backup) action restores a backup to an instance.\n\nRefer to the RDB [documentation](https://www.scaleway.com/en/docs/managed-databases-for-postgresql-and-mysql/) and [API documentation](https://www.scaleway.com/en/developers/api/managed-databases-for-postgresql-and-mysql/) for more information.\n","description_kind":"markdown"}},"scaleway_rdb_instance_apply_maintenance":{"block":{"attributes":{"instance_id":{"type":"string","description":"RDB instance ID to apply maintenance on. Can be a plain UUID or a regional ID.","description_kind":"plain","required":true},"region":{"type":"string","description":"The region you want to attach the resource to","description_kind":"plain","optional":true},"wait":{"type":"bool","description":"Wait for the instance maintenance to complete before returning.","description_kind":"plain","optional":true}},"description":"The [`scaleway_rdb_instance_apply_maintenance`](https://registry.terraform.io/providers/scaleway/scaleway/latest/docs/actions/rdb_instance_apply_maintenance) action applies pending maintenance tasks on a Managed Database instance.\n\nRefer to the RDB [documentation](https://www.scaleway.com/en/docs/managed-databases-for-postgresql-and-mysql/) and [API documentation](https://www.scaleway.com/en/developers/api/managed-databases-for-postgresql-and-mysql/) for more information.\n","description_kind":"markdown"}},"scaleway_rdb_instance_prepare_logs":{"block":{"attributes":{"end_date":{"type":"string","description":"End datetime of the log in RFC3339 format (ISO 8601).","description_kind":"plain","optional":true},"instance_id":{"type":"string","description":"RDB instance ID to prepare log for. Can be a plain UUID or a regional ID.","description_kind":"plain","required":true},"region":{"type":"string","description":"The region you want to attach the resource to","description_kind":"plain","optional":true},"start_date":{"type":"string","description":"Start datetime of the log in RFC3339 format (ISO 8601).","description_kind":"plain","optional":true},"wait":{"type":"bool","description":"Wait for the log preparation to complete before returning.","description_kind":"plain","optional":true}},"description":"The [`scaleway_rdb_instance_prepare_logs`](https://registry.terraform.io/providers/scaleway/scaleway/latest/docs/actions/rdb_instance_prepare_logs) action is helpful to prepare the logs of an instance to export them later on.\n\nRefer to the RDB [documentation](https://www.scaleway.com/en/docs/managed-databases-for-postgresql-and-mysql/) and [API documentation](https://www.scaleway.com/en/developers/api/managed-databases-for-postgresql-and-mysql/) for more information.\n","description_kind":"markdown"}},"scaleway_rdb_instance_purge_logs":{"block":{"attributes":{"instance_id":{"type":"string","description":"RDB instance ID to purge logs for. Can be a plain UUID or a regional ID.","description_kind":"plain","required":true},"region":{"type":"string","description":"The region you want to attach the resource to","description_kind":"plain","optional":true}},"description":"The [`scaleway_rdb_instance_purge_logs`](https://registry.terraform.io/providers/scaleway/scaleway/latest/docs/actions/rdb_instance_purge_logs) action is helpful to purge action logs of your instance.\n\nRefer to the RDB [documentation](https://www.scaleway.com/en/docs/managed-databases-for-postgresql-and-mysql/) and [API documentation](https://www.scaleway.com/en/developers/api/managed-databases-for-postgresql-and-mysql/) for more information.\n","description_kind":"markdown"}},"scaleway_rdb_instance_renew_certificate":{"block":{"attributes":{"instance_id":{"type":"string","description":"RDB instance ID to renew certificate for. Can be a plain UUID or a regional ID.","description_kind":"plain","required":true},"region":{"type":"string","description":"The region you want to attach the resource to","description_kind":"plain","optional":true},"wait":{"type":"bool","description":"Wait for the certificate renewal to complete before returning.","description_kind":"plain","optional":true}},"description":"The [`scaleway_rdb_instance_renew_certificate`](https://registry.terraform.io/providers/scaleway/scaleway/latest/docs/actions/rdb_instance_renew_certificate) action is helpful to renew the TLS certificate of an RDB instance.\n\nRefer to the RDB [documentation](https://www.scaleway.com/en/docs/managed-databases-for-postgresql-and-mysql/) and [API documentation](https://www.scaleway.com/en/developers/api/managed-databases-for-postgresql-and-mysql/) for more information.\n","description_kind":"markdown"}},"scaleway_rdb_instance_restart":{"block":{"attributes":{"instance_id":{"type":"string","description":"RDB instance ID to restart. Can be a plain UUID or a regional ID.","description_kind":"plain","required":true},"region":{"type":"string","description":"The region you want to attach the resource to","description_kind":"plain","optional":true},"wait":{"type":"bool","description":"Wait for the instance restart to complete before returning.","description_kind":"plain","optional":true}},"description":"The [`scaleway_rdb_instance_restart`](https://registry.terraform.io/providers/scaleway/scaleway/latest/docs/actions/rdb_instance_restart) action is helpful to restart an RDB instance.\n\nRefer to the RDB [documentation](https://www.scaleway.com/en/docs/managed-databases-for-postgresql-and-mysql/) and [API documentation](https://www.scaleway.com/en/developers/api/managed-databases-for-postgresql-and-mysql/) for more information.\n","description_kind":"markdown"}},"scaleway_rdb_instance_snapshot":{"block":{"attributes":{"expires_at":{"type":"string","description":"Expiration date of the snapshot in RFC3339 format (ISO 8601). If not set, the snapshot will not expire.","description_kind":"plain","optional":true},"instance_id":{"type":"string","description":"RDB instance ID to snapshot. Can be a plain UUID or a regional ID.","description_kind":"plain","required":true},"name":{"type":"string","description":"Name of the snapshot. If not set, a name will be generated.","description_kind":"plain","optional":true},"region":{"type":"string","description":"The region you want to attach the resource to","description_kind":"plain","optional":true},"wait":{"type":"bool","description":"Wait for the snapshot to reach a terminal state before returning.","description_kind":"plain","optional":true}},"description":"The [`scaleway_rdb_instance_snapshot`](https://registry.terraform.io/providers/scaleway/scaleway/latest/docs/actions/rdb_instance_snapshot) action is helpful to perform a snapshot of your RDB instance.\n\nRefer to the RDB [documentation](https://www.scaleway.com/en/docs/managed-databases-for-postgresql-and-mysql/) and [API documentation](https://www.scaleway.com/en/developers/api/managed-databases-for-postgresql-and-mysql/) for more information.\n","description_kind":"markdown"}},"scaleway_rdb_read_replica_promote":{"block":{"attributes":{"read_replica_id":{"type":"string","description":"RDB read replica ID to promote. Can be a plain UUID or a regional ID.","description_kind":"plain","required":true},"region":{"type":"string","description":"The region you want to attach the resource to","description_kind":"plain","optional":true},"wait":{"type":"bool","description":"Wait for the read replica promotion to complete before returning.","description_kind":"plain","optional":true}},"description":"The [`scaleway_rdb_read_replica_promote`](https://registry.terraform.io/providers/scaleway/scaleway/latest/docs/actions/rdb_read_replica_promote) action triggers a read replica to be promoted to become an instance.\n\nRefer to the RDB [documentation](https://www.scaleway.com/en/docs/managed-databases-for-postgresql-and-mysql/) and [API documentation](https://www.scaleway.com/en/developers/api/managed-databases-for-postgresql-and-mysql/) for more information.\n","description_kind":"markdown"}},"scaleway_rdb_read_replica_reset":{"block":{"attributes":{"read_replica_id":{"type":"string","description":"RDB read replica ID to reset. Can be a plain UUID or a regional ID.","description_kind":"plain","required":true},"region":{"type":"string","description":"The region you want to attach the resource to","description_kind":"plain","optional":true},"wait":{"type":"bool","description":"Wait for the read replica to reach a terminal state before returning.","description_kind":"plain","optional":true}},"description":"The [`scaleway_rdb_read_replica_reset`](https://registry.terraform.io/providers/scaleway/scaleway/latest/docs/actions/rdb_read_replica_reset) action is helpful to reset a read replica.\n\nRefer to the RDB [documentation](https://www.scaleway.com/en/docs/managed-databases-for-postgresql-and-mysql/) and [API documentation](https://www.scaleway.com/en/developers/api/managed-databases-for-postgresql-and-mysql/) for more information.\n","description_kind":"markdown"}},"scaleway_s2s_vpn_connection_disable_route_propagation":{"block":{"attributes":{"connection_id":{"type":"string","description":"The S2S VPN connection ID on which to disable route propagation. Can be a plain UUID or a regional ID (region/uuid).","description_kind":"plain","required":true},"region":{"type":"string","description":"The region you want to attach the resource to","description_kind":"plain","optional":true}},"description":"The `scaleway_s2s_vpn_connection_disable_route_propagation` action disables route propagation on an S2S VPN connection. This prevents any prefixes from being announced in the BGP session. Traffic will not be able to flow over the VPN gateway until route propagation is re-enabled (e.g. via the `scaleway_s2s_vpn_connection_enable_route_propagation` action).\n\nRefer to the [S2S VPN documentation](https://www.scaleway.com/en/docs/network/s2s-vpn/) and [API documentation](https://www.scaleway.com/en/developers/api/s2s-vpn/) for more information.\n\n## Example Usage\n\n```terraform\nresource \"scaleway_s2s_vpn_connection\" \"main\" {\n  name                     = \"my-connection\"\n  vpn_gateway_id           = scaleway_s2s_vpn_gateway.main.id\n  customer_gateway_id      = scaleway_s2s_vpn_customer_gateway.main.id\n  initiation_policy        = \"customer_gateway\"\n  enable_route_propagation = true\n\n  lifecycle {\n    action_trigger {\n      events  = [after_create]\n      actions = [action.scaleway_s2s_vpn_connection_disable_route_propagation.main]\n    }\n  }\n\n  bgp_config_ipv4 {\n    routing_policy_id = scaleway_s2s_vpn_routing_policy.main.id\n    private_ip        = \"169.254.0.1/30\"\n    peer_private_ip   = \"169.254.0.2/30\"\n  }\n\n  ikev2_ciphers {\n    encryption = \"aes256\"\n    integrity  = \"sha256\"\n    dh_group   = \"modp2048\"\n  }\n\n  esp_ciphers {\n    encryption = \"aes256\"\n    integrity  = \"sha256\"\n    dh_group   = \"modp2048\"\n  }\n}\n\naction \"scaleway_s2s_vpn_connection_disable_route_propagation\" \"main\" {\n  config {\n    connection_id = scaleway_s2s_vpn_connection.main.id\n  }\n}\n```\n","description_kind":"markdown"}},"scaleway_s2s_vpn_connection_enable_route_propagation":{"block":{"attributes":{"connection_id":{"type":"string","description":"The S2S VPN connection ID on which to enable route propagation. Can be a plain UUID or a regional ID (region/uuid).","description_kind":"plain","required":true},"region":{"type":"string","description":"The region you want to attach the resource to","description_kind":"plain","optional":true}},"description":"The `scaleway_s2s_vpn_connection_enable_route_propagation` action enables route propagation on an S2S VPN connection. This allows all allowed prefixes (defined in a routing policy) to be announced in the BGP session, so that traffic can flow between the attached VPC and the on-premises infrastructure along the announced routes.\n\nNote that by default, even when route propagation is enabled, all routes are blocked. It is essential to attach a routing policy to the connection to define the ranges of routes to announce.\n\nRefer to the [S2S VPN documentation](https://www.scaleway.com/en/docs/network/s2s-vpn/) and [API documentation](https://www.scaleway.com/en/developers/api/s2s-vpn/) for more information.\n\n## Example Usage\n\n```terraform\nresource \"scaleway_s2s_vpn_connection\" \"main\" {\n  name                     = \"my-connection\"\n  vpn_gateway_id           = scaleway_s2s_vpn_gateway.main.id\n  customer_gateway_id      = scaleway_s2s_vpn_customer_gateway.main.id\n  initiation_policy        = \"customer_gateway\"\n  enable_route_propagation = false\n\n  lifecycle {\n    action_trigger {\n      events  = [after_create]\n      actions = [action.scaleway_s2s_vpn_connection_enable_route_propagation.main]\n    }\n  }\n\n  bgp_config_ipv4 {\n    routing_policy_id = scaleway_s2s_vpn_routing_policy.main.id\n    private_ip        = \"169.254.0.1/30\"\n    peer_private_ip   = \"169.254.0.2/30\"\n  }\n\n  ikev2_ciphers {\n    encryption = \"aes256\"\n    integrity  = \"sha256\"\n    dh_group   = \"modp2048\"\n  }\n\n  esp_ciphers {\n    encryption = \"aes256\"\n    integrity  = \"sha256\"\n    dh_group   = \"modp2048\"\n  }\n}\n\naction \"scaleway_s2s_vpn_connection_enable_route_propagation\" \"main\" {\n  config {\n    connection_id = scaleway_s2s_vpn_connection.main.id\n  }\n}\n```\n","description_kind":"markdown"}},"scaleway_vpc_public_gateway_refresh_ssh_keys":{"block":{"attributes":{"gateway_id":{"type":"string","description":"ID of the gateway to refresh SSH keys on (UUID format)","description_kind":"plain","required":true},"wait":{"type":"bool","description":"Wait for the SSH keys refresh to complete before returning","description_kind":"plain","optional":true},"zone":{"type":"string","description":"Zone of the gateway. If not set, the zone is derived from the gateway_id when possible or from the provider configuration","description_kind":"plain","optional":true}},"description":"The [`scaleway_vpc_public_gateway_refresh_ssh_keys_action`](https://registry.terraform.io/providers/scaleway/scaleway/latest/docs/actions/vpc_public_gateway_refresh_ssh_keys) action is helpful to trigger a refresh of the SSH keys for a given Public Gateway .\n\nRefer to the VPC Public Gateways [documentation](https://www.scaleway.com/en/docs/public-gateways/) and [API documentation](https://www.scaleway.com/en/developers/api/public-gateways/) for more information.\n","description_kind":"markdown"}}}}}}
